{
  "version": 4,
  "terraform_version": "1.5.7",
  "serial": 351,
  "lineage": "b362ed1d-e9d9-3595-babf-4232a7f4f329",
  "outputs": {
    "CONSUL_HTTP_ADDR": {
      "value": "3.147.77.169:8500\n18.117.77.23:8500\n3.148.247.213:8500\n",
      "type": "string"
    },
    "consul_ui_urls": {
      "value": [
        "http://3.147.77.169:8500",
        "http://18.117.77.23:8500",
        "http://3.148.247.213:8500"
      ],
      "type": [
        "tuple",
        [
          "string",
          "string",
          "string"
        ]
      ]
    },
    "ssh_to_consul": {
      "value": [
        "ssh -i c1-key.pem ubuntu@3.147.77.169",
        "ssh -i c1-key.pem ubuntu@18.117.77.23",
        "ssh -i c1-key.pem ubuntu@3.148.247.213"
      ],
      "type": [
        "tuple",
        [
          "string",
          "string",
          "string"
        ]
      ]
    },
    "ssh_to_esm": {
      "value": "ssh -i c1-key.pem ubuntu@18.188.211.135",
      "type": "string"
    },
    "ssh_to_load_generator": {
      "value": "ssh -i c1-key.pem ubuntu@18.220.96.65",
      "type": "string"
    },
    "ssh_to_workload": {
      "value": [
        "ssh -i c1-key.pem ubuntu@18.218.105.55",
        "ssh -i c1-key.pem ubuntu@18.118.207.70",
        "ssh -i c1-key.pem ubuntu@18.221.182.231",
        "ssh -i c1-key.pem ubuntu@3.145.55.108",
        "ssh -i c1-key.pem ubuntu@18.116.37.180"
      ],
      "type": [
        "tuple",
        [
          "string",
          "string",
          "string",
          "string",
          "string"
        ]
      ]
    }
  },
  "resources": [
    {
      "mode": "data",
      "type": "aws_ami",
      "name": "ubuntu",
      "provider": "provider[\"registry.terraform.io/hashicorp/aws\"]",
      "instances": [
        {
          "schema_version": 0,
          "attributes": {
            "allow_unsafe_filter": null,
            "architecture": "x86_64",
            "arn": "arn:aws:ec2:us-east-2::image/ami-0403a1833008b227d",
            "block_device_mappings": [
              {
                "device_name": "/dev/sda1",
                "ebs": {
                  "delete_on_termination": "true",
                  "encrypted": "false",
                  "iops": "0",
                  "snapshot_id": "snap-02c2ebc78f193f180",
                  "throughput": "0",
                  "volume_initialization_rate": "0",
                  "volume_size": "8",
                  "volume_type": "gp2"
                },
                "no_device": "",
                "virtual_name": ""
              },
              {
                "device_name": "/dev/sdb",
                "ebs": {},
                "no_device": "",
                "virtual_name": "ephemeral0"
              },
              {
                "device_name": "/dev/sdc",
                "ebs": {},
                "no_device": "",
                "virtual_name": "ephemeral1"
              }
            ],
            "boot_mode": "uefi-preferred",
            "creation_date": "2025-09-11T06:55:21.000Z",
            "deprecation_time": "2027-09-11T06:55:21.000Z",
            "description": "Canonical, Ubuntu, 22.04, amd64 jammy image",
            "ena_support": true,
            "executable_users": null,
            "filter": [
              {
                "name": "name",
                "values": [
                  "ubuntu/images/hvm-ssd/ubuntu-jammy-22.04-amd64-server-*"
                ]
              }
            ],
            "hypervisor": "xen",
            "id": "ami-0403a1833008b227d",
            "image_id": "ami-0403a1833008b227d",
            "image_location": "amazon/ubuntu/images/hvm-ssd/ubuntu-jammy-22.04-amd64-server-20250911",
            "image_owner_alias": "amazon",
            "image_type": "machine",
            "imds_support": "",
            "include_deprecated": false,
            "kernel_id": "",
            "last_launched_time": "",
            "most_recent": true,
            "name": "ubuntu/images/hvm-ssd/ubuntu-jammy-22.04-amd64-server-20250911",
            "name_regex": null,
            "owner_id": "099720109477",
            "owners": [
              "099720109477"
            ],
            "platform": "",
            "platform_details": "Linux/UNIX",
            "product_codes": [],
            "public": true,
            "ramdisk_id": "",
            "region": "us-east-2",
            "root_device_name": "/dev/sda1",
            "root_device_type": "ebs",
            "root_snapshot_id": "snap-02c2ebc78f193f180",
            "sriov_net_support": "simple",
            "state": "available",
            "state_reason": {
              "code": "UNSET",
              "message": "UNSET"
            },
            "tags": {},
            "timeouts": null,
            "tpm_support": "",
            "uefi_data": null,
            "usage_operation": "RunInstances",
            "virtualization_type": "hvm"
          },
          "sensitive_attributes": []
        }
      ]
    },
    {
      "mode": "data",
      "type": "aws_iam_policy_document",
      "name": "auto_discover_cluster",
      "provider": "provider[\"registry.terraform.io/hashicorp/aws\"]",
      "instances": [
        {
          "schema_version": 0,
          "attributes": {
            "id": "1048088721",
            "json": "{\n  \"Version\": \"2012-10-17\",\n  \"Statement\": [\n    {\n      \"Effect\": \"Allow\",\n      \"Action\": [\n        \"ec2:DescribeTags\",\n        \"ec2:DescribeInstances\",\n        \"autoscaling:DescribeAutoScalingGroups\"\n      ],\n      \"Resource\": \"*\"\n    }\n  ]\n}",
            "minified_json": "{\"Version\":\"2012-10-17\",\"Statement\":[{\"Effect\":\"Allow\",\"Action\":[\"ec2:DescribeTags\",\"ec2:DescribeInstances\",\"autoscaling:DescribeAutoScalingGroups\"],\"Resource\":\"*\"}]}",
            "override_json": null,
            "override_policy_documents": null,
            "policy_id": null,
            "source_json": null,
            "source_policy_documents": null,
            "statement": [
              {
                "actions": [
                  "autoscaling:DescribeAutoScalingGroups",
                  "ec2:DescribeInstances",
                  "ec2:DescribeTags"
                ],
                "condition": [],
                "effect": "Allow",
                "not_actions": [],
                "not_principals": [],
                "not_resources": [],
                "principals": [],
                "resources": [
                  "*"
                ],
                "sid": ""
              }
            ],
            "version": "2012-10-17"
          },
          "sensitive_attributes": []
        }
      ]
    },
    {
      "mode": "data",
      "type": "aws_iam_policy_document",
      "name": "instance_role",
      "provider": "provider[\"registry.terraform.io/hashicorp/aws\"]",
      "instances": [
        {
          "schema_version": 0,
          "attributes": {
            "id": "2851119427",
            "json": "{\n  \"Version\": \"2012-10-17\",\n  \"Statement\": [\n    {\n      \"Effect\": \"Allow\",\n      \"Action\": \"sts:AssumeRole\",\n      \"Principal\": {\n        \"Service\": \"ec2.amazonaws.com\"\n      }\n    }\n  ]\n}",
            "minified_json": "{\"Version\":\"2012-10-17\",\"Statement\":[{\"Effect\":\"Allow\",\"Action\":\"sts:AssumeRole\",\"Principal\":{\"Service\":\"ec2.amazonaws.com\"}}]}",
            "override_json": null,
            "override_policy_documents": null,
            "policy_id": null,
            "source_json": null,
            "source_policy_documents": null,
            "statement": [
              {
                "actions": [
                  "sts:AssumeRole"
                ],
                "condition": [],
                "effect": "Allow",
                "not_actions": [],
                "not_principals": [],
                "not_resources": [],
                "principals": [
                  {
                    "identifiers": [
                      "ec2.amazonaws.com"
                    ],
                    "type": "Service"
                  }
                ],
                "resources": [],
                "sid": ""
              }
            ],
            "version": "2012-10-17"
          },
          "sensitive_attributes": []
        }
      ]
    },
    {
      "mode": "data",
      "type": "aws_region",
      "name": "current",
      "provider": "provider[\"registry.terraform.io/hashicorp/aws\"]",
      "instances": [
        {
          "schema_version": 0,
          "attributes": {
            "description": "US East (Ohio)",
            "endpoint": "ec2.us-east-2.amazonaws.com",
            "id": "us-east-2",
            "name": "us-east-2",
            "region": "us-east-2"
          },
          "sensitive_attributes": []
        }
      ]
    },
    {
      "mode": "managed",
      "type": "aws_iam_instance_profile",
      "name": "esm",
      "provider": "provider[\"registry.terraform.io/hashicorp/aws\"]",
      "instances": [
        {
          "schema_version": 0,
          "attributes": {
            "arn": "arn:aws:iam::857619977540:instance-profile/jpmc-cluster1-consul-esm-profile",
            "create_date": "2025-09-16T07:04:10Z",
            "id": "jpmc-cluster1-consul-esm-profile",
            "name": "jpmc-cluster1-consul-esm-profile",
            "name_prefix": "",
            "path": "/",
            "role": "jpmc-cluster1-consul-esm-role-singlepartitiontest30s",
            "tags": {},
            "tags_all": {},
            "unique_id": "AIPA4PLRCKVCLENKHYMZB"
          },
          "sensitive_attributes": [],
          "private": "bnVsbA==",
          "dependencies": [
            "aws_iam_role.esm"
          ]
        }
      ]
    },
    {
      "mode": "managed",
      "type": "aws_iam_instance_profile",
      "name": "instance_profile",
      "provider": "provider[\"registry.terraform.io/hashicorp/aws\"]",
      "instances": [
        {
          "schema_version": 0,
          "attributes": {
            "arn": "arn:aws:iam::857619977540:instance-profile/jpmc-cluster120250916070410534700000002",
            "create_date": "2025-09-16T07:04:11Z",
            "id": "jpmc-cluster120250916070410534700000002",
            "name": "jpmc-cluster120250916070410534700000002",
            "name_prefix": "jpmc-cluster1",
            "path": "/",
            "role": "jpmc-cluster120250916070408164800000001",
            "tags": {},
            "tags_all": {},
            "unique_id": "AIPA4PLRCKVCIAS7262QZ"
          },
          "sensitive_attributes": [],
          "private": "bnVsbA==",
          "dependencies": [
            "aws_iam_role.instance_role",
            "data.aws_iam_policy_document.instance_role"
          ]
        }
      ]
    },
    {
      "mode": "managed",
      "type": "aws_iam_role",
      "name": "esm",
      "provider": "provider[\"registry.terraform.io/hashicorp/aws\"]",
      "instances": [
        {
          "schema_version": 0,
          "attributes": {
            "arn": "arn:aws:iam::857619977540:role/jpmc-cluster1-consul-esm-role-singlepartitiontest30s",
            "assume_role_policy": "{\"Statement\":[{\"Action\":\"sts:AssumeRole\",\"Effect\":\"Allow\",\"Principal\":{\"Service\":\"ec2.amazonaws.com\"}}],\"Version\":\"2008-10-17\"}",
            "create_date": "2025-09-16T07:04:09Z",
            "description": "",
            "force_detach_policies": false,
            "id": "jpmc-cluster1-consul-esm-role-singlepartitiontest30s",
            "inline_policy": [
              {
                "name": "jpmc-cluster1-consul-esm-ssm-parameters",
                "policy": "{\"Version\":\"2012-10-17\",\"Statement\":[{\"Action\":[\"ssm:GetParameter\",\"ssm:GetParameters\",\"ssm:GetParametersByPath\"],\"Effect\":\"Allow\",\"Resource\":[\"arn:aws:ssm:us-east-2:857619977540:parameter/jpmc-cluster1-consul/esm/config\"]}]}"
              }
            ],
            "managed_policy_arns": [
              "arn:aws:iam::aws:policy/AmazonSSMManagedInstanceCore"
            ],
            "max_session_duration": 3600,
            "name": "jpmc-cluster1-consul-esm-role-singlepartitiontest30s",
            "name_prefix": "",
            "path": "/",
            "permissions_boundary": "",
            "tags": {},
            "tags_all": {},
            "unique_id": "AROA4PLRCKVCIPO5YHKQD"
          },
          "sensitive_attributes": [],
          "private": "bnVsbA=="
        }
      ]
    },
    {
      "mode": "managed",
      "type": "aws_iam_role",
      "name": "instance_role",
      "provider": "provider[\"registry.terraform.io/hashicorp/aws\"]",
      "instances": [
        {
          "schema_version": 0,
          "attributes": {
            "arn": "arn:aws:iam::857619977540:role/jpmc-cluster120250916070408164800000001",
            "assume_role_policy": "{\"Statement\":[{\"Action\":\"sts:AssumeRole\",\"Effect\":\"Allow\",\"Principal\":{\"Service\":\"ec2.amazonaws.com\"}}],\"Version\":\"2012-10-17\"}",
            "create_date": "2025-09-16T07:04:09Z",
            "description": "",
            "force_detach_policies": false,
            "id": "jpmc-cluster120250916070408164800000001",
            "inline_policy": [
              {
                "name": "jpmc-cluster1-auto-discover-cluster",
                "policy": "{\"Version\":\"2012-10-17\",\"Statement\":[{\"Action\":[\"ec2:DescribeTags\",\"ec2:DescribeInstances\",\"autoscaling:DescribeAutoScalingGroups\"],\"Effect\":\"Allow\",\"Resource\":\"*\"}]}"
              }
            ],
            "managed_policy_arns": [],
            "max_session_duration": 3600,
            "name": "jpmc-cluster120250916070408164800000001",
            "name_prefix": "jpmc-cluster1",
            "path": "/",
            "permissions_boundary": "",
            "tags": {},
            "tags_all": {},
            "unique_id": "AROA4PLRCKVCJKUHTZQUE"
          },
          "sensitive_attributes": [],
          "private": "bnVsbA==",
          "dependencies": [
            "data.aws_iam_policy_document.instance_role"
          ]
        }
      ]
    },
    {
      "mode": "managed",
      "type": "aws_iam_role_policy",
      "name": "auto_discover_cluster",
      "provider": "provider[\"registry.terraform.io/hashicorp/aws\"]",
      "instances": [
        {
          "schema_version": 0,
          "attributes": {
            "id": "jpmc-cluster120250916070408164800000001:jpmc-cluster1-auto-discover-cluster",
            "name": "jpmc-cluster1-auto-discover-cluster",
            "name_prefix": "",
            "policy": "{\"Version\":\"2012-10-17\",\"Statement\":[{\"Action\":[\"ec2:DescribeTags\",\"ec2:DescribeInstances\",\"autoscaling:DescribeAutoScalingGroups\"],\"Effect\":\"Allow\",\"Resource\":\"*\"}]}",
            "role": "jpmc-cluster120250916070408164800000001"
          },
          "sensitive_attributes": [],
          "private": "bnVsbA==",
          "dependencies": [
            "aws_iam_role.instance_role",
            "data.aws_iam_policy_document.auto_discover_cluster",
            "data.aws_iam_policy_document.instance_role"
          ]
        }
      ]
    },
    {
      "mode": "managed",
      "type": "aws_iam_role_policy",
      "name": "ssm_parameters",
      "provider": "provider[\"registry.terraform.io/hashicorp/aws\"]",
      "instances": [
        {
          "schema_version": 0,
          "attributes": {
            "id": "jpmc-cluster1-consul-esm-role-singlepartitiontest30s:jpmc-cluster1-consul-esm-ssm-parameters",
            "name": "jpmc-cluster1-consul-esm-ssm-parameters",
            "name_prefix": "",
            "policy": "{\"Version\":\"2012-10-17\",\"Statement\":[{\"Action\":[\"ssm:GetParameter\",\"ssm:GetParameters\",\"ssm:GetParametersByPath\"],\"Effect\":\"Allow\",\"Resource\":[\"arn:aws:ssm:us-east-2:857619977540:parameter/jpmc-cluster1-consul/esm/config\"]}]}",
            "role": "jpmc-cluster1-consul-esm-role-singlepartitiontest30s"
          },
          "sensitive_attributes": [],
          "private": "bnVsbA==",
          "dependencies": [
            "aws_iam_instance_profile.instance_profile",
            "aws_iam_role.esm",
            "aws_iam_role.instance_role",
            "aws_instance.consul",
            "aws_key_pair.minion-key",
            "aws_security_group.consul_sg",
            "aws_ssm_parameter.esm_config",
            "data.aws_ami.ubuntu",
            "data.aws_iam_policy_document.instance_role",
            "module.vpc.aws_subnet.public",
            "module.vpc.aws_vpc.this",
            "module.vpc.aws_vpc_ipv4_cidr_block_association.this",
            "tls_private_key.pk"
          ]
        }
      ]
    },
    {
      "mode": "managed",
      "type": "aws_iam_role_policy_attachment",
      "name": "ssm",
      "provider": "provider[\"registry.terraform.io/hashicorp/aws\"]",
      "instances": [
        {
          "schema_version": 0,
          "attributes": {
            "id": "jpmc-cluster1-consul-esm-role-singlepartitiontest30s/arn:aws:iam::aws:policy/AmazonSSMManagedInstanceCore",
            "policy_arn": "arn:aws:iam::aws:policy/AmazonSSMManagedInstanceCore",
            "role": "jpmc-cluster1-consul-esm-role-singlepartitiontest30s"
          },
          "sensitive_attributes": [],
          "private": "bnVsbA==",
          "dependencies": [
            "aws_iam_role.esm"
          ]
        }
      ]
    },
    {
      "mode": "managed",
      "type": "aws_instance",
      "name": "consul",
      "provider": "provider[\"registry.terraform.io/hashicorp/aws\"]",
      "instances": [
        {
          "index_key": 0,
          "schema_version": 2,
          "attributes": {
            "ami": "ami-0403a1833008b227d",
            "arn": "arn:aws:ec2:us-east-2:857619977540:instance/i-0b4e084e894e35d8c",
            "associate_public_ip_address": true,
            "availability_zone": "us-east-2a",
            "capacity_reservation_specification": [
              {
                "capacity_reservation_preference": "open",
                "capacity_reservation_target": []
              }
            ],
            "cpu_options": [
              {
                "amd_sev_snp": "",
                "core_count": 8,
                "threads_per_core": 2
              }
            ],
            "credit_specification": [],
            "disable_api_stop": false,
            "disable_api_termination": false,
            "ebs_block_device": [],
            "ebs_optimized": false,
            "enable_primary_ipv6": null,
            "enclave_options": [
              {
                "enabled": false
              }
            ],
            "ephemeral_block_device": [],
            "force_destroy": false,
            "get_password_data": false,
            "hibernation": false,
            "host_id": "",
            "host_resource_group_arn": null,
            "iam_instance_profile": "jpmc-cluster120250916070410534700000002",
            "id": "i-0b4e084e894e35d8c",
            "instance_initiated_shutdown_behavior": "stop",
            "instance_lifecycle": "",
            "instance_market_options": [],
            "instance_state": "running",
            "instance_type": "m6i.4xlarge",
            "ipv6_address_count": 0,
            "ipv6_addresses": [],
            "key_name": "c1-key-2",
            "launch_template": [],
            "maintenance_options": [
              {
                "auto_recovery": "default"
              }
            ],
            "metadata_options": [
              {
                "http_endpoint": "enabled",
                "http_protocol_ipv6": "disabled",
                "http_put_response_hop_limit": 1,
                "http_tokens": "optional",
                "instance_metadata_tags": "enabled"
              }
            ],
            "monitoring": false,
            "network_interface": [],
            "outpost_arn": "",
            "password_data": "",
            "placement_group": "",
            "placement_group_id": "",
            "placement_partition_number": 0,
            "primary_network_interface": [
              {
                "delete_on_termination": true,
                "network_interface_id": "eni-0f72f9cfac059a7b3"
              }
            ],
            "primary_network_interface_id": "eni-0f72f9cfac059a7b3",
            "private_dns": "ip-10-0-3-106.us-east-2.compute.internal",
            "private_dns_name_options": [
              {
                "enable_resource_name_dns_a_record": false,
                "enable_resource_name_dns_aaaa_record": false,
                "hostname_type": "ip-name"
              }
            ],
            "private_ip": "10.0.3.106",
            "public_dns": "ec2-3-147-77-169.us-east-2.compute.amazonaws.com",
            "public_ip": "3.147.77.169",
            "region": "us-east-2",
            "root_block_device": [
              {
                "delete_on_termination": true,
                "device_name": "/dev/sda1",
                "encrypted": true,
                "iops": 3000,
                "kms_key_id": "arn:aws:kms:us-east-2:857619977540:key/e0638552-e977-4969-bf96-22e0977fb546",
                "tags": {},
                "tags_all": {},
                "throughput": 125,
                "volume_id": "vol-04a38025453124428",
                "volume_size": 300,
                "volume_type": "gp3"
              }
            ],
            "secondary_private_ips": [],
            "security_groups": [],
            "source_dest_check": true,
            "spot_instance_request_id": "",
            "subnet_id": "subnet-0628a63338fac426b",
            "tags": {
              "ConsulAutoJoin": "auto-join-0",
              "Name": "jpmc-cluster1-consul-service-1",
              "NomadType": "client"
            },
            "tags_all": {
              "ConsulAutoJoin": "auto-join-0",
              "Name": "jpmc-cluster1-consul-service-1",
              "NomadType": "client"
            },
            "tenancy": "default",
            "timeouts": null,
            "user_data": "#!/bin/bash\n\nset +e\n\nexec \u003e \u003e(sudo tee /var/log/user-data.log|logger -t user-data -s 2\u003e/dev/console) 2\u003e\u00261\n\n#sudo apt update \u0026\u0026 sudo apt install -y unzip\n#curl -LO https://github.com/hashi-stack/minion-chat-advance-resources/archive/refs/heads/main.zip\n#unzip main.zip -d /tmp\n#sudo cp -R /tmp/minion-chat-advance-resources-main/4-consul-service-mesh-mgw-muti-dc/shared /ops/shared/\n\n# wait until the file is copied\nif [ ! -f /tmp/shared/scripts/server.sh ]; then\n  echo \"Waiting for server.sh to be copied...\"\n  while [ ! -f /tmp/shared/scripts/server.sh ]; do\n    sleep 5\n  done\nfi\nsleep 10\nsudo mkdir -p /ops/shared \u0026\u0026 sudo chmod a+rwx /ops/shared\nsudo cp -R /tmp/shared /ops/\n\nset -e\n\nsudo bash /ops/shared/scripts/server.sh \"aws\" \"3\" \"provider=aws tag_key=ConsulAutoJoin tag_value=auto-join-0\" \"1.21.0+ent\" \"1.33.2-1\"\n\n\nCLOUD_ENV=\"aws\"\n\nsed -i \"s/RETRY_JOIN/provider=aws tag_key=ConsulAutoJoin tag_value=auto-join-0/g\" /etc/consul.d/consul.hcl\n\n# for aws only\nTOKEN=$(curl -X PUT \"http://instance-data/latest/api/token\" -H \"X-aws-ec2-metadata-token-ttl-seconds: 21600\")\nPRIVATE_IP=$(curl -H \"X-aws-ec2-metadata-token: $TOKEN\" http://instance-data/latest/meta-data/local-ipv4)\nsed -i \"s/IP_ADDRESS/$PRIVATE_IP/g\" /etc/consul.d/consul.hcl\nsed -i \"s/SERVER_COUNT/3/g\" /etc/consul.d/consul.hcl\n\nsudo systemctl restart consul.service\n\nsleep 30\n\necho \"Consul started\"\n\n# Install and configure Node Exporter for system monitoring\necho \"Installing Node Exporter...\"\n\n# Create node_exporter user\nsudo useradd --system --no-create-home --shell /bin/false node_exporter\n\n# Download and install Node Exporter\ncd /tmp\ncurl -LO https://github.com/prometheus/node_exporter/releases/download/v1.7.0/node_exporter-1.7.0.linux-amd64.tar.gz\ntar -xzf node_exporter-1.7.0.linux-amd64.tar.gz\nsudo mv node_exporter-1.7.0.linux-amd64/node_exporter /usr/local/bin/\nsudo chown node_exporter:node_exporter /usr/local/bin/node_exporter\nrm -rf node_exporter-1.7.0.linux-amd64*\n\n# Create Node Exporter systemd service\nsudo tee /etc/systemd/system/node_exporter.service \u003e /dev/null \u003c\u003cEOF\n[Unit]\nDescription=Node Exporter\nWants=network-online.target\nAfter=network-online.target\n\n[Service]\nType=simple\nUser=node_exporter\nGroup=node_exporter\nExecStart=/usr/local/bin/node_exporter\nRestart=on-failure\nRestartSec=5\n\n[Install]\nWantedBy=multi-user.target\nEOF\n\n# Enable and start Node Exporter\nsudo systemctl daemon-reload\nsudo systemctl enable node_exporter\nsudo systemctl start node_exporter\n\necho \"Node Exporter installation completed\"\n\n# # starting the application\n# if [ \"jpmc-cluster1-consul-server\" = \"consul-server=1\" ]; then\n#   # receiver\n#   consul peering generate-token -name cluster-02\n# elif [ \"jpmc-cluster1-consul-server\" = \"consul-server=0\" ]; then\n#   # dialer\n#   consul peering establish -name cluster-01 -peering-token token-from-generate\n# else\n#   echo \"Unknown application name: jpmc-cluster1-consul-server\"\n# fi\n\n",
            "user_data_base64": null,
            "user_data_replace_on_change": false,
            "volume_tags": null,
            "vpc_security_group_ids": [
              "sg-0f0d96daf2b0af4ae"
            ]
          },
          "sensitive_attributes": [],
          "private": "eyJlMmJmYjczMC1lY2FhLTExZTYtOGY4OC0zNDM2M2JjN2M0YzAiOnsiY3JlYXRlIjo2MDAwMDAwMDAwMDAsImRlbGV0ZSI6MTIwMDAwMDAwMDAwMCwicmVhZCI6OTAwMDAwMDAwMDAwLCJ1cGRhdGUiOjYwMDAwMDAwMDAwMH0sInNjaGVtYV92ZXJzaW9uIjoiMiJ9",
          "dependencies": [
            "aws_iam_instance_profile.instance_profile",
            "aws_iam_role.instance_role",
            "aws_key_pair.minion-key",
            "aws_security_group.consul_sg",
            "data.aws_ami.ubuntu",
            "data.aws_iam_policy_document.instance_role",
            "module.vpc.aws_subnet.public",
            "module.vpc.aws_vpc.this",
            "module.vpc.aws_vpc_ipv4_cidr_block_association.this",
            "tls_private_key.pk"
          ]
        },
        {
          "index_key": 1,
          "schema_version": 2,
          "attributes": {
            "ami": "ami-0403a1833008b227d",
            "arn": "arn:aws:ec2:us-east-2:857619977540:instance/i-0ac61885f5102a2bc",
            "associate_public_ip_address": true,
            "availability_zone": "us-east-2a",
            "capacity_reservation_specification": [
              {
                "capacity_reservation_preference": "open",
                "capacity_reservation_target": []
              }
            ],
            "cpu_options": [
              {
                "amd_sev_snp": "",
                "core_count": 8,
                "threads_per_core": 2
              }
            ],
            "credit_specification": [],
            "disable_api_stop": false,
            "disable_api_termination": false,
            "ebs_block_device": [],
            "ebs_optimized": false,
            "enable_primary_ipv6": null,
            "enclave_options": [
              {
                "enabled": false
              }
            ],
            "ephemeral_block_device": [],
            "force_destroy": false,
            "get_password_data": false,
            "hibernation": false,
            "host_id": "",
            "host_resource_group_arn": null,
            "iam_instance_profile": "jpmc-cluster120250916070410534700000002",
            "id": "i-0ac61885f5102a2bc",
            "instance_initiated_shutdown_behavior": "stop",
            "instance_lifecycle": "",
            "instance_market_options": [],
            "instance_state": "running",
            "instance_type": "m6i.4xlarge",
            "ipv6_address_count": 0,
            "ipv6_addresses": [],
            "key_name": "c1-key-2",
            "launch_template": [],
            "maintenance_options": [
              {
                "auto_recovery": "default"
              }
            ],
            "metadata_options": [
              {
                "http_endpoint": "enabled",
                "http_protocol_ipv6": "disabled",
                "http_put_response_hop_limit": 1,
                "http_tokens": "optional",
                "instance_metadata_tags": "enabled"
              }
            ],
            "monitoring": false,
            "network_interface": [],
            "outpost_arn": "",
            "password_data": "",
            "placement_group": "",
            "placement_group_id": "",
            "placement_partition_number": 0,
            "primary_network_interface": [
              {
                "delete_on_termination": true,
                "network_interface_id": "eni-0de85cb0cbd9c099c"
              }
            ],
            "primary_network_interface_id": "eni-0de85cb0cbd9c099c",
            "private_dns": "ip-10-0-3-128.us-east-2.compute.internal",
            "private_dns_name_options": [
              {
                "enable_resource_name_dns_a_record": false,
                "enable_resource_name_dns_aaaa_record": false,
                "hostname_type": "ip-name"
              }
            ],
            "private_ip": "10.0.3.128",
            "public_dns": "ec2-18-117-77-23.us-east-2.compute.amazonaws.com",
            "public_ip": "18.117.77.23",
            "region": "us-east-2",
            "root_block_device": [
              {
                "delete_on_termination": true,
                "device_name": "/dev/sda1",
                "encrypted": true,
                "iops": 3000,
                "kms_key_id": "arn:aws:kms:us-east-2:857619977540:key/e0638552-e977-4969-bf96-22e0977fb546",
                "tags": {},
                "tags_all": {},
                "throughput": 125,
                "volume_id": "vol-0362a24410519fdee",
                "volume_size": 300,
                "volume_type": "gp3"
              }
            ],
            "secondary_private_ips": [],
            "security_groups": [],
            "source_dest_check": true,
            "spot_instance_request_id": "",
            "subnet_id": "subnet-0628a63338fac426b",
            "tags": {
              "ConsulAutoJoin": "auto-join-0",
              "Name": "jpmc-cluster1-consul-service-2",
              "NomadType": "client"
            },
            "tags_all": {
              "ConsulAutoJoin": "auto-join-0",
              "Name": "jpmc-cluster1-consul-service-2",
              "NomadType": "client"
            },
            "tenancy": "default",
            "timeouts": null,
            "user_data": "#!/bin/bash\n\nset +e\n\nexec \u003e \u003e(sudo tee /var/log/user-data.log|logger -t user-data -s 2\u003e/dev/console) 2\u003e\u00261\n\n#sudo apt update \u0026\u0026 sudo apt install -y unzip\n#curl -LO https://github.com/hashi-stack/minion-chat-advance-resources/archive/refs/heads/main.zip\n#unzip main.zip -d /tmp\n#sudo cp -R /tmp/minion-chat-advance-resources-main/4-consul-service-mesh-mgw-muti-dc/shared /ops/shared/\n\n# wait until the file is copied\nif [ ! -f /tmp/shared/scripts/server.sh ]; then\n  echo \"Waiting for server.sh to be copied...\"\n  while [ ! -f /tmp/shared/scripts/server.sh ]; do\n    sleep 5\n  done\nfi\nsleep 10\nsudo mkdir -p /ops/shared \u0026\u0026 sudo chmod a+rwx /ops/shared\nsudo cp -R /tmp/shared /ops/\n\nset -e\n\nsudo bash /ops/shared/scripts/server.sh \"aws\" \"3\" \"provider=aws tag_key=ConsulAutoJoin tag_value=auto-join-0\" \"1.21.0+ent\" \"1.33.2-1\"\n\n\nCLOUD_ENV=\"aws\"\n\nsed -i \"s/RETRY_JOIN/provider=aws tag_key=ConsulAutoJoin tag_value=auto-join-0/g\" /etc/consul.d/consul.hcl\n\n# for aws only\nTOKEN=$(curl -X PUT \"http://instance-data/latest/api/token\" -H \"X-aws-ec2-metadata-token-ttl-seconds: 21600\")\nPRIVATE_IP=$(curl -H \"X-aws-ec2-metadata-token: $TOKEN\" http://instance-data/latest/meta-data/local-ipv4)\nsed -i \"s/IP_ADDRESS/$PRIVATE_IP/g\" /etc/consul.d/consul.hcl\nsed -i \"s/SERVER_COUNT/3/g\" /etc/consul.d/consul.hcl\n\nsudo systemctl restart consul.service\n\nsleep 30\n\necho \"Consul started\"\n\n# Install and configure Node Exporter for system monitoring\necho \"Installing Node Exporter...\"\n\n# Create node_exporter user\nsudo useradd --system --no-create-home --shell /bin/false node_exporter\n\n# Download and install Node Exporter\ncd /tmp\ncurl -LO https://github.com/prometheus/node_exporter/releases/download/v1.7.0/node_exporter-1.7.0.linux-amd64.tar.gz\ntar -xzf node_exporter-1.7.0.linux-amd64.tar.gz\nsudo mv node_exporter-1.7.0.linux-amd64/node_exporter /usr/local/bin/\nsudo chown node_exporter:node_exporter /usr/local/bin/node_exporter\nrm -rf node_exporter-1.7.0.linux-amd64*\n\n# Create Node Exporter systemd service\nsudo tee /etc/systemd/system/node_exporter.service \u003e /dev/null \u003c\u003cEOF\n[Unit]\nDescription=Node Exporter\nWants=network-online.target\nAfter=network-online.target\n\n[Service]\nType=simple\nUser=node_exporter\nGroup=node_exporter\nExecStart=/usr/local/bin/node_exporter\nRestart=on-failure\nRestartSec=5\n\n[Install]\nWantedBy=multi-user.target\nEOF\n\n# Enable and start Node Exporter\nsudo systemctl daemon-reload\nsudo systemctl enable node_exporter\nsudo systemctl start node_exporter\n\necho \"Node Exporter installation completed\"\n\n# # starting the application\n# if [ \"jpmc-cluster1-consul-server\" = \"consul-server=1\" ]; then\n#   # receiver\n#   consul peering generate-token -name cluster-02\n# elif [ \"jpmc-cluster1-consul-server\" = \"consul-server=0\" ]; then\n#   # dialer\n#   consul peering establish -name cluster-01 -peering-token token-from-generate\n# else\n#   echo \"Unknown application name: jpmc-cluster1-consul-server\"\n# fi\n\n",
            "user_data_base64": null,
            "user_data_replace_on_change": false,
            "volume_tags": null,
            "vpc_security_group_ids": [
              "sg-0f0d96daf2b0af4ae"
            ]
          },
          "sensitive_attributes": [],
          "private": "eyJlMmJmYjczMC1lY2FhLTExZTYtOGY4OC0zNDM2M2JjN2M0YzAiOnsiY3JlYXRlIjo2MDAwMDAwMDAwMDAsImRlbGV0ZSI6MTIwMDAwMDAwMDAwMCwicmVhZCI6OTAwMDAwMDAwMDAwLCJ1cGRhdGUiOjYwMDAwMDAwMDAwMH0sInNjaGVtYV92ZXJzaW9uIjoiMiJ9",
          "dependencies": [
            "aws_iam_instance_profile.instance_profile",
            "aws_iam_role.instance_role",
            "aws_key_pair.minion-key",
            "aws_security_group.consul_sg",
            "data.aws_ami.ubuntu",
            "data.aws_iam_policy_document.instance_role",
            "module.vpc.aws_subnet.public",
            "module.vpc.aws_vpc.this",
            "module.vpc.aws_vpc_ipv4_cidr_block_association.this",
            "tls_private_key.pk"
          ]
        },
        {
          "index_key": 2,
          "schema_version": 2,
          "attributes": {
            "ami": "ami-0403a1833008b227d",
            "arn": "arn:aws:ec2:us-east-2:857619977540:instance/i-0e11d78c301dab29f",
            "associate_public_ip_address": true,
            "availability_zone": "us-east-2a",
            "capacity_reservation_specification": [
              {
                "capacity_reservation_preference": "open",
                "capacity_reservation_target": []
              }
            ],
            "cpu_options": [
              {
                "amd_sev_snp": "",
                "core_count": 8,
                "threads_per_core": 2
              }
            ],
            "credit_specification": [],
            "disable_api_stop": false,
            "disable_api_termination": false,
            "ebs_block_device": [],
            "ebs_optimized": false,
            "enable_primary_ipv6": null,
            "enclave_options": [
              {
                "enabled": false
              }
            ],
            "ephemeral_block_device": [],
            "force_destroy": false,
            "get_password_data": false,
            "hibernation": false,
            "host_id": "",
            "host_resource_group_arn": null,
            "iam_instance_profile": "jpmc-cluster120250916070410534700000002",
            "id": "i-0e11d78c301dab29f",
            "instance_initiated_shutdown_behavior": "stop",
            "instance_lifecycle": "",
            "instance_market_options": [],
            "instance_state": "running",
            "instance_type": "m6i.4xlarge",
            "ipv6_address_count": 0,
            "ipv6_addresses": [],
            "key_name": "c1-key-2",
            "launch_template": [],
            "maintenance_options": [
              {
                "auto_recovery": "default"
              }
            ],
            "metadata_options": [
              {
                "http_endpoint": "enabled",
                "http_protocol_ipv6": "disabled",
                "http_put_response_hop_limit": 1,
                "http_tokens": "optional",
                "instance_metadata_tags": "enabled"
              }
            ],
            "monitoring": false,
            "network_interface": [],
            "outpost_arn": "",
            "password_data": "",
            "placement_group": "",
            "placement_group_id": "",
            "placement_partition_number": 0,
            "primary_network_interface": [
              {
                "delete_on_termination": true,
                "network_interface_id": "eni-006535ff05855c074"
              }
            ],
            "primary_network_interface_id": "eni-006535ff05855c074",
            "private_dns": "ip-10-0-3-185.us-east-2.compute.internal",
            "private_dns_name_options": [
              {
                "enable_resource_name_dns_a_record": false,
                "enable_resource_name_dns_aaaa_record": false,
                "hostname_type": "ip-name"
              }
            ],
            "private_ip": "10.0.3.185",
            "public_dns": "ec2-3-148-247-213.us-east-2.compute.amazonaws.com",
            "public_ip": "3.148.247.213",
            "region": "us-east-2",
            "root_block_device": [
              {
                "delete_on_termination": true,
                "device_name": "/dev/sda1",
                "encrypted": true,
                "iops": 3000,
                "kms_key_id": "arn:aws:kms:us-east-2:857619977540:key/e0638552-e977-4969-bf96-22e0977fb546",
                "tags": {},
                "tags_all": {},
                "throughput": 125,
                "volume_id": "vol-0789fa1b97a70f5ae",
                "volume_size": 300,
                "volume_type": "gp3"
              }
            ],
            "secondary_private_ips": [],
            "security_groups": [],
            "source_dest_check": true,
            "spot_instance_request_id": "",
            "subnet_id": "subnet-0628a63338fac426b",
            "tags": {
              "ConsulAutoJoin": "auto-join-0",
              "Name": "jpmc-cluster1-consul-service-3",
              "NomadType": "client"
            },
            "tags_all": {
              "ConsulAutoJoin": "auto-join-0",
              "Name": "jpmc-cluster1-consul-service-3",
              "NomadType": "client"
            },
            "tenancy": "default",
            "timeouts": null,
            "user_data": "#!/bin/bash\n\nset +e\n\nexec \u003e \u003e(sudo tee /var/log/user-data.log|logger -t user-data -s 2\u003e/dev/console) 2\u003e\u00261\n\n#sudo apt update \u0026\u0026 sudo apt install -y unzip\n#curl -LO https://github.com/hashi-stack/minion-chat-advance-resources/archive/refs/heads/main.zip\n#unzip main.zip -d /tmp\n#sudo cp -R /tmp/minion-chat-advance-resources-main/4-consul-service-mesh-mgw-muti-dc/shared /ops/shared/\n\n# wait until the file is copied\nif [ ! -f /tmp/shared/scripts/server.sh ]; then\n  echo \"Waiting for server.sh to be copied...\"\n  while [ ! -f /tmp/shared/scripts/server.sh ]; do\n    sleep 5\n  done\nfi\nsleep 10\nsudo mkdir -p /ops/shared \u0026\u0026 sudo chmod a+rwx /ops/shared\nsudo cp -R /tmp/shared /ops/\n\nset -e\n\nsudo bash /ops/shared/scripts/server.sh \"aws\" \"3\" \"provider=aws tag_key=ConsulAutoJoin tag_value=auto-join-0\" \"1.21.0+ent\" \"1.33.2-1\"\n\n\nCLOUD_ENV=\"aws\"\n\nsed -i \"s/RETRY_JOIN/provider=aws tag_key=ConsulAutoJoin tag_value=auto-join-0/g\" /etc/consul.d/consul.hcl\n\n# for aws only\nTOKEN=$(curl -X PUT \"http://instance-data/latest/api/token\" -H \"X-aws-ec2-metadata-token-ttl-seconds: 21600\")\nPRIVATE_IP=$(curl -H \"X-aws-ec2-metadata-token: $TOKEN\" http://instance-data/latest/meta-data/local-ipv4)\nsed -i \"s/IP_ADDRESS/$PRIVATE_IP/g\" /etc/consul.d/consul.hcl\nsed -i \"s/SERVER_COUNT/3/g\" /etc/consul.d/consul.hcl\n\nsudo systemctl restart consul.service\n\nsleep 30\n\necho \"Consul started\"\n\n# Install and configure Node Exporter for system monitoring\necho \"Installing Node Exporter...\"\n\n# Create node_exporter user\nsudo useradd --system --no-create-home --shell /bin/false node_exporter\n\n# Download and install Node Exporter\ncd /tmp\ncurl -LO https://github.com/prometheus/node_exporter/releases/download/v1.7.0/node_exporter-1.7.0.linux-amd64.tar.gz\ntar -xzf node_exporter-1.7.0.linux-amd64.tar.gz\nsudo mv node_exporter-1.7.0.linux-amd64/node_exporter /usr/local/bin/\nsudo chown node_exporter:node_exporter /usr/local/bin/node_exporter\nrm -rf node_exporter-1.7.0.linux-amd64*\n\n# Create Node Exporter systemd service\nsudo tee /etc/systemd/system/node_exporter.service \u003e /dev/null \u003c\u003cEOF\n[Unit]\nDescription=Node Exporter\nWants=network-online.target\nAfter=network-online.target\n\n[Service]\nType=simple\nUser=node_exporter\nGroup=node_exporter\nExecStart=/usr/local/bin/node_exporter\nRestart=on-failure\nRestartSec=5\n\n[Install]\nWantedBy=multi-user.target\nEOF\n\n# Enable and start Node Exporter\nsudo systemctl daemon-reload\nsudo systemctl enable node_exporter\nsudo systemctl start node_exporter\n\necho \"Node Exporter installation completed\"\n\n# # starting the application\n# if [ \"jpmc-cluster1-consul-server\" = \"consul-server=1\" ]; then\n#   # receiver\n#   consul peering generate-token -name cluster-02\n# elif [ \"jpmc-cluster1-consul-server\" = \"consul-server=0\" ]; then\n#   # dialer\n#   consul peering establish -name cluster-01 -peering-token token-from-generate\n# else\n#   echo \"Unknown application name: jpmc-cluster1-consul-server\"\n# fi\n\n",
            "user_data_base64": null,
            "user_data_replace_on_change": false,
            "volume_tags": null,
            "vpc_security_group_ids": [
              "sg-0f0d96daf2b0af4ae"
            ]
          },
          "sensitive_attributes": [],
          "private": "eyJlMmJmYjczMC1lY2FhLTExZTYtOGY4OC0zNDM2M2JjN2M0YzAiOnsiY3JlYXRlIjo2MDAwMDAwMDAwMDAsImRlbGV0ZSI6MTIwMDAwMDAwMDAwMCwicmVhZCI6OTAwMDAwMDAwMDAwLCJ1cGRhdGUiOjYwMDAwMDAwMDAwMH0sInNjaGVtYV92ZXJzaW9uIjoiMiJ9",
          "dependencies": [
            "aws_iam_instance_profile.instance_profile",
            "aws_iam_role.instance_role",
            "aws_key_pair.minion-key",
            "aws_security_group.consul_sg",
            "data.aws_ami.ubuntu",
            "data.aws_iam_policy_document.instance_role",
            "module.vpc.aws_subnet.public",
            "module.vpc.aws_vpc.this",
            "module.vpc.aws_vpc_ipv4_cidr_block_association.this",
            "tls_private_key.pk"
          ]
        }
      ]
    },
    {
      "mode": "managed",
      "type": "aws_instance",
      "name": "esm",
      "provider": "provider[\"registry.terraform.io/hashicorp/aws\"]",
      "instances": [
        {
          "index_key": 0,
          "schema_version": 2,
          "attributes": {
            "ami": "ami-0403a1833008b227d",
            "arn": "arn:aws:ec2:us-east-2:857619977540:instance/i-0a8afffdf18b3193d",
            "associate_public_ip_address": true,
            "availability_zone": "us-east-2a",
            "capacity_reservation_specification": [
              {
                "capacity_reservation_preference": "open",
                "capacity_reservation_target": []
              }
            ],
            "cpu_options": [
              {
                "amd_sev_snp": "",
                "core_count": 8,
                "threads_per_core": 2
              }
            ],
            "credit_specification": [],
            "disable_api_stop": false,
            "disable_api_termination": false,
            "ebs_block_device": [],
            "ebs_optimized": false,
            "enable_primary_ipv6": null,
            "enclave_options": [
              {
                "enabled": false
              }
            ],
            "ephemeral_block_device": [],
            "force_destroy": false,
            "get_password_data": false,
            "hibernation": false,
            "host_id": "",
            "host_resource_group_arn": null,
            "iam_instance_profile": "jpmc-cluster1-consul-esm-profile",
            "id": "i-0a8afffdf18b3193d",
            "instance_initiated_shutdown_behavior": "stop",
            "instance_lifecycle": "",
            "instance_market_options": [],
            "instance_state": "running",
            "instance_type": "m6i.4xlarge",
            "ipv6_address_count": 0,
            "ipv6_addresses": [],
            "key_name": "c1-key-2",
            "launch_template": [],
            "maintenance_options": [
              {
                "auto_recovery": "default"
              }
            ],
            "metadata_options": [
              {
                "http_endpoint": "enabled",
                "http_protocol_ipv6": "disabled",
                "http_put_response_hop_limit": 1,
                "http_tokens": "optional",
                "instance_metadata_tags": "disabled"
              }
            ],
            "monitoring": false,
            "network_interface": [],
            "outpost_arn": "",
            "password_data": "",
            "placement_group": "",
            "placement_group_id": "",
            "placement_partition_number": 0,
            "primary_network_interface": [
              {
                "delete_on_termination": true,
                "network_interface_id": "eni-0382dbdc0168401a9"
              }
            ],
            "primary_network_interface_id": "eni-0382dbdc0168401a9",
            "private_dns": "ip-10-0-3-252.us-east-2.compute.internal",
            "private_dns_name_options": [
              {
                "enable_resource_name_dns_a_record": false,
                "enable_resource_name_dns_aaaa_record": false,
                "hostname_type": "ip-name"
              }
            ],
            "private_ip": "10.0.3.252",
            "public_dns": "ec2-18-188-211-135.us-east-2.compute.amazonaws.com",
            "public_ip": "18.188.211.135",
            "region": "us-east-2",
            "root_block_device": [
              {
                "delete_on_termination": true,
                "device_name": "/dev/sda1",
                "encrypted": true,
                "iops": 3000,
                "kms_key_id": "arn:aws:kms:us-east-2:857619977540:key/e0638552-e977-4969-bf96-22e0977fb546",
                "tags": {},
                "tags_all": {},
                "throughput": 125,
                "volume_id": "vol-07a1a87bbd6998f9b",
                "volume_size": 300,
                "volume_type": "gp3"
              }
            ],
            "secondary_private_ips": [],
            "security_groups": [],
            "source_dest_check": true,
            "spot_instance_request_id": "",
            "subnet_id": "subnet-0628a63338fac426b",
            "tags": {
              "Name": "jpmc-cluster1-consul-esm-instance"
            },
            "tags_all": {
              "Name": "jpmc-cluster1-consul-esm-instance"
            },
            "tenancy": "default",
            "timeouts": null,
            "user_data": "#!/bin/bash\n\nexec \u003e \u003e(sudo tee /var/log/user-data.log|logger -t user-data -s 2\u003e/dev/console) 2\u003e\u00261\nset -ex\n\n# Install necessary packages\nsudo apt-get update -y\nsudo apt-get install -y wget unzip jq\n\n# # Start SSM agent\n# systemctl enable amazon-ssm-agent\n# systemctl start amazon-ssm-agent\n\n# Install node_exporter for monitoring\nwget https://github.com/prometheus/node_exporter/releases/download/v1.9.1/node_exporter-1.9.1.linux-amd64.tar.gz\ntar xvfz node_exporter-*.tar.gz\nmv node_exporter-1.9.1.linux-amd64/node_exporter /usr/local/bin/\nrm -rf node_exporter-*\n\n# Create node_exporter service\ncat \u003c\u003c EOF | tee /etc/systemd/system/node_exporter.service \u003e /dev/null\n[Unit]\nDescription=Node Exporter\nAfter=network.target\n\n[Service]\nType=simple\nExecStart=/usr/local/bin/node_exporter\n\n[Install]\nWantedBy=multi-user.target\nEOF\n\n# Start node_exporter\nsystemctl enable node_exporter\nsystemctl start node_exporter\n\n# Install Consul ESM\nwget https://releases.hashicorp.com/consul-esm/0.9.0/consul-esm_0.9.0_linux_amd64.zip\nunzip consul-esm_0.9.0_linux_amd64.zip\nmv consul-esm /usr/local/bin/\nrm consul-esm_0.9.0_linux_amd64.zip\n\n# Create ESM config directory\nmkdir -p /etc/consul-esm\n\n# Create proper ESM configuration for version 0.7.1\ncat \u003c\u003c EOF | sudo  tee /etc/consul-esm/config.hcl \u003e /dev/null\n# Consul ESM Configuration for version 0.9.0\nlog_level = \"INFO\"\nenable_syslog = false\n\n# instance_id = \"consul-esm-jpmc-cluster1\"\n# For emitting Consul ESM metrics to Prometheus\nclient_address = \"0.0.0.0:8080\"\n# service registration \nconsul_service = \"consul-esm\"\nconsul_service_tag = \"consul-external-service-monitor-tag\"\n\nconsul_kv_path = \"consul-esm/\"\n\n# External node metadata - Standard ESM detection keys\nexternal_node_meta {\n  \"external-node\" = \"true\"\n  \"external-probe\" = \"true\"\n}\n\n# Basic ESM settings\nnode_reconnect_timeout = \"72h\"\n#node_probe_interval = \"10s\"\nnode_probe_interval = \"10s\"\ndisable_coordinate_updates = false\n\nenable_agentless = true\n\n# Consul connection configuration\n\n# The address of the Consul server to use if enable_agentless is set to true.\n# Can also be provided through the CONSUL_HTTP_ADDR environment variable.\nhttp_addr = \"10.0.3.106:8500\"\n\n# The ACL token to use when communicating with the local Consul agent. Can\n# also be provided through the CONSUL_HTTP_TOKEN environment variable.\ntoken = \"e95b599e-166e-7d80-08ad-aee76e7ddf19\"\n#token = \"e95b599e-166e-7d80-08ad-aee76e7ddf19\"\n\n# The Consul datacenter to use.\ndatacenter = \"dc1\"\n\n# The target Admin Partition to use.\n# Can also be provided through the CONSUL_PARTITION environment variable.\npartition = \"global\"\n\n# Telemetry configuration\ntelemetry {\n  disable_hostname = false\n  prometheus_retention_time = \"24h\"\n  filter_default = true\n}\nEOF\n\n# Create ESM service with enhanced configuration\ncat \u003c\u003c EOF | sudo tee /etc/systemd/system/consul-esm.service \u003e /dev/null\n[Unit]\nDescription=Consul ESM (External Service Monitor)\nDocumentation=https://github.com/hashicorp/consul-esm\nRequires=network-online.target\nAfter=network-online.target\nConditionFileNotEmpty=/etc/consul-esm/config.hcl\n\n[Service]\nType=notify\nUser=root\nGroup=root\nExecStart=/usr/local/bin/consul-esm -config-file=/etc/consul-esm/config.hcl\nExecReload=/bin/kill -HUP \\$MAINPID\nKillMode=process\nRestart=on-failure\nLimitNOFILE=65536\n\n[Install]\nWantedBy=multi-user.target\nEOF\n\n# Create ESM log directory\nsudo mkdir -p /var/log/consul-esm\nchown root:root /var/log/consul-esm\n\n# Start ESM service\nsystemctl daemon-reload\nsystemctl enable consul-esm\nsystemctl start consul-esm\n\n\necho \"Consul ESM setup complete!\"\necho \"ESM Status: $(systemctl is-active consul-esm)\"\necho \"ESM is now monitoring external services and performing health checks\" ",
            "user_data_base64": null,
            "user_data_replace_on_change": false,
            "volume_tags": null,
            "vpc_security_group_ids": [
              "sg-08c517b563723cc68"
            ]
          },
          "sensitive_attributes": [],
          "private": "eyJlMmJmYjczMC1lY2FhLTExZTYtOGY4OC0zNDM2M2JjN2M0YzAiOnsiY3JlYXRlIjo2MDAwMDAwMDAwMDAsImRlbGV0ZSI6MTIwMDAwMDAwMDAwMCwicmVhZCI6OTAwMDAwMDAwMDAwLCJ1cGRhdGUiOjYwMDAwMDAwMDAwMH0sInNjaGVtYV92ZXJzaW9uIjoiMiJ9",
          "dependencies": [
            "aws_iam_instance_profile.esm",
            "aws_iam_instance_profile.instance_profile",
            "aws_iam_role.esm",
            "aws_iam_role.instance_role",
            "aws_instance.consul",
            "aws_key_pair.minion-key",
            "aws_security_group.consul_sg",
            "aws_security_group.esm",
            "data.aws_ami.ubuntu",
            "data.aws_iam_policy_document.instance_role",
            "module.vpc.aws_subnet.public",
            "module.vpc.aws_vpc.this",
            "module.vpc.aws_vpc_ipv4_cidr_block_association.this",
            "tls_private_key.pk"
          ]
        }
      ]
    },
    {
      "mode": "managed",
      "type": "aws_instance",
      "name": "grafana",
      "provider": "provider[\"registry.terraform.io/hashicorp/aws\"]",
      "instances": [
        {
          "schema_version": 2,
          "attributes": {
            "ami": "ami-0403a1833008b227d",
            "arn": "arn:aws:ec2:us-east-2:857619977540:instance/i-0d41b5c0aa43ef1db",
            "associate_public_ip_address": true,
            "availability_zone": "us-east-2a",
            "capacity_reservation_specification": [
              {
                "capacity_reservation_preference": "open",
                "capacity_reservation_target": []
              }
            ],
            "cpu_options": [
              {
                "amd_sev_snp": "",
                "core_count": 4,
                "threads_per_core": 2
              }
            ],
            "credit_specification": [],
            "disable_api_stop": false,
            "disable_api_termination": false,
            "ebs_block_device": [],
            "ebs_optimized": false,
            "enable_primary_ipv6": null,
            "enclave_options": [
              {
                "enabled": false
              }
            ],
            "ephemeral_block_device": [],
            "force_destroy": false,
            "get_password_data": false,
            "hibernation": false,
            "host_id": "",
            "host_resource_group_arn": null,
            "iam_instance_profile": "jpmc-cluster120250916070410534700000002",
            "id": "i-0d41b5c0aa43ef1db",
            "instance_initiated_shutdown_behavior": "stop",
            "instance_lifecycle": "",
            "instance_market_options": [],
            "instance_state": "running",
            "instance_type": "m5.2xlarge",
            "ipv6_address_count": 0,
            "ipv6_addresses": [],
            "key_name": "c1-key-2",
            "launch_template": [],
            "maintenance_options": [
              {
                "auto_recovery": "default"
              }
            ],
            "metadata_options": [
              {
                "http_endpoint": "enabled",
                "http_protocol_ipv6": "disabled",
                "http_put_response_hop_limit": 1,
                "http_tokens": "optional",
                "instance_metadata_tags": "enabled"
              }
            ],
            "monitoring": false,
            "network_interface": [],
            "outpost_arn": "",
            "password_data": "",
            "placement_group": "",
            "placement_group_id": "",
            "placement_partition_number": 0,
            "primary_network_interface": [
              {
                "delete_on_termination": true,
                "network_interface_id": "eni-0e6ceb65acf73fe2b"
              }
            ],
            "primary_network_interface_id": "eni-0e6ceb65acf73fe2b",
            "private_dns": "ip-10-0-3-160.us-east-2.compute.internal",
            "private_dns_name_options": [
              {
                "enable_resource_name_dns_a_record": false,
                "enable_resource_name_dns_aaaa_record": false,
                "hostname_type": "ip-name"
              }
            ],
            "private_ip": "10.0.3.160",
            "public_dns": "ec2-18-217-17-60.us-east-2.compute.amazonaws.com",
            "public_ip": "18.217.17.60",
            "region": "us-east-2",
            "root_block_device": [
              {
                "delete_on_termination": true,
                "device_name": "/dev/sda1",
                "encrypted": false,
                "iops": 100,
                "kms_key_id": "",
                "tags": {},
                "tags_all": {},
                "throughput": 0,
                "volume_id": "vol-0bdb806c5ba3b243b",
                "volume_size": 8,
                "volume_type": "gp2"
              }
            ],
            "secondary_private_ips": [],
            "security_groups": [],
            "source_dest_check": true,
            "spot_instance_request_id": "",
            "subnet_id": "subnet-0628a63338fac426b",
            "tags": {
              "Name": "jpmc-cluster1-grafana"
            },
            "tags_all": {
              "Name": "jpmc-cluster1-grafana"
            },
            "tenancy": "default",
            "timeouts": null,
            "user_data": "#!/bin/bash\nsudo apt-get update\nsudo apt-get install -y apt-transport-https software-properties-common wget\nwget -q -O - https://packages.grafana.com/gpg.key | sudo apt-key add -\necho \"deb https://packages.grafana.com/oss/deb stable main\" | sudo tee /etc/apt/sources.list.d/grafana.list\nsudo apt-get update\nsudo apt-get install -y grafana\n\nsudo systemctl enable grafana-server\nsudo systemctl start grafana-server\n\n# Install Consul datasource plugin (optional, for advanced dashboards)\n# sudo grafana-cli plugins install grafana-consul-datasource\n# sudo systemctl restart grafana-server\n\n# Configure Consul datasource via provisioning (recommended)\nsudo mkdir -p /etc/grafana/provisioning/datasources\ncat \u003c\u003cEOD | sudo tee /etc/grafana/provisioning/datasources/consul.yaml\napiVersion: 1\ndatasources:\n  - name: Consul\n    type: grafana-consul-datasource\n    access: proxy\n    url: http://10.0.3.106:8500\n    isDefault: false\nEOD\n\nsudo systemctl restart grafana-server\n",
            "user_data_base64": null,
            "user_data_replace_on_change": false,
            "volume_tags": null,
            "vpc_security_group_ids": [
              "sg-03f4aa5881f7583d7",
              "sg-0f0d96daf2b0af4ae"
            ]
          },
          "sensitive_attributes": [],
          "private": "eyJlMmJmYjczMC1lY2FhLTExZTYtOGY4OC0zNDM2M2JjN2M0YzAiOnsiY3JlYXRlIjo2MDAwMDAwMDAwMDAsImRlbGV0ZSI6MTIwMDAwMDAwMDAwMCwicmVhZCI6OTAwMDAwMDAwMDAwLCJ1cGRhdGUiOjYwMDAwMDAwMDAwMH0sInNjaGVtYV92ZXJzaW9uIjoiMiJ9",
          "dependencies": [
            "aws_iam_instance_profile.instance_profile",
            "aws_iam_role.instance_role",
            "aws_instance.consul",
            "aws_key_pair.minion-key",
            "aws_security_group.consul_sg",
            "aws_security_group.grafana_sg",
            "data.aws_ami.ubuntu",
            "data.aws_iam_policy_document.instance_role",
            "module.vpc.aws_subnet.public",
            "module.vpc.aws_vpc.this",
            "module.vpc.aws_vpc_ipv4_cidr_block_association.this",
            "tls_private_key.pk"
          ]
        }
      ]
    },
    {
      "mode": "managed",
      "type": "aws_instance",
      "name": "load_generator",
      "provider": "provider[\"registry.terraform.io/hashicorp/aws\"]",
      "instances": [
        {
          "schema_version": 2,
          "attributes": {
            "ami": "ami-0403a1833008b227d",
            "arn": "arn:aws:ec2:us-east-2:857619977540:instance/i-0f50f25c5e35f6853",
            "associate_public_ip_address": true,
            "availability_zone": "us-east-2a",
            "capacity_reservation_specification": [
              {
                "capacity_reservation_preference": "open",
                "capacity_reservation_target": []
              }
            ],
            "cpu_options": [
              {
                "amd_sev_snp": "",
                "core_count": 1,
                "threads_per_core": 2
              }
            ],
            "credit_specification": [
              {
                "cpu_credits": "unlimited"
              }
            ],
            "disable_api_stop": false,
            "disable_api_termination": false,
            "ebs_block_device": [],
            "ebs_optimized": false,
            "enable_primary_ipv6": null,
            "enclave_options": [
              {
                "enabled": false
              }
            ],
            "ephemeral_block_device": [],
            "force_destroy": false,
            "get_password_data": false,
            "hibernation": false,
            "host_id": "",
            "host_resource_group_arn": null,
            "iam_instance_profile": "",
            "id": "i-0f50f25c5e35f6853",
            "instance_initiated_shutdown_behavior": "stop",
            "instance_lifecycle": "",
            "instance_market_options": [],
            "instance_state": "running",
            "instance_type": "t3.large",
            "ipv6_address_count": 0,
            "ipv6_addresses": [],
            "key_name": "c1-key-2",
            "launch_template": [],
            "maintenance_options": [
              {
                "auto_recovery": "default"
              }
            ],
            "metadata_options": [
              {
                "http_endpoint": "enabled",
                "http_protocol_ipv6": "disabled",
                "http_put_response_hop_limit": 1,
                "http_tokens": "optional",
                "instance_metadata_tags": "disabled"
              }
            ],
            "monitoring": false,
            "network_interface": [],
            "outpost_arn": "",
            "password_data": "",
            "placement_group": "",
            "placement_group_id": "",
            "placement_partition_number": 0,
            "primary_network_interface": [
              {
                "delete_on_termination": true,
                "network_interface_id": "eni-05f3cd0f350f1b3e2"
              }
            ],
            "primary_network_interface_id": "eni-05f3cd0f350f1b3e2",
            "private_dns": "ip-10-0-3-188.us-east-2.compute.internal",
            "private_dns_name_options": [
              {
                "enable_resource_name_dns_a_record": false,
                "enable_resource_name_dns_aaaa_record": false,
                "hostname_type": "ip-name"
              }
            ],
            "private_ip": "10.0.3.188",
            "public_dns": "ec2-18-220-96-65.us-east-2.compute.amazonaws.com",
            "public_ip": "18.220.96.65",
            "region": "us-east-2",
            "root_block_device": [
              {
                "delete_on_termination": true,
                "device_name": "/dev/sda1",
                "encrypted": false,
                "iops": 100,
                "kms_key_id": "",
                "tags": {},
                "tags_all": {},
                "throughput": 0,
                "volume_id": "vol-08cc50621d81a8fe2",
                "volume_size": 8,
                "volume_type": "gp2"
              }
            ],
            "secondary_private_ips": [],
            "security_groups": [],
            "source_dest_check": true,
            "spot_instance_request_id": "",
            "subnet_id": "subnet-0628a63338fac426b",
            "tags": {
              "Name": "jpmc-cluster1-load-generator"
            },
            "tags_all": {
              "Name": "jpmc-cluster1-load-generator"
            },
            "tenancy": "default",
            "timeouts": null,
            "user_data": "#!/bin/bash\n\nexec \u003e \u003e(sudo tee /var/log/user-data.log|logger -t user-data -s 2\u003e/dev/console) 2\u003e\u00261\nset -ex\n\nsudo apt-get update -y\n\nsudo apt-get install -y unzip wget\n\n# Download Consul\nwget https://releases.hashicorp.com/consul/1.21.0+ent/consul_1.21.0+ent_linux_amd64.zip\n\n# Unzip and install\nunzip consul_1.21.0+ent_linux_amd64.zip\nsudo mv consul /usr/local/bin/\nrm consul_1.21.0+ent_linux_amd64.zip\n\necho \"export CONSUL_HTTP_TOKEN=e95b599e-166e-7d80-08ad-aee76e7ddf19\" \u003e\u003e /home/ubuntu/.bashrc\necho \"export CONSUL_HTTP_ADDR=10.0.3.106:8500\" \u003e\u003e /home/ubuntu/.bashrc",
            "user_data_base64": null,
            "user_data_replace_on_change": false,
            "volume_tags": null,
            "vpc_security_group_ids": [
              "sg-0160e13458548e886"
            ]
          },
          "sensitive_attributes": [],
          "private": "eyJlMmJmYjczMC1lY2FhLTExZTYtOGY4OC0zNDM2M2JjN2M0YzAiOnsiY3JlYXRlIjo2MDAwMDAwMDAwMDAsImRlbGV0ZSI6MTIwMDAwMDAwMDAwMCwicmVhZCI6OTAwMDAwMDAwMDAwLCJ1cGRhdGUiOjYwMDAwMDAwMDAwMH0sInNjaGVtYV92ZXJzaW9uIjoiMiJ9",
          "dependencies": [
            "aws_iam_instance_profile.instance_profile",
            "aws_iam_role.instance_role",
            "aws_instance.consul",
            "aws_key_pair.minion-key",
            "aws_security_group.consul_sg",
            "aws_security_group.load_generator",
            "data.aws_ami.ubuntu",
            "data.aws_iam_policy_document.instance_role",
            "module.vpc.aws_subnet.public",
            "module.vpc.aws_vpc.this",
            "module.vpc.aws_vpc_ipv4_cidr_block_association.this",
            "tls_private_key.pk"
          ]
        }
      ]
    },
    {
      "mode": "managed",
      "type": "aws_instance",
      "name": "mgw_service",
      "provider": "provider[\"registry.terraform.io/hashicorp/aws\"]",
      "instances": [
        {
          "schema_version": 2,
          "attributes": {
            "ami": "ami-0403a1833008b227d",
            "arn": "arn:aws:ec2:us-east-2:857619977540:instance/i-05bb5c48ebbeeb0a7",
            "associate_public_ip_address": true,
            "availability_zone": "us-east-2a",
            "capacity_reservation_specification": [
              {
                "capacity_reservation_preference": "open",
                "capacity_reservation_target": []
              }
            ],
            "cpu_options": [
              {
                "amd_sev_snp": "",
                "core_count": 8,
                "threads_per_core": 2
              }
            ],
            "credit_specification": [],
            "disable_api_stop": false,
            "disable_api_termination": false,
            "ebs_block_device": [],
            "ebs_optimized": false,
            "enable_primary_ipv6": null,
            "enclave_options": [
              {
                "enabled": false
              }
            ],
            "ephemeral_block_device": [],
            "force_destroy": false,
            "get_password_data": false,
            "hibernation": false,
            "host_id": "",
            "host_resource_group_arn": null,
            "iam_instance_profile": "jpmc-cluster120250916070410534700000002",
            "id": "i-05bb5c48ebbeeb0a7",
            "instance_initiated_shutdown_behavior": "stop",
            "instance_lifecycle": "",
            "instance_market_options": [],
            "instance_state": "running",
            "instance_type": "m6i.4xlarge",
            "ipv6_address_count": 0,
            "ipv6_addresses": [],
            "key_name": "c1-key-2",
            "launch_template": [],
            "maintenance_options": [
              {
                "auto_recovery": "default"
              }
            ],
            "metadata_options": [
              {
                "http_endpoint": "enabled",
                "http_protocol_ipv6": "disabled",
                "http_put_response_hop_limit": 1,
                "http_tokens": "optional",
                "instance_metadata_tags": "enabled"
              }
            ],
            "monitoring": false,
            "network_interface": [],
            "outpost_arn": "",
            "password_data": "",
            "placement_group": "",
            "placement_group_id": "",
            "placement_partition_number": 0,
            "primary_network_interface": [
              {
                "delete_on_termination": true,
                "network_interface_id": "eni-048e823e91200f373"
              }
            ],
            "primary_network_interface_id": "eni-048e823e91200f373",
            "private_dns": "ip-10-0-3-154.us-east-2.compute.internal",
            "private_dns_name_options": [
              {
                "enable_resource_name_dns_a_record": false,
                "enable_resource_name_dns_aaaa_record": false,
                "hostname_type": "ip-name"
              }
            ],
            "private_ip": "10.0.3.154",
            "public_dns": "ec2-18-119-167-217.us-east-2.compute.amazonaws.com",
            "public_ip": "18.119.167.217",
            "region": "us-east-2",
            "root_block_device": [
              {
                "delete_on_termination": true,
                "device_name": "/dev/sda1",
                "encrypted": true,
                "iops": 3000,
                "kms_key_id": "arn:aws:kms:us-east-2:857619977540:key/e0638552-e977-4969-bf96-22e0977fb546",
                "tags": null,
                "tags_all": {},
                "throughput": 125,
                "volume_id": "vol-02625ea7ed40345d2",
                "volume_size": 30,
                "volume_type": "gp3"
              }
            ],
            "secondary_private_ips": [],
            "security_groups": [],
            "source_dest_check": true,
            "spot_instance_request_id": "",
            "subnet_id": "subnet-0628a63338fac426b",
            "tags": {
              "Cluster": "cluster1",
              "ConsulAutoJoin": "auto-join-0",
              "Name": "jpmc-cluster1-mesh-gateway",
              "NomadType": "client",
              "Type": "mesh-gateway"
            },
            "tags_all": {
              "Cluster": "cluster1",
              "ConsulAutoJoin": "auto-join-0",
              "Name": "jpmc-cluster1-mesh-gateway",
              "NomadType": "client",
              "Type": "mesh-gateway"
            },
            "tenancy": "default",
            "timeouts": null,
            "user_data": "#!/bin/bash\n\nset -e\n\nexec \u003e \u003e(sudo tee /var/log/user-data.log|logger -t user-data -s 2\u003e/dev/console) 2\u003e\u00261\n\n# wait until the file is copied\nif [ ! -f /tmp/shared/scripts/client.sh ]; then\n  echo \"Waiting for client.sh to be copied...\"\n  while [ ! -f /tmp/shared/scripts/client.sh ]; do\n    sleep 5\n  done\nfi\n\nsudo mkdir -p /ops/shared\n# sleep for 10s to ensure the file is copied\nsleep 10\nsudo cp -R /tmp/shared /ops/\n\nsudo bash /ops/shared/scripts/client.sh \"aws\" \"provider=aws tag_key=ConsulAutoJoin tag_value=auto-join-0\" \"1.21.0+ent\" \"1.33.2-1\"\n\n# Install and configure Node Exporter for system monitoring\necho \"Installing Node Exporter...\"\n\n# Create node_exporter user\nsudo useradd --system --no-create-home --shell /bin/false node_exporter\n\n# Download and install Node Exporter\ncd /tmp\ncurl -LO https://github.com/prometheus/node_exporter/releases/download/v1.7.0/node_exporter-1.7.0.linux-amd64.tar.gz\ntar -xzf node_exporter-1.7.0.linux-amd64.tar.gz\nsudo mv node_exporter-1.7.0.linux-amd64/node_exporter /usr/local/bin/\nsudo chown node_exporter:node_exporter /usr/local/bin/node_exporter\nrm -rf node_exporter-1.7.0.linux-amd64*\n\n# Create Node Exporter systemd service\nsudo tee /etc/systemd/system/node_exporter.service \u003e /dev/null \u003c\u003cEOF\n[Unit]\nDescription=Node Exporter\nWants=network-online.target\nAfter=network-online.target\n\n[Service]\nType=simple\nUser=node_exporter\nGroup=node_exporter\nExecStart=/usr/local/bin/node_exporter\nRestart=on-failure\nRestartSec=5\n\n[Install]\nWantedBy=multi-user.target\nEOF\n\n# Enable and start Node Exporter\nsudo systemctl daemon-reload\nsudo systemctl enable node_exporter\nsudo systemctl start node_exporter\n\necho \"Node Exporter installation completed\"\n\n# wait for consul to start\nsleep 10\n\n# Get EC2 metadata token for IMDSv2\nTOKEN=$(curl -X PUT \"http://instance-data/latest/api/token\" -H \"X-aws-ec2-metadata-token-ttl-seconds: 21600\")\n\nPUBLIC_IP=$(curl -H \"X-aws-ec2-metadata-token: $TOKEN\" http://instance-data/latest/meta-data/public-ipv4)\nPRIVATE_IP=$(curl -H \"X-aws-ec2-metadata-token: $TOKEN\" http://instance-data/latest/meta-data/local-ipv4)\nINSTANCE_ID=$(curl -H \"X-aws-ec2-metadata-token: $TOKEN\" http://instance-data/latest/meta-data/instance-id)\n\nexport CONSUL_HTTP_TOKEN=e95b599e-166e-7d80-08ad-aee76e7ddf19\n\n# Debug application name\n# echo \"Debug: application_name=mgw-service\"\n\n  echo \"Setting up mesh gateway for jpmc-cluster1...\"\n  \n  # Wait for consul to be ready\n  echo \"Waiting for Consul to be ready...\"\n  for i in {1..20}; do\n    if consul members \u003e /dev/null 2\u003e\u00261; then\n      echo \"Consul is ready!\"\n      break\n    fi\n    echo \"Waiting... (attempt $i/20)\"\n    sleep 10\n  done\n\n  # Create proxy defaults configuration for mesh gateway\n  sudo tee /tmp/proxy-default.hcl \u003e /dev/null \u003c\u003c 'PROXY_EOF'\nKind = \"proxy-defaults\"\nName = \"global\"\nMeshGateway {\n  Mode = \"local\"\n}\nPROXY_EOF\n\n  # Create mesh configuration for peering\n  sudo tee /tmp/mesh-config.hcl \u003e /dev/null \u003c\u003c 'MESH_EOF'\nKind = \"mesh\"\nTransparentProxy {\n  MeshDestinationsOnly = true\n}\nPeering {\n  PeerThroughMeshGateways = true\n}\nMESH_EOF\n\n  # Apply configurations with retries\n  echo \"Applying Consul configurations...\"\n  for i in {1..5}; do\n    if consul config write /tmp/proxy-default.hcl; then\n      echo \"✓ Proxy defaults configuration applied\"\n      break\n    else\n      echo \"⚠ Failed to apply proxy defaults (attempt $i/5), retrying...\"\n      sleep 5\n    fi\n  done\n\n  for i in {1..5}; do\n    if consul config write /tmp/mesh-config.hcl; then\n      echo \"✓ Mesh configuration applied\"\n      break\n    else\n      echo \"⚠ Failed to apply mesh config (attempt $i/5), retrying...\"\n      sleep 5\n    fi\n  done\n\n  # Kill any existing envoy processes\n  sudo pkill -f envoy || true\n  sleep 3\n\n  # Create log file with proper permissions\n  sudo touch /var/log/envoy-mgw.log\n  sudo chmod 666 /var/log/envoy-mgw.log\n\n  # Start mesh gateway with Envoy and improved error handling\n  echo \"Starting mesh gateway with Envoy...\"\n  #TODO register it to background instead of running it once, that way machine restarts will also restart the gateway\n  nohup consul connect envoy \\\n    -gateway mesh \\\n    -register \\\n    -service mesh-gateway \\\n    -address $PRIVATE_IP:8443 \\\n    -wan-address $PUBLIC_IP:8443 \\\n    -token \"$CONSUL_HTTP_TOKEN\" \\\n    -- --log-level trace \u003e /var/log/envoy-mgw.log 2\u003e\u00261 \u0026\n\n  # Wait for registration\n  sleep 15\n\n  # Verify mesh gateway is registered\n  echo \"Verifying mesh gateway registration...\"\n  for i in {1..10}; do\n    if consul catalog services | grep -q mesh-gateway; then\n      echo \"✅ Mesh gateway successfully registered!\"\n      #consul catalog services | grep -q mesh-gateway \n      break\n    else\n      echo \"⚠ Waiting for mesh gateway registration... (attempt $i/10)\"\n      sleep 10\n    fi\n  done\n\n  # Final verification\n  if ! consul catalog services | grep -q mesh-gateway; then\n    echo \"❌ Mesh gateway registration failed after multiple attempts\"\n    echo \"Checking logs...\"\n    tail -20 /var/log/envoy-mgw.log\n    exit 1\n  fi\n\n  echo \"✅ Mesh gateway setup completed for jpmc-cluster1\"\n",
            "user_data_base64": null,
            "user_data_replace_on_change": false,
            "volume_tags": null,
            "vpc_security_group_ids": [
              "sg-0f0d96daf2b0af4ae"
            ]
          },
          "sensitive_attributes": [],
          "private": "eyJlMmJmYjczMC1lY2FhLTExZTYtOGY4OC0zNDM2M2JjN2M0YzAiOnsiY3JlYXRlIjo2MDAwMDAwMDAwMDAsImRlbGV0ZSI6MTIwMDAwMDAwMDAwMCwicmVhZCI6OTAwMDAwMDAwMDAwLCJ1cGRhdGUiOjYwMDAwMDAwMDAwMH0sInNjaGVtYV92ZXJzaW9uIjoiMiJ9",
          "dependencies": [
            "aws_iam_instance_profile.instance_profile",
            "aws_instance.consul",
            "aws_key_pair.minion-key",
            "aws_security_group.consul_sg",
            "data.aws_ami.ubuntu",
            "module.vpc.aws_subnet.public",
            "tls_private_key.pk"
          ]
        }
      ]
    },
    {
      "mode": "managed",
      "type": "aws_instance",
      "name": "prometheus",
      "provider": "provider[\"registry.terraform.io/hashicorp/aws\"]",
      "instances": [
        {
          "schema_version": 2,
          "attributes": {
            "ami": "ami-0403a1833008b227d",
            "arn": "arn:aws:ec2:us-east-2:857619977540:instance/i-07dcf433913ca2dfb",
            "associate_public_ip_address": true,
            "availability_zone": "us-east-2a",
            "capacity_reservation_specification": [
              {
                "capacity_reservation_preference": "open",
                "capacity_reservation_target": []
              }
            ],
            "cpu_options": [
              {
                "amd_sev_snp": "",
                "core_count": 4,
                "threads_per_core": 2
              }
            ],
            "credit_specification": [],
            "disable_api_stop": false,
            "disable_api_termination": false,
            "ebs_block_device": [],
            "ebs_optimized": false,
            "enable_primary_ipv6": null,
            "enclave_options": [
              {
                "enabled": false
              }
            ],
            "ephemeral_block_device": [],
            "force_destroy": false,
            "get_password_data": false,
            "hibernation": false,
            "host_id": "",
            "host_resource_group_arn": null,
            "iam_instance_profile": "jpmc-cluster120250916070410534700000002",
            "id": "i-07dcf433913ca2dfb",
            "instance_initiated_shutdown_behavior": "stop",
            "instance_lifecycle": "",
            "instance_market_options": [],
            "instance_state": "running",
            "instance_type": "m5.2xlarge",
            "ipv6_address_count": 0,
            "ipv6_addresses": [],
            "key_name": "c1-key-2",
            "launch_template": [],
            "maintenance_options": [
              {
                "auto_recovery": "default"
              }
            ],
            "metadata_options": [
              {
                "http_endpoint": "enabled",
                "http_protocol_ipv6": "disabled",
                "http_put_response_hop_limit": 1,
                "http_tokens": "optional",
                "instance_metadata_tags": "enabled"
              }
            ],
            "monitoring": false,
            "network_interface": [],
            "outpost_arn": "",
            "password_data": "",
            "placement_group": "",
            "placement_group_id": "",
            "placement_partition_number": 0,
            "primary_network_interface": [
              {
                "delete_on_termination": true,
                "network_interface_id": "eni-0941a56c8f3fbd9d8"
              }
            ],
            "primary_network_interface_id": "eni-0941a56c8f3fbd9d8",
            "private_dns": "ip-10-0-3-163.us-east-2.compute.internal",
            "private_dns_name_options": [
              {
                "enable_resource_name_dns_a_record": false,
                "enable_resource_name_dns_aaaa_record": false,
                "hostname_type": "ip-name"
              }
            ],
            "private_ip": "10.0.3.163",
            "public_dns": "ec2-52-14-20-77.us-east-2.compute.amazonaws.com",
            "public_ip": "52.14.20.77",
            "region": "us-east-2",
            "root_block_device": [
              {
                "delete_on_termination": true,
                "device_name": "/dev/sda1",
                "encrypted": false,
                "iops": 100,
                "kms_key_id": "",
                "tags": {},
                "tags_all": {},
                "throughput": 0,
                "volume_id": "vol-0d8bd1cbe6b9f01f1",
                "volume_size": 8,
                "volume_type": "gp2"
              }
            ],
            "secondary_private_ips": [],
            "security_groups": [],
            "source_dest_check": true,
            "spot_instance_request_id": "",
            "subnet_id": "subnet-0628a63338fac426b",
            "tags": {
              "Name": "jpmc-cluster1-prometheus"
            },
            "tags_all": {
              "Name": "jpmc-cluster1-prometheus"
            },
            "tenancy": "default",
            "timeouts": null,
            "user_data": "#!/bin/bash\nsudo apt-get update\nsudo apt-get install -y wget tar\n\n# Install Prometheus\nwget https://github.com/prometheus/prometheus/releases/download/v2.52.0/prometheus-2.52.0.linux-amd64.tar.gz\ntar xvf prometheus-2.52.0.linux-amd64.tar.gz\nsudo mv prometheus-2.52.0.linux-amd64/prometheus /usr/local/bin/\nsudo mv prometheus-2.52.0.linux-amd64/promtool /usr/local/bin/\nsudo mkdir -p /etc/prometheus /var/lib/prometheus\nsudo mv prometheus-2.52.0.linux-amd64/consoles /etc/prometheus/\nsudo mv prometheus-2.52.0.linux-amd64/console_libraries /etc/prometheus/\n\n# Install Consul Exporter\n# wget https://github.com/prometheus-community/consul_exporter/releases/download/v0.11.0/consul_exporter-0.11.0.linux-amd64.tar.gz\nwget https://github.com/prometheus/consul_exporter/releases/download/v0.11.0/consul_exporter-0.11.0.linux-amd64.tar.gz\ntar xvf consul_exporter-0.11.0.linux-amd64.tar.gz\nsudo mv consul_exporter-0.11.0.linux-amd64/consul_exporter /usr/local/bin/\n\n# Create Prometheus config\ncat \u003c\u003cEOC | sudo tee /etc/prometheus/prometheus.yml\nglobal:\n  scrape_interval: 15s\n\nscrape_configs:\n  - job_name: 'Consul'\n    static_configs:\n      - targets: ['localhost:9107']\n  - job_name: 'Consul-Server-Node'\n    static_configs:\n      - targets: [\n          \n            \"10.0.3.106:9100\",\n          \n            \"10.0.3.128:9100\",\n          \n            \"10.0.3.185:9100\"\n          \n        ]\n  - job_name: 'Consul-ESM-Node'\n    static_configs:\n      - targets: [\n          \"10.0.3.252:9100\"\n        ]\n  - job_name: 'Consul-ESM-Agent'\n    static_configs:\n      - targets: [\n          \"10.0.3.252:8502\"\n        ]\n  - job_name: 'Consul-Server-Agent'\n    metrics_path: /v1/agent/metrics\n    params:\n      format: ['prometheus']\n    static_configs:\n      - targets: [\n          \n            \"10.0.3.106:8500\",\n          \n            \"10.0.3.128:8500\",\n          \n            \"10.0.3.185:8500\"\n          \n        ]\n    bearer_token: 'e95b599e-166e-7d80-08ad-aee76e7ddf19'\nEOC\n\n# Create systemd service for Prometheus\ncat \u003c\u003cEOP | sudo tee /etc/systemd/system/prometheus.service\n[Unit]\nDescription=Prometheus\nAfter=network.target\n\n[Service]\nUser=root\nExecStart=/usr/local/bin/prometheus --config.file=/etc/prometheus/prometheus.yml --storage.tsdb.path=/var/lib/prometheus\nRestart=always\n\n[Install]\nWantedBy=multi-user.target\nEOP\n\n# Create systemd service for Consul Exporter\ncat \u003c\u003cEOE | sudo tee /etc/systemd/system/consul_exporter.service\n[Unit]\nDescription=Consul Exporter\nAfter=network.target\n\n[Service]\nUser=root\n# Add the token as an environment variable\nEnvironment=\"CONSUL_HTTP_TOKEN=e95b599e-166e-7d80-08ad-aee76e7ddf19\"\nExecStart=/usr/local/bin/consul_exporter --consul.server=http://10.0.3.106:8500\nRestart=always\n\n[Install]\nWantedBy=multi-user.target\nEOE\n\nsudo systemctl daemon-reload\nsudo systemctl enable prometheus\nsudo systemctl start prometheus\nsudo systemctl enable consul_exporter\nsudo systemctl start consul_exporter\n",
            "user_data_base64": null,
            "user_data_replace_on_change": false,
            "volume_tags": null,
            "vpc_security_group_ids": [
              "sg-0540024bbac36a571",
              "sg-0f0d96daf2b0af4ae"
            ]
          },
          "sensitive_attributes": [],
          "private": "eyJlMmJmYjczMC1lY2FhLTExZTYtOGY4OC0zNDM2M2JjN2M0YzAiOnsiY3JlYXRlIjo2MDAwMDAwMDAwMDAsImRlbGV0ZSI6MTIwMDAwMDAwMDAwMCwicmVhZCI6OTAwMDAwMDAwMDAwLCJ1cGRhdGUiOjYwMDAwMDAwMDAwMH0sInNjaGVtYV92ZXJzaW9uIjoiMiJ9",
          "dependencies": [
            "aws_iam_instance_profile.esm",
            "aws_iam_instance_profile.instance_profile",
            "aws_iam_role.esm",
            "aws_iam_role.instance_role",
            "aws_instance.consul",
            "aws_instance.esm",
            "aws_key_pair.minion-key",
            "aws_security_group.consul_sg",
            "aws_security_group.esm",
            "aws_security_group.prometheus_sg",
            "data.aws_ami.ubuntu",
            "data.aws_iam_policy_document.instance_role",
            "module.vpc.aws_subnet.public",
            "module.vpc.aws_vpc.this",
            "module.vpc.aws_vpc_ipv4_cidr_block_association.this",
            "tls_private_key.pk"
          ]
        }
      ]
    },
    {
      "mode": "managed",
      "type": "aws_instance",
      "name": "workload",
      "provider": "provider[\"registry.terraform.io/hashicorp/aws\"]",
      "instances": [
        {
          "index_key": 0,
          "schema_version": 2,
          "attributes": {
            "ami": "ami-0403a1833008b227d",
            "arn": "arn:aws:ec2:us-east-2:857619977540:instance/i-0d0c29180c9b942e9",
            "associate_public_ip_address": true,
            "availability_zone": "us-east-2a",
            "capacity_reservation_specification": [
              {
                "capacity_reservation_preference": "open",
                "capacity_reservation_target": []
              }
            ],
            "cpu_options": [
              {
                "amd_sev_snp": "",
                "core_count": 4,
                "threads_per_core": 2
              }
            ],
            "credit_specification": [],
            "disable_api_stop": false,
            "disable_api_termination": false,
            "ebs_block_device": [],
            "ebs_optimized": false,
            "enable_primary_ipv6": null,
            "enclave_options": [
              {
                "enabled": false
              }
            ],
            "ephemeral_block_device": [],
            "force_destroy": false,
            "get_password_data": false,
            "hibernation": false,
            "host_id": "",
            "host_resource_group_arn": null,
            "iam_instance_profile": "",
            "id": "i-0d0c29180c9b942e9",
            "instance_initiated_shutdown_behavior": "stop",
            "instance_lifecycle": "",
            "instance_market_options": [],
            "instance_state": "running",
            "instance_type": "m5.2xlarge",
            "ipv6_address_count": 0,
            "ipv6_addresses": [],
            "key_name": "c1-key-2",
            "launch_template": [],
            "maintenance_options": [
              {
                "auto_recovery": "default"
              }
            ],
            "metadata_options": [
              {
                "http_endpoint": "enabled",
                "http_protocol_ipv6": "disabled",
                "http_put_response_hop_limit": 1,
                "http_tokens": "optional",
                "instance_metadata_tags": "disabled"
              }
            ],
            "monitoring": false,
            "network_interface": [],
            "outpost_arn": "",
            "password_data": "",
            "placement_group": "",
            "placement_group_id": "",
            "placement_partition_number": 0,
            "primary_network_interface": [
              {
                "delete_on_termination": true,
                "network_interface_id": "eni-08824a737388aba1a"
              }
            ],
            "primary_network_interface_id": "eni-08824a737388aba1a",
            "private_dns": "ip-10-0-3-245.us-east-2.compute.internal",
            "private_dns_name_options": [
              {
                "enable_resource_name_dns_a_record": false,
                "enable_resource_name_dns_aaaa_record": false,
                "hostname_type": "ip-name"
              }
            ],
            "private_ip": "10.0.3.245",
            "public_dns": "ec2-18-218-105-55.us-east-2.compute.amazonaws.com",
            "public_ip": "18.218.105.55",
            "region": "us-east-2",
            "root_block_device": [
              {
                "delete_on_termination": true,
                "device_name": "/dev/sda1",
                "encrypted": false,
                "iops": 100,
                "kms_key_id": "",
                "tags": {},
                "tags_all": {},
                "throughput": 0,
                "volume_id": "vol-0d332db95d050c611",
                "volume_size": 8,
                "volume_type": "gp2"
              }
            ],
            "secondary_private_ips": [],
            "security_groups": [],
            "source_dest_check": true,
            "spot_instance_request_id": "",
            "subnet_id": "subnet-0628a63338fac426b",
            "tags": {
              "Name": "jpmc-cluster1-workload-1"
            },
            "tags_all": {
              "Name": "jpmc-cluster1-workload-1"
            },
            "tenancy": "default",
            "timeouts": null,
            "user_data": "#!/bin/bash\n\nexec \u003e \u003e(sudo tee /var/log/user-data.log|logger -t user-data -s 2\u003e/dev/console) 2\u003e\u00261\nset -ex\n\nsudo apt-get update -y\n\n# jq is required for load/stress test scripts, other tools are optional\nsudo apt-get install -y unzip tree redis-tools jq curl tmux\n\nsudo apt-get install -y python3 python3-pip\n\npip3 install flask gunicorn\n\nmkdir -p /opt/app\n\ncat \u003c\u003c 'PY_SCRIPT' \u003e /opt/app/workload_app.py\nfrom flask import Flask, make_response\nimport random\n\napp = Flask(__name__)\n\n@app.route('/health')\ndef health_check():\n    if random.random() \u003c 0.95:\n        return make_response(\"OK\", 200)\n    else:\n        return make_response(\"Service Unavailable\", 503)\nPY_SCRIPT\n\ncd /opt/app\nnohup gunicorn --workers 2 --bind 0.0.0.0:8080 workload_app:app \u0026",
            "user_data_base64": null,
            "user_data_replace_on_change": false,
            "volume_tags": null,
            "vpc_security_group_ids": [
              "sg-0bfa581ecdc2271c9"
            ]
          },
          "sensitive_attributes": [],
          "private": "eyJlMmJmYjczMC1lY2FhLTExZTYtOGY4OC0zNDM2M2JjN2M0YzAiOnsiY3JlYXRlIjo2MDAwMDAwMDAwMDAsImRlbGV0ZSI6MTIwMDAwMDAwMDAwMCwicmVhZCI6OTAwMDAwMDAwMDAwLCJ1cGRhdGUiOjYwMDAwMDAwMDAwMH0sInNjaGVtYV92ZXJzaW9uIjoiMiJ9",
          "dependencies": [
            "aws_key_pair.minion-key",
            "aws_security_group.esm",
            "aws_security_group.workload",
            "data.aws_ami.ubuntu",
            "module.vpc.aws_subnet.public",
            "module.vpc.aws_vpc.this",
            "module.vpc.aws_vpc_ipv4_cidr_block_association.this",
            "tls_private_key.pk"
          ]
        },
        {
          "index_key": 1,
          "schema_version": 2,
          "attributes": {
            "ami": "ami-0403a1833008b227d",
            "arn": "arn:aws:ec2:us-east-2:857619977540:instance/i-05e3d39ce2b6f2996",
            "associate_public_ip_address": true,
            "availability_zone": "us-east-2a",
            "capacity_reservation_specification": [
              {
                "capacity_reservation_preference": "open",
                "capacity_reservation_target": []
              }
            ],
            "cpu_options": [
              {
                "amd_sev_snp": "",
                "core_count": 4,
                "threads_per_core": 2
              }
            ],
            "credit_specification": [],
            "disable_api_stop": false,
            "disable_api_termination": false,
            "ebs_block_device": [],
            "ebs_optimized": false,
            "enable_primary_ipv6": null,
            "enclave_options": [
              {
                "enabled": false
              }
            ],
            "ephemeral_block_device": [],
            "force_destroy": false,
            "get_password_data": false,
            "hibernation": false,
            "host_id": "",
            "host_resource_group_arn": null,
            "iam_instance_profile": "",
            "id": "i-05e3d39ce2b6f2996",
            "instance_initiated_shutdown_behavior": "stop",
            "instance_lifecycle": "",
            "instance_market_options": [],
            "instance_state": "running",
            "instance_type": "m5.2xlarge",
            "ipv6_address_count": 0,
            "ipv6_addresses": [],
            "key_name": "c1-key-2",
            "launch_template": [],
            "maintenance_options": [
              {
                "auto_recovery": "default"
              }
            ],
            "metadata_options": [
              {
                "http_endpoint": "enabled",
                "http_protocol_ipv6": "disabled",
                "http_put_response_hop_limit": 1,
                "http_tokens": "optional",
                "instance_metadata_tags": "disabled"
              }
            ],
            "monitoring": false,
            "network_interface": [],
            "outpost_arn": "",
            "password_data": "",
            "placement_group": "",
            "placement_group_id": "",
            "placement_partition_number": 0,
            "primary_network_interface": [
              {
                "delete_on_termination": true,
                "network_interface_id": "eni-08bc3b3c8237b6763"
              }
            ],
            "primary_network_interface_id": "eni-08bc3b3c8237b6763",
            "private_dns": "ip-10-0-3-50.us-east-2.compute.internal",
            "private_dns_name_options": [
              {
                "enable_resource_name_dns_a_record": false,
                "enable_resource_name_dns_aaaa_record": false,
                "hostname_type": "ip-name"
              }
            ],
            "private_ip": "10.0.3.50",
            "public_dns": "ec2-18-118-207-70.us-east-2.compute.amazonaws.com",
            "public_ip": "18.118.207.70",
            "region": "us-east-2",
            "root_block_device": [
              {
                "delete_on_termination": true,
                "device_name": "/dev/sda1",
                "encrypted": false,
                "iops": 100,
                "kms_key_id": "",
                "tags": {},
                "tags_all": {},
                "throughput": 0,
                "volume_id": "vol-0862168be15ac9355",
                "volume_size": 8,
                "volume_type": "gp2"
              }
            ],
            "secondary_private_ips": [],
            "security_groups": [],
            "source_dest_check": true,
            "spot_instance_request_id": "",
            "subnet_id": "subnet-0628a63338fac426b",
            "tags": {
              "Name": "jpmc-cluster1-workload-2"
            },
            "tags_all": {
              "Name": "jpmc-cluster1-workload-2"
            },
            "tenancy": "default",
            "timeouts": null,
            "user_data": "#!/bin/bash\n\nexec \u003e \u003e(sudo tee /var/log/user-data.log|logger -t user-data -s 2\u003e/dev/console) 2\u003e\u00261\nset -ex\n\nsudo apt-get update -y\n\n# jq is required for load/stress test scripts, other tools are optional\nsudo apt-get install -y unzip tree redis-tools jq curl tmux\n\nsudo apt-get install -y python3 python3-pip\n\npip3 install flask gunicorn\n\nmkdir -p /opt/app\n\ncat \u003c\u003c 'PY_SCRIPT' \u003e /opt/app/workload_app.py\nfrom flask import Flask, make_response\nimport random\n\napp = Flask(__name__)\n\n@app.route('/health')\ndef health_check():\n    if random.random() \u003c 0.95:\n        return make_response(\"OK\", 200)\n    else:\n        return make_response(\"Service Unavailable\", 503)\nPY_SCRIPT\n\ncd /opt/app\nnohup gunicorn --workers 2 --bind 0.0.0.0:8080 workload_app:app \u0026",
            "user_data_base64": null,
            "user_data_replace_on_change": false,
            "volume_tags": null,
            "vpc_security_group_ids": [
              "sg-0bfa581ecdc2271c9"
            ]
          },
          "sensitive_attributes": [],
          "private": "eyJlMmJmYjczMC1lY2FhLTExZTYtOGY4OC0zNDM2M2JjN2M0YzAiOnsiY3JlYXRlIjo2MDAwMDAwMDAwMDAsImRlbGV0ZSI6MTIwMDAwMDAwMDAwMCwicmVhZCI6OTAwMDAwMDAwMDAwLCJ1cGRhdGUiOjYwMDAwMDAwMDAwMH0sInNjaGVtYV92ZXJzaW9uIjoiMiJ9",
          "dependencies": [
            "aws_key_pair.minion-key",
            "aws_security_group.esm",
            "aws_security_group.workload",
            "data.aws_ami.ubuntu",
            "module.vpc.aws_subnet.public",
            "module.vpc.aws_vpc.this",
            "module.vpc.aws_vpc_ipv4_cidr_block_association.this",
            "tls_private_key.pk"
          ]
        },
        {
          "index_key": 2,
          "schema_version": 2,
          "attributes": {
            "ami": "ami-0403a1833008b227d",
            "arn": "arn:aws:ec2:us-east-2:857619977540:instance/i-0a6152a215f50908f",
            "associate_public_ip_address": true,
            "availability_zone": "us-east-2a",
            "capacity_reservation_specification": [
              {
                "capacity_reservation_preference": "open",
                "capacity_reservation_target": []
              }
            ],
            "cpu_options": [
              {
                "amd_sev_snp": "",
                "core_count": 4,
                "threads_per_core": 2
              }
            ],
            "credit_specification": [],
            "disable_api_stop": false,
            "disable_api_termination": false,
            "ebs_block_device": [],
            "ebs_optimized": false,
            "enable_primary_ipv6": null,
            "enclave_options": [
              {
                "enabled": false
              }
            ],
            "ephemeral_block_device": [],
            "force_destroy": false,
            "get_password_data": false,
            "hibernation": false,
            "host_id": "",
            "host_resource_group_arn": null,
            "iam_instance_profile": "",
            "id": "i-0a6152a215f50908f",
            "instance_initiated_shutdown_behavior": "stop",
            "instance_lifecycle": "",
            "instance_market_options": [],
            "instance_state": "running",
            "instance_type": "m5.2xlarge",
            "ipv6_address_count": 0,
            "ipv6_addresses": [],
            "key_name": "c1-key-2",
            "launch_template": [],
            "maintenance_options": [
              {
                "auto_recovery": "default"
              }
            ],
            "metadata_options": [
              {
                "http_endpoint": "enabled",
                "http_protocol_ipv6": "disabled",
                "http_put_response_hop_limit": 1,
                "http_tokens": "optional",
                "instance_metadata_tags": "disabled"
              }
            ],
            "monitoring": false,
            "network_interface": [],
            "outpost_arn": "",
            "password_data": "",
            "placement_group": "",
            "placement_group_id": "",
            "placement_partition_number": 0,
            "primary_network_interface": [
              {
                "delete_on_termination": true,
                "network_interface_id": "eni-0b3d8095cf1390509"
              }
            ],
            "primary_network_interface_id": "eni-0b3d8095cf1390509",
            "private_dns": "ip-10-0-3-118.us-east-2.compute.internal",
            "private_dns_name_options": [
              {
                "enable_resource_name_dns_a_record": false,
                "enable_resource_name_dns_aaaa_record": false,
                "hostname_type": "ip-name"
              }
            ],
            "private_ip": "10.0.3.118",
            "public_dns": "ec2-18-221-182-231.us-east-2.compute.amazonaws.com",
            "public_ip": "18.221.182.231",
            "region": "us-east-2",
            "root_block_device": [
              {
                "delete_on_termination": true,
                "device_name": "/dev/sda1",
                "encrypted": false,
                "iops": 100,
                "kms_key_id": "",
                "tags": {},
                "tags_all": {},
                "throughput": 0,
                "volume_id": "vol-06313884f3faf5288",
                "volume_size": 8,
                "volume_type": "gp2"
              }
            ],
            "secondary_private_ips": [],
            "security_groups": [],
            "source_dest_check": true,
            "spot_instance_request_id": "",
            "subnet_id": "subnet-0628a63338fac426b",
            "tags": {
              "Name": "jpmc-cluster1-workload-3"
            },
            "tags_all": {
              "Name": "jpmc-cluster1-workload-3"
            },
            "tenancy": "default",
            "timeouts": null,
            "user_data": "#!/bin/bash\n\nexec \u003e \u003e(sudo tee /var/log/user-data.log|logger -t user-data -s 2\u003e/dev/console) 2\u003e\u00261\nset -ex\n\nsudo apt-get update -y\n\n# jq is required for load/stress test scripts, other tools are optional\nsudo apt-get install -y unzip tree redis-tools jq curl tmux\n\nsudo apt-get install -y python3 python3-pip\n\npip3 install flask gunicorn\n\nmkdir -p /opt/app\n\ncat \u003c\u003c 'PY_SCRIPT' \u003e /opt/app/workload_app.py\nfrom flask import Flask, make_response\nimport random\n\napp = Flask(__name__)\n\n@app.route('/health')\ndef health_check():\n    if random.random() \u003c 0.95:\n        return make_response(\"OK\", 200)\n    else:\n        return make_response(\"Service Unavailable\", 503)\nPY_SCRIPT\n\ncd /opt/app\nnohup gunicorn --workers 2 --bind 0.0.0.0:8080 workload_app:app \u0026",
            "user_data_base64": null,
            "user_data_replace_on_change": false,
            "volume_tags": null,
            "vpc_security_group_ids": [
              "sg-0bfa581ecdc2271c9"
            ]
          },
          "sensitive_attributes": [],
          "private": "eyJlMmJmYjczMC1lY2FhLTExZTYtOGY4OC0zNDM2M2JjN2M0YzAiOnsiY3JlYXRlIjo2MDAwMDAwMDAwMDAsImRlbGV0ZSI6MTIwMDAwMDAwMDAwMCwicmVhZCI6OTAwMDAwMDAwMDAwLCJ1cGRhdGUiOjYwMDAwMDAwMDAwMH0sInNjaGVtYV92ZXJzaW9uIjoiMiJ9",
          "dependencies": [
            "aws_key_pair.minion-key",
            "aws_security_group.esm",
            "aws_security_group.workload",
            "data.aws_ami.ubuntu",
            "module.vpc.aws_subnet.public",
            "module.vpc.aws_vpc.this",
            "module.vpc.aws_vpc_ipv4_cidr_block_association.this",
            "tls_private_key.pk"
          ]
        },
        {
          "index_key": 3,
          "schema_version": 2,
          "attributes": {
            "ami": "ami-0403a1833008b227d",
            "arn": "arn:aws:ec2:us-east-2:857619977540:instance/i-01639315e10c53a06",
            "associate_public_ip_address": true,
            "availability_zone": "us-east-2a",
            "capacity_reservation_specification": [
              {
                "capacity_reservation_preference": "open",
                "capacity_reservation_target": []
              }
            ],
            "cpu_options": [
              {
                "amd_sev_snp": "",
                "core_count": 4,
                "threads_per_core": 2
              }
            ],
            "credit_specification": [],
            "disable_api_stop": false,
            "disable_api_termination": false,
            "ebs_block_device": [],
            "ebs_optimized": false,
            "enable_primary_ipv6": null,
            "enclave_options": [
              {
                "enabled": false
              }
            ],
            "ephemeral_block_device": [],
            "force_destroy": false,
            "get_password_data": false,
            "hibernation": false,
            "host_id": "",
            "host_resource_group_arn": null,
            "iam_instance_profile": "",
            "id": "i-01639315e10c53a06",
            "instance_initiated_shutdown_behavior": "stop",
            "instance_lifecycle": "",
            "instance_market_options": [],
            "instance_state": "running",
            "instance_type": "m5.2xlarge",
            "ipv6_address_count": 0,
            "ipv6_addresses": [],
            "key_name": "c1-key-2",
            "launch_template": [],
            "maintenance_options": [
              {
                "auto_recovery": "default"
              }
            ],
            "metadata_options": [
              {
                "http_endpoint": "enabled",
                "http_protocol_ipv6": "disabled",
                "http_put_response_hop_limit": 1,
                "http_tokens": "optional",
                "instance_metadata_tags": "disabled"
              }
            ],
            "monitoring": false,
            "network_interface": [],
            "outpost_arn": "",
            "password_data": "",
            "placement_group": "",
            "placement_group_id": "",
            "placement_partition_number": 0,
            "primary_network_interface": [
              {
                "delete_on_termination": true,
                "network_interface_id": "eni-07a73d3fbdaaa9a9d"
              }
            ],
            "primary_network_interface_id": "eni-07a73d3fbdaaa9a9d",
            "private_dns": "ip-10-0-3-174.us-east-2.compute.internal",
            "private_dns_name_options": [
              {
                "enable_resource_name_dns_a_record": false,
                "enable_resource_name_dns_aaaa_record": false,
                "hostname_type": "ip-name"
              }
            ],
            "private_ip": "10.0.3.174",
            "public_dns": "ec2-3-145-55-108.us-east-2.compute.amazonaws.com",
            "public_ip": "3.145.55.108",
            "region": "us-east-2",
            "root_block_device": [
              {
                "delete_on_termination": true,
                "device_name": "/dev/sda1",
                "encrypted": false,
                "iops": 100,
                "kms_key_id": "",
                "tags": {},
                "tags_all": {},
                "throughput": 0,
                "volume_id": "vol-08d5c2d51eca931f9",
                "volume_size": 8,
                "volume_type": "gp2"
              }
            ],
            "secondary_private_ips": [],
            "security_groups": [],
            "source_dest_check": true,
            "spot_instance_request_id": "",
            "subnet_id": "subnet-0628a63338fac426b",
            "tags": {
              "Name": "jpmc-cluster1-workload-4"
            },
            "tags_all": {
              "Name": "jpmc-cluster1-workload-4"
            },
            "tenancy": "default",
            "timeouts": null,
            "user_data": "#!/bin/bash\n\nexec \u003e \u003e(sudo tee /var/log/user-data.log|logger -t user-data -s 2\u003e/dev/console) 2\u003e\u00261\nset -ex\n\nsudo apt-get update -y\n\n# jq is required for load/stress test scripts, other tools are optional\nsudo apt-get install -y unzip tree redis-tools jq curl tmux\n\nsudo apt-get install -y python3 python3-pip\n\npip3 install flask gunicorn\n\nmkdir -p /opt/app\n\ncat \u003c\u003c 'PY_SCRIPT' \u003e /opt/app/workload_app.py\nfrom flask import Flask, make_response\nimport random\n\napp = Flask(__name__)\n\n@app.route('/health')\ndef health_check():\n    if random.random() \u003c 0.95:\n        return make_response(\"OK\", 200)\n    else:\n        return make_response(\"Service Unavailable\", 503)\nPY_SCRIPT\n\ncd /opt/app\nnohup gunicorn --workers 2 --bind 0.0.0.0:8080 workload_app:app \u0026",
            "user_data_base64": null,
            "user_data_replace_on_change": false,
            "volume_tags": null,
            "vpc_security_group_ids": [
              "sg-0bfa581ecdc2271c9"
            ]
          },
          "sensitive_attributes": [],
          "private": "eyJlMmJmYjczMC1lY2FhLTExZTYtOGY4OC0zNDM2M2JjN2M0YzAiOnsiY3JlYXRlIjo2MDAwMDAwMDAwMDAsImRlbGV0ZSI6MTIwMDAwMDAwMDAwMCwicmVhZCI6OTAwMDAwMDAwMDAwLCJ1cGRhdGUiOjYwMDAwMDAwMDAwMH0sInNjaGVtYV92ZXJzaW9uIjoiMiJ9",
          "dependencies": [
            "aws_key_pair.minion-key",
            "aws_security_group.esm",
            "aws_security_group.workload",
            "data.aws_ami.ubuntu",
            "module.vpc.aws_subnet.public",
            "module.vpc.aws_vpc.this",
            "module.vpc.aws_vpc_ipv4_cidr_block_association.this",
            "tls_private_key.pk"
          ]
        },
        {
          "index_key": 4,
          "schema_version": 2,
          "attributes": {
            "ami": "ami-0403a1833008b227d",
            "arn": "arn:aws:ec2:us-east-2:857619977540:instance/i-07b9ae118b8357adc",
            "associate_public_ip_address": true,
            "availability_zone": "us-east-2a",
            "capacity_reservation_specification": [
              {
                "capacity_reservation_preference": "open",
                "capacity_reservation_target": []
              }
            ],
            "cpu_options": [
              {
                "amd_sev_snp": "",
                "core_count": 4,
                "threads_per_core": 2
              }
            ],
            "credit_specification": [],
            "disable_api_stop": false,
            "disable_api_termination": false,
            "ebs_block_device": [],
            "ebs_optimized": false,
            "enable_primary_ipv6": null,
            "enclave_options": [
              {
                "enabled": false
              }
            ],
            "ephemeral_block_device": [],
            "force_destroy": false,
            "get_password_data": false,
            "hibernation": false,
            "host_id": "",
            "host_resource_group_arn": null,
            "iam_instance_profile": "",
            "id": "i-07b9ae118b8357adc",
            "instance_initiated_shutdown_behavior": "stop",
            "instance_lifecycle": "",
            "instance_market_options": [],
            "instance_state": "running",
            "instance_type": "m5.2xlarge",
            "ipv6_address_count": 0,
            "ipv6_addresses": [],
            "key_name": "c1-key-2",
            "launch_template": [],
            "maintenance_options": [
              {
                "auto_recovery": "default"
              }
            ],
            "metadata_options": [
              {
                "http_endpoint": "enabled",
                "http_protocol_ipv6": "disabled",
                "http_put_response_hop_limit": 1,
                "http_tokens": "optional",
                "instance_metadata_tags": "disabled"
              }
            ],
            "monitoring": false,
            "network_interface": [],
            "outpost_arn": "",
            "password_data": "",
            "placement_group": "",
            "placement_group_id": "",
            "placement_partition_number": 0,
            "primary_network_interface": [
              {
                "delete_on_termination": true,
                "network_interface_id": "eni-0573e087af52348f2"
              }
            ],
            "primary_network_interface_id": "eni-0573e087af52348f2",
            "private_dns": "ip-10-0-3-236.us-east-2.compute.internal",
            "private_dns_name_options": [
              {
                "enable_resource_name_dns_a_record": false,
                "enable_resource_name_dns_aaaa_record": false,
                "hostname_type": "ip-name"
              }
            ],
            "private_ip": "10.0.3.236",
            "public_dns": "ec2-18-116-37-180.us-east-2.compute.amazonaws.com",
            "public_ip": "18.116.37.180",
            "region": "us-east-2",
            "root_block_device": [
              {
                "delete_on_termination": true,
                "device_name": "/dev/sda1",
                "encrypted": false,
                "iops": 100,
                "kms_key_id": "",
                "tags": {},
                "tags_all": {},
                "throughput": 0,
                "volume_id": "vol-04a489011e25ec818",
                "volume_size": 8,
                "volume_type": "gp2"
              }
            ],
            "secondary_private_ips": [],
            "security_groups": [],
            "source_dest_check": true,
            "spot_instance_request_id": "",
            "subnet_id": "subnet-0628a63338fac426b",
            "tags": {
              "Name": "jpmc-cluster1-workload-5"
            },
            "tags_all": {
              "Name": "jpmc-cluster1-workload-5"
            },
            "tenancy": "default",
            "timeouts": null,
            "user_data": "#!/bin/bash\n\nexec \u003e \u003e(sudo tee /var/log/user-data.log|logger -t user-data -s 2\u003e/dev/console) 2\u003e\u00261\nset -ex\n\nsudo apt-get update -y\n\n# jq is required for load/stress test scripts, other tools are optional\nsudo apt-get install -y unzip tree redis-tools jq curl tmux\n\nsudo apt-get install -y python3 python3-pip\n\npip3 install flask gunicorn\n\nmkdir -p /opt/app\n\ncat \u003c\u003c 'PY_SCRIPT' \u003e /opt/app/workload_app.py\nfrom flask import Flask, make_response\nimport random\n\napp = Flask(__name__)\n\n@app.route('/health')\ndef health_check():\n    if random.random() \u003c 0.95:\n        return make_response(\"OK\", 200)\n    else:\n        return make_response(\"Service Unavailable\", 503)\nPY_SCRIPT\n\ncd /opt/app\nnohup gunicorn --workers 2 --bind 0.0.0.0:8080 workload_app:app \u0026",
            "user_data_base64": null,
            "user_data_replace_on_change": false,
            "volume_tags": null,
            "vpc_security_group_ids": [
              "sg-0bfa581ecdc2271c9"
            ]
          },
          "sensitive_attributes": [],
          "private": "eyJlMmJmYjczMC1lY2FhLTExZTYtOGY4OC0zNDM2M2JjN2M0YzAiOnsiY3JlYXRlIjo2MDAwMDAwMDAwMDAsImRlbGV0ZSI6MTIwMDAwMDAwMDAwMCwicmVhZCI6OTAwMDAwMDAwMDAwLCJ1cGRhdGUiOjYwMDAwMDAwMDAwMH0sInNjaGVtYV92ZXJzaW9uIjoiMiJ9",
          "dependencies": [
            "aws_key_pair.minion-key",
            "aws_security_group.esm",
            "aws_security_group.workload",
            "data.aws_ami.ubuntu",
            "module.vpc.aws_subnet.public",
            "module.vpc.aws_vpc.this",
            "module.vpc.aws_vpc_ipv4_cidr_block_association.this",
            "tls_private_key.pk"
          ]
        }
      ]
    },
    {
      "mode": "managed",
      "type": "aws_key_pair",
      "name": "minion-key",
      "provider": "provider[\"registry.terraform.io/hashicorp/aws\"]",
      "instances": [
        {
          "schema_version": 1,
          "attributes": {
            "arn": "arn:aws:ec2:us-east-2:857619977540:key-pair/c1-key-2",
            "fingerprint": "e4:8c:88:43:6c:fc:0b:96:95:45:41:db:02:d9:f6:c5",
            "id": "c1-key-2",
            "key_name": "c1-key-2",
            "key_name_prefix": "",
            "key_pair_id": "key-02f5c1387953eb1d0",
            "key_type": "rsa",
            "public_key": "ssh-rsa AAAAB3NzaC1yc2EAAAADAQABAAACAQCye2JOchbeY4dd8MRVY2iydfyCyNdlr9M886+jEZ9dvkFv2cZvR8deDQhu5TscuwKXx4jay3hc21SWWEVIM3kR8bU7Lk8gZjGUxe+q0QfbLViYT2x3iXrk4ToK7AvhqfuhL5F/icl8/8mJ89pxoKtIMJXje+ngAtUap973fYlCbQeVtZfJwwBu48JV4stlEkwduD3U6cSXjVFAaAsWKoEFMHXhFO03fmGsXU/cBkX0o5384shqefetkgVzgR8af7ut62SKI+csGX0SA/sK35RcxGTQDEQpWvRVUg8TyL2zQt2iCs+/VyTLbox3gb3QekOQyWen+e84Dyllc7aX9uogTV4M3qp/ECwodHllz1hesdLzO8I6YgoOnhTAqTjKkqEpiCtyHFfcOYN19iNpg7GrmH2SEnNYSj5yLn7X1+yJc3pkLbHeJyd+aWSmg6EsE4vlCiCkhVOTIUmwj2ZgH9xJHacb2Quhue/VAi5n39o6kWDhnL/efh1GgQZqoTc+jvjRAUE7Rg2DUb8EylnxTeXR5Li6FD3L4QeKxZxH16fKEu0BV9OF9VqhZXk+g1gfl9ZyXM6+60h7NKx5aMsXf56wighWlb8Nm9gUdepB90Ch1vJtXaDqArmgBVjrPJIWK3Hizm+v8nxI1bmUKkDC5SQJ6qWBlxpQgFWK2KZRncEKzw==",
            "region": "us-east-2",
            "tags": {},
            "tags_all": {}
          },
          "sensitive_attributes": [],
          "private": "eyJzY2hlbWFfdmVyc2lvbiI6IjEifQ==",
          "dependencies": [
            "tls_private_key.pk"
          ]
        }
      ]
    },
    {
      "mode": "managed",
      "type": "aws_security_group",
      "name": "consul_sg",
      "provider": "provider[\"registry.terraform.io/hashicorp/aws\"]",
      "instances": [
        {
          "schema_version": 1,
          "attributes": {
            "arn": "arn:aws:ec2:us-east-2:857619977540:security-group/sg-0f0d96daf2b0af4ae",
            "description": "Managed by Terraform",
            "egress": [
              {
                "cidr_blocks": [
                  "0.0.0.0/0"
                ],
                "description": "",
                "from_port": 0,
                "ipv6_cidr_blocks": [],
                "prefix_list_ids": [],
                "protocol": "-1",
                "security_groups": [],
                "self": false,
                "to_port": 0
              }
            ],
            "id": "sg-0f0d96daf2b0af4ae",
            "ingress": [
              {
                "cidr_blocks": [
                  "0.0.0.0/0"
                ],
                "description": "",
                "from_port": 19000,
                "ipv6_cidr_blocks": [],
                "prefix_list_ids": [],
                "protocol": "tcp",
                "security_groups": [],
                "self": false,
                "to_port": 19000
              },
              {
                "cidr_blocks": [
                  "0.0.0.0/0"
                ],
                "description": "",
                "from_port": 22,
                "ipv6_cidr_blocks": [],
                "prefix_list_ids": [],
                "protocol": "tcp",
                "security_groups": [],
                "self": false,
                "to_port": 22
              },
              {
                "cidr_blocks": [
                  "0.0.0.0/0"
                ],
                "description": "",
                "from_port": 5050,
                "ipv6_cidr_blocks": [],
                "prefix_list_ids": [],
                "protocol": "tcp",
                "security_groups": [],
                "self": false,
                "to_port": 5050
              },
              {
                "cidr_blocks": [
                  "0.0.0.0/0"
                ],
                "description": "",
                "from_port": 6060,
                "ipv6_cidr_blocks": [],
                "prefix_list_ids": [],
                "protocol": "tcp",
                "security_groups": [],
                "self": false,
                "to_port": 6060
              },
              {
                "cidr_blocks": [
                  "0.0.0.0/0"
                ],
                "description": "",
                "from_port": 8443,
                "ipv6_cidr_blocks": [],
                "prefix_list_ids": [],
                "protocol": "tcp",
                "security_groups": [],
                "self": false,
                "to_port": 8443
              },
              {
                "cidr_blocks": [
                  "0.0.0.0/0"
                ],
                "description": "",
                "from_port": 8500,
                "ipv6_cidr_blocks": [],
                "prefix_list_ids": [],
                "protocol": "tcp",
                "security_groups": [],
                "self": false,
                "to_port": 8500
              },
              {
                "cidr_blocks": [],
                "description": "",
                "from_port": 0,
                "ipv6_cidr_blocks": [],
                "prefix_list_ids": [],
                "protocol": "-1",
                "security_groups": [],
                "self": true,
                "to_port": 0
              }
            ],
            "name": "jpmc-cluster1-sg",
            "name_prefix": "",
            "owner_id": "857619977540",
            "region": "us-east-2",
            "revoke_rules_on_delete": false,
            "tags": {},
            "tags_all": {},
            "timeouts": null,
            "vpc_id": "vpc-054f3cacb340fae45"
          },
          "sensitive_attributes": [],
          "private": "eyJlMmJmYjczMC1lY2FhLTExZTYtOGY4OC0zNDM2M2JjN2M0YzAiOnsiY3JlYXRlIjo2MDAwMDAwMDAwMDAsImRlbGV0ZSI6OTAwMDAwMDAwMDAwfSwic2NoZW1hX3ZlcnNpb24iOiIxIn0=",
          "dependencies": [
            "module.vpc.aws_vpc.this"
          ]
        }
      ]
    },
    {
      "mode": "managed",
      "type": "aws_security_group",
      "name": "esm",
      "provider": "provider[\"registry.terraform.io/hashicorp/aws\"]",
      "instances": [
        {
          "schema_version": 1,
          "attributes": {
            "arn": "arn:aws:ec2:us-east-2:857619977540:security-group/sg-08c517b563723cc68",
            "description": "Managed by Terraform",
            "egress": [
              {
                "cidr_blocks": [
                  "0.0.0.0/0"
                ],
                "description": "Allow all outbound traffic",
                "from_port": 0,
                "ipv6_cidr_blocks": [],
                "prefix_list_ids": [],
                "protocol": "-1",
                "security_groups": [],
                "self": false,
                "to_port": 0
              }
            ],
            "id": "sg-08c517b563723cc68",
            "ingress": [
              {
                "cidr_blocks": [
                  "0.0.0.0/0"
                ],
                "description": "Allow all TCP traffic from private networks",
                "from_port": 0,
                "ipv6_cidr_blocks": [],
                "prefix_list_ids": [],
                "protocol": "tcp",
                "security_groups": [],
                "self": false,
                "to_port": 65535
              },
              {
                "cidr_blocks": [
                  "0.0.0.0/0"
                ],
                "description": "Allow all UDP traffic from private networks",
                "from_port": 0,
                "ipv6_cidr_blocks": [],
                "prefix_list_ids": [],
                "protocol": "udp",
                "security_groups": [],
                "self": false,
                "to_port": 65535
              }
            ],
            "name": "jpmc-cluster1-consul-esm-sg-singlepartitiontest30s20250916070424078000000004",
            "name_prefix": "jpmc-cluster1-consul-esm-sg-singlepartitiontest30s",
            "owner_id": "857619977540",
            "region": "us-east-2",
            "revoke_rules_on_delete": false,
            "tags": {
              "Name": "jpmc-cluster1-consul-esm-sg"
            },
            "tags_all": {
              "Name": "jpmc-cluster1-consul-esm-sg"
            },
            "timeouts": null,
            "vpc_id": "vpc-054f3cacb340fae45"
          },
          "sensitive_attributes": [],
          "private": "eyJlMmJmYjczMC1lY2FhLTExZTYtOGY4OC0zNDM2M2JjN2M0YzAiOnsiY3JlYXRlIjo2MDAwMDAwMDAwMDAsImRlbGV0ZSI6OTAwMDAwMDAwMDAwfSwic2NoZW1hX3ZlcnNpb24iOiIxIn0=",
          "dependencies": [
            "module.vpc.aws_vpc.this"
          ]
        }
      ]
    },
    {
      "mode": "managed",
      "type": "aws_security_group",
      "name": "grafana_sg",
      "provider": "provider[\"registry.terraform.io/hashicorp/aws\"]",
      "instances": [
        {
          "schema_version": 1,
          "attributes": {
            "arn": "arn:aws:ec2:us-east-2:857619977540:security-group/sg-03f4aa5881f7583d7",
            "description": "Managed by Terraform",
            "egress": [
              {
                "cidr_blocks": [
                  "0.0.0.0/0"
                ],
                "description": "",
                "from_port": 0,
                "ipv6_cidr_blocks": [],
                "prefix_list_ids": [],
                "protocol": "-1",
                "security_groups": [],
                "self": false,
                "to_port": 0
              }
            ],
            "id": "sg-03f4aa5881f7583d7",
            "ingress": [
              {
                "cidr_blocks": [
                  "0.0.0.0/0"
                ],
                "description": "",
                "from_port": 3000,
                "ipv6_cidr_blocks": [],
                "prefix_list_ids": [],
                "protocol": "tcp",
                "security_groups": [],
                "self": false,
                "to_port": 3000
              }
            ],
            "name": "jpmc-cluster1-prometheus-sg",
            "name_prefix": "",
            "owner_id": "857619977540",
            "region": "us-east-2",
            "revoke_rules_on_delete": false,
            "tags": {},
            "tags_all": {},
            "timeouts": null,
            "vpc_id": "vpc-054f3cacb340fae45"
          },
          "sensitive_attributes": [],
          "private": "eyJlMmJmYjczMC1lY2FhLTExZTYtOGY4OC0zNDM2M2JjN2M0YzAiOnsiY3JlYXRlIjo2MDAwMDAwMDAwMDAsImRlbGV0ZSI6OTAwMDAwMDAwMDAwfSwic2NoZW1hX3ZlcnNpb24iOiIxIn0=",
          "dependencies": [
            "module.vpc.aws_vpc.this"
          ]
        }
      ]
    },
    {
      "mode": "managed",
      "type": "aws_security_group",
      "name": "load_generator",
      "provider": "provider[\"registry.terraform.io/hashicorp/aws\"]",
      "instances": [
        {
          "schema_version": 1,
          "attributes": {
            "arn": "arn:aws:ec2:us-east-2:857619977540:security-group/sg-0160e13458548e886",
            "description": "Managed by Terraform",
            "egress": [
              {
                "cidr_blocks": [
                  "0.0.0.0/0"
                ],
                "description": "",
                "from_port": 0,
                "ipv6_cidr_blocks": [],
                "prefix_list_ids": [],
                "protocol": "-1",
                "security_groups": [],
                "self": false,
                "to_port": 0
              }
            ],
            "id": "sg-0160e13458548e886",
            "ingress": [
              {
                "cidr_blocks": [
                  "0.0.0.0/0"
                ],
                "description": "",
                "from_port": 22,
                "ipv6_cidr_blocks": [],
                "prefix_list_ids": [],
                "protocol": "tcp",
                "security_groups": [],
                "self": false,
                "to_port": 22
              }
            ],
            "name": "jpmc-cluster1-load-generator-sg",
            "name_prefix": "",
            "owner_id": "857619977540",
            "region": "us-east-2",
            "revoke_rules_on_delete": false,
            "tags": {},
            "tags_all": {},
            "timeouts": null,
            "vpc_id": "vpc-054f3cacb340fae45"
          },
          "sensitive_attributes": [],
          "private": "eyJlMmJmYjczMC1lY2FhLTExZTYtOGY4OC0zNDM2M2JjN2M0YzAiOnsiY3JlYXRlIjo2MDAwMDAwMDAwMDAsImRlbGV0ZSI6OTAwMDAwMDAwMDAwfSwic2NoZW1hX3ZlcnNpb24iOiIxIn0=",
          "dependencies": [
            "module.vpc.aws_vpc.this"
          ]
        }
      ]
    },
    {
      "mode": "managed",
      "type": "aws_security_group",
      "name": "prometheus_sg",
      "provider": "provider[\"registry.terraform.io/hashicorp/aws\"]",
      "instances": [
        {
          "schema_version": 1,
          "attributes": {
            "arn": "arn:aws:ec2:us-east-2:857619977540:security-group/sg-0540024bbac36a571",
            "description": "Managed by Terraform",
            "egress": [
              {
                "cidr_blocks": [
                  "0.0.0.0/0"
                ],
                "description": "",
                "from_port": 0,
                "ipv6_cidr_blocks": [],
                "prefix_list_ids": [],
                "protocol": "-1",
                "security_groups": [],
                "self": false,
                "to_port": 0
              }
            ],
            "id": "sg-0540024bbac36a571",
            "ingress": [
              {
                "cidr_blocks": [
                  "0.0.0.0/0"
                ],
                "description": "",
                "from_port": 9090,
                "ipv6_cidr_blocks": [],
                "prefix_list_ids": [],
                "protocol": "tcp",
                "security_groups": [],
                "self": false,
                "to_port": 9090
              }
            ],
            "name": "jpmc-cluster1-prom-sg",
            "name_prefix": "",
            "owner_id": "857619977540",
            "region": "us-east-2",
            "revoke_rules_on_delete": false,
            "tags": {},
            "tags_all": {},
            "timeouts": null,
            "vpc_id": "vpc-054f3cacb340fae45"
          },
          "sensitive_attributes": [],
          "private": "eyJlMmJmYjczMC1lY2FhLTExZTYtOGY4OC0zNDM2M2JjN2M0YzAiOnsiY3JlYXRlIjo2MDAwMDAwMDAwMDAsImRlbGV0ZSI6OTAwMDAwMDAwMDAwfSwic2NoZW1hX3ZlcnNpb24iOiIxIn0=",
          "dependencies": [
            "module.vpc.aws_vpc.this"
          ]
        }
      ]
    },
    {
      "mode": "managed",
      "type": "aws_security_group",
      "name": "workload",
      "provider": "provider[\"registry.terraform.io/hashicorp/aws\"]",
      "instances": [
        {
          "schema_version": 1,
          "attributes": {
            "arn": "arn:aws:ec2:us-east-2:857619977540:security-group/sg-0bfa581ecdc2271c9",
            "description": "Allow health check traffic from ESM",
            "egress": [
              {
                "cidr_blocks": [
                  "0.0.0.0/0"
                ],
                "description": "",
                "from_port": 0,
                "ipv6_cidr_blocks": [],
                "prefix_list_ids": [],
                "protocol": "-1",
                "security_groups": [],
                "self": false,
                "to_port": 0
              }
            ],
            "id": "sg-0bfa581ecdc2271c9",
            "ingress": [
              {
                "cidr_blocks": [
                  "0.0.0.0/0"
                ],
                "description": "",
                "from_port": 22,
                "ipv6_cidr_blocks": [],
                "prefix_list_ids": [],
                "protocol": "tcp",
                "security_groups": [],
                "self": false,
                "to_port": 22
              },
              {
                "cidr_blocks": [],
                "description": "Allow ICMP (ping) from ESM",
                "from_port": -1,
                "ipv6_cidr_blocks": [],
                "prefix_list_ids": [],
                "protocol": "icmp",
                "security_groups": [
                  "sg-08c517b563723cc68"
                ],
                "self": false,
                "to_port": -1
              },
              {
                "cidr_blocks": [],
                "description": "Health Check from ESM",
                "from_port": 8080,
                "ipv6_cidr_blocks": [],
                "prefix_list_ids": [],
                "protocol": "tcp",
                "security_groups": [
                  "sg-08c517b563723cc68"
                ],
                "self": false,
                "to_port": 8080
              }
            ],
            "name": "workload-sg",
            "name_prefix": "",
            "owner_id": "857619977540",
            "region": "us-east-2",
            "revoke_rules_on_delete": false,
            "tags": {},
            "tags_all": {},
            "timeouts": null,
            "vpc_id": "vpc-054f3cacb340fae45"
          },
          "sensitive_attributes": [],
          "private": "eyJlMmJmYjczMC1lY2FhLTExZTYtOGY4OC0zNDM2M2JjN2M0YzAiOnsiY3JlYXRlIjo2MDAwMDAwMDAwMDAsImRlbGV0ZSI6OTAwMDAwMDAwMDAwfSwic2NoZW1hX3ZlcnNpb24iOiIxIn0=",
          "dependencies": [
            "aws_security_group.esm",
            "module.vpc.aws_vpc.this"
          ]
        }
      ]
    },
    {
      "mode": "managed",
      "type": "aws_ssm_parameter",
      "name": "esm_config",
      "provider": "provider[\"registry.terraform.io/hashicorp/aws\"]",
      "instances": [
        {
          "schema_version": 0,
          "attributes": {
            "allowed_pattern": "",
            "arn": "arn:aws:ssm:us-east-2:857619977540:parameter/jpmc-cluster1-consul/esm/config",
            "data_type": "text",
            "description": "",
            "has_value_wo": false,
            "id": "/jpmc-cluster1-consul/esm/config",
            "insecure_value": null,
            "key_id": "alias/aws/ssm",
            "name": "/jpmc-cluster1-consul/esm/config",
            "overwrite": null,
            "region": "us-east-2",
            "tags": {},
            "tags_all": {},
            "tier": "Standard",
            "type": "SecureString",
            "value": "{\"consul\":{\"address\":\"10.0.3.106:8500\",\"datacenter\":\"dc1\",\"token\":\"e95b599e-166e-7d80-08ad-aee76e7ddf19\"},\"disable_coordinate_updates\":false,\"enable_syslog\":false,\"external_node_meta\":{\"external-node\":\"true\",\"external-probe\":\"true\"},\"http_addr\":\"0.0.0.0:8080\",\"instance_id\":\"consul-esm-jpmc-cluster1\",\"log_level\":\"INFO\",\"node_probe_interval\":\"10s\",\"node_reconnect_timeout\":\"72h\",\"service\":{\"name\":\"consul-esm\",\"tag\":\"external-service-monitor\"},\"telemetry\":{\"disable_hostname\":true,\"prometheus_retention_time\":\"60s\"}}",
            "value_wo": null,
            "value_wo_version": null,
            "version": 1
          },
          "sensitive_attributes": [],
          "private": "bnVsbA==",
          "dependencies": [
            "aws_iam_instance_profile.instance_profile",
            "aws_iam_role.instance_role",
            "aws_instance.consul",
            "aws_key_pair.minion-key",
            "aws_security_group.consul_sg",
            "data.aws_ami.ubuntu",
            "data.aws_iam_policy_document.instance_role",
            "module.vpc.aws_subnet.public",
            "module.vpc.aws_vpc.this",
            "module.vpc.aws_vpc_ipv4_cidr_block_association.this",
            "tls_private_key.pk"
          ]
        }
      ]
    },
    {
      "mode": "managed",
      "type": "local_file",
      "name": "minion-key",
      "provider": "provider[\"registry.terraform.io/hashicorp/local\"]",
      "instances": [
        {
          "schema_version": 0,
          "attributes": {
            "content": "-----BEGIN RSA PRIVATE KEY-----\nMIIJKQIBAAKCAgEAsntiTnIW3mOHXfDEVWNosnX8gsjXZa/TPPOvoxGfXb5Bb9nG\nb0fHXg0IbuU7HLsCl8eI2st4XNtUllhFSDN5EfG1Oy5PIGYxlMXvqtEH2y1YmE9s\nd4l65OE6CuwL4an7oS+Rf4nJfP/JifPacaCrSDCV43vp4ALVGqfe932JQm0HlbWX\nycMAbuPCVeLLZRJMHbg91OnEl41RQGgLFiqBBTB14RTtN35hrF1P3AZF9KOd/OLI\nann3rZIFc4EfGn+7retkiiPnLBl9EgP7Ct+UXMRk0AxEKVr0VVIPE8i9s0LdogrP\nv1cky26Md4G90HpDkMlnp/nvOA8pZXO2l/bqIE1eDN6qfxAsKHR5Zc9YXrHS8zvC\nOmIKDp4UwKk4ypKhKYgrchxX3DmDdfYjaYOxq5h9khJzWEo+ci5+19fsiXN6ZC2x\n3icnfmlkpoOhLBOL5QogpIVTkyFJsI9mYB/cSR2nG9kLobnv1QIuZ9/aOpFg4Zy/\n3n4dRoEGaqE3Po740QFBO0YNg1G/BMpZ8U3l0eS4uhQ9y+EHisWcR9enyhLtAVfT\nhfVaoWV5PoNYH5fWclzOvutIezSseWjLF3+esIoIVpW/DZvYFHXqQfdAodbybV2g\n6gK5oAVY6zySFitx4s5vr/J8SNW5lCpAwuUkCeqlgZcaUIBVitimUZ3BCs8CAwEA\nAQKCAgALzBZYNg1R6hqRTdqZrvDwKYFPybkHD83yxO6yj3XNC0glqFYylngp53Wh\nEtt15NyL2L9bKut2mR69s0byZJ3s3uD08PTU9jxHvPpAUaxnGIJhyuTR/+R/dW2n\nOX6i41/uVwe9z4c3ERcqsajE2EhfWgAbobNN6xIClDRWKoDkmEf8kBy2KYKr/GJP\ngqahXx9ohXw8yFjbZZazHvgV9n2XBg18m6v+/jEJj2oPEoZpiwO51T7xtBnNag3x\n2l01HK/0k88ORxzpcCPcCXxR9dZHeB8Wa1Z5X07axt+X61hdSB8Ag3NuOR3a/nXK\nvmjOpg4050MdOhV4S0mYBZknm+/8p1d4WgIGEM+U2viRjYjG01HLvni+x48F27D9\nAoiQs0lU9Cnrkr5Jqf/jkyx/HWHrXbQ0vERCTnN4ixsbJCiO/oiCkiHBEnt5uvWy\n/S+fa9woaOplf7RhGYRvHvmKHFZwriq4GZ048ERDOdiLUruk+XKpZPaJo7QQpgmj\nTeYSEvFiytE+0g5pPJgBrx3xXASg4aEUgzcxlpj0pzHsxlU/nZSeZGD0u8AYbpnx\nPjAY/WK5d8NUFMFNq0iXxtRhenOvT5o1AXdogyAUnQLP2hrdh1Ump/lT5eJSeTLw\nMnnTHyT/JRJkfY8JNUIHBGUIZEt6EuL7cFKHsrvUq3IS/uSjaQKCAQEA0TBncDDh\nAg81I9LU8G9yBC66JQ0mh1cK3ZVa9DSg7kS/fDZ1TiiVv7Ku4jWROtQj1X/7+CGk\nsxmpTqs2bpm9uX0UCS4msk2ZHhwiaerlIcnEusgm0GQVzyn8UmlUehUJ52Wqy0vp\nOZrUWdRA3xPoJ31DPVZGoDhKTIZOJ+fNempHE0nbmhYjeNWFlEnvF40TSR009gVZ\nOEM5gtB6Beu91N3Bz+5WBsLxEe1OA3GGys2q2wv4JM/nEch2GMlU3nUeXDZuBruJ\nxJ+GUO6EuEL401eMteuhpecO5cJPjk0MUHTxcFfjMdIrpVe3hRtgKkQJCQSkuKJw\nqEjIDVM+wJki5wKCAQEA2mvk1aCHV4rwx9W5ZUcfyrXSBtmk3H5ksslJY2h/Bt1U\nsW/lZKeh8Q0cloo4G7uN6Q4MbV75c2cmvvg1AFhF4p5i/H8JLxqEFSyGzlYoo2Z9\nWDY9Q9SQAvN4qeK2aq2MYH8akxVFWcdgSlyLsEawWnJjNXeaZMq3HTqLEowgYcyn\n61gWmYYqeOTe85SQwepqaxI1bW2oLyvhcJUFwmhCuHnNZ3Muh/DOg3PWQK+TmfEZ\ni2zqzM+kt8Ldl+Ey+URWIQEuEQ2A8+rE3PzKmN15SoVldZChUjii8KQCedHIckAr\nMLa9EKvDSNWtL0X7C0FVsbT53iouCKzpIdGdT7BD2QKCAQBd0SeS2VkQY2Ghv1xg\nuJqZ5Zr2Iv+0kwT8e49fFntWYN7ABmx1sR3361sjeIK5r4qipdOLZQtIh6m27nJr\nB+he2Am0VE5miQayyktk1UQN8z+XxUwjCb/+OQZAr5yDZAwdCyueIV1nyFiUMO0n\nHvZvP254g8kI8jXgPBuxKfStghx+OhGS+XrPJnPSHZZtKYgMslyeOafZ48xXLsiK\n/z8TyKCzcGCEh8k2EQd7495f9f06YBPZ7qPjBdRxKVo2qrADCyYtPs56sFC82zwK\np36QyiMBM7w7e3Ti9lJXr5ZmPwxJJiFupqOMc9qKh8yJKBolQT/ezntX/cw6rarn\nFcbhAoIBAQCJGeqE0YPCxprGxPffg5qIEkLoO9tI8CljNAfV1zTM6UcNLZCO8s4q\n0bEdKVt4xOyZ2lCgolnwP1JJ0uDp+366dfLqTQ9Fut4nsFBZ2ikeD+oj4b/pANb4\nkz0tXfpk0dToiT/0DQkABq8BXj/sgSKXU2/EkvOdysTQGvxKwxxcZysMBboB2f50\n7iyoNpv6rJrp5H8W1hsYqPGUSmZYFjuzMfllsx4FBHmMd7yH0+3RVk5TfyWPM9NP\n6YhQmnH1lxh9FRGGcLR95uJ1WFQPSg2lYkBCYGtygcx9QmWvc6ffVzoFFN9uRHKL\nGFzh7IpdEUCqEFA7TLyig26+5KVa7OhZAoIBAQCD1tpIQnFBKKbDyQuQBdlxef4N\nCQJ4SQP9Q3agLjcQLBMtrvtmdALTdW/5WDZl6HGR0liOspCADbvxgBe4cehNHXWj\neUEK0z7meOv7QCtBIfoVPLAb71afCfse6e8G67kWp+9q8qjh1IA+QFcvwlrooJTD\nBYFOTFughVnNRPYm/45DsgRDvoupauDpwkflHNuq5cS7ybXGkOyM0lYDDzpWiySD\nCquc/DR//DOZcmwqUHBh3TrSWmGF8wok+m5NeDS/bFkXBaZWh/b0wBrdLMaQCkkG\n/1HMB6eYYkJZ10oDUns0n9MEPqbxhq44uOamBoQ9VmGP2wuEM9KWfUNRGRja\n-----END RSA PRIVATE KEY-----\n",
            "content_base64": null,
            "content_base64sha256": "/qcBQMg+OXJCBkksj6Ed1LNegP1kf5MguqUlKd9JQp0=",
            "content_base64sha512": "6iPuUknQO2/m013uWFOssxSUeGf65hUEc/kmCLD3V0kGoeR1NskXrqyCwUfBSzBKsQXsVMD1S/OIC4A94SYKXQ==",
            "content_md5": "9531b5818fa18a7d24e7d17c7869a4ac",
            "content_sha1": "420cf538101634b3fdd0bc0dec0abeeb17157703",
            "content_sha256": "fea70140c83e39724206492c8fa11dd4b35e80fd647f9320baa52529df49429d",
            "content_sha512": "ea23ee5249d03b6fe6d35dee5853acb314947867fae6150473f92608b0f7574906a1e47536c917aeac82c147c14b304ab105ec54c0f54bf3880b803de1260a5d",
            "directory_permission": "0777",
            "file_permission": "0400",
            "filename": "./c1-key.pem",
            "id": "420cf538101634b3fdd0bc0dec0abeeb17157703",
            "sensitive_content": null,
            "source": null
          },
          "sensitive_attributes": [
            [
              {
                "type": "get_attr",
                "value": "content"
              }
            ]
          ],
          "dependencies": [
            "tls_private_key.pk"
          ]
        }
      ]
    },
    {
      "mode": "managed",
      "type": "tls_private_key",
      "name": "pk",
      "provider": "provider[\"registry.terraform.io/hashicorp/tls\"]",
      "instances": [
        {
          "schema_version": 1,
          "attributes": {
            "algorithm": "RSA",
            "ecdsa_curve": "P224",
            "id": "c0e1fba1f22f2487d46631672f2e0068f157f22b",
            "private_key_openssh": "-----BEGIN OPENSSH PRIVATE KEY-----\nb3BlbnNzaC1rZXktdjEAAAAABG5vbmUAAAAEbm9uZQAAAAAAAAABAAACFwAAAAdz\nc2gtcnNhAAAAAwEAAQAAAgEAsntiTnIW3mOHXfDEVWNosnX8gsjXZa/TPPOvoxGf\nXb5Bb9nGb0fHXg0IbuU7HLsCl8eI2st4XNtUllhFSDN5EfG1Oy5PIGYxlMXvqtEH\n2y1YmE9sd4l65OE6CuwL4an7oS+Rf4nJfP/JifPacaCrSDCV43vp4ALVGqfe932J\nQm0HlbWXycMAbuPCVeLLZRJMHbg91OnEl41RQGgLFiqBBTB14RTtN35hrF1P3AZF\n9KOd/OLIann3rZIFc4EfGn+7retkiiPnLBl9EgP7Ct+UXMRk0AxEKVr0VVIPE8i9\ns0LdogrPv1cky26Md4G90HpDkMlnp/nvOA8pZXO2l/bqIE1eDN6qfxAsKHR5Zc9Y\nXrHS8zvCOmIKDp4UwKk4ypKhKYgrchxX3DmDdfYjaYOxq5h9khJzWEo+ci5+19fs\niXN6ZC2x3icnfmlkpoOhLBOL5QogpIVTkyFJsI9mYB/cSR2nG9kLobnv1QIuZ9/a\nOpFg4Zy/3n4dRoEGaqE3Po740QFBO0YNg1G/BMpZ8U3l0eS4uhQ9y+EHisWcR9en\nyhLtAVfThfVaoWV5PoNYH5fWclzOvutIezSseWjLF3+esIoIVpW/DZvYFHXqQfdA\nodbybV2g6gK5oAVY6zySFitx4s5vr/J8SNW5lCpAwuUkCeqlgZcaUIBVitimUZ3B\nCs8AAAc4hpvw64ab8OsAAAAHc3NoLXJzYQAAAgEAsntiTnIW3mOHXfDEVWNosnX8\ngsjXZa/TPPOvoxGfXb5Bb9nGb0fHXg0IbuU7HLsCl8eI2st4XNtUllhFSDN5EfG1\nOy5PIGYxlMXvqtEH2y1YmE9sd4l65OE6CuwL4an7oS+Rf4nJfP/JifPacaCrSDCV\n43vp4ALVGqfe932JQm0HlbWXycMAbuPCVeLLZRJMHbg91OnEl41RQGgLFiqBBTB1\n4RTtN35hrF1P3AZF9KOd/OLIann3rZIFc4EfGn+7retkiiPnLBl9EgP7Ct+UXMRk\n0AxEKVr0VVIPE8i9s0LdogrPv1cky26Md4G90HpDkMlnp/nvOA8pZXO2l/bqIE1e\nDN6qfxAsKHR5Zc9YXrHS8zvCOmIKDp4UwKk4ypKhKYgrchxX3DmDdfYjaYOxq5h9\nkhJzWEo+ci5+19fsiXN6ZC2x3icnfmlkpoOhLBOL5QogpIVTkyFJsI9mYB/cSR2n\nG9kLobnv1QIuZ9/aOpFg4Zy/3n4dRoEGaqE3Po740QFBO0YNg1G/BMpZ8U3l0eS4\nuhQ9y+EHisWcR9enyhLtAVfThfVaoWV5PoNYH5fWclzOvutIezSseWjLF3+esIoI\nVpW/DZvYFHXqQfdAodbybV2g6gK5oAVY6zySFitx4s5vr/J8SNW5lCpAwuUkCeql\ngZcaUIBVitimUZ3BCs8AAAADAQABAAACAAvMFlg2DVHqGpFN2pmu8PApgU/JuQcP\nzfLE7rKPdc0LSCWoVjKWeCnndaES23Xk3IvYv1sq63aZHr2zRvJkneze4PTw9NT2\nPEe8+kBRrGcYgmHK5NH/5H91bac5fqLjX+5XB73PhzcRFyqxqMTYSF9aABuhs03r\nEgKUNFYqgOSYR/yQHLYpgqv8Yk+CpqFfH2iFfDzIWNtllrMe+BX2fZcGDXybq/7+\nMQmPag8ShmmLA7nVPvG0Gc1qDfHaXTUcr/STzw5HHOlwI9wJfFH11kd4HxZrVnlf\nTtrG35frWF1IHwCDc245Hdr+dcq+aM6mDjTnQx06FXhLSZgFmSeb7/ynV3haAgYQ\nz5Ta+JGNiMbTUcu+eL7HjwXbsP0CiJCzSVT0KeuSvkmp/+OTLH8dYetdtDS8REJO\nc3iLGxskKI7+iIKSIcESe3m69bL9L59r3Cho6mV/tGEZhG8e+YocVnCuKrgZnTjw\nREM52ItSu6T5cqlk9omjtBCmCaNN5hIS8WLK0T7SDmk8mAGvHfFcBKDhoRSDNzGW\nmPSnMezGVT+dlJ5kYPS7wBhumfE+MBj9Yrl3w1QUwU2rSJfG1GF6c69PmjUBd2iD\nIBSdAs/aGt2HVSan+VPl4lJ5MvAyedMfJP8lEmR9jwk1QgcEZQhkS3oS4vtwUoey\nu9SrchL+5KNpAAABAQCD1tpIQnFBKKbDyQuQBdlxef4NCQJ4SQP9Q3agLjcQLBMt\nrvtmdALTdW/5WDZl6HGR0liOspCADbvxgBe4cehNHXWjeUEK0z7meOv7QCtBIfoV\nPLAb71afCfse6e8G67kWp+9q8qjh1IA+QFcvwlrooJTDBYFOTFughVnNRPYm/45D\nsgRDvoupauDpwkflHNuq5cS7ybXGkOyM0lYDDzpWiySDCquc/DR//DOZcmwqUHBh\n3TrSWmGF8wok+m5NeDS/bFkXBaZWh/b0wBrdLMaQCkkG/1HMB6eYYkJZ10oDUns0\nn9MEPqbxhq44uOamBoQ9VmGP2wuEM9KWfUNRGRjaAAABAQDRMGdwMOECDzUj0tTw\nb3IELrolDSaHVwrdlVr0NKDuRL98NnVOKJW/sq7iNZE61CPVf/v4IaSzGalOqzZu\nmb25fRQJLiayTZkeHCJp6uUhycS6yCbQZBXPKfxSaVR6FQnnZarLS+k5mtRZ1EDf\nE+gnfUM9VkagOEpMhk4n5816akcTSduaFiN41YWUSe8XjRNJHTT2BVk4QzmC0HoF\n673U3cHP7lYGwvER7U4DcYbKzarbC/gkz+cRyHYYyVTedR5cNm4Gu4nEn4ZQ7oS4\nQvjTV4y166Gl5w7lwk+OTQxQdPFwV+Mx0iulV7eFG2AqRAkJBKS4onCoSMgNUz7A\nmSLnAAABAQDaa+TVoIdXivDH1bllRx/KtdIG2aTcfmSyyUljaH8G3VSxb+Vkp6Hx\nDRyWijgbu43pDgxtXvlzZya++DUAWEXinmL8fwkvGoQVLIbOViijZn1YNj1D1JAC\n83ip4rZqrYxgfxqTFUVZx2BKXIuwRrBacmM1d5pkyrcdOosSjCBhzKfrWBaZhip4\n5N7zlJDB6mprEjVtbagvK+FwlQXCaEK4ec1ncy6H8M6Dc9ZAr5OZ8RmLbOrMz6S3\nwt2X4TL5RFYhAS4RDYDz6sTc/MqY3XlKhWV1kKFSOKLwpAJ50chyQCswtr0Qq8NI\n1a0vRfsLQVWxtPneKi4IrOkh0Z1PsEPZAAAAAAEC\n-----END OPENSSH PRIVATE KEY-----\n",
            "private_key_pem": "-----BEGIN RSA PRIVATE KEY-----\nMIIJKQIBAAKCAgEAsntiTnIW3mOHXfDEVWNosnX8gsjXZa/TPPOvoxGfXb5Bb9nG\nb0fHXg0IbuU7HLsCl8eI2st4XNtUllhFSDN5EfG1Oy5PIGYxlMXvqtEH2y1YmE9s\nd4l65OE6CuwL4an7oS+Rf4nJfP/JifPacaCrSDCV43vp4ALVGqfe932JQm0HlbWX\nycMAbuPCVeLLZRJMHbg91OnEl41RQGgLFiqBBTB14RTtN35hrF1P3AZF9KOd/OLI\nann3rZIFc4EfGn+7retkiiPnLBl9EgP7Ct+UXMRk0AxEKVr0VVIPE8i9s0LdogrP\nv1cky26Md4G90HpDkMlnp/nvOA8pZXO2l/bqIE1eDN6qfxAsKHR5Zc9YXrHS8zvC\nOmIKDp4UwKk4ypKhKYgrchxX3DmDdfYjaYOxq5h9khJzWEo+ci5+19fsiXN6ZC2x\n3icnfmlkpoOhLBOL5QogpIVTkyFJsI9mYB/cSR2nG9kLobnv1QIuZ9/aOpFg4Zy/\n3n4dRoEGaqE3Po740QFBO0YNg1G/BMpZ8U3l0eS4uhQ9y+EHisWcR9enyhLtAVfT\nhfVaoWV5PoNYH5fWclzOvutIezSseWjLF3+esIoIVpW/DZvYFHXqQfdAodbybV2g\n6gK5oAVY6zySFitx4s5vr/J8SNW5lCpAwuUkCeqlgZcaUIBVitimUZ3BCs8CAwEA\nAQKCAgALzBZYNg1R6hqRTdqZrvDwKYFPybkHD83yxO6yj3XNC0glqFYylngp53Wh\nEtt15NyL2L9bKut2mR69s0byZJ3s3uD08PTU9jxHvPpAUaxnGIJhyuTR/+R/dW2n\nOX6i41/uVwe9z4c3ERcqsajE2EhfWgAbobNN6xIClDRWKoDkmEf8kBy2KYKr/GJP\ngqahXx9ohXw8yFjbZZazHvgV9n2XBg18m6v+/jEJj2oPEoZpiwO51T7xtBnNag3x\n2l01HK/0k88ORxzpcCPcCXxR9dZHeB8Wa1Z5X07axt+X61hdSB8Ag3NuOR3a/nXK\nvmjOpg4050MdOhV4S0mYBZknm+/8p1d4WgIGEM+U2viRjYjG01HLvni+x48F27D9\nAoiQs0lU9Cnrkr5Jqf/jkyx/HWHrXbQ0vERCTnN4ixsbJCiO/oiCkiHBEnt5uvWy\n/S+fa9woaOplf7RhGYRvHvmKHFZwriq4GZ048ERDOdiLUruk+XKpZPaJo7QQpgmj\nTeYSEvFiytE+0g5pPJgBrx3xXASg4aEUgzcxlpj0pzHsxlU/nZSeZGD0u8AYbpnx\nPjAY/WK5d8NUFMFNq0iXxtRhenOvT5o1AXdogyAUnQLP2hrdh1Ump/lT5eJSeTLw\nMnnTHyT/JRJkfY8JNUIHBGUIZEt6EuL7cFKHsrvUq3IS/uSjaQKCAQEA0TBncDDh\nAg81I9LU8G9yBC66JQ0mh1cK3ZVa9DSg7kS/fDZ1TiiVv7Ku4jWROtQj1X/7+CGk\nsxmpTqs2bpm9uX0UCS4msk2ZHhwiaerlIcnEusgm0GQVzyn8UmlUehUJ52Wqy0vp\nOZrUWdRA3xPoJ31DPVZGoDhKTIZOJ+fNempHE0nbmhYjeNWFlEnvF40TSR009gVZ\nOEM5gtB6Beu91N3Bz+5WBsLxEe1OA3GGys2q2wv4JM/nEch2GMlU3nUeXDZuBruJ\nxJ+GUO6EuEL401eMteuhpecO5cJPjk0MUHTxcFfjMdIrpVe3hRtgKkQJCQSkuKJw\nqEjIDVM+wJki5wKCAQEA2mvk1aCHV4rwx9W5ZUcfyrXSBtmk3H5ksslJY2h/Bt1U\nsW/lZKeh8Q0cloo4G7uN6Q4MbV75c2cmvvg1AFhF4p5i/H8JLxqEFSyGzlYoo2Z9\nWDY9Q9SQAvN4qeK2aq2MYH8akxVFWcdgSlyLsEawWnJjNXeaZMq3HTqLEowgYcyn\n61gWmYYqeOTe85SQwepqaxI1bW2oLyvhcJUFwmhCuHnNZ3Muh/DOg3PWQK+TmfEZ\ni2zqzM+kt8Ldl+Ey+URWIQEuEQ2A8+rE3PzKmN15SoVldZChUjii8KQCedHIckAr\nMLa9EKvDSNWtL0X7C0FVsbT53iouCKzpIdGdT7BD2QKCAQBd0SeS2VkQY2Ghv1xg\nuJqZ5Zr2Iv+0kwT8e49fFntWYN7ABmx1sR3361sjeIK5r4qipdOLZQtIh6m27nJr\nB+he2Am0VE5miQayyktk1UQN8z+XxUwjCb/+OQZAr5yDZAwdCyueIV1nyFiUMO0n\nHvZvP254g8kI8jXgPBuxKfStghx+OhGS+XrPJnPSHZZtKYgMslyeOafZ48xXLsiK\n/z8TyKCzcGCEh8k2EQd7495f9f06YBPZ7qPjBdRxKVo2qrADCyYtPs56sFC82zwK\np36QyiMBM7w7e3Ti9lJXr5ZmPwxJJiFupqOMc9qKh8yJKBolQT/ezntX/cw6rarn\nFcbhAoIBAQCJGeqE0YPCxprGxPffg5qIEkLoO9tI8CljNAfV1zTM6UcNLZCO8s4q\n0bEdKVt4xOyZ2lCgolnwP1JJ0uDp+366dfLqTQ9Fut4nsFBZ2ikeD+oj4b/pANb4\nkz0tXfpk0dToiT/0DQkABq8BXj/sgSKXU2/EkvOdysTQGvxKwxxcZysMBboB2f50\n7iyoNpv6rJrp5H8W1hsYqPGUSmZYFjuzMfllsx4FBHmMd7yH0+3RVk5TfyWPM9NP\n6YhQmnH1lxh9FRGGcLR95uJ1WFQPSg2lYkBCYGtygcx9QmWvc6ffVzoFFN9uRHKL\nGFzh7IpdEUCqEFA7TLyig26+5KVa7OhZAoIBAQCD1tpIQnFBKKbDyQuQBdlxef4N\nCQJ4SQP9Q3agLjcQLBMtrvtmdALTdW/5WDZl6HGR0liOspCADbvxgBe4cehNHXWj\neUEK0z7meOv7QCtBIfoVPLAb71afCfse6e8G67kWp+9q8qjh1IA+QFcvwlrooJTD\nBYFOTFughVnNRPYm/45DsgRDvoupauDpwkflHNuq5cS7ybXGkOyM0lYDDzpWiySD\nCquc/DR//DOZcmwqUHBh3TrSWmGF8wok+m5NeDS/bFkXBaZWh/b0wBrdLMaQCkkG\n/1HMB6eYYkJZ10oDUns0n9MEPqbxhq44uOamBoQ9VmGP2wuEM9KWfUNRGRja\n-----END RSA PRIVATE KEY-----\n",
            "private_key_pem_pkcs8": "-----BEGIN PRIVATE KEY-----\nMIIJQwIBADANBgkqhkiG9w0BAQEFAASCCS0wggkpAgEAAoICAQCye2JOchbeY4dd\n8MRVY2iydfyCyNdlr9M886+jEZ9dvkFv2cZvR8deDQhu5TscuwKXx4jay3hc21SW\nWEVIM3kR8bU7Lk8gZjGUxe+q0QfbLViYT2x3iXrk4ToK7AvhqfuhL5F/icl8/8mJ\n89pxoKtIMJXje+ngAtUap973fYlCbQeVtZfJwwBu48JV4stlEkwduD3U6cSXjVFA\naAsWKoEFMHXhFO03fmGsXU/cBkX0o5384shqefetkgVzgR8af7ut62SKI+csGX0S\nA/sK35RcxGTQDEQpWvRVUg8TyL2zQt2iCs+/VyTLbox3gb3QekOQyWen+e84Dyll\nc7aX9uogTV4M3qp/ECwodHllz1hesdLzO8I6YgoOnhTAqTjKkqEpiCtyHFfcOYN1\n9iNpg7GrmH2SEnNYSj5yLn7X1+yJc3pkLbHeJyd+aWSmg6EsE4vlCiCkhVOTIUmw\nj2ZgH9xJHacb2Quhue/VAi5n39o6kWDhnL/efh1GgQZqoTc+jvjRAUE7Rg2DUb8E\nylnxTeXR5Li6FD3L4QeKxZxH16fKEu0BV9OF9VqhZXk+g1gfl9ZyXM6+60h7NKx5\naMsXf56wighWlb8Nm9gUdepB90Ch1vJtXaDqArmgBVjrPJIWK3Hizm+v8nxI1bmU\nKkDC5SQJ6qWBlxpQgFWK2KZRncEKzwIDAQABAoICAAvMFlg2DVHqGpFN2pmu8PAp\ngU/JuQcPzfLE7rKPdc0LSCWoVjKWeCnndaES23Xk3IvYv1sq63aZHr2zRvJkneze\n4PTw9NT2PEe8+kBRrGcYgmHK5NH/5H91bac5fqLjX+5XB73PhzcRFyqxqMTYSF9a\nABuhs03rEgKUNFYqgOSYR/yQHLYpgqv8Yk+CpqFfH2iFfDzIWNtllrMe+BX2fZcG\nDXybq/7+MQmPag8ShmmLA7nVPvG0Gc1qDfHaXTUcr/STzw5HHOlwI9wJfFH11kd4\nHxZrVnlfTtrG35frWF1IHwCDc245Hdr+dcq+aM6mDjTnQx06FXhLSZgFmSeb7/yn\nV3haAgYQz5Ta+JGNiMbTUcu+eL7HjwXbsP0CiJCzSVT0KeuSvkmp/+OTLH8dYetd\ntDS8REJOc3iLGxskKI7+iIKSIcESe3m69bL9L59r3Cho6mV/tGEZhG8e+YocVnCu\nKrgZnTjwREM52ItSu6T5cqlk9omjtBCmCaNN5hIS8WLK0T7SDmk8mAGvHfFcBKDh\noRSDNzGWmPSnMezGVT+dlJ5kYPS7wBhumfE+MBj9Yrl3w1QUwU2rSJfG1GF6c69P\nmjUBd2iDIBSdAs/aGt2HVSan+VPl4lJ5MvAyedMfJP8lEmR9jwk1QgcEZQhkS3oS\n4vtwUoeyu9SrchL+5KNpAoIBAQDRMGdwMOECDzUj0tTwb3IELrolDSaHVwrdlVr0\nNKDuRL98NnVOKJW/sq7iNZE61CPVf/v4IaSzGalOqzZumb25fRQJLiayTZkeHCJp\n6uUhycS6yCbQZBXPKfxSaVR6FQnnZarLS+k5mtRZ1EDfE+gnfUM9VkagOEpMhk4n\n5816akcTSduaFiN41YWUSe8XjRNJHTT2BVk4QzmC0HoF673U3cHP7lYGwvER7U4D\ncYbKzarbC/gkz+cRyHYYyVTedR5cNm4Gu4nEn4ZQ7oS4QvjTV4y166Gl5w7lwk+O\nTQxQdPFwV+Mx0iulV7eFG2AqRAkJBKS4onCoSMgNUz7AmSLnAoIBAQDaa+TVoIdX\nivDH1bllRx/KtdIG2aTcfmSyyUljaH8G3VSxb+Vkp6HxDRyWijgbu43pDgxtXvlz\nZya++DUAWEXinmL8fwkvGoQVLIbOViijZn1YNj1D1JAC83ip4rZqrYxgfxqTFUVZ\nx2BKXIuwRrBacmM1d5pkyrcdOosSjCBhzKfrWBaZhip45N7zlJDB6mprEjVtbagv\nK+FwlQXCaEK4ec1ncy6H8M6Dc9ZAr5OZ8RmLbOrMz6S3wt2X4TL5RFYhAS4RDYDz\n6sTc/MqY3XlKhWV1kKFSOKLwpAJ50chyQCswtr0Qq8NI1a0vRfsLQVWxtPneKi4I\nrOkh0Z1PsEPZAoIBAF3RJ5LZWRBjYaG/XGC4mpnlmvYi/7STBPx7j18We1Zg3sAG\nbHWxHffrWyN4grmviqKl04tlC0iHqbbucmsH6F7YCbRUTmaJBrLKS2TVRA3zP5fF\nTCMJv/45BkCvnINkDB0LK54hXWfIWJQw7Sce9m8/bniDyQjyNeA8G7Ep9K2CHH46\nEZL5es8mc9Idlm0piAyyXJ45p9njzFcuyIr/PxPIoLNwYISHyTYRB3vj3l/1/Tpg\nE9nuo+MF1HEpWjaqsAMLJi0+znqwULzbPAqnfpDKIwEzvDt7dOL2UlevlmY/DEkm\nIW6mo4xz2oqHzIkoGiVBP97Oe1f9zDqtqucVxuECggEBAIkZ6oTRg8LGmsbE99+D\nmogSQug720jwKWM0B9XXNMzpRw0tkI7yzirRsR0pW3jE7JnaUKCiWfA/UknS4On7\nfrp18upND0W63iewUFnaKR4P6iPhv+kA1viTPS1d+mTR1OiJP/QNCQAGrwFeP+yB\nIpdTb8SS853KxNAa/ErDHFxnKwwFugHZ/nTuLKg2m/qsmunkfxbWGxio8ZRKZlgW\nO7Mx+WWzHgUEeYx3vIfT7dFWTlN/JY8z00/piFCacfWXGH0VEYZwtH3m4nVYVA9K\nDaViQEJga3KBzH1CZa9zp99XOgUU325EcosYXOHsil0RQKoQUDtMvKKDbr7kpVrs\n6FkCggEBAIPW2khCcUEopsPJC5AF2XF5/g0JAnhJA/1DdqAuNxAsEy2u+2Z0AtN1\nb/lYNmXocZHSWI6ykIANu/GAF7hx6E0ddaN5QQrTPuZ46/tAK0Eh+hU8sBvvVp8J\n+x7p7wbruRan72ryqOHUgD5AVy/CWuiglMMFgU5MW6CFWc1E9ib/jkOyBEO+i6lq\n4OnCR+Uc26rlxLvJtcaQ7IzSVgMPOlaLJIMKq5z8NH/8M5lybCpQcGHdOtJaYYXz\nCiT6bk14NL9sWRcFplaH9vTAGt0sxpAKSQb/UcwHp5hiQlnXSgNSezSf0wQ+pvGG\nrji45qYGhD1WYY/bC4Qz0pZ9Q1EZGNo=\n-----END PRIVATE KEY-----\n",
            "public_key_fingerprint_md5": "6b:80:9d:48:1e:be:6e:ce:9b:6e:7f:a8:14:86:39:8c",
            "public_key_fingerprint_sha256": "SHA256:FuN+u5lFTTEi15RfX9uMTqd+mu/fHEFJ5y32YLbF2is",
            "public_key_openssh": "ssh-rsa AAAAB3NzaC1yc2EAAAADAQABAAACAQCye2JOchbeY4dd8MRVY2iydfyCyNdlr9M886+jEZ9dvkFv2cZvR8deDQhu5TscuwKXx4jay3hc21SWWEVIM3kR8bU7Lk8gZjGUxe+q0QfbLViYT2x3iXrk4ToK7AvhqfuhL5F/icl8/8mJ89pxoKtIMJXje+ngAtUap973fYlCbQeVtZfJwwBu48JV4stlEkwduD3U6cSXjVFAaAsWKoEFMHXhFO03fmGsXU/cBkX0o5384shqefetkgVzgR8af7ut62SKI+csGX0SA/sK35RcxGTQDEQpWvRVUg8TyL2zQt2iCs+/VyTLbox3gb3QekOQyWen+e84Dyllc7aX9uogTV4M3qp/ECwodHllz1hesdLzO8I6YgoOnhTAqTjKkqEpiCtyHFfcOYN19iNpg7GrmH2SEnNYSj5yLn7X1+yJc3pkLbHeJyd+aWSmg6EsE4vlCiCkhVOTIUmwj2ZgH9xJHacb2Quhue/VAi5n39o6kWDhnL/efh1GgQZqoTc+jvjRAUE7Rg2DUb8EylnxTeXR5Li6FD3L4QeKxZxH16fKEu0BV9OF9VqhZXk+g1gfl9ZyXM6+60h7NKx5aMsXf56wighWlb8Nm9gUdepB90Ch1vJtXaDqArmgBVjrPJIWK3Hizm+v8nxI1bmUKkDC5SQJ6qWBlxpQgFWK2KZRncEKzw==\n",
            "public_key_pem": "-----BEGIN PUBLIC KEY-----\nMIICIjANBgkqhkiG9w0BAQEFAAOCAg8AMIICCgKCAgEAsntiTnIW3mOHXfDEVWNo\nsnX8gsjXZa/TPPOvoxGfXb5Bb9nGb0fHXg0IbuU7HLsCl8eI2st4XNtUllhFSDN5\nEfG1Oy5PIGYxlMXvqtEH2y1YmE9sd4l65OE6CuwL4an7oS+Rf4nJfP/JifPacaCr\nSDCV43vp4ALVGqfe932JQm0HlbWXycMAbuPCVeLLZRJMHbg91OnEl41RQGgLFiqB\nBTB14RTtN35hrF1P3AZF9KOd/OLIann3rZIFc4EfGn+7retkiiPnLBl9EgP7Ct+U\nXMRk0AxEKVr0VVIPE8i9s0LdogrPv1cky26Md4G90HpDkMlnp/nvOA8pZXO2l/bq\nIE1eDN6qfxAsKHR5Zc9YXrHS8zvCOmIKDp4UwKk4ypKhKYgrchxX3DmDdfYjaYOx\nq5h9khJzWEo+ci5+19fsiXN6ZC2x3icnfmlkpoOhLBOL5QogpIVTkyFJsI9mYB/c\nSR2nG9kLobnv1QIuZ9/aOpFg4Zy/3n4dRoEGaqE3Po740QFBO0YNg1G/BMpZ8U3l\n0eS4uhQ9y+EHisWcR9enyhLtAVfThfVaoWV5PoNYH5fWclzOvutIezSseWjLF3+e\nsIoIVpW/DZvYFHXqQfdAodbybV2g6gK5oAVY6zySFitx4s5vr/J8SNW5lCpAwuUk\nCeqlgZcaUIBVitimUZ3BCs8CAwEAAQ==\n-----END PUBLIC KEY-----\n",
            "rsa_bits": 4096
          },
          "sensitive_attributes": []
        }
      ]
    },
    {
      "module": "module.vpc",
      "mode": "managed",
      "type": "aws_default_network_acl",
      "name": "this",
      "provider": "provider[\"registry.terraform.io/hashicorp/aws\"]",
      "instances": [
        {
          "index_key": 0,
          "schema_version": 0,
          "attributes": {
            "arn": "arn:aws:ec2:us-east-2:857619977540:network-acl/acl-0f673e03f9fe2b682",
            "default_network_acl_id": "acl-0f673e03f9fe2b682",
            "egress": [
              {
                "action": "allow",
                "cidr_block": "",
                "from_port": 0,
                "icmp_code": 0,
                "icmp_type": 0,
                "ipv6_cidr_block": "::/0",
                "protocol": "-1",
                "rule_no": 101,
                "to_port": 0
              },
              {
                "action": "allow",
                "cidr_block": "0.0.0.0/0",
                "from_port": 0,
                "icmp_code": 0,
                "icmp_type": 0,
                "ipv6_cidr_block": "",
                "protocol": "-1",
                "rule_no": 100,
                "to_port": 0
              }
            ],
            "id": "acl-0f673e03f9fe2b682",
            "ingress": [
              {
                "action": "allow",
                "cidr_block": "",
                "from_port": 0,
                "icmp_code": 0,
                "icmp_type": 0,
                "ipv6_cidr_block": "::/0",
                "protocol": "-1",
                "rule_no": 101,
                "to_port": 0
              },
              {
                "action": "allow",
                "cidr_block": "0.0.0.0/0",
                "from_port": 0,
                "icmp_code": 0,
                "icmp_type": 0,
                "ipv6_cidr_block": "",
                "protocol": "-1",
                "rule_no": 100,
                "to_port": 0
              }
            ],
            "owner_id": "857619977540",
            "region": "us-east-2",
            "subnet_ids": [
              "subnet-009fdd73d908aaacd",
              "subnet-0563861971341822e",
              "subnet-0628a63338fac426b",
              "subnet-090b8ba015d0f308e"
            ],
            "tags": {
              "Name": "jpmc-cluster1-vpc-default"
            },
            "tags_all": {
              "Name": "jpmc-cluster1-vpc-default"
            },
            "vpc_id": "vpc-054f3cacb340fae45"
          },
          "sensitive_attributes": [],
          "private": "bnVsbA==",
          "dependencies": [
            "module.vpc.aws_vpc.this"
          ]
        }
      ]
    },
    {
      "module": "module.vpc",
      "mode": "managed",
      "type": "aws_default_route_table",
      "name": "default",
      "provider": "provider[\"registry.terraform.io/hashicorp/aws\"]",
      "instances": [
        {
          "index_key": 0,
          "schema_version": 0,
          "attributes": {
            "arn": "arn:aws:ec2:us-east-2:857619977540:route-table/rtb-02d75cb164a4c231f",
            "default_route_table_id": "rtb-02d75cb164a4c231f",
            "id": "rtb-02d75cb164a4c231f",
            "owner_id": "857619977540",
            "propagating_vgws": [],
            "region": "us-east-2",
            "route": [],
            "tags": {
              "Name": "jpmc-cluster1-vpc-default"
            },
            "tags_all": {
              "Name": "jpmc-cluster1-vpc-default"
            },
            "timeouts": {
              "create": "5m",
              "update": "5m"
            },
            "vpc_id": "vpc-054f3cacb340fae45"
          },
          "sensitive_attributes": [],
          "private": "eyJlMmJmYjczMC1lY2FhLTExZTYtOGY4OC0zNDM2M2JjN2M0YzAiOnsiY3JlYXRlIjozMDAwMDAwMDAwMDAsInVwZGF0ZSI6MzAwMDAwMDAwMDAwfX0=",
          "dependencies": [
            "module.vpc.aws_vpc.this"
          ]
        }
      ]
    },
    {
      "module": "module.vpc",
      "mode": "managed",
      "type": "aws_default_security_group",
      "name": "this",
      "provider": "provider[\"registry.terraform.io/hashicorp/aws\"]",
      "instances": [
        {
          "index_key": 0,
          "schema_version": 1,
          "attributes": {
            "arn": "arn:aws:ec2:us-east-2:857619977540:security-group/sg-0b8be18e318898057",
            "description": "default VPC security group",
            "egress": [],
            "id": "sg-0b8be18e318898057",
            "ingress": [],
            "name": "default",
            "name_prefix": "",
            "owner_id": "857619977540",
            "region": "us-east-2",
            "revoke_rules_on_delete": false,
            "tags": {
              "Name": "jpmc-cluster1-vpc-default"
            },
            "tags_all": {
              "Name": "jpmc-cluster1-vpc-default"
            },
            "vpc_id": "vpc-054f3cacb340fae45"
          },
          "sensitive_attributes": [],
          "private": "eyJzY2hlbWFfdmVyc2lvbiI6IjEifQ==",
          "dependencies": [
            "module.vpc.aws_vpc.this"
          ]
        }
      ]
    },
    {
      "module": "module.vpc",
      "mode": "managed",
      "type": "aws_eip",
      "name": "nat",
      "provider": "provider[\"registry.terraform.io/hashicorp/aws\"]",
      "instances": [
        {
          "index_key": 0,
          "schema_version": 0,
          "attributes": {
            "address": null,
            "allocation_id": "eipalloc-000973929cbb9719a",
            "arn": "arn:aws:ec2:us-east-2:857619977540:elastic-ip/eipalloc-000973929cbb9719a",
            "associate_with_private_ip": null,
            "association_id": "eipassoc-02894f3b063f9e160",
            "carrier_ip": "",
            "customer_owned_ip": "",
            "customer_owned_ipv4_pool": "",
            "domain": "vpc",
            "id": "eipalloc-000973929cbb9719a",
            "instance": "",
            "ipam_pool_id": null,
            "network_border_group": "us-east-2",
            "network_interface": "eni-089a477fae952fe94",
            "private_dns": "ip-10-0-3-156.us-east-2.compute.internal",
            "private_ip": "10.0.3.156",
            "ptr_record": "",
            "public_dns": "ec2-3-141-123-80.us-east-2.compute.amazonaws.com",
            "public_ip": "3.141.123.80",
            "public_ipv4_pool": "amazon",
            "region": "us-east-2",
            "tags": {
              "Name": "jpmc-cluster1-vpc-us-east-2a"
            },
            "tags_all": {
              "Name": "jpmc-cluster1-vpc-us-east-2a"
            },
            "timeouts": null
          },
          "sensitive_attributes": [],
          "private": "eyJlMmJmYjczMC1lY2FhLTExZTYtOGY4OC0zNDM2M2JjN2M0YzAiOnsiZGVsZXRlIjoxODAwMDAwMDAwMDAsInJlYWQiOjkwMDAwMDAwMDAwMCwidXBkYXRlIjozMDAwMDAwMDAwMDB9fQ==",
          "dependencies": [
            "module.vpc.aws_internet_gateway.this",
            "module.vpc.aws_vpc.this",
            "module.vpc.aws_vpc_ipv4_cidr_block_association.this"
          ]
        },
        {
          "index_key": 1,
          "schema_version": 0,
          "attributes": {
            "address": null,
            "allocation_id": "eipalloc-021ee8ed6f03d043a",
            "arn": "arn:aws:ec2:us-east-2:857619977540:elastic-ip/eipalloc-021ee8ed6f03d043a",
            "associate_with_private_ip": null,
            "association_id": "eipassoc-0e6ba3b9a7526ec88",
            "carrier_ip": "",
            "customer_owned_ip": "",
            "customer_owned_ipv4_pool": "",
            "domain": "vpc",
            "id": "eipalloc-021ee8ed6f03d043a",
            "instance": "",
            "ipam_pool_id": null,
            "network_border_group": "us-east-2",
            "network_interface": "eni-0d036bc3efe16f587",
            "private_dns": "ip-10-0-4-104.us-east-2.compute.internal",
            "private_ip": "10.0.4.104",
            "ptr_record": "",
            "public_dns": "ec2-3-150-100-171.us-east-2.compute.amazonaws.com",
            "public_ip": "3.150.100.171",
            "public_ipv4_pool": "amazon",
            "region": "us-east-2",
            "tags": {
              "Name": "jpmc-cluster1-vpc-us-east-2b"
            },
            "tags_all": {
              "Name": "jpmc-cluster1-vpc-us-east-2b"
            },
            "timeouts": null
          },
          "sensitive_attributes": [],
          "private": "eyJlMmJmYjczMC1lY2FhLTExZTYtOGY4OC0zNDM2M2JjN2M0YzAiOnsiZGVsZXRlIjoxODAwMDAwMDAwMDAsInJlYWQiOjkwMDAwMDAwMDAwMCwidXBkYXRlIjozMDAwMDAwMDAwMDB9fQ==",
          "dependencies": [
            "module.vpc.aws_internet_gateway.this",
            "module.vpc.aws_vpc.this",
            "module.vpc.aws_vpc_ipv4_cidr_block_association.this"
          ]
        }
      ]
    },
    {
      "module": "module.vpc",
      "mode": "managed",
      "type": "aws_internet_gateway",
      "name": "this",
      "provider": "provider[\"registry.terraform.io/hashicorp/aws\"]",
      "instances": [
        {
          "index_key": 0,
          "schema_version": 0,
          "attributes": {
            "arn": "arn:aws:ec2:us-east-2:857619977540:internet-gateway/igw-040e3500b79d3ba1f",
            "id": "igw-040e3500b79d3ba1f",
            "owner_id": "857619977540",
            "region": "us-east-2",
            "tags": {
              "Name": "jpmc-cluster1-vpc"
            },
            "tags_all": {
              "Name": "jpmc-cluster1-vpc"
            },
            "timeouts": null,
            "vpc_id": "vpc-054f3cacb340fae45"
          },
          "sensitive_attributes": [],
          "private": "eyJlMmJmYjczMC1lY2FhLTExZTYtOGY4OC0zNDM2M2JjN2M0YzAiOnsiY3JlYXRlIjoxMjAwMDAwMDAwMDAwLCJkZWxldGUiOjEyMDAwMDAwMDAwMDAsInVwZGF0ZSI6MTIwMDAwMDAwMDAwMH19",
          "dependencies": [
            "module.vpc.aws_vpc.this",
            "module.vpc.aws_vpc_ipv4_cidr_block_association.this"
          ]
        }
      ]
    },
    {
      "module": "module.vpc",
      "mode": "managed",
      "type": "aws_nat_gateway",
      "name": "this",
      "provider": "provider[\"registry.terraform.io/hashicorp/aws\"]",
      "instances": [
        {
          "index_key": 0,
          "schema_version": 0,
          "attributes": {
            "allocation_id": "eipalloc-000973929cbb9719a",
            "association_id": "eipassoc-02894f3b063f9e160",
            "connectivity_type": "public",
            "id": "nat-0c20456e10f5b2e0a",
            "network_interface_id": "eni-089a477fae952fe94",
            "private_ip": "10.0.3.156",
            "public_ip": "3.141.123.80",
            "region": "us-east-2",
            "secondary_allocation_ids": [],
            "secondary_private_ip_address_count": 0,
            "secondary_private_ip_addresses": [],
            "subnet_id": "subnet-0628a63338fac426b",
            "tags": {
              "Name": "jpmc-cluster1-vpc-us-east-2a"
            },
            "tags_all": {
              "Name": "jpmc-cluster1-vpc-us-east-2a"
            },
            "timeouts": null
          },
          "sensitive_attributes": [],
          "private": "eyJlMmJmYjczMC1lY2FhLTExZTYtOGY4OC0zNDM2M2JjN2M0YzAiOnsiY3JlYXRlIjo2MDAwMDAwMDAwMDAsImRlbGV0ZSI6MTgwMDAwMDAwMDAwMCwidXBkYXRlIjo2MDAwMDAwMDAwMDB9fQ==",
          "dependencies": [
            "module.vpc.aws_eip.nat",
            "module.vpc.aws_internet_gateway.this",
            "module.vpc.aws_subnet.public",
            "module.vpc.aws_vpc.this",
            "module.vpc.aws_vpc_ipv4_cidr_block_association.this"
          ]
        },
        {
          "index_key": 1,
          "schema_version": 0,
          "attributes": {
            "allocation_id": "eipalloc-021ee8ed6f03d043a",
            "association_id": "eipassoc-0e6ba3b9a7526ec88",
            "connectivity_type": "public",
            "id": "nat-08a33e0ac85ac4d05",
            "network_interface_id": "eni-0d036bc3efe16f587",
            "private_ip": "10.0.4.104",
            "public_ip": "3.150.100.171",
            "region": "us-east-2",
            "secondary_allocation_ids": [],
            "secondary_private_ip_address_count": 0,
            "secondary_private_ip_addresses": [],
            "subnet_id": "subnet-090b8ba015d0f308e",
            "tags": {
              "Name": "jpmc-cluster1-vpc-us-east-2b"
            },
            "tags_all": {
              "Name": "jpmc-cluster1-vpc-us-east-2b"
            },
            "timeouts": null
          },
          "sensitive_attributes": [],
          "private": "eyJlMmJmYjczMC1lY2FhLTExZTYtOGY4OC0zNDM2M2JjN2M0YzAiOnsiY3JlYXRlIjo2MDAwMDAwMDAwMDAsImRlbGV0ZSI6MTgwMDAwMDAwMDAwMCwidXBkYXRlIjo2MDAwMDAwMDAwMDB9fQ==",
          "dependencies": [
            "module.vpc.aws_eip.nat",
            "module.vpc.aws_internet_gateway.this",
            "module.vpc.aws_subnet.public",
            "module.vpc.aws_vpc.this",
            "module.vpc.aws_vpc_ipv4_cidr_block_association.this"
          ]
        }
      ]
    },
    {
      "module": "module.vpc",
      "mode": "managed",
      "type": "aws_route",
      "name": "private_nat_gateway",
      "provider": "provider[\"registry.terraform.io/hashicorp/aws\"]",
      "instances": [
        {
          "index_key": 0,
          "schema_version": 0,
          "attributes": {
            "carrier_gateway_id": "",
            "core_network_arn": "",
            "destination_cidr_block": "0.0.0.0/0",
            "destination_ipv6_cidr_block": "",
            "destination_prefix_list_id": "",
            "egress_only_gateway_id": "",
            "gateway_id": "",
            "id": "r-rtb-08f60ab8d4a20e0421080289494",
            "instance_id": "",
            "instance_owner_id": "",
            "local_gateway_id": "",
            "nat_gateway_id": "nat-0c20456e10f5b2e0a",
            "network_interface_id": "",
            "origin": "CreateRoute",
            "region": "us-east-2",
            "route_table_id": "rtb-08f60ab8d4a20e042",
            "state": "active",
            "timeouts": {
              "create": "5m",
              "delete": null,
              "update": null
            },
            "transit_gateway_id": "",
            "vpc_endpoint_id": "",
            "vpc_peering_connection_id": ""
          },
          "sensitive_attributes": [],
          "private": "eyJlMmJmYjczMC1lY2FhLTExZTYtOGY4OC0zNDM2M2JjN2M0YzAiOnsiY3JlYXRlIjozMDAwMDAwMDAwMDAsImRlbGV0ZSI6MzAwMDAwMDAwMDAwLCJ1cGRhdGUiOjEyMDAwMDAwMDAwMH19",
          "dependencies": [
            "module.vpc.aws_eip.nat",
            "module.vpc.aws_internet_gateway.this",
            "module.vpc.aws_nat_gateway.this",
            "module.vpc.aws_route_table.private",
            "module.vpc.aws_subnet.public",
            "module.vpc.aws_vpc.this",
            "module.vpc.aws_vpc_ipv4_cidr_block_association.this"
          ]
        },
        {
          "index_key": 1,
          "schema_version": 0,
          "attributes": {
            "carrier_gateway_id": "",
            "core_network_arn": "",
            "destination_cidr_block": "0.0.0.0/0",
            "destination_ipv6_cidr_block": "",
            "destination_prefix_list_id": "",
            "egress_only_gateway_id": "",
            "gateway_id": "",
            "id": "r-rtb-0e12141e3ccd3977c1080289494",
            "instance_id": "",
            "instance_owner_id": "",
            "local_gateway_id": "",
            "nat_gateway_id": "nat-08a33e0ac85ac4d05",
            "network_interface_id": "",
            "origin": "CreateRoute",
            "region": "us-east-2",
            "route_table_id": "rtb-0e12141e3ccd3977c",
            "state": "active",
            "timeouts": {
              "create": "5m",
              "delete": null,
              "update": null
            },
            "transit_gateway_id": "",
            "vpc_endpoint_id": "",
            "vpc_peering_connection_id": ""
          },
          "sensitive_attributes": [],
          "private": "eyJlMmJmYjczMC1lY2FhLTExZTYtOGY4OC0zNDM2M2JjN2M0YzAiOnsiY3JlYXRlIjozMDAwMDAwMDAwMDAsImRlbGV0ZSI6MzAwMDAwMDAwMDAwLCJ1cGRhdGUiOjEyMDAwMDAwMDAwMH19",
          "dependencies": [
            "module.vpc.aws_eip.nat",
            "module.vpc.aws_internet_gateway.this",
            "module.vpc.aws_nat_gateway.this",
            "module.vpc.aws_route_table.private",
            "module.vpc.aws_subnet.public",
            "module.vpc.aws_vpc.this",
            "module.vpc.aws_vpc_ipv4_cidr_block_association.this"
          ]
        }
      ]
    },
    {
      "module": "module.vpc",
      "mode": "managed",
      "type": "aws_route",
      "name": "public_internet_gateway",
      "provider": "provider[\"registry.terraform.io/hashicorp/aws\"]",
      "instances": [
        {
          "index_key": 0,
          "schema_version": 0,
          "attributes": {
            "carrier_gateway_id": "",
            "core_network_arn": "",
            "destination_cidr_block": "0.0.0.0/0",
            "destination_ipv6_cidr_block": "",
            "destination_prefix_list_id": "",
            "egress_only_gateway_id": "",
            "gateway_id": "igw-040e3500b79d3ba1f",
            "id": "r-rtb-017709c0fbb3cf0e41080289494",
            "instance_id": "",
            "instance_owner_id": "",
            "local_gateway_id": "",
            "nat_gateway_id": "",
            "network_interface_id": "",
            "origin": "CreateRoute",
            "region": "us-east-2",
            "route_table_id": "rtb-017709c0fbb3cf0e4",
            "state": "active",
            "timeouts": {
              "create": "5m",
              "delete": null,
              "update": null
            },
            "transit_gateway_id": "",
            "vpc_endpoint_id": "",
            "vpc_peering_connection_id": ""
          },
          "sensitive_attributes": [],
          "private": "eyJlMmJmYjczMC1lY2FhLTExZTYtOGY4OC0zNDM2M2JjN2M0YzAiOnsiY3JlYXRlIjozMDAwMDAwMDAwMDAsImRlbGV0ZSI6MzAwMDAwMDAwMDAwLCJ1cGRhdGUiOjEyMDAwMDAwMDAwMH19",
          "dependencies": [
            "module.vpc.aws_internet_gateway.this",
            "module.vpc.aws_route_table.public",
            "module.vpc.aws_vpc.this",
            "module.vpc.aws_vpc_ipv4_cidr_block_association.this"
          ]
        }
      ]
    },
    {
      "module": "module.vpc",
      "mode": "managed",
      "type": "aws_route_table",
      "name": "private",
      "provider": "provider[\"registry.terraform.io/hashicorp/aws\"]",
      "instances": [
        {
          "index_key": 0,
          "schema_version": 0,
          "attributes": {
            "arn": "arn:aws:ec2:us-east-2:857619977540:route-table/rtb-08f60ab8d4a20e042",
            "id": "rtb-08f60ab8d4a20e042",
            "owner_id": "857619977540",
            "propagating_vgws": [],
            "region": "us-east-2",
            "route": [
              {
                "carrier_gateway_id": "",
                "cidr_block": "0.0.0.0/0",
                "core_network_arn": "",
                "destination_prefix_list_id": "",
                "egress_only_gateway_id": "",
                "gateway_id": "",
                "ipv6_cidr_block": "",
                "local_gateway_id": "",
                "nat_gateway_id": "nat-0c20456e10f5b2e0a",
                "network_interface_id": "",
                "transit_gateway_id": "",
                "vpc_endpoint_id": "",
                "vpc_peering_connection_id": ""
              }
            ],
            "tags": {
              "Name": "jpmc-cluster1-vpc-private-us-east-2a"
            },
            "tags_all": {
              "Name": "jpmc-cluster1-vpc-private-us-east-2a"
            },
            "timeouts": null,
            "vpc_id": "vpc-054f3cacb340fae45"
          },
          "sensitive_attributes": [],
          "private": "eyJlMmJmYjczMC1lY2FhLTExZTYtOGY4OC0zNDM2M2JjN2M0YzAiOnsiY3JlYXRlIjozMDAwMDAwMDAwMDAsImRlbGV0ZSI6MzAwMDAwMDAwMDAwLCJ1cGRhdGUiOjEyMDAwMDAwMDAwMH19",
          "dependencies": [
            "module.vpc.aws_vpc.this",
            "module.vpc.aws_vpc_ipv4_cidr_block_association.this"
          ]
        },
        {
          "index_key": 1,
          "schema_version": 0,
          "attributes": {
            "arn": "arn:aws:ec2:us-east-2:857619977540:route-table/rtb-0e12141e3ccd3977c",
            "id": "rtb-0e12141e3ccd3977c",
            "owner_id": "857619977540",
            "propagating_vgws": [],
            "region": "us-east-2",
            "route": [
              {
                "carrier_gateway_id": "",
                "cidr_block": "0.0.0.0/0",
                "core_network_arn": "",
                "destination_prefix_list_id": "",
                "egress_only_gateway_id": "",
                "gateway_id": "",
                "ipv6_cidr_block": "",
                "local_gateway_id": "",
                "nat_gateway_id": "nat-08a33e0ac85ac4d05",
                "network_interface_id": "",
                "transit_gateway_id": "",
                "vpc_endpoint_id": "",
                "vpc_peering_connection_id": ""
              }
            ],
            "tags": {
              "Name": "jpmc-cluster1-vpc-private-us-east-2b"
            },
            "tags_all": {
              "Name": "jpmc-cluster1-vpc-private-us-east-2b"
            },
            "timeouts": null,
            "vpc_id": "vpc-054f3cacb340fae45"
          },
          "sensitive_attributes": [],
          "private": "eyJlMmJmYjczMC1lY2FhLTExZTYtOGY4OC0zNDM2M2JjN2M0YzAiOnsiY3JlYXRlIjozMDAwMDAwMDAwMDAsImRlbGV0ZSI6MzAwMDAwMDAwMDAwLCJ1cGRhdGUiOjEyMDAwMDAwMDAwMH19",
          "dependencies": [
            "module.vpc.aws_vpc.this",
            "module.vpc.aws_vpc_ipv4_cidr_block_association.this"
          ]
        }
      ]
    },
    {
      "module": "module.vpc",
      "mode": "managed",
      "type": "aws_route_table",
      "name": "public",
      "provider": "provider[\"registry.terraform.io/hashicorp/aws\"]",
      "instances": [
        {
          "index_key": 0,
          "schema_version": 0,
          "attributes": {
            "arn": "arn:aws:ec2:us-east-2:857619977540:route-table/rtb-017709c0fbb3cf0e4",
            "id": "rtb-017709c0fbb3cf0e4",
            "owner_id": "857619977540",
            "propagating_vgws": [],
            "region": "us-east-2",
            "route": [
              {
                "carrier_gateway_id": "",
                "cidr_block": "0.0.0.0/0",
                "core_network_arn": "",
                "destination_prefix_list_id": "",
                "egress_only_gateway_id": "",
                "gateway_id": "igw-040e3500b79d3ba1f",
                "ipv6_cidr_block": "",
                "local_gateway_id": "",
                "nat_gateway_id": "",
                "network_interface_id": "",
                "transit_gateway_id": "",
                "vpc_endpoint_id": "",
                "vpc_peering_connection_id": ""
              }
            ],
            "tags": {
              "Name": "jpmc-cluster1-vpc-public"
            },
            "tags_all": {
              "Name": "jpmc-cluster1-vpc-public"
            },
            "timeouts": null,
            "vpc_id": "vpc-054f3cacb340fae45"
          },
          "sensitive_attributes": [],
          "private": "eyJlMmJmYjczMC1lY2FhLTExZTYtOGY4OC0zNDM2M2JjN2M0YzAiOnsiY3JlYXRlIjozMDAwMDAwMDAwMDAsImRlbGV0ZSI6MzAwMDAwMDAwMDAwLCJ1cGRhdGUiOjEyMDAwMDAwMDAwMH19",
          "dependencies": [
            "module.vpc.aws_vpc.this",
            "module.vpc.aws_vpc_ipv4_cidr_block_association.this"
          ]
        }
      ]
    },
    {
      "module": "module.vpc",
      "mode": "managed",
      "type": "aws_route_table_association",
      "name": "private",
      "provider": "provider[\"registry.terraform.io/hashicorp/aws\"]",
      "instances": [
        {
          "index_key": 0,
          "schema_version": 0,
          "attributes": {
            "gateway_id": "",
            "id": "rtbassoc-017dd241a7d0e25c6",
            "region": "us-east-2",
            "route_table_id": "rtb-08f60ab8d4a20e042",
            "subnet_id": "subnet-0563861971341822e",
            "timeouts": null
          },
          "sensitive_attributes": [],
          "private": "eyJlMmJmYjczMC1lY2FhLTExZTYtOGY4OC0zNDM2M2JjN2M0YzAiOnsiY3JlYXRlIjozMDAwMDAwMDAwMDAsImRlbGV0ZSI6MzAwMDAwMDAwMDAwLCJ1cGRhdGUiOjEyMDAwMDAwMDAwMH19",
          "dependencies": [
            "module.vpc.aws_route_table.private",
            "module.vpc.aws_subnet.private",
            "module.vpc.aws_vpc.this",
            "module.vpc.aws_vpc_ipv4_cidr_block_association.this"
          ]
        },
        {
          "index_key": 1,
          "schema_version": 0,
          "attributes": {
            "gateway_id": "",
            "id": "rtbassoc-0a81ed88ae7732ed7",
            "region": "us-east-2",
            "route_table_id": "rtb-0e12141e3ccd3977c",
            "subnet_id": "subnet-009fdd73d908aaacd",
            "timeouts": null
          },
          "sensitive_attributes": [],
          "private": "eyJlMmJmYjczMC1lY2FhLTExZTYtOGY4OC0zNDM2M2JjN2M0YzAiOnsiY3JlYXRlIjozMDAwMDAwMDAwMDAsImRlbGV0ZSI6MzAwMDAwMDAwMDAwLCJ1cGRhdGUiOjEyMDAwMDAwMDAwMH19",
          "dependencies": [
            "module.vpc.aws_route_table.private",
            "module.vpc.aws_subnet.private",
            "module.vpc.aws_vpc.this",
            "module.vpc.aws_vpc_ipv4_cidr_block_association.this"
          ]
        }
      ]
    },
    {
      "module": "module.vpc",
      "mode": "managed",
      "type": "aws_route_table_association",
      "name": "public",
      "provider": "provider[\"registry.terraform.io/hashicorp/aws\"]",
      "instances": [
        {
          "index_key": 0,
          "schema_version": 0,
          "attributes": {
            "gateway_id": "",
            "id": "rtbassoc-0ff77b7371ab30b1c",
            "region": "us-east-2",
            "route_table_id": "rtb-017709c0fbb3cf0e4",
            "subnet_id": "subnet-0628a63338fac426b",
            "timeouts": null
          },
          "sensitive_attributes": [],
          "private": "eyJlMmJmYjczMC1lY2FhLTExZTYtOGY4OC0zNDM2M2JjN2M0YzAiOnsiY3JlYXRlIjozMDAwMDAwMDAwMDAsImRlbGV0ZSI6MzAwMDAwMDAwMDAwLCJ1cGRhdGUiOjEyMDAwMDAwMDAwMH19",
          "dependencies": [
            "module.vpc.aws_route_table.public",
            "module.vpc.aws_subnet.public",
            "module.vpc.aws_vpc.this",
            "module.vpc.aws_vpc_ipv4_cidr_block_association.this"
          ]
        },
        {
          "index_key": 1,
          "schema_version": 0,
          "attributes": {
            "gateway_id": "",
            "id": "rtbassoc-0ed86979592fb45c5",
            "region": "us-east-2",
            "route_table_id": "rtb-017709c0fbb3cf0e4",
            "subnet_id": "subnet-090b8ba015d0f308e",
            "timeouts": null
          },
          "sensitive_attributes": [],
          "private": "eyJlMmJmYjczMC1lY2FhLTExZTYtOGY4OC0zNDM2M2JjN2M0YzAiOnsiY3JlYXRlIjozMDAwMDAwMDAwMDAsImRlbGV0ZSI6MzAwMDAwMDAwMDAwLCJ1cGRhdGUiOjEyMDAwMDAwMDAwMH19",
          "dependencies": [
            "module.vpc.aws_route_table.public",
            "module.vpc.aws_subnet.public",
            "module.vpc.aws_vpc.this",
            "module.vpc.aws_vpc_ipv4_cidr_block_association.this"
          ]
        }
      ]
    },
    {
      "module": "module.vpc",
      "mode": "managed",
      "type": "aws_subnet",
      "name": "private",
      "provider": "provider[\"registry.terraform.io/hashicorp/aws\"]",
      "instances": [
        {
          "index_key": 0,
          "schema_version": 1,
          "attributes": {
            "arn": "arn:aws:ec2:us-east-2:857619977540:subnet/subnet-0563861971341822e",
            "assign_ipv6_address_on_creation": false,
            "availability_zone": "us-east-2a",
            "availability_zone_id": "use2-az1",
            "cidr_block": "10.0.1.0/24",
            "customer_owned_ipv4_pool": "",
            "enable_dns64": false,
            "enable_lni_at_device_index": 0,
            "enable_resource_name_dns_a_record_on_launch": false,
            "enable_resource_name_dns_aaaa_record_on_launch": false,
            "id": "subnet-0563861971341822e",
            "ipv6_cidr_block": "",
            "ipv6_cidr_block_association_id": "",
            "ipv6_native": false,
            "map_customer_owned_ip_on_launch": false,
            "map_public_ip_on_launch": false,
            "outpost_arn": "",
            "owner_id": "857619977540",
            "private_dns_hostname_type_on_launch": "ip-name",
            "region": "us-east-2",
            "tags": {
              "Name": "jpmc-cluster1-vpc-private-us-east-2a"
            },
            "tags_all": {
              "Name": "jpmc-cluster1-vpc-private-us-east-2a"
            },
            "timeouts": null,
            "vpc_id": "vpc-054f3cacb340fae45"
          },
          "sensitive_attributes": [],
          "private": "eyJlMmJmYjczMC1lY2FhLTExZTYtOGY4OC0zNDM2M2JjN2M0YzAiOnsiY3JlYXRlIjo2MDAwMDAwMDAwMDAsImRlbGV0ZSI6MTIwMDAwMDAwMDAwMH0sInNjaGVtYV92ZXJzaW9uIjoiMSJ9",
          "dependencies": [
            "module.vpc.aws_vpc.this",
            "module.vpc.aws_vpc_ipv4_cidr_block_association.this"
          ]
        },
        {
          "index_key": 1,
          "schema_version": 1,
          "attributes": {
            "arn": "arn:aws:ec2:us-east-2:857619977540:subnet/subnet-009fdd73d908aaacd",
            "assign_ipv6_address_on_creation": false,
            "availability_zone": "us-east-2b",
            "availability_zone_id": "use2-az2",
            "cidr_block": "10.0.2.0/24",
            "customer_owned_ipv4_pool": "",
            "enable_dns64": false,
            "enable_lni_at_device_index": 0,
            "enable_resource_name_dns_a_record_on_launch": false,
            "enable_resource_name_dns_aaaa_record_on_launch": false,
            "id": "subnet-009fdd73d908aaacd",
            "ipv6_cidr_block": "",
            "ipv6_cidr_block_association_id": "",
            "ipv6_native": false,
            "map_customer_owned_ip_on_launch": false,
            "map_public_ip_on_launch": false,
            "outpost_arn": "",
            "owner_id": "857619977540",
            "private_dns_hostname_type_on_launch": "ip-name",
            "region": "us-east-2",
            "tags": {
              "Name": "jpmc-cluster1-vpc-private-us-east-2b"
            },
            "tags_all": {
              "Name": "jpmc-cluster1-vpc-private-us-east-2b"
            },
            "timeouts": null,
            "vpc_id": "vpc-054f3cacb340fae45"
          },
          "sensitive_attributes": [],
          "private": "eyJlMmJmYjczMC1lY2FhLTExZTYtOGY4OC0zNDM2M2JjN2M0YzAiOnsiY3JlYXRlIjo2MDAwMDAwMDAwMDAsImRlbGV0ZSI6MTIwMDAwMDAwMDAwMH0sInNjaGVtYV92ZXJzaW9uIjoiMSJ9",
          "dependencies": [
            "module.vpc.aws_vpc.this",
            "module.vpc.aws_vpc_ipv4_cidr_block_association.this"
          ]
        }
      ]
    },
    {
      "module": "module.vpc",
      "mode": "managed",
      "type": "aws_subnet",
      "name": "public",
      "provider": "provider[\"registry.terraform.io/hashicorp/aws\"]",
      "instances": [
        {
          "index_key": 0,
          "schema_version": 1,
          "attributes": {
            "arn": "arn:aws:ec2:us-east-2:857619977540:subnet/subnet-0628a63338fac426b",
            "assign_ipv6_address_on_creation": false,
            "availability_zone": "us-east-2a",
            "availability_zone_id": "use2-az1",
            "cidr_block": "10.0.3.0/24",
            "customer_owned_ipv4_pool": "",
            "enable_dns64": false,
            "enable_lni_at_device_index": 0,
            "enable_resource_name_dns_a_record_on_launch": false,
            "enable_resource_name_dns_aaaa_record_on_launch": false,
            "id": "subnet-0628a63338fac426b",
            "ipv6_cidr_block": "",
            "ipv6_cidr_block_association_id": "",
            "ipv6_native": false,
            "map_customer_owned_ip_on_launch": false,
            "map_public_ip_on_launch": false,
            "outpost_arn": "",
            "owner_id": "857619977540",
            "private_dns_hostname_type_on_launch": "ip-name",
            "region": "us-east-2",
            "tags": {
              "Name": "jpmc-cluster1-vpc-public-us-east-2a"
            },
            "tags_all": {
              "Name": "jpmc-cluster1-vpc-public-us-east-2a"
            },
            "timeouts": null,
            "vpc_id": "vpc-054f3cacb340fae45"
          },
          "sensitive_attributes": [],
          "private": "eyJlMmJmYjczMC1lY2FhLTExZTYtOGY4OC0zNDM2M2JjN2M0YzAiOnsiY3JlYXRlIjo2MDAwMDAwMDAwMDAsImRlbGV0ZSI6MTIwMDAwMDAwMDAwMH0sInNjaGVtYV92ZXJzaW9uIjoiMSJ9",
          "dependencies": [
            "module.vpc.aws_vpc.this",
            "module.vpc.aws_vpc_ipv4_cidr_block_association.this"
          ]
        },
        {
          "index_key": 1,
          "schema_version": 1,
          "attributes": {
            "arn": "arn:aws:ec2:us-east-2:857619977540:subnet/subnet-090b8ba015d0f308e",
            "assign_ipv6_address_on_creation": false,
            "availability_zone": "us-east-2b",
            "availability_zone_id": "use2-az2",
            "cidr_block": "10.0.4.0/24",
            "customer_owned_ipv4_pool": "",
            "enable_dns64": false,
            "enable_lni_at_device_index": 0,
            "enable_resource_name_dns_a_record_on_launch": false,
            "enable_resource_name_dns_aaaa_record_on_launch": false,
            "id": "subnet-090b8ba015d0f308e",
            "ipv6_cidr_block": "",
            "ipv6_cidr_block_association_id": "",
            "ipv6_native": false,
            "map_customer_owned_ip_on_launch": false,
            "map_public_ip_on_launch": false,
            "outpost_arn": "",
            "owner_id": "857619977540",
            "private_dns_hostname_type_on_launch": "ip-name",
            "region": "us-east-2",
            "tags": {
              "Name": "jpmc-cluster1-vpc-public-us-east-2b"
            },
            "tags_all": {
              "Name": "jpmc-cluster1-vpc-public-us-east-2b"
            },
            "timeouts": null,
            "vpc_id": "vpc-054f3cacb340fae45"
          },
          "sensitive_attributes": [],
          "private": "eyJlMmJmYjczMC1lY2FhLTExZTYtOGY4OC0zNDM2M2JjN2M0YzAiOnsiY3JlYXRlIjo2MDAwMDAwMDAwMDAsImRlbGV0ZSI6MTIwMDAwMDAwMDAwMH0sInNjaGVtYV92ZXJzaW9uIjoiMSJ9",
          "dependencies": [
            "module.vpc.aws_vpc.this",
            "module.vpc.aws_vpc_ipv4_cidr_block_association.this"
          ]
        }
      ]
    },
    {
      "module": "module.vpc",
      "mode": "managed",
      "type": "aws_vpc",
      "name": "this",
      "provider": "provider[\"registry.terraform.io/hashicorp/aws\"]",
      "instances": [
        {
          "index_key": 0,
          "schema_version": 1,
          "attributes": {
            "arn": "arn:aws:ec2:us-east-2:857619977540:vpc/vpc-054f3cacb340fae45",
            "assign_generated_ipv6_cidr_block": false,
            "cidr_block": "10.0.0.0/16",
            "default_network_acl_id": "acl-0f673e03f9fe2b682",
            "default_route_table_id": "rtb-02d75cb164a4c231f",
            "default_security_group_id": "sg-0b8be18e318898057",
            "dhcp_options_id": "dopt-03d45d5c768888fce",
            "enable_dns_hostnames": true,
            "enable_dns_support": true,
            "enable_network_address_usage_metrics": false,
            "id": "vpc-054f3cacb340fae45",
            "instance_tenancy": "default",
            "ipv4_ipam_pool_id": null,
            "ipv4_netmask_length": null,
            "ipv6_association_id": "",
            "ipv6_cidr_block": "",
            "ipv6_cidr_block_network_border_group": "",
            "ipv6_ipam_pool_id": "",
            "ipv6_netmask_length": 0,
            "main_route_table_id": "rtb-02d75cb164a4c231f",
            "owner_id": "857619977540",
            "region": "us-east-2",
            "tags": {
              "Name": "jpmc-cluster1-vpc"
            },
            "tags_all": {
              "Name": "jpmc-cluster1-vpc"
            }
          },
          "sensitive_attributes": [],
          "private": "eyJzY2hlbWFfdmVyc2lvbiI6IjEifQ=="
        }
      ]
    },
    {
      "module": "module.vpc",
      "mode": "managed",
      "type": "aws_vpn_gateway",
      "name": "this",
      "provider": "provider[\"registry.terraform.io/hashicorp/aws\"]",
      "instances": [
        {
          "index_key": 0,
          "schema_version": 0,
          "attributes": {
            "amazon_side_asn": "64512",
            "arn": "arn:aws:ec2:us-east-2:857619977540:vpn-gateway/vgw-09b7f6fa65f4f96b1",
            "availability_zone": null,
            "id": "vgw-09b7f6fa65f4f96b1",
            "region": "us-east-2",
            "tags": {
              "Name": "jpmc-cluster1-vpc"
            },
            "tags_all": {
              "Name": "jpmc-cluster1-vpc"
            },
            "vpc_id": "vpc-054f3cacb340fae45"
          },
          "sensitive_attributes": [],
          "private": "bnVsbA==",
          "dependencies": [
            "module.vpc.aws_vpc.this",
            "module.vpc.aws_vpc_ipv4_cidr_block_association.this"
          ]
        }
      ]
    }
  ],
  "check_results": null
}
