{
  "version": 4,
  "terraform_version": "1.5.7",
  "serial": 308,
  "lineage": "e8907596-3a6f-3294-e0db-bf24279963ad",
  "outputs": {
    "CONSUL_HTTP_ADDR": {
      "value": "13.126.226.55:8500\n13.233.233.138:8500\n13.201.123.128:8500\n",
      "type": "string"
    },
    "Private_IPs_of_Worker_Nodes": {
      "value": [
        "10.0.3.25",
        "10.0.3.121",
        "10.0.3.70",
        "10.0.3.248"
      ],
      "type": [
        "tuple",
        [
          "string",
          "string",
          "string",
          "string"
        ]
      ]
    },
    "consul_ui_urls": {
      "value": [
        "http://13.126.226.55:8500",
        "http://13.233.233.138:8500",
        "http://13.201.123.128:8500"
      ],
      "type": [
        "tuple",
        [
          "string",
          "string",
          "string"
        ]
      ]
    },
    "grafana_ui_url": {
      "value": "http://13.233.109.225:3000",
      "type": "string"
    },
    "prometheus_ui_url": {
      "value": "http://13.233.232.53:9090",
      "type": "string"
    },
    "ssh_to_consul": {
      "value": [
        "ssh -i c1-key.pem ubuntu@13.126.226.55",
        "ssh -i c1-key.pem ubuntu@13.233.233.138",
        "ssh -i c1-key.pem ubuntu@13.201.123.128"
      ],
      "type": [
        "tuple",
        [
          "string",
          "string",
          "string"
        ]
      ]
    },
    "ssh_to_esm": {
      "value": "ssh -i c1-key.pem ubuntu@3.110.130.77",
      "type": "string"
    },
    "ssh_to_grafana": {
      "value": "ssh -i c1-key.pem ubuntu@13.233.109.225",
      "type": "string"
    },
    "ssh_to_load_generator": {
      "value": "ssh -i c1-key.pem ubuntu@3.110.161.143",
      "type": "string"
    },
    "ssh_to_mgw": {
      "value": [
        "ssh -i c1-key.pem ubuntu@13.232.241.117"
      ],
      "type": [
        "tuple",
        [
          "string"
        ]
      ]
    },
    "ssh_to_prometheus": {
      "value": "ssh -i c1-key.pem ubuntu@13.233.232.53",
      "type": "string"
    },
    "ssh_to_workload": {
      "value": [
        "ssh -i c1-key.pem ubuntu@43.204.19.74",
        "ssh -i c1-key.pem ubuntu@3.111.213.34",
        "ssh -i c1-key.pem ubuntu@3.110.173.151",
        "ssh -i c1-key.pem ubuntu@13.233.89.53"
      ],
      "type": [
        "tuple",
        [
          "string",
          "string",
          "string",
          "string"
        ]
      ]
    }
  },
  "resources": [
    {
      "mode": "data",
      "type": "aws_ami",
      "name": "ubuntu",
      "provider": "provider[\"registry.terraform.io/hashicorp/aws\"]",
      "instances": [
        {
          "schema_version": 0,
          "attributes": {
            "allow_unsafe_filter": null,
            "architecture": "x86_64",
            "arn": "arn:aws:ec2:ap-south-1::image/ami-087d1c9a513324697",
            "block_device_mappings": [
              {
                "device_name": "/dev/sda1",
                "ebs": {
                  "delete_on_termination": "true",
                  "encrypted": "false",
                  "iops": "0",
                  "snapshot_id": "snap-0747e885ea38fd708",
                  "throughput": "0",
                  "volume_initialization_rate": "0",
                  "volume_size": "8",
                  "volume_type": "gp2"
                },
                "no_device": "",
                "virtual_name": ""
              },
              {
                "device_name": "/dev/sdb",
                "ebs": {},
                "no_device": "",
                "virtual_name": "ephemeral0"
              },
              {
                "device_name": "/dev/sdc",
                "ebs": {},
                "no_device": "",
                "virtual_name": "ephemeral1"
              }
            ],
            "boot_mode": "uefi-preferred",
            "creation_date": "2025-10-15T08:05:14.000Z",
            "deprecation_time": "2027-10-15T08:05:14.000Z",
            "description": "Canonical, Ubuntu, 22.04, amd64 jammy image",
            "ena_support": true,
            "executable_users": null,
            "filter": [
              {
                "name": "name",
                "values": [
                  "ubuntu/images/hvm-ssd/ubuntu-jammy-22.04-amd64-server-*"
                ]
              }
            ],
            "hypervisor": "xen",
            "id": "ami-087d1c9a513324697",
            "image_id": "ami-087d1c9a513324697",
            "image_location": "amazon/ubuntu/images/hvm-ssd/ubuntu-jammy-22.04-amd64-server-20251015",
            "image_owner_alias": "amazon",
            "image_type": "machine",
            "imds_support": "",
            "include_deprecated": false,
            "kernel_id": "",
            "last_launched_time": "",
            "most_recent": true,
            "name": "ubuntu/images/hvm-ssd/ubuntu-jammy-22.04-amd64-server-20251015",
            "name_regex": null,
            "owner_id": "099720109477",
            "owners": [
              "099720109477"
            ],
            "platform": "",
            "platform_details": "Linux/UNIX",
            "product_codes": [],
            "public": true,
            "ramdisk_id": "",
            "region": "ap-south-1",
            "root_device_name": "/dev/sda1",
            "root_device_type": "ebs",
            "root_snapshot_id": "snap-0747e885ea38fd708",
            "sriov_net_support": "simple",
            "state": "available",
            "state_reason": {
              "code": "UNSET",
              "message": "UNSET"
            },
            "tags": {},
            "timeouts": null,
            "tpm_support": "",
            "uefi_data": null,
            "usage_operation": "RunInstances",
            "virtualization_type": "hvm"
          },
          "sensitive_attributes": []
        }
      ]
    },
    {
      "mode": "data",
      "type": "aws_iam_policy_document",
      "name": "auto_discover_cluster",
      "provider": "provider[\"registry.terraform.io/hashicorp/aws\"]",
      "instances": [
        {
          "schema_version": 0,
          "attributes": {
            "id": "1048088721",
            "json": "{\n  \"Version\": \"2012-10-17\",\n  \"Statement\": [\n    {\n      \"Effect\": \"Allow\",\n      \"Action\": [\n        \"ec2:DescribeTags\",\n        \"ec2:DescribeInstances\",\n        \"autoscaling:DescribeAutoScalingGroups\"\n      ],\n      \"Resource\": \"*\"\n    }\n  ]\n}",
            "minified_json": "{\"Version\":\"2012-10-17\",\"Statement\":[{\"Effect\":\"Allow\",\"Action\":[\"ec2:DescribeTags\",\"ec2:DescribeInstances\",\"autoscaling:DescribeAutoScalingGroups\"],\"Resource\":\"*\"}]}",
            "override_json": null,
            "override_policy_documents": null,
            "policy_id": null,
            "source_json": null,
            "source_policy_documents": null,
            "statement": [
              {
                "actions": [
                  "autoscaling:DescribeAutoScalingGroups",
                  "ec2:DescribeInstances",
                  "ec2:DescribeTags"
                ],
                "condition": [],
                "effect": "Allow",
                "not_actions": [],
                "not_principals": [],
                "not_resources": [],
                "principals": [],
                "resources": [
                  "*"
                ],
                "sid": ""
              }
            ],
            "version": "2012-10-17"
          },
          "sensitive_attributes": []
        }
      ]
    },
    {
      "mode": "data",
      "type": "aws_iam_policy_document",
      "name": "instance_role",
      "provider": "provider[\"registry.terraform.io/hashicorp/aws\"]",
      "instances": [
        {
          "schema_version": 0,
          "attributes": {
            "id": "2851119427",
            "json": "{\n  \"Version\": \"2012-10-17\",\n  \"Statement\": [\n    {\n      \"Effect\": \"Allow\",\n      \"Action\": \"sts:AssumeRole\",\n      \"Principal\": {\n        \"Service\": \"ec2.amazonaws.com\"\n      }\n    }\n  ]\n}",
            "minified_json": "{\"Version\":\"2012-10-17\",\"Statement\":[{\"Effect\":\"Allow\",\"Action\":\"sts:AssumeRole\",\"Principal\":{\"Service\":\"ec2.amazonaws.com\"}}]}",
            "override_json": null,
            "override_policy_documents": null,
            "policy_id": null,
            "source_json": null,
            "source_policy_documents": null,
            "statement": [
              {
                "actions": [
                  "sts:AssumeRole"
                ],
                "condition": [],
                "effect": "Allow",
                "not_actions": [],
                "not_principals": [],
                "not_resources": [],
                "principals": [
                  {
                    "identifiers": [
                      "ec2.amazonaws.com"
                    ],
                    "type": "Service"
                  }
                ],
                "resources": [],
                "sid": ""
              }
            ],
            "version": "2012-10-17"
          },
          "sensitive_attributes": []
        }
      ]
    },
    {
      "mode": "data",
      "type": "aws_region",
      "name": "current",
      "provider": "provider[\"registry.terraform.io/hashicorp/aws\"]",
      "instances": [
        {
          "schema_version": 0,
          "attributes": {
            "description": "Asia Pacific (Mumbai)",
            "endpoint": "ec2.ap-south-1.amazonaws.com",
            "id": "ap-south-1",
            "name": "ap-south-1",
            "region": "ap-south-1"
          },
          "sensitive_attributes": []
        }
      ]
    },
    {
      "mode": "managed",
      "type": "aws_iam_instance_profile",
      "name": "esm",
      "provider": "provider[\"registry.terraform.io/hashicorp/aws\"]",
      "instances": [
        {
          "schema_version": 0,
          "attributes": {
            "arn": "arn:aws:iam::857619977540:instance-profile/jpmc-cluster1-consul-esm-profile",
            "create_date": "2025-10-26T16:05:43Z",
            "id": "jpmc-cluster1-consul-esm-profile",
            "name": "jpmc-cluster1-consul-esm-profile",
            "name_prefix": "",
            "path": "/",
            "role": "jpmc-cluster1-consul-esm-role-singlepartitiontest30s",
            "tags": {},
            "tags_all": {},
            "unique_id": "AIPA4PLRCKVCMQF57UA73"
          },
          "sensitive_attributes": [],
          "private": "bnVsbA==",
          "dependencies": [
            "aws_iam_role.esm"
          ]
        }
      ]
    },
    {
      "mode": "managed",
      "type": "aws_iam_instance_profile",
      "name": "instance_profile",
      "provider": "provider[\"registry.terraform.io/hashicorp/aws\"]",
      "instances": [
        {
          "schema_version": 0,
          "attributes": {
            "arn": "arn:aws:iam::857619977540:instance-profile/jpmc-cluster120251026160543329300000002",
            "create_date": "2025-10-26T16:05:43Z",
            "id": "jpmc-cluster120251026160543329300000002",
            "name": "jpmc-cluster120251026160543329300000002",
            "name_prefix": "jpmc-cluster1",
            "path": "/",
            "role": "jpmc-cluster120251026160541122000000001",
            "tags": {},
            "tags_all": {},
            "unique_id": "AIPA4PLRCKVCOCP2HKLU6"
          },
          "sensitive_attributes": [],
          "private": "bnVsbA==",
          "dependencies": [
            "aws_iam_role.instance_role",
            "data.aws_iam_policy_document.instance_role"
          ]
        }
      ]
    },
    {
      "mode": "managed",
      "type": "aws_iam_role",
      "name": "esm",
      "provider": "provider[\"registry.terraform.io/hashicorp/aws\"]",
      "instances": [
        {
          "schema_version": 0,
          "attributes": {
            "arn": "arn:aws:iam::857619977540:role/jpmc-cluster1-consul-esm-role-singlepartitiontest30s",
            "assume_role_policy": "{\"Statement\":[{\"Action\":\"sts:AssumeRole\",\"Effect\":\"Allow\",\"Principal\":{\"Service\":\"ec2.amazonaws.com\"}}],\"Version\":\"2008-10-17\"}",
            "create_date": "2025-10-26T16:05:42Z",
            "description": "",
            "force_detach_policies": false,
            "id": "jpmc-cluster1-consul-esm-role-singlepartitiontest30s",
            "inline_policy": [
              {
                "name": "jpmc-cluster1-consul-esm-ssm-parameters",
                "policy": "{\"Version\":\"2012-10-17\",\"Statement\":[{\"Action\":[\"ssm:GetParameter\",\"ssm:GetParameters\",\"ssm:GetParametersByPath\"],\"Effect\":\"Allow\",\"Resource\":[\"arn:aws:ssm:ap-south-1:857619977540:parameter/jpmc-cluster1-consul/esm/config\"]}]}"
              }
            ],
            "managed_policy_arns": [
              "arn:aws:iam::aws:policy/AmazonSSMManagedInstanceCore"
            ],
            "max_session_duration": 3600,
            "name": "jpmc-cluster1-consul-esm-role-singlepartitiontest30s",
            "name_prefix": "",
            "path": "/",
            "permissions_boundary": "",
            "tags": {},
            "tags_all": {},
            "unique_id": "AROA4PLRCKVCIJTJOEWYO"
          },
          "sensitive_attributes": [],
          "private": "bnVsbA=="
        }
      ]
    },
    {
      "mode": "managed",
      "type": "aws_iam_role",
      "name": "instance_role",
      "provider": "provider[\"registry.terraform.io/hashicorp/aws\"]",
      "instances": [
        {
          "schema_version": 0,
          "attributes": {
            "arn": "arn:aws:iam::857619977540:role/jpmc-cluster120251026160541122000000001",
            "assume_role_policy": "{\"Statement\":[{\"Action\":\"sts:AssumeRole\",\"Effect\":\"Allow\",\"Principal\":{\"Service\":\"ec2.amazonaws.com\"}}],\"Version\":\"2012-10-17\"}",
            "create_date": "2025-10-26T16:05:42Z",
            "description": "",
            "force_detach_policies": false,
            "id": "jpmc-cluster120251026160541122000000001",
            "inline_policy": [
              {
                "name": "jpmc-cluster1-auto-discover-cluster",
                "policy": "{\"Version\":\"2012-10-17\",\"Statement\":[{\"Action\":[\"ec2:DescribeTags\",\"ec2:DescribeInstances\",\"autoscaling:DescribeAutoScalingGroups\"],\"Effect\":\"Allow\",\"Resource\":\"*\"}]}"
              }
            ],
            "managed_policy_arns": [],
            "max_session_duration": 3600,
            "name": "jpmc-cluster120251026160541122000000001",
            "name_prefix": "jpmc-cluster1",
            "path": "/",
            "permissions_boundary": "",
            "tags": {},
            "tags_all": {},
            "unique_id": "AROA4PLRCKVCBXJOTFY24"
          },
          "sensitive_attributes": [],
          "private": "bnVsbA==",
          "dependencies": [
            "data.aws_iam_policy_document.instance_role"
          ]
        }
      ]
    },
    {
      "mode": "managed",
      "type": "aws_iam_role_policy",
      "name": "auto_discover_cluster",
      "provider": "provider[\"registry.terraform.io/hashicorp/aws\"]",
      "instances": [
        {
          "schema_version": 0,
          "attributes": {
            "id": "jpmc-cluster120251026160541122000000001:jpmc-cluster1-auto-discover-cluster",
            "name": "jpmc-cluster1-auto-discover-cluster",
            "name_prefix": "",
            "policy": "{\"Version\":\"2012-10-17\",\"Statement\":[{\"Action\":[\"ec2:DescribeTags\",\"ec2:DescribeInstances\",\"autoscaling:DescribeAutoScalingGroups\"],\"Effect\":\"Allow\",\"Resource\":\"*\"}]}",
            "role": "jpmc-cluster120251026160541122000000001"
          },
          "sensitive_attributes": [],
          "private": "bnVsbA==",
          "dependencies": [
            "aws_iam_role.instance_role",
            "data.aws_iam_policy_document.auto_discover_cluster",
            "data.aws_iam_policy_document.instance_role"
          ]
        }
      ]
    },
    {
      "mode": "managed",
      "type": "aws_iam_role_policy",
      "name": "ssm_parameters",
      "provider": "provider[\"registry.terraform.io/hashicorp/aws\"]",
      "instances": [
        {
          "schema_version": 0,
          "attributes": {
            "id": "jpmc-cluster1-consul-esm-role-singlepartitiontest30s:jpmc-cluster1-consul-esm-ssm-parameters",
            "name": "jpmc-cluster1-consul-esm-ssm-parameters",
            "name_prefix": "",
            "policy": "{\"Version\":\"2012-10-17\",\"Statement\":[{\"Action\":[\"ssm:GetParameter\",\"ssm:GetParameters\",\"ssm:GetParametersByPath\"],\"Effect\":\"Allow\",\"Resource\":[\"arn:aws:ssm:ap-south-1:857619977540:parameter/jpmc-cluster1-consul/esm/config\"]}]}",
            "role": "jpmc-cluster1-consul-esm-role-singlepartitiontest30s"
          },
          "sensitive_attributes": [],
          "private": "bnVsbA==",
          "dependencies": [
            "aws_iam_instance_profile.instance_profile",
            "aws_iam_role.esm",
            "aws_iam_role.instance_role",
            "aws_instance.consul",
            "aws_key_pair.minion-key",
            "aws_security_group.consul_sg",
            "aws_ssm_parameter.esm_config",
            "data.aws_ami.ubuntu",
            "data.aws_iam_policy_document.instance_role",
            "module.vpc.aws_subnet.public",
            "module.vpc.aws_vpc.this",
            "module.vpc.aws_vpc_ipv4_cidr_block_association.this",
            "tls_private_key.pk"
          ]
        }
      ]
    },
    {
      "mode": "managed",
      "type": "aws_iam_role_policy_attachment",
      "name": "ssm",
      "provider": "provider[\"registry.terraform.io/hashicorp/aws\"]",
      "instances": [
        {
          "schema_version": 0,
          "attributes": {
            "id": "jpmc-cluster1-consul-esm-role-singlepartitiontest30s-20251026160543591900000003",
            "policy_arn": "arn:aws:iam::aws:policy/AmazonSSMManagedInstanceCore",
            "role": "jpmc-cluster1-consul-esm-role-singlepartitiontest30s"
          },
          "sensitive_attributes": [],
          "private": "bnVsbA==",
          "dependencies": [
            "aws_iam_role.esm"
          ]
        }
      ]
    },
    {
      "mode": "managed",
      "type": "aws_instance",
      "name": "consul",
      "provider": "provider[\"registry.terraform.io/hashicorp/aws\"]",
      "instances": [
        {
          "index_key": 0,
          "schema_version": 2,
          "attributes": {
            "ami": "ami-087d1c9a513324697",
            "arn": "arn:aws:ec2:ap-south-1:857619977540:instance/i-046d9a9ef96c08039",
            "associate_public_ip_address": true,
            "availability_zone": "ap-south-1a",
            "capacity_reservation_specification": [
              {
                "capacity_reservation_preference": "open",
                "capacity_reservation_target": []
              }
            ],
            "cpu_options": [
              {
                "amd_sev_snp": "",
                "core_count": 4,
                "threads_per_core": 2
              }
            ],
            "credit_specification": [],
            "disable_api_stop": false,
            "disable_api_termination": false,
            "ebs_block_device": [],
            "ebs_optimized": false,
            "enable_primary_ipv6": null,
            "enclave_options": [
              {
                "enabled": false
              }
            ],
            "ephemeral_block_device": [],
            "get_password_data": false,
            "hibernation": false,
            "host_id": "",
            "host_resource_group_arn": null,
            "iam_instance_profile": "jpmc-cluster120251026160543329300000002",
            "id": "i-046d9a9ef96c08039",
            "instance_initiated_shutdown_behavior": "stop",
            "instance_lifecycle": "",
            "instance_market_options": [],
            "instance_state": "running",
            "instance_type": "m5.2xlarge",
            "ipv6_address_count": 0,
            "ipv6_addresses": [],
            "key_name": "c1-key-2",
            "launch_template": [],
            "maintenance_options": [
              {
                "auto_recovery": "default"
              }
            ],
            "metadata_options": [
              {
                "http_endpoint": "enabled",
                "http_protocol_ipv6": "disabled",
                "http_put_response_hop_limit": 1,
                "http_tokens": "optional",
                "instance_metadata_tags": "enabled"
              }
            ],
            "monitoring": false,
            "network_interface": [],
            "outpost_arn": "",
            "password_data": "",
            "placement_group": "",
            "placement_partition_number": 0,
            "primary_network_interface_id": "eni-0eb54ed34206acc00",
            "private_dns": "ip-10-0-3-118.ap-south-1.compute.internal",
            "private_dns_name_options": [
              {
                "enable_resource_name_dns_a_record": false,
                "enable_resource_name_dns_aaaa_record": false,
                "hostname_type": "ip-name"
              }
            ],
            "private_ip": "10.0.3.118",
            "public_dns": "ec2-13-126-226-55.ap-south-1.compute.amazonaws.com",
            "public_ip": "13.126.226.55",
            "region": "ap-south-1",
            "root_block_device": [
              {
                "delete_on_termination": true,
                "device_name": "/dev/sda1",
                "encrypted": true,
                "iops": 3000,
                "kms_key_id": "arn:aws:kms:ap-south-1:857619977540:key/71227090-1138-480e-839f-dca934171f60",
                "tags": {},
                "tags_all": {},
                "throughput": 125,
                "volume_id": "vol-0fbadd458e7d1907a",
                "volume_size": 300,
                "volume_type": "gp3"
              }
            ],
            "secondary_private_ips": [],
            "security_groups": [],
            "source_dest_check": true,
            "spot_instance_request_id": "",
            "subnet_id": "subnet-0d7acdd686371490a",
            "tags": {
              "ConsulAutoJoin": "auto-join-0",
              "Name": "jpmc-cluster1-consul-service-1",
              "NomadType": "client"
            },
            "tags_all": {
              "ConsulAutoJoin": "auto-join-0",
              "Name": "jpmc-cluster1-consul-service-1",
              "NomadType": "client"
            },
            "tenancy": "default",
            "timeouts": null,
            "user_data": "#!/bin/bash\n\nset +e\n\nexec \u003e \u003e(sudo tee /var/log/user-data.log|logger -t user-data -s 2\u003e/dev/console) 2\u003e\u00261\n\n#sudo apt update \u0026\u0026 sudo apt install -y unzip\n#curl -LO https://github.com/hashi-stack/minion-chat-advance-resources/archive/refs/heads/main.zip\n#unzip main.zip -d /tmp\n#sudo cp -R /tmp/minion-chat-advance-resources-main/4-consul-service-mesh-mgw-muti-dc/shared /ops/shared/\n\n# wait until the file is copied\nif [ ! -f /tmp/shared/scripts/server.sh ]; then\n  echo \"Waiting for server.sh to be copied...\"\n  while [ ! -f /tmp/shared/scripts/server.sh ]; do\n    sleep 5\n  done\nfi\nsleep 10\nsudo mkdir -p /ops/shared \u0026\u0026 sudo chmod a+rwx /ops/shared\nsudo cp -R /tmp/shared /ops/\n\nset -e\n\nsudo bash /ops/shared/scripts/server.sh \"aws\" \"3\" \"provider=aws tag_key=ConsulAutoJoin tag_value=auto-join-0\" \"1.21.0+ent\" \"1.33.2-1\"\n\n\nCLOUD_ENV=\"aws\"\n\nsed -i \"s/RETRY_JOIN/provider=aws tag_key=ConsulAutoJoin tag_value=auto-join-0/g\" /etc/consul.d/consul.hcl\n\n# for aws only\nTOKEN=$(curl -X PUT \"http://instance-data/latest/api/token\" -H \"X-aws-ec2-metadata-token-ttl-seconds: 21600\")\nPRIVATE_IP=$(curl -H \"X-aws-ec2-metadata-token: $TOKEN\" http://instance-data/latest/meta-data/local-ipv4)\nsed -i \"s/IP_ADDRESS/$PRIVATE_IP/g\" /etc/consul.d/consul.hcl\nsed -i \"s/SERVER_COUNT/3/g\" /etc/consul.d/consul.hcl\n\nsudo systemctl restart consul.service\n\nsleep 30\n\necho \"Consul started\"\n\n# Install and configure Node Exporter for system monitoring\necho \"Installing Node Exporter...\"\n\n# Create node_exporter user\nsudo useradd --system --no-create-home --shell /bin/false node_exporter\n\n# Download and install Node Exporter\ncd /tmp\ncurl -LO https://github.com/prometheus/node_exporter/releases/download/v1.7.0/node_exporter-1.7.0.linux-amd64.tar.gz\ntar -xzf node_exporter-1.7.0.linux-amd64.tar.gz\nsudo mv node_exporter-1.7.0.linux-amd64/node_exporter /usr/local/bin/\nsudo chown node_exporter:node_exporter /usr/local/bin/node_exporter\nrm -rf node_exporter-1.7.0.linux-amd64*\n\n# Create Node Exporter systemd service\nsudo tee /etc/systemd/system/node_exporter.service \u003e /dev/null \u003c\u003cEOF\n[Unit]\nDescription=Node Exporter\nWants=network-online.target\nAfter=network-online.target\n\n[Service]\nType=simple\nUser=node_exporter\nGroup=node_exporter\nExecStart=/usr/local/bin/node_exporter\nRestart=on-failure\nRestartSec=5\n\n[Install]\nWantedBy=multi-user.target\nEOF\n\n# Enable and start Node Exporter\nsudo systemctl daemon-reload\nsudo systemctl enable node_exporter\nsudo systemctl start node_exporter\n\necho \"Node Exporter installation completed\"\n\n# # starting the application\n# if [ \"jpmc-cluster1-consul-server\" = \"consul-server=1\" ]; then\n#   # receiver\n#   consul peering generate-token -name cluster-02\n# elif [ \"jpmc-cluster1-consul-server\" = \"consul-server=0\" ]; then\n#   # dialer\n#   consul peering establish -name cluster-01 -peering-token token-from-generate\n# else\n#   echo \"Unknown application name: jpmc-cluster1-consul-server\"\n# fi\n\n",
            "user_data_base64": null,
            "user_data_replace_on_change": false,
            "volume_tags": null,
            "vpc_security_group_ids": [
              "sg-01d89c7cacc3ffaac"
            ]
          },
          "sensitive_attributes": [],
          "private": "eyJlMmJmYjczMC1lY2FhLTExZTYtOGY4OC0zNDM2M2JjN2M0YzAiOnsiY3JlYXRlIjo2MDAwMDAwMDAwMDAsImRlbGV0ZSI6MTIwMDAwMDAwMDAwMCwicmVhZCI6OTAwMDAwMDAwMDAwLCJ1cGRhdGUiOjYwMDAwMDAwMDAwMH0sInNjaGVtYV92ZXJzaW9uIjoiMiJ9",
          "dependencies": [
            "aws_iam_instance_profile.instance_profile",
            "aws_iam_role.instance_role",
            "aws_key_pair.minion-key",
            "aws_security_group.consul_sg",
            "data.aws_ami.ubuntu",
            "data.aws_iam_policy_document.instance_role",
            "module.vpc.aws_subnet.public",
            "module.vpc.aws_vpc.this",
            "module.vpc.aws_vpc_ipv4_cidr_block_association.this",
            "tls_private_key.pk"
          ]
        },
        {
          "index_key": 1,
          "schema_version": 2,
          "attributes": {
            "ami": "ami-087d1c9a513324697",
            "arn": "arn:aws:ec2:ap-south-1:857619977540:instance/i-0da4c94bf8ad8fe45",
            "associate_public_ip_address": true,
            "availability_zone": "ap-south-1a",
            "capacity_reservation_specification": [
              {
                "capacity_reservation_preference": "open",
                "capacity_reservation_target": []
              }
            ],
            "cpu_options": [
              {
                "amd_sev_snp": "",
                "core_count": 4,
                "threads_per_core": 2
              }
            ],
            "credit_specification": [],
            "disable_api_stop": false,
            "disable_api_termination": false,
            "ebs_block_device": [],
            "ebs_optimized": false,
            "enable_primary_ipv6": null,
            "enclave_options": [
              {
                "enabled": false
              }
            ],
            "ephemeral_block_device": [],
            "get_password_data": false,
            "hibernation": false,
            "host_id": "",
            "host_resource_group_arn": null,
            "iam_instance_profile": "jpmc-cluster120251026160543329300000002",
            "id": "i-0da4c94bf8ad8fe45",
            "instance_initiated_shutdown_behavior": "stop",
            "instance_lifecycle": "",
            "instance_market_options": [],
            "instance_state": "running",
            "instance_type": "m5.2xlarge",
            "ipv6_address_count": 0,
            "ipv6_addresses": [],
            "key_name": "c1-key-2",
            "launch_template": [],
            "maintenance_options": [
              {
                "auto_recovery": "default"
              }
            ],
            "metadata_options": [
              {
                "http_endpoint": "enabled",
                "http_protocol_ipv6": "disabled",
                "http_put_response_hop_limit": 1,
                "http_tokens": "optional",
                "instance_metadata_tags": "enabled"
              }
            ],
            "monitoring": false,
            "network_interface": [],
            "outpost_arn": "",
            "password_data": "",
            "placement_group": "",
            "placement_partition_number": 0,
            "primary_network_interface_id": "eni-07eb2efcb73f9fef8",
            "private_dns": "ip-10-0-3-55.ap-south-1.compute.internal",
            "private_dns_name_options": [
              {
                "enable_resource_name_dns_a_record": false,
                "enable_resource_name_dns_aaaa_record": false,
                "hostname_type": "ip-name"
              }
            ],
            "private_ip": "10.0.3.55",
            "public_dns": "ec2-13-233-233-138.ap-south-1.compute.amazonaws.com",
            "public_ip": "13.233.233.138",
            "region": "ap-south-1",
            "root_block_device": [
              {
                "delete_on_termination": true,
                "device_name": "/dev/sda1",
                "encrypted": true,
                "iops": 3000,
                "kms_key_id": "arn:aws:kms:ap-south-1:857619977540:key/71227090-1138-480e-839f-dca934171f60",
                "tags": {},
                "tags_all": {},
                "throughput": 125,
                "volume_id": "vol-0fca8c091da517e8f",
                "volume_size": 300,
                "volume_type": "gp3"
              }
            ],
            "secondary_private_ips": [],
            "security_groups": [],
            "source_dest_check": true,
            "spot_instance_request_id": "",
            "subnet_id": "subnet-0d7acdd686371490a",
            "tags": {
              "ConsulAutoJoin": "auto-join-0",
              "Name": "jpmc-cluster1-consul-service-2",
              "NomadType": "client"
            },
            "tags_all": {
              "ConsulAutoJoin": "auto-join-0",
              "Name": "jpmc-cluster1-consul-service-2",
              "NomadType": "client"
            },
            "tenancy": "default",
            "timeouts": null,
            "user_data": "#!/bin/bash\n\nset +e\n\nexec \u003e \u003e(sudo tee /var/log/user-data.log|logger -t user-data -s 2\u003e/dev/console) 2\u003e\u00261\n\n#sudo apt update \u0026\u0026 sudo apt install -y unzip\n#curl -LO https://github.com/hashi-stack/minion-chat-advance-resources/archive/refs/heads/main.zip\n#unzip main.zip -d /tmp\n#sudo cp -R /tmp/minion-chat-advance-resources-main/4-consul-service-mesh-mgw-muti-dc/shared /ops/shared/\n\n# wait until the file is copied\nif [ ! -f /tmp/shared/scripts/server.sh ]; then\n  echo \"Waiting for server.sh to be copied...\"\n  while [ ! -f /tmp/shared/scripts/server.sh ]; do\n    sleep 5\n  done\nfi\nsleep 10\nsudo mkdir -p /ops/shared \u0026\u0026 sudo chmod a+rwx /ops/shared\nsudo cp -R /tmp/shared /ops/\n\nset -e\n\nsudo bash /ops/shared/scripts/server.sh \"aws\" \"3\" \"provider=aws tag_key=ConsulAutoJoin tag_value=auto-join-0\" \"1.21.0+ent\" \"1.33.2-1\"\n\n\nCLOUD_ENV=\"aws\"\n\nsed -i \"s/RETRY_JOIN/provider=aws tag_key=ConsulAutoJoin tag_value=auto-join-0/g\" /etc/consul.d/consul.hcl\n\n# for aws only\nTOKEN=$(curl -X PUT \"http://instance-data/latest/api/token\" -H \"X-aws-ec2-metadata-token-ttl-seconds: 21600\")\nPRIVATE_IP=$(curl -H \"X-aws-ec2-metadata-token: $TOKEN\" http://instance-data/latest/meta-data/local-ipv4)\nsed -i \"s/IP_ADDRESS/$PRIVATE_IP/g\" /etc/consul.d/consul.hcl\nsed -i \"s/SERVER_COUNT/3/g\" /etc/consul.d/consul.hcl\n\nsudo systemctl restart consul.service\n\nsleep 30\n\necho \"Consul started\"\n\n# Install and configure Node Exporter for system monitoring\necho \"Installing Node Exporter...\"\n\n# Create node_exporter user\nsudo useradd --system --no-create-home --shell /bin/false node_exporter\n\n# Download and install Node Exporter\ncd /tmp\ncurl -LO https://github.com/prometheus/node_exporter/releases/download/v1.7.0/node_exporter-1.7.0.linux-amd64.tar.gz\ntar -xzf node_exporter-1.7.0.linux-amd64.tar.gz\nsudo mv node_exporter-1.7.0.linux-amd64/node_exporter /usr/local/bin/\nsudo chown node_exporter:node_exporter /usr/local/bin/node_exporter\nrm -rf node_exporter-1.7.0.linux-amd64*\n\n# Create Node Exporter systemd service\nsudo tee /etc/systemd/system/node_exporter.service \u003e /dev/null \u003c\u003cEOF\n[Unit]\nDescription=Node Exporter\nWants=network-online.target\nAfter=network-online.target\n\n[Service]\nType=simple\nUser=node_exporter\nGroup=node_exporter\nExecStart=/usr/local/bin/node_exporter\nRestart=on-failure\nRestartSec=5\n\n[Install]\nWantedBy=multi-user.target\nEOF\n\n# Enable and start Node Exporter\nsudo systemctl daemon-reload\nsudo systemctl enable node_exporter\nsudo systemctl start node_exporter\n\necho \"Node Exporter installation completed\"\n\n# # starting the application\n# if [ \"jpmc-cluster1-consul-server\" = \"consul-server=1\" ]; then\n#   # receiver\n#   consul peering generate-token -name cluster-02\n# elif [ \"jpmc-cluster1-consul-server\" = \"consul-server=0\" ]; then\n#   # dialer\n#   consul peering establish -name cluster-01 -peering-token token-from-generate\n# else\n#   echo \"Unknown application name: jpmc-cluster1-consul-server\"\n# fi\n\n",
            "user_data_base64": null,
            "user_data_replace_on_change": false,
            "volume_tags": null,
            "vpc_security_group_ids": [
              "sg-01d89c7cacc3ffaac"
            ]
          },
          "sensitive_attributes": [],
          "private": "eyJlMmJmYjczMC1lY2FhLTExZTYtOGY4OC0zNDM2M2JjN2M0YzAiOnsiY3JlYXRlIjo2MDAwMDAwMDAwMDAsImRlbGV0ZSI6MTIwMDAwMDAwMDAwMCwicmVhZCI6OTAwMDAwMDAwMDAwLCJ1cGRhdGUiOjYwMDAwMDAwMDAwMH0sInNjaGVtYV92ZXJzaW9uIjoiMiJ9",
          "dependencies": [
            "aws_iam_instance_profile.instance_profile",
            "aws_iam_role.instance_role",
            "aws_key_pair.minion-key",
            "aws_security_group.consul_sg",
            "data.aws_ami.ubuntu",
            "data.aws_iam_policy_document.instance_role",
            "module.vpc.aws_subnet.public",
            "module.vpc.aws_vpc.this",
            "module.vpc.aws_vpc_ipv4_cidr_block_association.this",
            "tls_private_key.pk"
          ]
        },
        {
          "index_key": 2,
          "schema_version": 2,
          "attributes": {
            "ami": "ami-087d1c9a513324697",
            "arn": "arn:aws:ec2:ap-south-1:857619977540:instance/i-0cc5e44002d80bb8a",
            "associate_public_ip_address": true,
            "availability_zone": "ap-south-1a",
            "capacity_reservation_specification": [
              {
                "capacity_reservation_preference": "open",
                "capacity_reservation_target": []
              }
            ],
            "cpu_options": [
              {
                "amd_sev_snp": "",
                "core_count": 4,
                "threads_per_core": 2
              }
            ],
            "credit_specification": [],
            "disable_api_stop": false,
            "disable_api_termination": false,
            "ebs_block_device": [],
            "ebs_optimized": false,
            "enable_primary_ipv6": null,
            "enclave_options": [
              {
                "enabled": false
              }
            ],
            "ephemeral_block_device": [],
            "get_password_data": false,
            "hibernation": false,
            "host_id": "",
            "host_resource_group_arn": null,
            "iam_instance_profile": "jpmc-cluster120251026160543329300000002",
            "id": "i-0cc5e44002d80bb8a",
            "instance_initiated_shutdown_behavior": "stop",
            "instance_lifecycle": "",
            "instance_market_options": [],
            "instance_state": "running",
            "instance_type": "m5.2xlarge",
            "ipv6_address_count": 0,
            "ipv6_addresses": [],
            "key_name": "c1-key-2",
            "launch_template": [],
            "maintenance_options": [
              {
                "auto_recovery": "default"
              }
            ],
            "metadata_options": [
              {
                "http_endpoint": "enabled",
                "http_protocol_ipv6": "disabled",
                "http_put_response_hop_limit": 1,
                "http_tokens": "optional",
                "instance_metadata_tags": "enabled"
              }
            ],
            "monitoring": false,
            "network_interface": [],
            "outpost_arn": "",
            "password_data": "",
            "placement_group": "",
            "placement_partition_number": 0,
            "primary_network_interface_id": "eni-05b1ec9cbdac9421d",
            "private_dns": "ip-10-0-3-224.ap-south-1.compute.internal",
            "private_dns_name_options": [
              {
                "enable_resource_name_dns_a_record": false,
                "enable_resource_name_dns_aaaa_record": false,
                "hostname_type": "ip-name"
              }
            ],
            "private_ip": "10.0.3.224",
            "public_dns": "ec2-13-201-123-128.ap-south-1.compute.amazonaws.com",
            "public_ip": "13.201.123.128",
            "region": "ap-south-1",
            "root_block_device": [
              {
                "delete_on_termination": true,
                "device_name": "/dev/sda1",
                "encrypted": true,
                "iops": 3000,
                "kms_key_id": "arn:aws:kms:ap-south-1:857619977540:key/71227090-1138-480e-839f-dca934171f60",
                "tags": {},
                "tags_all": {},
                "throughput": 125,
                "volume_id": "vol-0d81857d8be9a9e20",
                "volume_size": 300,
                "volume_type": "gp3"
              }
            ],
            "secondary_private_ips": [],
            "security_groups": [],
            "source_dest_check": true,
            "spot_instance_request_id": "",
            "subnet_id": "subnet-0d7acdd686371490a",
            "tags": {
              "ConsulAutoJoin": "auto-join-0",
              "Name": "jpmc-cluster1-consul-service-3",
              "NomadType": "client"
            },
            "tags_all": {
              "ConsulAutoJoin": "auto-join-0",
              "Name": "jpmc-cluster1-consul-service-3",
              "NomadType": "client"
            },
            "tenancy": "default",
            "timeouts": null,
            "user_data": "#!/bin/bash\n\nset +e\n\nexec \u003e \u003e(sudo tee /var/log/user-data.log|logger -t user-data -s 2\u003e/dev/console) 2\u003e\u00261\n\n#sudo apt update \u0026\u0026 sudo apt install -y unzip\n#curl -LO https://github.com/hashi-stack/minion-chat-advance-resources/archive/refs/heads/main.zip\n#unzip main.zip -d /tmp\n#sudo cp -R /tmp/minion-chat-advance-resources-main/4-consul-service-mesh-mgw-muti-dc/shared /ops/shared/\n\n# wait until the file is copied\nif [ ! -f /tmp/shared/scripts/server.sh ]; then\n  echo \"Waiting for server.sh to be copied...\"\n  while [ ! -f /tmp/shared/scripts/server.sh ]; do\n    sleep 5\n  done\nfi\nsleep 10\nsudo mkdir -p /ops/shared \u0026\u0026 sudo chmod a+rwx /ops/shared\nsudo cp -R /tmp/shared /ops/\n\nset -e\n\nsudo bash /ops/shared/scripts/server.sh \"aws\" \"3\" \"provider=aws tag_key=ConsulAutoJoin tag_value=auto-join-0\" \"1.21.0+ent\" \"1.33.2-1\"\n\n\nCLOUD_ENV=\"aws\"\n\nsed -i \"s/RETRY_JOIN/provider=aws tag_key=ConsulAutoJoin tag_value=auto-join-0/g\" /etc/consul.d/consul.hcl\n\n# for aws only\nTOKEN=$(curl -X PUT \"http://instance-data/latest/api/token\" -H \"X-aws-ec2-metadata-token-ttl-seconds: 21600\")\nPRIVATE_IP=$(curl -H \"X-aws-ec2-metadata-token: $TOKEN\" http://instance-data/latest/meta-data/local-ipv4)\nsed -i \"s/IP_ADDRESS/$PRIVATE_IP/g\" /etc/consul.d/consul.hcl\nsed -i \"s/SERVER_COUNT/3/g\" /etc/consul.d/consul.hcl\n\nsudo systemctl restart consul.service\n\nsleep 30\n\necho \"Consul started\"\n\n# Install and configure Node Exporter for system monitoring\necho \"Installing Node Exporter...\"\n\n# Create node_exporter user\nsudo useradd --system --no-create-home --shell /bin/false node_exporter\n\n# Download and install Node Exporter\ncd /tmp\ncurl -LO https://github.com/prometheus/node_exporter/releases/download/v1.7.0/node_exporter-1.7.0.linux-amd64.tar.gz\ntar -xzf node_exporter-1.7.0.linux-amd64.tar.gz\nsudo mv node_exporter-1.7.0.linux-amd64/node_exporter /usr/local/bin/\nsudo chown node_exporter:node_exporter /usr/local/bin/node_exporter\nrm -rf node_exporter-1.7.0.linux-amd64*\n\n# Create Node Exporter systemd service\nsudo tee /etc/systemd/system/node_exporter.service \u003e /dev/null \u003c\u003cEOF\n[Unit]\nDescription=Node Exporter\nWants=network-online.target\nAfter=network-online.target\n\n[Service]\nType=simple\nUser=node_exporter\nGroup=node_exporter\nExecStart=/usr/local/bin/node_exporter\nRestart=on-failure\nRestartSec=5\n\n[Install]\nWantedBy=multi-user.target\nEOF\n\n# Enable and start Node Exporter\nsudo systemctl daemon-reload\nsudo systemctl enable node_exporter\nsudo systemctl start node_exporter\n\necho \"Node Exporter installation completed\"\n\n# # starting the application\n# if [ \"jpmc-cluster1-consul-server\" = \"consul-server=1\" ]; then\n#   # receiver\n#   consul peering generate-token -name cluster-02\n# elif [ \"jpmc-cluster1-consul-server\" = \"consul-server=0\" ]; then\n#   # dialer\n#   consul peering establish -name cluster-01 -peering-token token-from-generate\n# else\n#   echo \"Unknown application name: jpmc-cluster1-consul-server\"\n# fi\n\n",
            "user_data_base64": null,
            "user_data_replace_on_change": false,
            "volume_tags": null,
            "vpc_security_group_ids": [
              "sg-01d89c7cacc3ffaac"
            ]
          },
          "sensitive_attributes": [],
          "private": "eyJlMmJmYjczMC1lY2FhLTExZTYtOGY4OC0zNDM2M2JjN2M0YzAiOnsiY3JlYXRlIjo2MDAwMDAwMDAwMDAsImRlbGV0ZSI6MTIwMDAwMDAwMDAwMCwicmVhZCI6OTAwMDAwMDAwMDAwLCJ1cGRhdGUiOjYwMDAwMDAwMDAwMH0sInNjaGVtYV92ZXJzaW9uIjoiMiJ9",
          "dependencies": [
            "aws_iam_instance_profile.instance_profile",
            "aws_iam_role.instance_role",
            "aws_key_pair.minion-key",
            "aws_security_group.consul_sg",
            "data.aws_ami.ubuntu",
            "data.aws_iam_policy_document.instance_role",
            "module.vpc.aws_subnet.public",
            "module.vpc.aws_vpc.this",
            "module.vpc.aws_vpc_ipv4_cidr_block_association.this",
            "tls_private_key.pk"
          ]
        }
      ]
    },
    {
      "mode": "managed",
      "type": "aws_instance",
      "name": "esm",
      "provider": "provider[\"registry.terraform.io/hashicorp/aws\"]",
      "instances": [
        {
          "index_key": 0,
          "schema_version": 2,
          "attributes": {
            "ami": "ami-087d1c9a513324697",
            "arn": "arn:aws:ec2:ap-south-1:857619977540:instance/i-0a5067a11f182270c",
            "associate_public_ip_address": true,
            "availability_zone": "ap-south-1a",
            "capacity_reservation_specification": [
              {
                "capacity_reservation_preference": "open",
                "capacity_reservation_target": []
              }
            ],
            "cpu_options": [
              {
                "amd_sev_snp": "",
                "core_count": 4,
                "threads_per_core": 2
              }
            ],
            "credit_specification": [],
            "disable_api_stop": false,
            "disable_api_termination": false,
            "ebs_block_device": [],
            "ebs_optimized": false,
            "enable_primary_ipv6": null,
            "enclave_options": [
              {
                "enabled": false
              }
            ],
            "ephemeral_block_device": [],
            "get_password_data": false,
            "hibernation": false,
            "host_id": "",
            "host_resource_group_arn": null,
            "iam_instance_profile": "jpmc-cluster1-consul-esm-profile",
            "id": "i-0a5067a11f182270c",
            "instance_initiated_shutdown_behavior": "stop",
            "instance_lifecycle": "",
            "instance_market_options": [],
            "instance_state": "running",
            "instance_type": "m5.2xlarge",
            "ipv6_address_count": 0,
            "ipv6_addresses": [],
            "key_name": "c1-key-2",
            "launch_template": [],
            "maintenance_options": [
              {
                "auto_recovery": "default"
              }
            ],
            "metadata_options": [
              {
                "http_endpoint": "enabled",
                "http_protocol_ipv6": "disabled",
                "http_put_response_hop_limit": 1,
                "http_tokens": "optional",
                "instance_metadata_tags": "disabled"
              }
            ],
            "monitoring": false,
            "network_interface": [],
            "outpost_arn": "",
            "password_data": "",
            "placement_group": "",
            "placement_partition_number": 0,
            "primary_network_interface_id": "eni-03e69e5bf87873e8e",
            "private_dns": "ip-10-0-3-134.ap-south-1.compute.internal",
            "private_dns_name_options": [
              {
                "enable_resource_name_dns_a_record": false,
                "enable_resource_name_dns_aaaa_record": false,
                "hostname_type": "ip-name"
              }
            ],
            "private_ip": "10.0.3.134",
            "public_dns": "ec2-3-110-130-77.ap-south-1.compute.amazonaws.com",
            "public_ip": "3.110.130.77",
            "region": "ap-south-1",
            "root_block_device": [
              {
                "delete_on_termination": true,
                "device_name": "/dev/sda1",
                "encrypted": true,
                "iops": 3000,
                "kms_key_id": "arn:aws:kms:ap-south-1:857619977540:key/71227090-1138-480e-839f-dca934171f60",
                "tags": {},
                "tags_all": {},
                "throughput": 125,
                "volume_id": "vol-04ff9d9397734e1f7",
                "volume_size": 300,
                "volume_type": "gp3"
              }
            ],
            "secondary_private_ips": [],
            "security_groups": [],
            "source_dest_check": true,
            "spot_instance_request_id": "",
            "subnet_id": "subnet-0d7acdd686371490a",
            "tags": {
              "Name": "jpmc-cluster1-consul-esm-instance"
            },
            "tags_all": {
              "Name": "jpmc-cluster1-consul-esm-instance"
            },
            "tenancy": "default",
            "timeouts": null,
            "user_data": "#!/bin/bash\n\nexec \u003e \u003e(sudo tee /var/log/user-data.log|logger -t user-data -s 2\u003e/dev/console) 2\u003e\u00261\nset -ex\n\n# Install necessary packages\nsudo apt-get update -y\nsudo apt-get install -y wget unzip jq\n\n# # Start SSM agent\n# systemctl enable amazon-ssm-agent\n# systemctl start amazon-ssm-agent\n\n# Install node_exporter for monitoring\nwget https://github.com/prometheus/node_exporter/releases/download/v1.9.1/node_exporter-1.9.1.linux-amd64.tar.gz\ntar xvfz node_exporter-*.tar.gz\nmv node_exporter-1.9.1.linux-amd64/node_exporter /usr/local/bin/\nrm -rf node_exporter-*\n\n# Create node_exporter service\ncat \u003c\u003c EOF | tee /etc/systemd/system/node_exporter.service \u003e /dev/null\n[Unit]\nDescription=Node Exporter\nAfter=network.target\n\n[Service]\nType=simple\nExecStart=/usr/local/bin/node_exporter\n\n[Install]\nWantedBy=multi-user.target\nEOF\n\n# Start node_exporter\nsystemctl enable node_exporter\nsystemctl start node_exporter\n\n# Install Consul ESM\nwget https://releases.hashicorp.com/consul-esm/0.9.0/consul-esm_0.9.0_linux_amd64.zip\nunzip consul-esm_0.9.0_linux_amd64.zip\nmv consul-esm /usr/local/bin/\nrm consul-esm_0.9.0_linux_amd64.zip\n\n# Create ESM config directory\nmkdir -p /etc/consul-esm\n\n# Create proper ESM configuration for version 0.7.1\ncat \u003c\u003c EOF | sudo  tee /etc/consul-esm/config.hcl \u003e /dev/null\n# Consul ESM Configuration for version 0.9.0\nlog_level = \"INFO\"\nenable_syslog = false\n\ninstance_id = \"consul-esm-0\"\n# For emitting Consul ESM metrics to Prometheus\nclient_address = \"0.0.0.0:8080\"\n# service registration \nconsul_service = \"consul-esm\"\nconsul_service_tag = \"consul-esm\"\n\nconsul_kv_path = \"consul-esm/\"\n\n# External node metadata - Standard ESM detection keys\nexternal_node_meta {\n  \"external-node\" = \"true\"\n}\n\n# Basic ESM settings\nnode_reconnect_timeout = \"72h\"\nnode_probe_interval = \"10s\"\n# node_probe_interval = \"10s\"\ndisable_coordinate_updates = false\n\nenable_agentless = true\n\n# Consul connection configuration\n\n# The address of the Consul server to use if enable_agentless is set to true.\n# Can also be provided through the CONSUL_HTTP_ADDR environment variable.\nhttp_addr = \"10.0.3.118:8500\"\n\n# The ACL token to use when communicating with the local Consul agent. Can\n# also be provided through the CONSUL_HTTP_TOKEN environment variable.\ntoken = \"e95b599e-166e-7d80-08ad-aee76e7ddf19\"\n#token = \"e95b599e-166e-7d80-08ad-aee76e7ddf19\"\n\n# The Consul datacenter to use.\ndatacenter = \"dc1\"\n\n# The target Admin Partition to use.\n# Can also be provided through the CONSUL_PARTITION environment variable.\npartition = \"global\"\n\n# Telemetry configuration\ntelemetry {\n  disable_hostname = false\n  prometheus_retention_time = \"24h\"\n  filter_default = true\n}\nEOF\n\n# Create ESM service with enhanced configuration\ncat \u003c\u003c EOF | sudo tee /etc/systemd/system/consul-esm.service \u003e /dev/null\n[Unit]\nDescription=Consul ESM (External Service Monitor)\nDocumentation=https://github.com/hashicorp/consul-esm\nRequires=network-online.target\nAfter=network-online.target\nConditionFileNotEmpty=/etc/consul-esm/config.hcl\n\n[Service]\nType=notify\nUser=root\nGroup=root\nExecStart=/usr/local/bin/consul-esm -config-file=/etc/consul-esm/config.hcl\nExecReload=/bin/kill -HUP \\$MAINPID\nKillMode=process\nRestart=on-failure\nLimitNOFILE=65536\n\n[Install]\nWantedBy=multi-user.target\nEOF\n\n# Create ESM log directory\nsudo mkdir -p /var/log/consul-esm\nchown root:root /var/log/consul-esm\n\n# Start ESM service\nsystemctl daemon-reload\nsystemctl enable consul-esm\nsystemctl start consul-esm\n\n\necho \"Consul ESM setup complete!\"\necho \"ESM Status: $(systemctl is-active consul-esm)\"\necho \"ESM is now monitoring external services and performing health checks\" ",
            "user_data_base64": null,
            "user_data_replace_on_change": false,
            "volume_tags": null,
            "vpc_security_group_ids": [
              "sg-0ca594c8c497c3184"
            ]
          },
          "sensitive_attributes": [],
          "private": "eyJlMmJmYjczMC1lY2FhLTExZTYtOGY4OC0zNDM2M2JjN2M0YzAiOnsiY3JlYXRlIjo2MDAwMDAwMDAwMDAsImRlbGV0ZSI6MTIwMDAwMDAwMDAwMCwicmVhZCI6OTAwMDAwMDAwMDAwLCJ1cGRhdGUiOjYwMDAwMDAwMDAwMH0sInNjaGVtYV92ZXJzaW9uIjoiMiJ9",
          "dependencies": [
            "aws_iam_instance_profile.esm",
            "aws_iam_instance_profile.instance_profile",
            "aws_iam_role.esm",
            "aws_iam_role.instance_role",
            "aws_instance.consul",
            "aws_key_pair.minion-key",
            "aws_security_group.consul_sg",
            "aws_security_group.esm",
            "data.aws_ami.ubuntu",
            "data.aws_iam_policy_document.instance_role",
            "module.vpc.aws_subnet.public",
            "module.vpc.aws_vpc.this",
            "module.vpc.aws_vpc_ipv4_cidr_block_association.this",
            "tls_private_key.pk"
          ]
        },
        {
          "index_key": 1,
          "schema_version": 2,
          "attributes": {
            "ami": "ami-087d1c9a513324697",
            "arn": "arn:aws:ec2:ap-south-1:857619977540:instance/i-05c952efb5d995986",
            "associate_public_ip_address": true,
            "availability_zone": "ap-south-1a",
            "capacity_reservation_specification": [
              {
                "capacity_reservation_preference": "open",
                "capacity_reservation_target": []
              }
            ],
            "cpu_options": [
              {
                "amd_sev_snp": "",
                "core_count": 4,
                "threads_per_core": 2
              }
            ],
            "credit_specification": [],
            "disable_api_stop": false,
            "disable_api_termination": false,
            "ebs_block_device": [],
            "ebs_optimized": false,
            "enable_primary_ipv6": null,
            "enclave_options": [
              {
                "enabled": false
              }
            ],
            "ephemeral_block_device": [],
            "get_password_data": false,
            "hibernation": false,
            "host_id": "",
            "host_resource_group_arn": null,
            "iam_instance_profile": "jpmc-cluster1-consul-esm-profile",
            "id": "i-05c952efb5d995986",
            "instance_initiated_shutdown_behavior": "stop",
            "instance_lifecycle": "",
            "instance_market_options": [],
            "instance_state": "running",
            "instance_type": "m5.2xlarge",
            "ipv6_address_count": 0,
            "ipv6_addresses": [],
            "key_name": "c1-key-2",
            "launch_template": [],
            "maintenance_options": [
              {
                "auto_recovery": "default"
              }
            ],
            "metadata_options": [
              {
                "http_endpoint": "enabled",
                "http_protocol_ipv6": "disabled",
                "http_put_response_hop_limit": 1,
                "http_tokens": "optional",
                "instance_metadata_tags": "disabled"
              }
            ],
            "monitoring": false,
            "network_interface": [],
            "outpost_arn": "",
            "password_data": "",
            "placement_group": "",
            "placement_partition_number": 0,
            "primary_network_interface_id": "eni-06b08fde6450074d2",
            "private_dns": "ip-10-0-3-238.ap-south-1.compute.internal",
            "private_dns_name_options": [
              {
                "enable_resource_name_dns_a_record": false,
                "enable_resource_name_dns_aaaa_record": false,
                "hostname_type": "ip-name"
              }
            ],
            "private_ip": "10.0.3.238",
            "public_dns": "ec2-65-0-104-122.ap-south-1.compute.amazonaws.com",
            "public_ip": "65.0.104.122",
            "region": "ap-south-1",
            "root_block_device": [
              {
                "delete_on_termination": true,
                "device_name": "/dev/sda1",
                "encrypted": true,
                "iops": 3000,
                "kms_key_id": "arn:aws:kms:ap-south-1:857619977540:key/71227090-1138-480e-839f-dca934171f60",
                "tags": {},
                "tags_all": {},
                "throughput": 125,
                "volume_id": "vol-0eb08a621c1cdbaf6",
                "volume_size": 300,
                "volume_type": "gp3"
              }
            ],
            "secondary_private_ips": [],
            "security_groups": [],
            "source_dest_check": true,
            "spot_instance_request_id": "",
            "subnet_id": "subnet-0d7acdd686371490a",
            "tags": {
              "Name": "jpmc-cluster1-consul-esm-instance"
            },
            "tags_all": {
              "Name": "jpmc-cluster1-consul-esm-instance"
            },
            "tenancy": "default",
            "timeouts": null,
            "user_data": "#!/bin/bash\n\nexec \u003e \u003e(sudo tee /var/log/user-data.log|logger -t user-data -s 2\u003e/dev/console) 2\u003e\u00261\nset -ex\n\n# Install necessary packages\nsudo apt-get update -y\nsudo apt-get install -y wget unzip jq\n\n# # Start SSM agent\n# systemctl enable amazon-ssm-agent\n# systemctl start amazon-ssm-agent\n\n# Install node_exporter for monitoring\nwget https://github.com/prometheus/node_exporter/releases/download/v1.9.1/node_exporter-1.9.1.linux-amd64.tar.gz\ntar xvfz node_exporter-*.tar.gz\nmv node_exporter-1.9.1.linux-amd64/node_exporter /usr/local/bin/\nrm -rf node_exporter-*\n\n# Create node_exporter service\ncat \u003c\u003c EOF | tee /etc/systemd/system/node_exporter.service \u003e /dev/null\n[Unit]\nDescription=Node Exporter\nAfter=network.target\n\n[Service]\nType=simple\nExecStart=/usr/local/bin/node_exporter\n\n[Install]\nWantedBy=multi-user.target\nEOF\n\n# Start node_exporter\nsystemctl enable node_exporter\nsystemctl start node_exporter\n\n# Install Consul ESM\nwget https://releases.hashicorp.com/consul-esm/0.9.0/consul-esm_0.9.0_linux_amd64.zip\nunzip consul-esm_0.9.0_linux_amd64.zip\nmv consul-esm /usr/local/bin/\nrm consul-esm_0.9.0_linux_amd64.zip\n\n# Create ESM config directory\nmkdir -p /etc/consul-esm\n\n# Create proper ESM configuration for version 0.7.1\ncat \u003c\u003c EOF | sudo  tee /etc/consul-esm/config.hcl \u003e /dev/null\n# Consul ESM Configuration for version 0.9.0\nlog_level = \"INFO\"\nenable_syslog = false\n\ninstance_id = \"consul-esm-1\"\n# For emitting Consul ESM metrics to Prometheus\nclient_address = \"0.0.0.0:8080\"\n# service registration \nconsul_service = \"consul-esm\"\nconsul_service_tag = \"consul-esm\"\n\nconsul_kv_path = \"consul-esm/\"\n\n# External node metadata - Standard ESM detection keys\nexternal_node_meta {\n  \"external-node\" = \"true\"\n}\n\n# Basic ESM settings\nnode_reconnect_timeout = \"72h\"\nnode_probe_interval = \"10s\"\n# node_probe_interval = \"10s\"\ndisable_coordinate_updates = false\n\nenable_agentless = true\n\n# Consul connection configuration\n\n# The address of the Consul server to use if enable_agentless is set to true.\n# Can also be provided through the CONSUL_HTTP_ADDR environment variable.\nhttp_addr = \"10.0.3.118:8500\"\n\n# The ACL token to use when communicating with the local Consul agent. Can\n# also be provided through the CONSUL_HTTP_TOKEN environment variable.\ntoken = \"e95b599e-166e-7d80-08ad-aee76e7ddf19\"\n#token = \"e95b599e-166e-7d80-08ad-aee76e7ddf19\"\n\n# The Consul datacenter to use.\ndatacenter = \"dc1\"\n\n# The target Admin Partition to use.\n# Can also be provided through the CONSUL_PARTITION environment variable.\npartition = \"global\"\n\n# Telemetry configuration\ntelemetry {\n  disable_hostname = false\n  prometheus_retention_time = \"24h\"\n  filter_default = true\n}\nEOF\n\n# Create ESM service with enhanced configuration\ncat \u003c\u003c EOF | sudo tee /etc/systemd/system/consul-esm.service \u003e /dev/null\n[Unit]\nDescription=Consul ESM (External Service Monitor)\nDocumentation=https://github.com/hashicorp/consul-esm\nRequires=network-online.target\nAfter=network-online.target\nConditionFileNotEmpty=/etc/consul-esm/config.hcl\n\n[Service]\nType=notify\nUser=root\nGroup=root\nExecStart=/usr/local/bin/consul-esm -config-file=/etc/consul-esm/config.hcl\nExecReload=/bin/kill -HUP \\$MAINPID\nKillMode=process\nRestart=on-failure\nLimitNOFILE=65536\n\n[Install]\nWantedBy=multi-user.target\nEOF\n\n# Create ESM log directory\nsudo mkdir -p /var/log/consul-esm\nchown root:root /var/log/consul-esm\n\n# Start ESM service\nsystemctl daemon-reload\nsystemctl enable consul-esm\nsystemctl start consul-esm\n\n\necho \"Consul ESM setup complete!\"\necho \"ESM Status: $(systemctl is-active consul-esm)\"\necho \"ESM is now monitoring external services and performing health checks\" ",
            "user_data_base64": null,
            "user_data_replace_on_change": false,
            "volume_tags": null,
            "vpc_security_group_ids": [
              "sg-0ca594c8c497c3184"
            ]
          },
          "sensitive_attributes": [],
          "private": "eyJlMmJmYjczMC1lY2FhLTExZTYtOGY4OC0zNDM2M2JjN2M0YzAiOnsiY3JlYXRlIjo2MDAwMDAwMDAwMDAsImRlbGV0ZSI6MTIwMDAwMDAwMDAwMCwicmVhZCI6OTAwMDAwMDAwMDAwLCJ1cGRhdGUiOjYwMDAwMDAwMDAwMH0sInNjaGVtYV92ZXJzaW9uIjoiMiJ9",
          "dependencies": [
            "aws_iam_instance_profile.esm",
            "aws_iam_instance_profile.instance_profile",
            "aws_iam_role.esm",
            "aws_iam_role.instance_role",
            "aws_instance.consul",
            "aws_key_pair.minion-key",
            "aws_security_group.consul_sg",
            "aws_security_group.esm",
            "data.aws_ami.ubuntu",
            "data.aws_iam_policy_document.instance_role",
            "module.vpc.aws_subnet.public",
            "module.vpc.aws_vpc.this",
            "module.vpc.aws_vpc_ipv4_cidr_block_association.this",
            "tls_private_key.pk"
          ]
        },
        {
          "index_key": 2,
          "schema_version": 2,
          "attributes": {
            "ami": "ami-087d1c9a513324697",
            "arn": "arn:aws:ec2:ap-south-1:857619977540:instance/i-047c17a0e9f139bbd",
            "associate_public_ip_address": true,
            "availability_zone": "ap-south-1a",
            "capacity_reservation_specification": [
              {
                "capacity_reservation_preference": "open",
                "capacity_reservation_target": []
              }
            ],
            "cpu_options": [
              {
                "amd_sev_snp": "",
                "core_count": 4,
                "threads_per_core": 2
              }
            ],
            "credit_specification": [],
            "disable_api_stop": false,
            "disable_api_termination": false,
            "ebs_block_device": [],
            "ebs_optimized": false,
            "enable_primary_ipv6": null,
            "enclave_options": [
              {
                "enabled": false
              }
            ],
            "ephemeral_block_device": [],
            "get_password_data": false,
            "hibernation": false,
            "host_id": "",
            "host_resource_group_arn": null,
            "iam_instance_profile": "jpmc-cluster1-consul-esm-profile",
            "id": "i-047c17a0e9f139bbd",
            "instance_initiated_shutdown_behavior": "stop",
            "instance_lifecycle": "",
            "instance_market_options": [],
            "instance_state": "running",
            "instance_type": "m5.2xlarge",
            "ipv6_address_count": 0,
            "ipv6_addresses": [],
            "key_name": "c1-key-2",
            "launch_template": [],
            "maintenance_options": [
              {
                "auto_recovery": "default"
              }
            ],
            "metadata_options": [
              {
                "http_endpoint": "enabled",
                "http_protocol_ipv6": "disabled",
                "http_put_response_hop_limit": 1,
                "http_tokens": "optional",
                "instance_metadata_tags": "disabled"
              }
            ],
            "monitoring": false,
            "network_interface": [],
            "outpost_arn": "",
            "password_data": "",
            "placement_group": "",
            "placement_partition_number": 0,
            "primary_network_interface_id": "eni-0d83e96288a1937cc",
            "private_dns": "ip-10-0-3-74.ap-south-1.compute.internal",
            "private_dns_name_options": [
              {
                "enable_resource_name_dns_a_record": false,
                "enable_resource_name_dns_aaaa_record": false,
                "hostname_type": "ip-name"
              }
            ],
            "private_ip": "10.0.3.74",
            "public_dns": "ec2-13-201-58-76.ap-south-1.compute.amazonaws.com",
            "public_ip": "13.201.58.76",
            "region": "ap-south-1",
            "root_block_device": [
              {
                "delete_on_termination": true,
                "device_name": "/dev/sda1",
                "encrypted": true,
                "iops": 3000,
                "kms_key_id": "arn:aws:kms:ap-south-1:857619977540:key/71227090-1138-480e-839f-dca934171f60",
                "tags": {},
                "tags_all": {},
                "throughput": 125,
                "volume_id": "vol-04ab4a5a4e5f25ee4",
                "volume_size": 300,
                "volume_type": "gp3"
              }
            ],
            "secondary_private_ips": [],
            "security_groups": [],
            "source_dest_check": true,
            "spot_instance_request_id": "",
            "subnet_id": "subnet-0d7acdd686371490a",
            "tags": {
              "Name": "jpmc-cluster1-consul-esm-instance"
            },
            "tags_all": {
              "Name": "jpmc-cluster1-consul-esm-instance"
            },
            "tenancy": "default",
            "timeouts": null,
            "user_data": "#!/bin/bash\n\nexec \u003e \u003e(sudo tee /var/log/user-data.log|logger -t user-data -s 2\u003e/dev/console) 2\u003e\u00261\nset -ex\n\n# Install necessary packages\nsudo apt-get update -y\nsudo apt-get install -y wget unzip jq\n\n# # Start SSM agent\n# systemctl enable amazon-ssm-agent\n# systemctl start amazon-ssm-agent\n\n# Install node_exporter for monitoring\nwget https://github.com/prometheus/node_exporter/releases/download/v1.9.1/node_exporter-1.9.1.linux-amd64.tar.gz\ntar xvfz node_exporter-*.tar.gz\nmv node_exporter-1.9.1.linux-amd64/node_exporter /usr/local/bin/\nrm -rf node_exporter-*\n\n# Create node_exporter service\ncat \u003c\u003c EOF | tee /etc/systemd/system/node_exporter.service \u003e /dev/null\n[Unit]\nDescription=Node Exporter\nAfter=network.target\n\n[Service]\nType=simple\nExecStart=/usr/local/bin/node_exporter\n\n[Install]\nWantedBy=multi-user.target\nEOF\n\n# Start node_exporter\nsystemctl enable node_exporter\nsystemctl start node_exporter\n\n# Install Consul ESM\nwget https://releases.hashicorp.com/consul-esm/0.9.0/consul-esm_0.9.0_linux_amd64.zip\nunzip consul-esm_0.9.0_linux_amd64.zip\nmv consul-esm /usr/local/bin/\nrm consul-esm_0.9.0_linux_amd64.zip\n\n# Create ESM config directory\nmkdir -p /etc/consul-esm\n\n# Create proper ESM configuration for version 0.7.1\ncat \u003c\u003c EOF | sudo  tee /etc/consul-esm/config.hcl \u003e /dev/null\n# Consul ESM Configuration for version 0.9.0\nlog_level = \"INFO\"\nenable_syslog = false\n\ninstance_id = \"consul-esm-2\"\n# For emitting Consul ESM metrics to Prometheus\nclient_address = \"0.0.0.0:8080\"\n# service registration \nconsul_service = \"consul-esm\"\nconsul_service_tag = \"consul-esm\"\n\nconsul_kv_path = \"consul-esm/\"\n\n# External node metadata - Standard ESM detection keys\nexternal_node_meta {\n  \"external-node\" = \"true\"\n}\n\n# Basic ESM settings\nnode_reconnect_timeout = \"72h\"\nnode_probe_interval = \"10s\"\n# node_probe_interval = \"10s\"\ndisable_coordinate_updates = false\n\nenable_agentless = true\n\n# Consul connection configuration\n\n# The address of the Consul server to use if enable_agentless is set to true.\n# Can also be provided through the CONSUL_HTTP_ADDR environment variable.\nhttp_addr = \"10.0.3.118:8500\"\n\n# The ACL token to use when communicating with the local Consul agent. Can\n# also be provided through the CONSUL_HTTP_TOKEN environment variable.\ntoken = \"e95b599e-166e-7d80-08ad-aee76e7ddf19\"\n#token = \"e95b599e-166e-7d80-08ad-aee76e7ddf19\"\n\n# The Consul datacenter to use.\ndatacenter = \"dc1\"\n\n# The target Admin Partition to use.\n# Can also be provided through the CONSUL_PARTITION environment variable.\npartition = \"global\"\n\n# Telemetry configuration\ntelemetry {\n  disable_hostname = false\n  prometheus_retention_time = \"24h\"\n  filter_default = true\n}\nEOF\n\n# Create ESM service with enhanced configuration\ncat \u003c\u003c EOF | sudo tee /etc/systemd/system/consul-esm.service \u003e /dev/null\n[Unit]\nDescription=Consul ESM (External Service Monitor)\nDocumentation=https://github.com/hashicorp/consul-esm\nRequires=network-online.target\nAfter=network-online.target\nConditionFileNotEmpty=/etc/consul-esm/config.hcl\n\n[Service]\nType=notify\nUser=root\nGroup=root\nExecStart=/usr/local/bin/consul-esm -config-file=/etc/consul-esm/config.hcl\nExecReload=/bin/kill -HUP \\$MAINPID\nKillMode=process\nRestart=on-failure\nLimitNOFILE=65536\n\n[Install]\nWantedBy=multi-user.target\nEOF\n\n# Create ESM log directory\nsudo mkdir -p /var/log/consul-esm\nchown root:root /var/log/consul-esm\n\n# Start ESM service\nsystemctl daemon-reload\nsystemctl enable consul-esm\nsystemctl start consul-esm\n\n\necho \"Consul ESM setup complete!\"\necho \"ESM Status: $(systemctl is-active consul-esm)\"\necho \"ESM is now monitoring external services and performing health checks\" ",
            "user_data_base64": null,
            "user_data_replace_on_change": false,
            "volume_tags": null,
            "vpc_security_group_ids": [
              "sg-0ca594c8c497c3184"
            ]
          },
          "sensitive_attributes": [],
          "private": "eyJlMmJmYjczMC1lY2FhLTExZTYtOGY4OC0zNDM2M2JjN2M0YzAiOnsiY3JlYXRlIjo2MDAwMDAwMDAwMDAsImRlbGV0ZSI6MTIwMDAwMDAwMDAwMCwicmVhZCI6OTAwMDAwMDAwMDAwLCJ1cGRhdGUiOjYwMDAwMDAwMDAwMH0sInNjaGVtYV92ZXJzaW9uIjoiMiJ9",
          "dependencies": [
            "aws_iam_instance_profile.esm",
            "aws_iam_instance_profile.instance_profile",
            "aws_iam_role.esm",
            "aws_iam_role.instance_role",
            "aws_instance.consul",
            "aws_key_pair.minion-key",
            "aws_security_group.consul_sg",
            "aws_security_group.esm",
            "data.aws_ami.ubuntu",
            "data.aws_iam_policy_document.instance_role",
            "module.vpc.aws_subnet.public",
            "module.vpc.aws_vpc.this",
            "module.vpc.aws_vpc_ipv4_cidr_block_association.this",
            "tls_private_key.pk"
          ]
        }
      ]
    },
    {
      "mode": "managed",
      "type": "aws_instance",
      "name": "grafana",
      "provider": "provider[\"registry.terraform.io/hashicorp/aws\"]",
      "instances": [
        {
          "schema_version": 2,
          "attributes": {
            "ami": "ami-087d1c9a513324697",
            "arn": "arn:aws:ec2:ap-south-1:857619977540:instance/i-0c686bc36f73c103e",
            "associate_public_ip_address": true,
            "availability_zone": "ap-south-1a",
            "capacity_reservation_specification": [
              {
                "capacity_reservation_preference": "open",
                "capacity_reservation_target": []
              }
            ],
            "cpu_options": [
              {
                "amd_sev_snp": "",
                "core_count": 4,
                "threads_per_core": 2
              }
            ],
            "credit_specification": [],
            "disable_api_stop": false,
            "disable_api_termination": false,
            "ebs_block_device": [],
            "ebs_optimized": false,
            "enable_primary_ipv6": null,
            "enclave_options": [
              {
                "enabled": false
              }
            ],
            "ephemeral_block_device": [],
            "get_password_data": false,
            "hibernation": false,
            "host_id": "",
            "host_resource_group_arn": null,
            "iam_instance_profile": "jpmc-cluster120251026160543329300000002",
            "id": "i-0c686bc36f73c103e",
            "instance_initiated_shutdown_behavior": "stop",
            "instance_lifecycle": "",
            "instance_market_options": [],
            "instance_state": "running",
            "instance_type": "m5.2xlarge",
            "ipv6_address_count": 0,
            "ipv6_addresses": [],
            "key_name": "c1-key-2",
            "launch_template": [],
            "maintenance_options": [
              {
                "auto_recovery": "default"
              }
            ],
            "metadata_options": [
              {
                "http_endpoint": "enabled",
                "http_protocol_ipv6": "disabled",
                "http_put_response_hop_limit": 1,
                "http_tokens": "optional",
                "instance_metadata_tags": "enabled"
              }
            ],
            "monitoring": false,
            "network_interface": [],
            "outpost_arn": "",
            "password_data": "",
            "placement_group": "",
            "placement_partition_number": 0,
            "primary_network_interface_id": "eni-00304c9fd3caf4723",
            "private_dns": "ip-10-0-3-50.ap-south-1.compute.internal",
            "private_dns_name_options": [
              {
                "enable_resource_name_dns_a_record": false,
                "enable_resource_name_dns_aaaa_record": false,
                "hostname_type": "ip-name"
              }
            ],
            "private_ip": "10.0.3.50",
            "public_dns": "ec2-13-233-109-225.ap-south-1.compute.amazonaws.com",
            "public_ip": "13.233.109.225",
            "region": "ap-south-1",
            "root_block_device": [
              {
                "delete_on_termination": true,
                "device_name": "/dev/sda1",
                "encrypted": false,
                "iops": 100,
                "kms_key_id": "",
                "tags": {},
                "tags_all": {},
                "throughput": 0,
                "volume_id": "vol-0ef3db55c065ef6aa",
                "volume_size": 8,
                "volume_type": "gp2"
              }
            ],
            "secondary_private_ips": [],
            "security_groups": [],
            "source_dest_check": true,
            "spot_instance_request_id": "",
            "subnet_id": "subnet-0d7acdd686371490a",
            "tags": {
              "Name": "jpmc-cluster1-grafana"
            },
            "tags_all": {
              "Name": "jpmc-cluster1-grafana"
            },
            "tenancy": "default",
            "timeouts": null,
            "user_data": "#!/bin/bash\nsudo apt-get update\nsudo apt-get install -y apt-transport-https software-properties-common wget\nwget -q -O - https://packages.grafana.com/gpg.key | sudo apt-key add -\necho \"deb https://packages.grafana.com/oss/deb stable main\" | sudo tee /etc/apt/sources.list.d/grafana.list\nsudo apt-get update\nsudo apt-get install -y grafana\n\nsudo systemctl enable grafana-server\nsudo systemctl start grafana-server\n\n# Install Consul datasource plugin (optional, for advanced dashboards)\n# sudo grafana-cli plugins install grafana-consul-datasource\n# sudo systemctl restart grafana-server\n\n# Configure Consul datasource via provisioning (recommended)\nsudo mkdir -p /etc/grafana/provisioning/datasources\ncat \u003c\u003cEOD | sudo tee /etc/grafana/provisioning/datasources/consul.yaml\napiVersion: 1\ndatasources:\n  - name: Consul\n    type: grafana-consul-datasource\n    access: proxy\n    url: http://10.0.3.118:8500\n    isDefault: false\nEOD\n\nsudo systemctl restart grafana-server\n",
            "user_data_base64": null,
            "user_data_replace_on_change": false,
            "volume_tags": null,
            "vpc_security_group_ids": [
              "sg-01d89c7cacc3ffaac",
              "sg-0299de69b86389c86"
            ]
          },
          "sensitive_attributes": [],
          "private": "eyJlMmJmYjczMC1lY2FhLTExZTYtOGY4OC0zNDM2M2JjN2M0YzAiOnsiY3JlYXRlIjo2MDAwMDAwMDAwMDAsImRlbGV0ZSI6MTIwMDAwMDAwMDAwMCwicmVhZCI6OTAwMDAwMDAwMDAwLCJ1cGRhdGUiOjYwMDAwMDAwMDAwMH0sInNjaGVtYV92ZXJzaW9uIjoiMiJ9",
          "dependencies": [
            "aws_iam_instance_profile.instance_profile",
            "aws_iam_role.instance_role",
            "aws_instance.consul",
            "aws_key_pair.minion-key",
            "aws_security_group.consul_sg",
            "aws_security_group.grafana_sg",
            "data.aws_ami.ubuntu",
            "data.aws_iam_policy_document.instance_role",
            "module.vpc.aws_subnet.public",
            "module.vpc.aws_vpc.this",
            "module.vpc.aws_vpc_ipv4_cidr_block_association.this",
            "tls_private_key.pk"
          ]
        }
      ]
    },
    {
      "mode": "managed",
      "type": "aws_instance",
      "name": "load_generator",
      "provider": "provider[\"registry.terraform.io/hashicorp/aws\"]",
      "instances": [
        {
          "schema_version": 2,
          "attributes": {
            "ami": "ami-087d1c9a513324697",
            "arn": "arn:aws:ec2:ap-south-1:857619977540:instance/i-06ad7be8f1f150d32",
            "associate_public_ip_address": true,
            "availability_zone": "ap-south-1a",
            "capacity_reservation_specification": [
              {
                "capacity_reservation_preference": "open",
                "capacity_reservation_target": []
              }
            ],
            "cpu_options": [
              {
                "amd_sev_snp": "",
                "core_count": 1,
                "threads_per_core": 2
              }
            ],
            "credit_specification": [
              {
                "cpu_credits": "unlimited"
              }
            ],
            "disable_api_stop": false,
            "disable_api_termination": false,
            "ebs_block_device": [],
            "ebs_optimized": false,
            "enable_primary_ipv6": null,
            "enclave_options": [
              {
                "enabled": false
              }
            ],
            "ephemeral_block_device": [],
            "get_password_data": false,
            "hibernation": false,
            "host_id": "",
            "host_resource_group_arn": null,
            "iam_instance_profile": "",
            "id": "i-06ad7be8f1f150d32",
            "instance_initiated_shutdown_behavior": "stop",
            "instance_lifecycle": "",
            "instance_market_options": [],
            "instance_state": "running",
            "instance_type": "t3.large",
            "ipv6_address_count": 0,
            "ipv6_addresses": [],
            "key_name": "c1-key-2",
            "launch_template": [],
            "maintenance_options": [
              {
                "auto_recovery": "default"
              }
            ],
            "metadata_options": [
              {
                "http_endpoint": "enabled",
                "http_protocol_ipv6": "disabled",
                "http_put_response_hop_limit": 1,
                "http_tokens": "optional",
                "instance_metadata_tags": "disabled"
              }
            ],
            "monitoring": false,
            "network_interface": [],
            "outpost_arn": "",
            "password_data": "",
            "placement_group": "",
            "placement_partition_number": 0,
            "primary_network_interface_id": "eni-029904dc3bb4b0248",
            "private_dns": "ip-10-0-3-18.ap-south-1.compute.internal",
            "private_dns_name_options": [
              {
                "enable_resource_name_dns_a_record": false,
                "enable_resource_name_dns_aaaa_record": false,
                "hostname_type": "ip-name"
              }
            ],
            "private_ip": "10.0.3.18",
            "public_dns": "ec2-3-110-161-143.ap-south-1.compute.amazonaws.com",
            "public_ip": "3.110.161.143",
            "region": "ap-south-1",
            "root_block_device": [
              {
                "delete_on_termination": true,
                "device_name": "/dev/sda1",
                "encrypted": false,
                "iops": 100,
                "kms_key_id": "",
                "tags": {},
                "tags_all": {},
                "throughput": 0,
                "volume_id": "vol-0a58c4bb384755c29",
                "volume_size": 8,
                "volume_type": "gp2"
              }
            ],
            "secondary_private_ips": [],
            "security_groups": [],
            "source_dest_check": true,
            "spot_instance_request_id": "",
            "subnet_id": "subnet-0d7acdd686371490a",
            "tags": {
              "Name": "jpmc-cluster1-load-generator"
            },
            "tags_all": {
              "Name": "jpmc-cluster1-load-generator"
            },
            "tenancy": "default",
            "timeouts": null,
            "user_data": "#!/bin/bash\n\nexec \u003e \u003e(sudo tee /var/log/user-data.log|logger -t user-data -s 2\u003e/dev/console) 2\u003e\u00261\nset -ex\n\nsudo apt-get update -y\n\nsudo apt-get install -y unzip wget jq\n\n# Download Consul\nwget https://releases.hashicorp.com/consul/1.21.0+ent/consul_1.21.0+ent_linux_amd64.zip\n\n# Unzip and install\nunzip consul_1.21.0+ent_linux_amd64.zip\nsudo mv consul /usr/local/bin/\nrm consul_1.21.0+ent_linux_amd64.zip\n\necho \"export CONSUL_HTTP_TOKEN=e95b599e-166e-7d80-08ad-aee76e7ddf19\" \u003e\u003e /home/ubuntu/.bashrc\necho \"export CONSUL_HTTP_ADDR=10.0.3.118:8500\" \u003e\u003e /home/ubuntu/.bashrc",
            "user_data_base64": null,
            "user_data_replace_on_change": false,
            "volume_tags": null,
            "vpc_security_group_ids": [
              "sg-00728d90a6901cb20"
            ]
          },
          "sensitive_attributes": [],
          "private": "eyJlMmJmYjczMC1lY2FhLTExZTYtOGY4OC0zNDM2M2JjN2M0YzAiOnsiY3JlYXRlIjo2MDAwMDAwMDAwMDAsImRlbGV0ZSI6MTIwMDAwMDAwMDAwMCwicmVhZCI6OTAwMDAwMDAwMDAwLCJ1cGRhdGUiOjYwMDAwMDAwMDAwMH0sInNjaGVtYV92ZXJzaW9uIjoiMiJ9",
          "dependencies": [
            "aws_iam_instance_profile.instance_profile",
            "aws_iam_role.instance_role",
            "aws_instance.consul",
            "aws_key_pair.minion-key",
            "aws_security_group.consul_sg",
            "aws_security_group.load_generator",
            "data.aws_ami.ubuntu",
            "data.aws_iam_policy_document.instance_role",
            "module.vpc.aws_subnet.public",
            "module.vpc.aws_vpc.this",
            "module.vpc.aws_vpc_ipv4_cidr_block_association.this",
            "tls_private_key.pk"
          ]
        }
      ]
    },
    {
      "mode": "managed",
      "type": "aws_instance",
      "name": "mgw_service",
      "provider": "provider[\"registry.terraform.io/hashicorp/aws\"]",
      "instances": [
        {
          "index_key": 0,
          "schema_version": 2,
          "attributes": {
            "ami": "ami-087d1c9a513324697",
            "arn": "arn:aws:ec2:ap-south-1:857619977540:instance/i-0571f17a1f79edbdc",
            "associate_public_ip_address": true,
            "availability_zone": "ap-south-1a",
            "capacity_reservation_specification": [
              {
                "capacity_reservation_preference": "open",
                "capacity_reservation_target": []
              }
            ],
            "cpu_options": [
              {
                "amd_sev_snp": "",
                "core_count": 4,
                "threads_per_core": 2
              }
            ],
            "credit_specification": [],
            "disable_api_stop": false,
            "disable_api_termination": false,
            "ebs_block_device": [],
            "ebs_optimized": false,
            "enable_primary_ipv6": null,
            "enclave_options": [
              {
                "enabled": false
              }
            ],
            "ephemeral_block_device": [],
            "get_password_data": false,
            "hibernation": false,
            "host_id": "",
            "host_resource_group_arn": null,
            "iam_instance_profile": "jpmc-cluster120251026160543329300000002",
            "id": "i-0571f17a1f79edbdc",
            "instance_initiated_shutdown_behavior": "stop",
            "instance_lifecycle": "",
            "instance_market_options": [],
            "instance_state": "running",
            "instance_type": "m5.2xlarge",
            "ipv6_address_count": 0,
            "ipv6_addresses": [],
            "key_name": "c1-key-2",
            "launch_template": [],
            "maintenance_options": [
              {
                "auto_recovery": "default"
              }
            ],
            "metadata_options": [
              {
                "http_endpoint": "enabled",
                "http_protocol_ipv6": "disabled",
                "http_put_response_hop_limit": 1,
                "http_tokens": "optional",
                "instance_metadata_tags": "enabled"
              }
            ],
            "monitoring": false,
            "network_interface": [],
            "outpost_arn": "",
            "password_data": "",
            "placement_group": "",
            "placement_partition_number": 0,
            "primary_network_interface_id": "eni-08cf514cc259c4466",
            "private_dns": "ip-10-0-3-59.ap-south-1.compute.internal",
            "private_dns_name_options": [
              {
                "enable_resource_name_dns_a_record": false,
                "enable_resource_name_dns_aaaa_record": false,
                "hostname_type": "ip-name"
              }
            ],
            "private_ip": "10.0.3.59",
            "public_dns": "ec2-13-232-241-117.ap-south-1.compute.amazonaws.com",
            "public_ip": "13.232.241.117",
            "region": "ap-south-1",
            "root_block_device": [
              {
                "delete_on_termination": true,
                "device_name": "/dev/sda1",
                "encrypted": true,
                "iops": 3000,
                "kms_key_id": "arn:aws:kms:ap-south-1:857619977540:key/71227090-1138-480e-839f-dca934171f60",
                "tags": {},
                "tags_all": {},
                "throughput": 125,
                "volume_id": "vol-0d8692f19acae52ea",
                "volume_size": 30,
                "volume_type": "gp3"
              }
            ],
            "secondary_private_ips": [],
            "security_groups": [],
            "source_dest_check": true,
            "spot_instance_request_id": "",
            "subnet_id": "subnet-0d7acdd686371490a",
            "tags": {
              "Cluster": "cluster1",
              "ConsulAutoJoin": "auto-join-0",
              "Name": "jpmc-cluster1-mesh-gateway",
              "NomadType": "client",
              "Type": "mesh-gateway"
            },
            "tags_all": {
              "Cluster": "cluster1",
              "ConsulAutoJoin": "auto-join-0",
              "Name": "jpmc-cluster1-mesh-gateway",
              "NomadType": "client",
              "Type": "mesh-gateway"
            },
            "tenancy": "default",
            "timeouts": null,
            "user_data": "#!/bin/bash\n\nset -e\n\nexec \u003e \u003e(sudo tee /var/log/user-data.log|logger -t user-data -s 2\u003e/dev/console) 2\u003e\u00261\n\n# wait until the file is copied\nif [ ! -f /tmp/shared/scripts/client.sh ]; then\n  echo \"Waiting for client.sh to be copied...\"\n  while [ ! -f /tmp/shared/scripts/client.sh ]; do\n    sleep 5\n  done\nfi\n\nsudo mkdir -p /ops/shared\n# sleep for 10s to ensure the file is copied\nsleep 10\nsudo cp -R /tmp/shared /ops/\n\nsudo bash /ops/shared/scripts/client.sh \"aws\" \"provider=aws tag_key=ConsulAutoJoin tag_value=auto-join-0\" \"1.21.0+ent\" \"1.33.2-1\"\n\n# Install and configure Node Exporter for system monitoring\necho \"Installing Node Exporter...\"\n\n# Create node_exporter user\nsudo useradd --system --no-create-home --shell /bin/false node_exporter\n\n# Download and install Node Exporter\ncd /tmp\ncurl -LO https://github.com/prometheus/node_exporter/releases/download/v1.7.0/node_exporter-1.7.0.linux-amd64.tar.gz\ntar -xzf node_exporter-1.7.0.linux-amd64.tar.gz\nsudo mv node_exporter-1.7.0.linux-amd64/node_exporter /usr/local/bin/\nsudo chown node_exporter:node_exporter /usr/local/bin/node_exporter\nrm -rf node_exporter-1.7.0.linux-amd64*\n\n# Create Node Exporter systemd service\nsudo tee /etc/systemd/system/node_exporter.service \u003e /dev/null \u003c\u003cEOF\n[Unit]\nDescription=Node Exporter\nWants=network-online.target\nAfter=network-online.target\n\n[Service]\nType=simple\nUser=node_exporter\nGroup=node_exporter\nExecStart=/usr/local/bin/node_exporter\nRestart=on-failure\nRestartSec=5\n\n[Install]\nWantedBy=multi-user.target\nEOF\n\n# Enable and start Node Exporter\nsudo systemctl daemon-reload\nsudo systemctl enable node_exporter\nsudo systemctl start node_exporter\n\necho \"Node Exporter installation completed\"\n\n# wait for consul to start\nsleep 10\n\n# Get EC2 metadata token for IMDSv2\nTOKEN=$(curl -X PUT \"http://instance-data/latest/api/token\" -H \"X-aws-ec2-metadata-token-ttl-seconds: 21600\")\n\nPUBLIC_IP=$(curl -H \"X-aws-ec2-metadata-token: $TOKEN\" http://instance-data/latest/meta-data/public-ipv4)\nPRIVATE_IP=$(curl -H \"X-aws-ec2-metadata-token: $TOKEN\" http://instance-data/latest/meta-data/local-ipv4)\nINSTANCE_ID=$(curl -H \"X-aws-ec2-metadata-token: $TOKEN\" http://instance-data/latest/meta-data/instance-id)\n\nexport CONSUL_HTTP_TOKEN=e95b599e-166e-7d80-08ad-aee76e7ddf19\n\n# Debug application name\n# echo \"Debug: application_name=mgw-service\"\n\n  echo \"Setting up mesh gateway for jpmc-cluster1...\"\n  \n  # Wait for consul to be ready\n  echo \"Waiting for Consul to be ready...\"\n  for i in {1..20}; do\n    if consul members \u003e /dev/null 2\u003e\u00261; then\n      echo \"Consul is ready!\"\n      break\n    fi\n    echo \"Waiting... (attempt $i/20)\"\n    sleep 10\n  done\n\n  # Create proxy defaults configuration for mesh gateway\n  sudo tee /tmp/proxy-default.hcl \u003e /dev/null \u003c\u003c 'PROXY_EOF'\nKind = \"proxy-defaults\"\nName = \"global\"\nMeshGateway {\n  Mode = \"local\"\n}\nPROXY_EOF\n\n  # Create mesh configuration for peering\n  sudo tee /tmp/mesh-config.hcl \u003e /dev/null \u003c\u003c 'MESH_EOF'\nKind = \"mesh\"\nTransparentProxy {\n  MeshDestinationsOnly = true\n}\nPeering {\n  PeerThroughMeshGateways = true\n}\nMESH_EOF\n\n  # Apply configurations with retries\n  echo \"Applying Consul configurations...\"\n  for i in {1..5}; do\n    if consul config write /tmp/proxy-default.hcl; then\n      echo \"✓ Proxy defaults configuration applied\"\n      break\n    else\n      echo \"⚠ Failed to apply proxy defaults (attempt $i/5), retrying...\"\n      sleep 5\n    fi\n  done\n\n  for i in {1..5}; do\n    if consul config write /tmp/mesh-config.hcl; then\n      echo \"✓ Mesh configuration applied\"\n      break\n    else\n      echo \"⚠ Failed to apply mesh config (attempt $i/5), retrying...\"\n      sleep 5\n    fi\n  done\n\n  # Kill any existing envoy processes\n  sudo pkill -f envoy || true\n  sleep 3\n\n  # Create log file with proper permissions\n  sudo touch /var/log/envoy-mgw.log\n  sudo chmod 666 /var/log/envoy-mgw.log\n\n  # Start mesh gateway with Envoy and improved error handling\n  echo \"Starting mesh gateway with Envoy...\"\n  #TODO register it to background instead of running it once, that way machine restarts will also restart the gateway\n  nohup consul connect envoy \\\n    -gateway mesh \\\n    -register \\\n    -service mesh-gateway \\\n    -address $PRIVATE_IP:8443 \\\n    -wan-address $PUBLIC_IP:8443 \\\n    -token \"$CONSUL_HTTP_TOKEN\" \\\n    -- --log-level trace \u003e /var/log/envoy-mgw.log 2\u003e\u00261 \u0026\n\n  # Wait for registration\n  sleep 15\n\n  # Verify mesh gateway is registered\n  echo \"Verifying mesh gateway registration...\"\n  for i in {1..10}; do\n    if consul catalog services | grep -q mesh-gateway; then\n      echo \"✅ Mesh gateway successfully registered!\"\n      #consul catalog services | grep -q mesh-gateway \n      break\n    else\n      echo \"⚠ Waiting for mesh gateway registration... (attempt $i/10)\"\n      sleep 10\n    fi\n  done\n\n  # Final verification\n  if ! consul catalog services | grep -q mesh-gateway; then\n    echo \"❌ Mesh gateway registration failed after multiple attempts\"\n    echo \"Checking logs...\"\n    tail -20 /var/log/envoy-mgw.log\n    exit 1\n  fi\n\n  echo \"✅ Mesh gateway setup completed for jpmc-cluster1\"\n",
            "user_data_base64": null,
            "user_data_replace_on_change": false,
            "volume_tags": null,
            "vpc_security_group_ids": [
              "sg-01d89c7cacc3ffaac"
            ]
          },
          "sensitive_attributes": [],
          "private": "eyJlMmJmYjczMC1lY2FhLTExZTYtOGY4OC0zNDM2M2JjN2M0YzAiOnsiY3JlYXRlIjo2MDAwMDAwMDAwMDAsImRlbGV0ZSI6MTIwMDAwMDAwMDAwMCwicmVhZCI6OTAwMDAwMDAwMDAwLCJ1cGRhdGUiOjYwMDAwMDAwMDAwMH0sInNjaGVtYV92ZXJzaW9uIjoiMiJ9",
          "dependencies": [
            "aws_iam_instance_profile.instance_profile",
            "aws_iam_role.instance_role",
            "aws_instance.consul",
            "aws_key_pair.minion-key",
            "aws_security_group.consul_sg",
            "data.aws_ami.ubuntu",
            "data.aws_iam_policy_document.instance_role",
            "module.vpc.aws_subnet.public",
            "module.vpc.aws_vpc.this",
            "module.vpc.aws_vpc_ipv4_cidr_block_association.this",
            "tls_private_key.pk"
          ]
        }
      ]
    },
    {
      "mode": "managed",
      "type": "aws_instance",
      "name": "prometheus",
      "provider": "provider[\"registry.terraform.io/hashicorp/aws\"]",
      "instances": [
        {
          "schema_version": 2,
          "attributes": {
            "ami": "ami-087d1c9a513324697",
            "arn": "arn:aws:ec2:ap-south-1:857619977540:instance/i-07629283e26eeebdc",
            "associate_public_ip_address": true,
            "availability_zone": "ap-south-1a",
            "capacity_reservation_specification": [
              {
                "capacity_reservation_preference": "open",
                "capacity_reservation_target": []
              }
            ],
            "cpu_options": [
              {
                "amd_sev_snp": "",
                "core_count": 4,
                "threads_per_core": 2
              }
            ],
            "credit_specification": [],
            "disable_api_stop": false,
            "disable_api_termination": false,
            "ebs_block_device": [],
            "ebs_optimized": false,
            "enable_primary_ipv6": null,
            "enclave_options": [
              {
                "enabled": false
              }
            ],
            "ephemeral_block_device": [],
            "get_password_data": false,
            "hibernation": false,
            "host_id": "",
            "host_resource_group_arn": null,
            "iam_instance_profile": "jpmc-cluster120251026160543329300000002",
            "id": "i-07629283e26eeebdc",
            "instance_initiated_shutdown_behavior": "stop",
            "instance_lifecycle": "",
            "instance_market_options": [],
            "instance_state": "running",
            "instance_type": "m5.2xlarge",
            "ipv6_address_count": 0,
            "ipv6_addresses": [],
            "key_name": "c1-key-2",
            "launch_template": [],
            "maintenance_options": [
              {
                "auto_recovery": "default"
              }
            ],
            "metadata_options": [
              {
                "http_endpoint": "enabled",
                "http_protocol_ipv6": "disabled",
                "http_put_response_hop_limit": 1,
                "http_tokens": "optional",
                "instance_metadata_tags": "enabled"
              }
            ],
            "monitoring": false,
            "network_interface": [],
            "outpost_arn": "",
            "password_data": "",
            "placement_group": "",
            "placement_partition_number": 0,
            "primary_network_interface_id": "eni-011bce87fcd1e89f2",
            "private_dns": "ip-10-0-3-97.ap-south-1.compute.internal",
            "private_dns_name_options": [
              {
                "enable_resource_name_dns_a_record": false,
                "enable_resource_name_dns_aaaa_record": false,
                "hostname_type": "ip-name"
              }
            ],
            "private_ip": "10.0.3.97",
            "public_dns": "ec2-13-233-232-53.ap-south-1.compute.amazonaws.com",
            "public_ip": "13.233.232.53",
            "region": "ap-south-1",
            "root_block_device": [
              {
                "delete_on_termination": true,
                "device_name": "/dev/sda1",
                "encrypted": false,
                "iops": 100,
                "kms_key_id": "",
                "tags": {},
                "tags_all": {},
                "throughput": 0,
                "volume_id": "vol-01fb0389d571b71b7",
                "volume_size": 8,
                "volume_type": "gp2"
              }
            ],
            "secondary_private_ips": [],
            "security_groups": [],
            "source_dest_check": true,
            "spot_instance_request_id": "",
            "subnet_id": "subnet-0d7acdd686371490a",
            "tags": {
              "Name": "jpmc-cluster1-prometheus"
            },
            "tags_all": {
              "Name": "jpmc-cluster1-prometheus"
            },
            "tenancy": "default",
            "timeouts": null,
            "user_data": "#!/bin/bash\nsudo apt-get update\nsudo apt-get install -y wget tar\n\n# Install Prometheus\nwget https://github.com/prometheus/prometheus/releases/download/v2.52.0/prometheus-2.52.0.linux-amd64.tar.gz\ntar xvf prometheus-2.52.0.linux-amd64.tar.gz\nsudo mv prometheus-2.52.0.linux-amd64/prometheus /usr/local/bin/\nsudo mv prometheus-2.52.0.linux-amd64/promtool /usr/local/bin/\nsudo mkdir -p /etc/prometheus /var/lib/prometheus\nsudo mv prometheus-2.52.0.linux-amd64/consoles /etc/prometheus/\nsudo mv prometheus-2.52.0.linux-amd64/console_libraries /etc/prometheus/\n\n# Install Consul Exporter\n# wget https://github.com/prometheus-community/consul_exporter/releases/download/v0.11.0/consul_exporter-0.11.0.linux-amd64.tar.gz\nwget https://github.com/prometheus/consul_exporter/releases/download/v0.11.0/consul_exporter-0.11.0.linux-amd64.tar.gz\ntar xvf consul_exporter-0.11.0.linux-amd64.tar.gz\nsudo mv consul_exporter-0.11.0.linux-amd64/consul_exporter /usr/local/bin/\n\n# Create Prometheus config\ncat \u003c\u003cEOC | sudo tee /etc/prometheus/prometheus.yml\nglobal:\n  scrape_interval: 15s\n\nscrape_configs:\n  - job_name: 'Consul'\n    static_configs:\n      - targets: ['localhost:9107']\n  - job_name: 'Consul-Server0-Node'\n    # scrape_offset: 0s, use rule_query_offset instead\n    static_configs:\n      - targets: [\n          \"10.0.3.118:9100\"\n        ]\n  - job_name: 'Consul-Server1-Node'\n    # scrape_offset: 5s\n    static_configs:\n      - targets: [\n          \"10.0.3.55:9100\"\n        ]\n  - job_name: 'Consul-Server2-Node'\n    # scrape_offset: 10s\n    static_configs:\n      - targets: [\n          \"10.0.3.224:9100\"\n        ]\n  - job_name: 'Consul-ESM-Node'\n    static_configs:\n      - targets: [\n          \"10.0.3.134:9100\"\n        ]\n  - job_name: 'Consul-ESM-Agent'\n    static_configs:\n      - targets: [\n          \"10.0.3.134:8080\"\n        ]\n  - job_name: 'Consul-ESM-Node2'\n    static_configs:\n      - targets: [\n          \"10.0.3.238:9100\"\n        ]\n  - job_name: 'Consul-ESM-Agent2'\n    static_configs:\n      - targets: [\n          \"10.0.3.238:8080\"\n        ]\n  - job_name: 'Consul-ESM-Node3'\n    static_configs:\n      - targets: [\n          \"10.0.3.74:9100\"\n        ]\n  - job_name: 'Consul-ESM-Agent3'\n    static_configs:\n      - targets: [\n          \"10.0.3.74:8080\"\n        ]\n  - job_name: 'Consul-Server0-Agent'\n    metrics_path: /v1/agent/metrics\n    params:\n      format: ['prometheus']\n    bearer_token: 'e95b599e-166e-7d80-08ad-aee76e7ddf19'\n    static_configs:\n      - targets: [\n          \"10.0.3.118:8500\"\n        ]\n  - job_name: 'Consul-Server1-Agent'\n    metrics_path: /v1/agent/metrics\n    params:\n      format: ['prometheus']\n    bearer_token: 'e95b599e-166e-7d80-08ad-aee76e7ddf19'\n    static_configs:\n      - targets: [\n          \"10.0.3.55:8500\"\n        ]\n  - job_name: 'Consul-Server2-Agent'\n    metrics_path: /v1/agent/metrics\n    params:\n      format: ['prometheus']\n    bearer_token: 'e95b599e-166e-7d80-08ad-aee76e7ddf19'\n    static_configs:\n      - targets: [\n          \"10.0.3.224:8500\"\n        ]\n  - job_name: 'Consul-Mesh-Gateway-Node'\n    # scrape_offset: 0s, use rule_query_offset instead\n    static_configs:\n      - targets: [\n          \"10.0.3.59:9100\"\n        ]\nEOC\n\n# Create systemd service for Prometheus\ncat \u003c\u003cEOP | sudo tee /etc/systemd/system/prometheus.service\n[Unit]\nDescription=Prometheus\nAfter=network.target\n\n[Service]\nUser=root\nExecStart=/usr/local/bin/prometheus --config.file=/etc/prometheus/prometheus.yml --storage.tsdb.path=/var/lib/prometheus\nRestart=always\n\n[Install]\nWantedBy=multi-user.target\nEOP\n\n# Create systemd service for Consul Exporter\ncat \u003c\u003cEOE | sudo tee /etc/systemd/system/consul_exporter.service\n[Unit]\nDescription=Consul Exporter\nAfter=network.target\n\n[Service]\nUser=root\n# Add the token as an environment variable\nEnvironment=\"CONSUL_HTTP_TOKEN=e95b599e-166e-7d80-08ad-aee76e7ddf19\"\nExecStart=/usr/local/bin/consul_exporter --consul.server=http://10.0.3.118:8500\nRestart=always\n\n[Install]\nWantedBy=multi-user.target\nEOE\n\nsudo systemctl daemon-reload\nsudo systemctl enable prometheus\nsudo systemctl start prometheus\nsudo systemctl enable consul_exporter\nsudo systemctl start consul_exporter\n",
            "user_data_base64": null,
            "user_data_replace_on_change": false,
            "volume_tags": null,
            "vpc_security_group_ids": [
              "sg-01d89c7cacc3ffaac",
              "sg-06336f8d355bef283"
            ]
          },
          "sensitive_attributes": [],
          "private": "eyJlMmJmYjczMC1lY2FhLTExZTYtOGY4OC0zNDM2M2JjN2M0YzAiOnsiY3JlYXRlIjo2MDAwMDAwMDAwMDAsImRlbGV0ZSI6MTIwMDAwMDAwMDAwMCwicmVhZCI6OTAwMDAwMDAwMDAwLCJ1cGRhdGUiOjYwMDAwMDAwMDAwMH0sInNjaGVtYV92ZXJzaW9uIjoiMiJ9",
          "dependencies": [
            "aws_iam_instance_profile.instance_profile",
            "aws_instance.consul",
            "aws_instance.esm",
            "aws_instance.mgw_service",
            "aws_key_pair.minion-key",
            "aws_security_group.consul_sg",
            "aws_security_group.prometheus_sg",
            "data.aws_ami.ubuntu",
            "module.vpc.aws_subnet.public"
          ]
        }
      ]
    },
    {
      "mode": "managed",
      "type": "aws_instance",
      "name": "workload",
      "provider": "provider[\"registry.terraform.io/hashicorp/aws\"]",
      "instances": [
        {
          "index_key": 0,
          "schema_version": 2,
          "attributes": {
            "ami": "ami-087d1c9a513324697",
            "arn": "arn:aws:ec2:ap-south-1:857619977540:instance/i-0df0b52d82f99111f",
            "associate_public_ip_address": true,
            "availability_zone": "ap-south-1a",
            "capacity_reservation_specification": [
              {
                "capacity_reservation_preference": "open",
                "capacity_reservation_target": []
              }
            ],
            "cpu_options": [
              {
                "amd_sev_snp": "",
                "core_count": 4,
                "threads_per_core": 2
              }
            ],
            "credit_specification": [],
            "disable_api_stop": false,
            "disable_api_termination": false,
            "ebs_block_device": [],
            "ebs_optimized": false,
            "enable_primary_ipv6": null,
            "enclave_options": [
              {
                "enabled": false
              }
            ],
            "ephemeral_block_device": [],
            "get_password_data": false,
            "hibernation": false,
            "host_id": "",
            "host_resource_group_arn": null,
            "iam_instance_profile": "",
            "id": "i-0df0b52d82f99111f",
            "instance_initiated_shutdown_behavior": "stop",
            "instance_lifecycle": "",
            "instance_market_options": [],
            "instance_state": "running",
            "instance_type": "m5.2xlarge",
            "ipv6_address_count": 0,
            "ipv6_addresses": [],
            "key_name": "c1-key-2",
            "launch_template": [],
            "maintenance_options": [
              {
                "auto_recovery": "default"
              }
            ],
            "metadata_options": [
              {
                "http_endpoint": "enabled",
                "http_protocol_ipv6": "disabled",
                "http_put_response_hop_limit": 1,
                "http_tokens": "optional",
                "instance_metadata_tags": "disabled"
              }
            ],
            "monitoring": false,
            "network_interface": [],
            "outpost_arn": "",
            "password_data": "",
            "placement_group": "",
            "placement_partition_number": 0,
            "primary_network_interface_id": "eni-0723a383474542dec",
            "private_dns": "ip-10-0-3-25.ap-south-1.compute.internal",
            "private_dns_name_options": [
              {
                "enable_resource_name_dns_a_record": false,
                "enable_resource_name_dns_aaaa_record": false,
                "hostname_type": "ip-name"
              }
            ],
            "private_ip": "10.0.3.25",
            "public_dns": "ec2-43-204-19-74.ap-south-1.compute.amazonaws.com",
            "public_ip": "43.204.19.74",
            "region": "ap-south-1",
            "root_block_device": [
              {
                "delete_on_termination": true,
                "device_name": "/dev/sda1",
                "encrypted": false,
                "iops": 100,
                "kms_key_id": "",
                "tags": {},
                "tags_all": {},
                "throughput": 0,
                "volume_id": "vol-038d293b98355642a",
                "volume_size": 8,
                "volume_type": "gp2"
              }
            ],
            "secondary_private_ips": [],
            "security_groups": [],
            "source_dest_check": true,
            "spot_instance_request_id": "",
            "subnet_id": "subnet-0d7acdd686371490a",
            "tags": {
              "Name": "jpmc-cluster1-workload-1"
            },
            "tags_all": {
              "Name": "jpmc-cluster1-workload-1"
            },
            "tenancy": "default",
            "timeouts": null,
            "user_data": "#!/bin/bash\n\nexec \u003e \u003e(sudo tee /var/log/user-data.log|logger -t user-data -s 2\u003e/dev/console) 2\u003e\u00261\nset -ex\n\nsudo apt-get update -y\n\n# jq is required for load/stress test scripts, other tools are optional\nsudo apt-get install -y unzip tree redis-tools jq curl tmux\n\nsudo apt-get install -y python3 python3-pip\n\npip3 install flask gunicorn\n\nmkdir -p /opt/app\n\ncat \u003c\u003c 'PY_SCRIPT' \u003e /opt/app/workload_app.py\nfrom flask import Flask, make_response\nimport random\n\napp = Flask(__name__)\n\n@app.route('/health')\ndef health_check():\n    if random.random() \u003c 0.95:\n        return make_response(\"OK\", 200)\n    else:\n        return make_response(\"Service Unavailable\", 503)\nPY_SCRIPT\n\ncd /opt/app\nnohup gunicorn --workers 2 --bind 0.0.0.0:8080 workload_app:app \u0026",
            "user_data_base64": null,
            "user_data_replace_on_change": false,
            "volume_tags": null,
            "vpc_security_group_ids": [
              "sg-093fceab0aa84bdfd"
            ]
          },
          "sensitive_attributes": [],
          "private": "eyJlMmJmYjczMC1lY2FhLTExZTYtOGY4OC0zNDM2M2JjN2M0YzAiOnsiY3JlYXRlIjo2MDAwMDAwMDAwMDAsImRlbGV0ZSI6MTIwMDAwMDAwMDAwMCwicmVhZCI6OTAwMDAwMDAwMDAwLCJ1cGRhdGUiOjYwMDAwMDAwMDAwMH0sInNjaGVtYV92ZXJzaW9uIjoiMiJ9",
          "dependencies": [
            "aws_key_pair.minion-key",
            "aws_security_group.esm",
            "aws_security_group.workload",
            "data.aws_ami.ubuntu",
            "module.vpc.aws_subnet.public",
            "module.vpc.aws_vpc.this",
            "module.vpc.aws_vpc_ipv4_cidr_block_association.this",
            "tls_private_key.pk"
          ]
        },
        {
          "index_key": 1,
          "schema_version": 2,
          "attributes": {
            "ami": "ami-087d1c9a513324697",
            "arn": "arn:aws:ec2:ap-south-1:857619977540:instance/i-073b0d01d8dd218d3",
            "associate_public_ip_address": true,
            "availability_zone": "ap-south-1a",
            "capacity_reservation_specification": [
              {
                "capacity_reservation_preference": "open",
                "capacity_reservation_target": []
              }
            ],
            "cpu_options": [
              {
                "amd_sev_snp": "",
                "core_count": 4,
                "threads_per_core": 2
              }
            ],
            "credit_specification": [],
            "disable_api_stop": false,
            "disable_api_termination": false,
            "ebs_block_device": [],
            "ebs_optimized": false,
            "enable_primary_ipv6": null,
            "enclave_options": [
              {
                "enabled": false
              }
            ],
            "ephemeral_block_device": [],
            "get_password_data": false,
            "hibernation": false,
            "host_id": "",
            "host_resource_group_arn": null,
            "iam_instance_profile": "",
            "id": "i-073b0d01d8dd218d3",
            "instance_initiated_shutdown_behavior": "stop",
            "instance_lifecycle": "",
            "instance_market_options": [],
            "instance_state": "running",
            "instance_type": "m5.2xlarge",
            "ipv6_address_count": 0,
            "ipv6_addresses": [],
            "key_name": "c1-key-2",
            "launch_template": [],
            "maintenance_options": [
              {
                "auto_recovery": "default"
              }
            ],
            "metadata_options": [
              {
                "http_endpoint": "enabled",
                "http_protocol_ipv6": "disabled",
                "http_put_response_hop_limit": 1,
                "http_tokens": "optional",
                "instance_metadata_tags": "disabled"
              }
            ],
            "monitoring": false,
            "network_interface": [],
            "outpost_arn": "",
            "password_data": "",
            "placement_group": "",
            "placement_partition_number": 0,
            "primary_network_interface_id": "eni-03e87285a9cfccad3",
            "private_dns": "ip-10-0-3-121.ap-south-1.compute.internal",
            "private_dns_name_options": [
              {
                "enable_resource_name_dns_a_record": false,
                "enable_resource_name_dns_aaaa_record": false,
                "hostname_type": "ip-name"
              }
            ],
            "private_ip": "10.0.3.121",
            "public_dns": "ec2-3-111-213-34.ap-south-1.compute.amazonaws.com",
            "public_ip": "3.111.213.34",
            "region": "ap-south-1",
            "root_block_device": [
              {
                "delete_on_termination": true,
                "device_name": "/dev/sda1",
                "encrypted": false,
                "iops": 100,
                "kms_key_id": "",
                "tags": {},
                "tags_all": {},
                "throughput": 0,
                "volume_id": "vol-0c1e9cf54a8ec848f",
                "volume_size": 8,
                "volume_type": "gp2"
              }
            ],
            "secondary_private_ips": [],
            "security_groups": [],
            "source_dest_check": true,
            "spot_instance_request_id": "",
            "subnet_id": "subnet-0d7acdd686371490a",
            "tags": {
              "Name": "jpmc-cluster1-workload-2"
            },
            "tags_all": {
              "Name": "jpmc-cluster1-workload-2"
            },
            "tenancy": "default",
            "timeouts": null,
            "user_data": "#!/bin/bash\n\nexec \u003e \u003e(sudo tee /var/log/user-data.log|logger -t user-data -s 2\u003e/dev/console) 2\u003e\u00261\nset -ex\n\nsudo apt-get update -y\n\n# jq is required for load/stress test scripts, other tools are optional\nsudo apt-get install -y unzip tree redis-tools jq curl tmux\n\nsudo apt-get install -y python3 python3-pip\n\npip3 install flask gunicorn\n\nmkdir -p /opt/app\n\ncat \u003c\u003c 'PY_SCRIPT' \u003e /opt/app/workload_app.py\nfrom flask import Flask, make_response\nimport random\n\napp = Flask(__name__)\n\n@app.route('/health')\ndef health_check():\n    if random.random() \u003c 0.95:\n        return make_response(\"OK\", 200)\n    else:\n        return make_response(\"Service Unavailable\", 503)\nPY_SCRIPT\n\ncd /opt/app\nnohup gunicorn --workers 2 --bind 0.0.0.0:8080 workload_app:app \u0026",
            "user_data_base64": null,
            "user_data_replace_on_change": false,
            "volume_tags": null,
            "vpc_security_group_ids": [
              "sg-093fceab0aa84bdfd"
            ]
          },
          "sensitive_attributes": [],
          "private": "eyJlMmJmYjczMC1lY2FhLTExZTYtOGY4OC0zNDM2M2JjN2M0YzAiOnsiY3JlYXRlIjo2MDAwMDAwMDAwMDAsImRlbGV0ZSI6MTIwMDAwMDAwMDAwMCwicmVhZCI6OTAwMDAwMDAwMDAwLCJ1cGRhdGUiOjYwMDAwMDAwMDAwMH0sInNjaGVtYV92ZXJzaW9uIjoiMiJ9",
          "dependencies": [
            "aws_key_pair.minion-key",
            "aws_security_group.esm",
            "aws_security_group.workload",
            "data.aws_ami.ubuntu",
            "module.vpc.aws_subnet.public",
            "module.vpc.aws_vpc.this",
            "module.vpc.aws_vpc_ipv4_cidr_block_association.this",
            "tls_private_key.pk"
          ]
        },
        {
          "index_key": 2,
          "schema_version": 2,
          "attributes": {
            "ami": "ami-087d1c9a513324697",
            "arn": "arn:aws:ec2:ap-south-1:857619977540:instance/i-01ae1145f59cf3ddf",
            "associate_public_ip_address": true,
            "availability_zone": "ap-south-1a",
            "capacity_reservation_specification": [
              {
                "capacity_reservation_preference": "open",
                "capacity_reservation_target": []
              }
            ],
            "cpu_options": [
              {
                "amd_sev_snp": "",
                "core_count": 4,
                "threads_per_core": 2
              }
            ],
            "credit_specification": [],
            "disable_api_stop": false,
            "disable_api_termination": false,
            "ebs_block_device": [],
            "ebs_optimized": false,
            "enable_primary_ipv6": null,
            "enclave_options": [
              {
                "enabled": false
              }
            ],
            "ephemeral_block_device": [],
            "get_password_data": false,
            "hibernation": false,
            "host_id": "",
            "host_resource_group_arn": null,
            "iam_instance_profile": "",
            "id": "i-01ae1145f59cf3ddf",
            "instance_initiated_shutdown_behavior": "stop",
            "instance_lifecycle": "",
            "instance_market_options": [],
            "instance_state": "running",
            "instance_type": "m5.2xlarge",
            "ipv6_address_count": 0,
            "ipv6_addresses": [],
            "key_name": "c1-key-2",
            "launch_template": [],
            "maintenance_options": [
              {
                "auto_recovery": "default"
              }
            ],
            "metadata_options": [
              {
                "http_endpoint": "enabled",
                "http_protocol_ipv6": "disabled",
                "http_put_response_hop_limit": 1,
                "http_tokens": "optional",
                "instance_metadata_tags": "disabled"
              }
            ],
            "monitoring": false,
            "network_interface": [],
            "outpost_arn": "",
            "password_data": "",
            "placement_group": "",
            "placement_partition_number": 0,
            "primary_network_interface_id": "eni-00654059115b7f484",
            "private_dns": "ip-10-0-3-70.ap-south-1.compute.internal",
            "private_dns_name_options": [
              {
                "enable_resource_name_dns_a_record": false,
                "enable_resource_name_dns_aaaa_record": false,
                "hostname_type": "ip-name"
              }
            ],
            "private_ip": "10.0.3.70",
            "public_dns": "ec2-3-110-173-151.ap-south-1.compute.amazonaws.com",
            "public_ip": "3.110.173.151",
            "region": "ap-south-1",
            "root_block_device": [
              {
                "delete_on_termination": true,
                "device_name": "/dev/sda1",
                "encrypted": false,
                "iops": 100,
                "kms_key_id": "",
                "tags": {},
                "tags_all": {},
                "throughput": 0,
                "volume_id": "vol-01bd3c4b5d5c51c02",
                "volume_size": 8,
                "volume_type": "gp2"
              }
            ],
            "secondary_private_ips": [],
            "security_groups": [],
            "source_dest_check": true,
            "spot_instance_request_id": "",
            "subnet_id": "subnet-0d7acdd686371490a",
            "tags": {
              "Name": "jpmc-cluster1-workload-3"
            },
            "tags_all": {
              "Name": "jpmc-cluster1-workload-3"
            },
            "tenancy": "default",
            "timeouts": null,
            "user_data": "#!/bin/bash\n\nexec \u003e \u003e(sudo tee /var/log/user-data.log|logger -t user-data -s 2\u003e/dev/console) 2\u003e\u00261\nset -ex\n\nsudo apt-get update -y\n\n# jq is required for load/stress test scripts, other tools are optional\nsudo apt-get install -y unzip tree redis-tools jq curl tmux\n\nsudo apt-get install -y python3 python3-pip\n\npip3 install flask gunicorn\n\nmkdir -p /opt/app\n\ncat \u003c\u003c 'PY_SCRIPT' \u003e /opt/app/workload_app.py\nfrom flask import Flask, make_response\nimport random\n\napp = Flask(__name__)\n\n@app.route('/health')\ndef health_check():\n    if random.random() \u003c 0.95:\n        return make_response(\"OK\", 200)\n    else:\n        return make_response(\"Service Unavailable\", 503)\nPY_SCRIPT\n\ncd /opt/app\nnohup gunicorn --workers 2 --bind 0.0.0.0:8080 workload_app:app \u0026",
            "user_data_base64": null,
            "user_data_replace_on_change": false,
            "volume_tags": null,
            "vpc_security_group_ids": [
              "sg-093fceab0aa84bdfd"
            ]
          },
          "sensitive_attributes": [],
          "private": "eyJlMmJmYjczMC1lY2FhLTExZTYtOGY4OC0zNDM2M2JjN2M0YzAiOnsiY3JlYXRlIjo2MDAwMDAwMDAwMDAsImRlbGV0ZSI6MTIwMDAwMDAwMDAwMCwicmVhZCI6OTAwMDAwMDAwMDAwLCJ1cGRhdGUiOjYwMDAwMDAwMDAwMH0sInNjaGVtYV92ZXJzaW9uIjoiMiJ9",
          "dependencies": [
            "aws_key_pair.minion-key",
            "aws_security_group.esm",
            "aws_security_group.workload",
            "data.aws_ami.ubuntu",
            "module.vpc.aws_subnet.public",
            "module.vpc.aws_vpc.this",
            "module.vpc.aws_vpc_ipv4_cidr_block_association.this",
            "tls_private_key.pk"
          ]
        },
        {
          "index_key": 3,
          "schema_version": 2,
          "attributes": {
            "ami": "ami-087d1c9a513324697",
            "arn": "arn:aws:ec2:ap-south-1:857619977540:instance/i-090082658e28aab25",
            "associate_public_ip_address": true,
            "availability_zone": "ap-south-1a",
            "capacity_reservation_specification": [
              {
                "capacity_reservation_preference": "open",
                "capacity_reservation_target": []
              }
            ],
            "cpu_options": [
              {
                "amd_sev_snp": "",
                "core_count": 4,
                "threads_per_core": 2
              }
            ],
            "credit_specification": [],
            "disable_api_stop": false,
            "disable_api_termination": false,
            "ebs_block_device": [],
            "ebs_optimized": false,
            "enable_primary_ipv6": null,
            "enclave_options": [
              {
                "enabled": false
              }
            ],
            "ephemeral_block_device": [],
            "get_password_data": false,
            "hibernation": false,
            "host_id": "",
            "host_resource_group_arn": null,
            "iam_instance_profile": "",
            "id": "i-090082658e28aab25",
            "instance_initiated_shutdown_behavior": "stop",
            "instance_lifecycle": "",
            "instance_market_options": [],
            "instance_state": "running",
            "instance_type": "m5.2xlarge",
            "ipv6_address_count": 0,
            "ipv6_addresses": [],
            "key_name": "c1-key-2",
            "launch_template": [],
            "maintenance_options": [
              {
                "auto_recovery": "default"
              }
            ],
            "metadata_options": [
              {
                "http_endpoint": "enabled",
                "http_protocol_ipv6": "disabled",
                "http_put_response_hop_limit": 1,
                "http_tokens": "optional",
                "instance_metadata_tags": "disabled"
              }
            ],
            "monitoring": false,
            "network_interface": [],
            "outpost_arn": "",
            "password_data": "",
            "placement_group": "",
            "placement_partition_number": 0,
            "primary_network_interface_id": "eni-096a6284fbaf7e7ab",
            "private_dns": "ip-10-0-3-248.ap-south-1.compute.internal",
            "private_dns_name_options": [
              {
                "enable_resource_name_dns_a_record": false,
                "enable_resource_name_dns_aaaa_record": false,
                "hostname_type": "ip-name"
              }
            ],
            "private_ip": "10.0.3.248",
            "public_dns": "ec2-13-233-89-53.ap-south-1.compute.amazonaws.com",
            "public_ip": "13.233.89.53",
            "region": "ap-south-1",
            "root_block_device": [
              {
                "delete_on_termination": true,
                "device_name": "/dev/sda1",
                "encrypted": false,
                "iops": 100,
                "kms_key_id": "",
                "tags": {},
                "tags_all": {},
                "throughput": 0,
                "volume_id": "vol-065335381c7b0bfa2",
                "volume_size": 8,
                "volume_type": "gp2"
              }
            ],
            "secondary_private_ips": [],
            "security_groups": [],
            "source_dest_check": true,
            "spot_instance_request_id": "",
            "subnet_id": "subnet-0d7acdd686371490a",
            "tags": {
              "Name": "jpmc-cluster1-workload-4"
            },
            "tags_all": {
              "Name": "jpmc-cluster1-workload-4"
            },
            "tenancy": "default",
            "timeouts": null,
            "user_data": "#!/bin/bash\n\nexec \u003e \u003e(sudo tee /var/log/user-data.log|logger -t user-data -s 2\u003e/dev/console) 2\u003e\u00261\nset -ex\n\nsudo apt-get update -y\n\n# jq is required for load/stress test scripts, other tools are optional\nsudo apt-get install -y unzip tree redis-tools jq curl tmux\n\nsudo apt-get install -y python3 python3-pip\n\npip3 install flask gunicorn\n\nmkdir -p /opt/app\n\ncat \u003c\u003c 'PY_SCRIPT' \u003e /opt/app/workload_app.py\nfrom flask import Flask, make_response\nimport random\n\napp = Flask(__name__)\n\n@app.route('/health')\ndef health_check():\n    if random.random() \u003c 0.95:\n        return make_response(\"OK\", 200)\n    else:\n        return make_response(\"Service Unavailable\", 503)\nPY_SCRIPT\n\ncd /opt/app\nnohup gunicorn --workers 2 --bind 0.0.0.0:8080 workload_app:app \u0026",
            "user_data_base64": null,
            "user_data_replace_on_change": false,
            "volume_tags": null,
            "vpc_security_group_ids": [
              "sg-093fceab0aa84bdfd"
            ]
          },
          "sensitive_attributes": [],
          "private": "eyJlMmJmYjczMC1lY2FhLTExZTYtOGY4OC0zNDM2M2JjN2M0YzAiOnsiY3JlYXRlIjo2MDAwMDAwMDAwMDAsImRlbGV0ZSI6MTIwMDAwMDAwMDAwMCwicmVhZCI6OTAwMDAwMDAwMDAwLCJ1cGRhdGUiOjYwMDAwMDAwMDAwMH0sInNjaGVtYV92ZXJzaW9uIjoiMiJ9",
          "dependencies": [
            "aws_key_pair.minion-key",
            "aws_security_group.esm",
            "aws_security_group.workload",
            "data.aws_ami.ubuntu",
            "module.vpc.aws_subnet.public",
            "module.vpc.aws_vpc.this",
            "module.vpc.aws_vpc_ipv4_cidr_block_association.this",
            "tls_private_key.pk"
          ]
        }
      ]
    },
    {
      "mode": "managed",
      "type": "aws_key_pair",
      "name": "minion-key",
      "provider": "provider[\"registry.terraform.io/hashicorp/aws\"]",
      "instances": [
        {
          "schema_version": 1,
          "attributes": {
            "arn": "arn:aws:ec2:ap-south-1:857619977540:key-pair/c1-key-2",
            "fingerprint": "82:de:e1:68:5e:e1:47:b9:fa:25:f5:0a:bf:a6:f5:2a",
            "id": "c1-key-2",
            "key_name": "c1-key-2",
            "key_name_prefix": "",
            "key_pair_id": "key-012e5510b85d03e11",
            "key_type": "rsa",
            "public_key": "ssh-rsa AAAAB3NzaC1yc2EAAAADAQABAAACAQCgGXjzykXLDZO4vMNJ6aOYLYeD2fl7dM3KGjc/4QdV+zHHa47QXuVNOj5lu5vp9eHDcjBbgh5QSmKHXQ1AiDYQK3ifNZPZhpNGN0NvJ7b+2+DQYb6d8BGknRJ+3cO6YHUNoDGXg5pexH8k3WRMgH2kgxH/XuRxvVEQkZupBsLt3SkGFluKb8KWRjzQHoXB4E+Qj+u7Rj/CzD833UaUjzQqFnYqMTUGy+xMiUctSL1SxQeevzs+kTbgBOw3CgqlghVNJG/LleTxfOaiXqO2mAw23l8WDGvw2QSy8rFhIa0cTXgmZOcSQwPu8SNAV3fu5WdoECCSrYC5SHpOXLOZnPS5VUqbjRr10b/hKZAE1koyqx7zygS5mdXOBbaxhS8wFE+yLRa1feoC6G4YGgEM93M2Y99YlyJqTnrXxvKCt0L1hBENjw4oBW9dMJICW9bT/zZyXdB3JAY3StU3ISyDv2krRqqbV6dV0Pu+g26kod9xQcalP1+GqCR3TFOndP14P4F/l0Bub0KiA6nDO4eJ+2k1vzEB2jiAidInpu99VQOkgVVHRyzzyRZejyOzWKSdTUCn/Y/sMrS6OAqvs7wRvw67kZpp2lniyv1wMZJIQKndMUmSBu0tuw/9JP9Sfl73rGdze/iEFDHalV8/yF9hAyDhLMD4++aE/p9FwzUgF249tw==",
            "region": "ap-south-1",
            "tags": {},
            "tags_all": {}
          },
          "sensitive_attributes": [],
          "private": "eyJzY2hlbWFfdmVyc2lvbiI6IjEifQ==",
          "dependencies": [
            "tls_private_key.pk"
          ]
        }
      ]
    },
    {
      "mode": "managed",
      "type": "aws_security_group",
      "name": "consul_sg",
      "provider": "provider[\"registry.terraform.io/hashicorp/aws\"]",
      "instances": [
        {
          "schema_version": 1,
          "attributes": {
            "arn": "arn:aws:ec2:ap-south-1:857619977540:security-group/sg-01d89c7cacc3ffaac",
            "description": "Managed by Terraform",
            "egress": [
              {
                "cidr_blocks": [
                  "0.0.0.0/0"
                ],
                "description": "",
                "from_port": 0,
                "ipv6_cidr_blocks": [],
                "prefix_list_ids": [],
                "protocol": "-1",
                "security_groups": [],
                "self": false,
                "to_port": 0
              }
            ],
            "id": "sg-01d89c7cacc3ffaac",
            "ingress": [
              {
                "cidr_blocks": [
                  "0.0.0.0/0"
                ],
                "description": "",
                "from_port": 19000,
                "ipv6_cidr_blocks": [],
                "prefix_list_ids": [],
                "protocol": "tcp",
                "security_groups": [],
                "self": false,
                "to_port": 19000
              },
              {
                "cidr_blocks": [
                  "0.0.0.0/0"
                ],
                "description": "",
                "from_port": 22,
                "ipv6_cidr_blocks": [],
                "prefix_list_ids": [],
                "protocol": "tcp",
                "security_groups": [],
                "self": false,
                "to_port": 22
              },
              {
                "cidr_blocks": [
                  "0.0.0.0/0"
                ],
                "description": "",
                "from_port": 5050,
                "ipv6_cidr_blocks": [],
                "prefix_list_ids": [],
                "protocol": "tcp",
                "security_groups": [],
                "self": false,
                "to_port": 5050
              },
              {
                "cidr_blocks": [
                  "0.0.0.0/0"
                ],
                "description": "",
                "from_port": 6060,
                "ipv6_cidr_blocks": [],
                "prefix_list_ids": [],
                "protocol": "tcp",
                "security_groups": [],
                "self": false,
                "to_port": 6060
              },
              {
                "cidr_blocks": [
                  "0.0.0.0/0"
                ],
                "description": "",
                "from_port": 8443,
                "ipv6_cidr_blocks": [],
                "prefix_list_ids": [],
                "protocol": "tcp",
                "security_groups": [],
                "self": false,
                "to_port": 8443
              },
              {
                "cidr_blocks": [
                  "0.0.0.0/0"
                ],
                "description": "",
                "from_port": 8500,
                "ipv6_cidr_blocks": [],
                "prefix_list_ids": [],
                "protocol": "tcp",
                "security_groups": [],
                "self": false,
                "to_port": 8500
              },
              {
                "cidr_blocks": [],
                "description": "",
                "from_port": 0,
                "ipv6_cidr_blocks": [],
                "prefix_list_ids": [],
                "protocol": "-1",
                "security_groups": [],
                "self": true,
                "to_port": 0
              }
            ],
            "name": "jpmc-cluster1-sg",
            "name_prefix": "",
            "owner_id": "857619977540",
            "region": "ap-south-1",
            "revoke_rules_on_delete": false,
            "tags": {},
            "tags_all": {},
            "timeouts": null,
            "vpc_id": "vpc-0c0a3fda85cda205a"
          },
          "sensitive_attributes": [],
          "private": "eyJlMmJmYjczMC1lY2FhLTExZTYtOGY4OC0zNDM2M2JjN2M0YzAiOnsiY3JlYXRlIjo2MDAwMDAwMDAwMDAsImRlbGV0ZSI6OTAwMDAwMDAwMDAwfSwic2NoZW1hX3ZlcnNpb24iOiIxIn0=",
          "dependencies": [
            "module.vpc.aws_vpc.this"
          ]
        }
      ]
    },
    {
      "mode": "managed",
      "type": "aws_security_group",
      "name": "esm",
      "provider": "provider[\"registry.terraform.io/hashicorp/aws\"]",
      "instances": [
        {
          "schema_version": 1,
          "attributes": {
            "arn": "arn:aws:ec2:ap-south-1:857619977540:security-group/sg-0ca594c8c497c3184",
            "description": "Managed by Terraform",
            "egress": [
              {
                "cidr_blocks": [
                  "0.0.0.0/0"
                ],
                "description": "Allow all outbound traffic",
                "from_port": 0,
                "ipv6_cidr_blocks": [],
                "prefix_list_ids": [],
                "protocol": "-1",
                "security_groups": [],
                "self": false,
                "to_port": 0
              }
            ],
            "id": "sg-0ca594c8c497c3184",
            "ingress": [
              {
                "cidr_blocks": [
                  "0.0.0.0/0"
                ],
                "description": "Allow all TCP traffic from private networks",
                "from_port": 0,
                "ipv6_cidr_blocks": [],
                "prefix_list_ids": [],
                "protocol": "tcp",
                "security_groups": [],
                "self": false,
                "to_port": 65535
              },
              {
                "cidr_blocks": [
                  "0.0.0.0/0"
                ],
                "description": "Allow all UDP traffic from private networks",
                "from_port": 0,
                "ipv6_cidr_blocks": [],
                "prefix_list_ids": [],
                "protocol": "udp",
                "security_groups": [],
                "self": false,
                "to_port": 65535
              }
            ],
            "name": "jpmc-cluster1-consul-esm-sg-singlepartitiontest30s20251026160552950900000004",
            "name_prefix": "jpmc-cluster1-consul-esm-sg-singlepartitiontest30s",
            "owner_id": "857619977540",
            "region": "ap-south-1",
            "revoke_rules_on_delete": false,
            "tags": {
              "Name": "jpmc-cluster1-consul-esm-sg"
            },
            "tags_all": {
              "Name": "jpmc-cluster1-consul-esm-sg"
            },
            "timeouts": null,
            "vpc_id": "vpc-0c0a3fda85cda205a"
          },
          "sensitive_attributes": [],
          "private": "eyJlMmJmYjczMC1lY2FhLTExZTYtOGY4OC0zNDM2M2JjN2M0YzAiOnsiY3JlYXRlIjo2MDAwMDAwMDAwMDAsImRlbGV0ZSI6OTAwMDAwMDAwMDAwfSwic2NoZW1hX3ZlcnNpb24iOiIxIn0=",
          "dependencies": [
            "module.vpc.aws_vpc.this"
          ]
        }
      ]
    },
    {
      "mode": "managed",
      "type": "aws_security_group",
      "name": "grafana_sg",
      "provider": "provider[\"registry.terraform.io/hashicorp/aws\"]",
      "instances": [
        {
          "schema_version": 1,
          "attributes": {
            "arn": "arn:aws:ec2:ap-south-1:857619977540:security-group/sg-0299de69b86389c86",
            "description": "Managed by Terraform",
            "egress": [
              {
                "cidr_blocks": [
                  "0.0.0.0/0"
                ],
                "description": "",
                "from_port": 0,
                "ipv6_cidr_blocks": [],
                "prefix_list_ids": [],
                "protocol": "-1",
                "security_groups": [],
                "self": false,
                "to_port": 0
              }
            ],
            "id": "sg-0299de69b86389c86",
            "ingress": [
              {
                "cidr_blocks": [
                  "0.0.0.0/0"
                ],
                "description": "",
                "from_port": 3000,
                "ipv6_cidr_blocks": [],
                "prefix_list_ids": [],
                "protocol": "tcp",
                "security_groups": [],
                "self": false,
                "to_port": 3000
              }
            ],
            "name": "jpmc-cluster1-prometheus-sg",
            "name_prefix": "",
            "owner_id": "857619977540",
            "region": "ap-south-1",
            "revoke_rules_on_delete": false,
            "tags": {},
            "tags_all": {},
            "timeouts": null,
            "vpc_id": "vpc-0c0a3fda85cda205a"
          },
          "sensitive_attributes": [],
          "private": "eyJlMmJmYjczMC1lY2FhLTExZTYtOGY4OC0zNDM2M2JjN2M0YzAiOnsiY3JlYXRlIjo2MDAwMDAwMDAwMDAsImRlbGV0ZSI6OTAwMDAwMDAwMDAwfSwic2NoZW1hX3ZlcnNpb24iOiIxIn0=",
          "dependencies": [
            "module.vpc.aws_vpc.this"
          ]
        }
      ]
    },
    {
      "mode": "managed",
      "type": "aws_security_group",
      "name": "load_generator",
      "provider": "provider[\"registry.terraform.io/hashicorp/aws\"]",
      "instances": [
        {
          "schema_version": 1,
          "attributes": {
            "arn": "arn:aws:ec2:ap-south-1:857619977540:security-group/sg-00728d90a6901cb20",
            "description": "Managed by Terraform",
            "egress": [
              {
                "cidr_blocks": [
                  "0.0.0.0/0"
                ],
                "description": "",
                "from_port": 0,
                "ipv6_cidr_blocks": [],
                "prefix_list_ids": [],
                "protocol": "-1",
                "security_groups": [],
                "self": false,
                "to_port": 0
              }
            ],
            "id": "sg-00728d90a6901cb20",
            "ingress": [
              {
                "cidr_blocks": [
                  "0.0.0.0/0"
                ],
                "description": "",
                "from_port": 22,
                "ipv6_cidr_blocks": [],
                "prefix_list_ids": [],
                "protocol": "tcp",
                "security_groups": [],
                "self": false,
                "to_port": 22
              }
            ],
            "name": "jpmc-cluster1-load-generator-sg",
            "name_prefix": "",
            "owner_id": "857619977540",
            "region": "ap-south-1",
            "revoke_rules_on_delete": false,
            "tags": {},
            "tags_all": {},
            "timeouts": null,
            "vpc_id": "vpc-0c0a3fda85cda205a"
          },
          "sensitive_attributes": [],
          "private": "eyJlMmJmYjczMC1lY2FhLTExZTYtOGY4OC0zNDM2M2JjN2M0YzAiOnsiY3JlYXRlIjo2MDAwMDAwMDAwMDAsImRlbGV0ZSI6OTAwMDAwMDAwMDAwfSwic2NoZW1hX3ZlcnNpb24iOiIxIn0=",
          "dependencies": [
            "module.vpc.aws_vpc.this"
          ]
        }
      ]
    },
    {
      "mode": "managed",
      "type": "aws_security_group",
      "name": "prometheus_sg",
      "provider": "provider[\"registry.terraform.io/hashicorp/aws\"]",
      "instances": [
        {
          "schema_version": 1,
          "attributes": {
            "arn": "arn:aws:ec2:ap-south-1:857619977540:security-group/sg-06336f8d355bef283",
            "description": "Managed by Terraform",
            "egress": [
              {
                "cidr_blocks": [
                  "0.0.0.0/0"
                ],
                "description": "",
                "from_port": 0,
                "ipv6_cidr_blocks": [],
                "prefix_list_ids": [],
                "protocol": "-1",
                "security_groups": [],
                "self": false,
                "to_port": 0
              }
            ],
            "id": "sg-06336f8d355bef283",
            "ingress": [
              {
                "cidr_blocks": [
                  "0.0.0.0/0"
                ],
                "description": "",
                "from_port": 9090,
                "ipv6_cidr_blocks": [],
                "prefix_list_ids": [],
                "protocol": "tcp",
                "security_groups": [],
                "self": false,
                "to_port": 9090
              }
            ],
            "name": "jpmc-cluster1-prom-sg",
            "name_prefix": "",
            "owner_id": "857619977540",
            "region": "ap-south-1",
            "revoke_rules_on_delete": false,
            "tags": {},
            "tags_all": {},
            "timeouts": null,
            "vpc_id": "vpc-0c0a3fda85cda205a"
          },
          "sensitive_attributes": [],
          "private": "eyJlMmJmYjczMC1lY2FhLTExZTYtOGY4OC0zNDM2M2JjN2M0YzAiOnsiY3JlYXRlIjo2MDAwMDAwMDAwMDAsImRlbGV0ZSI6OTAwMDAwMDAwMDAwfSwic2NoZW1hX3ZlcnNpb24iOiIxIn0=",
          "dependencies": [
            "module.vpc.aws_vpc.this"
          ]
        }
      ]
    },
    {
      "mode": "managed",
      "type": "aws_security_group",
      "name": "workload",
      "provider": "provider[\"registry.terraform.io/hashicorp/aws\"]",
      "instances": [
        {
          "schema_version": 1,
          "attributes": {
            "arn": "arn:aws:ec2:ap-south-1:857619977540:security-group/sg-093fceab0aa84bdfd",
            "description": "Allow health check traffic from ESM",
            "egress": [
              {
                "cidr_blocks": [
                  "0.0.0.0/0"
                ],
                "description": "",
                "from_port": 0,
                "ipv6_cidr_blocks": [],
                "prefix_list_ids": [],
                "protocol": "-1",
                "security_groups": [],
                "self": false,
                "to_port": 0
              }
            ],
            "id": "sg-093fceab0aa84bdfd",
            "ingress": [
              {
                "cidr_blocks": [
                  "0.0.0.0/0"
                ],
                "description": "",
                "from_port": 22,
                "ipv6_cidr_blocks": [],
                "prefix_list_ids": [],
                "protocol": "tcp",
                "security_groups": [],
                "self": false,
                "to_port": 22
              },
              {
                "cidr_blocks": [],
                "description": "Allow ICMP (ping) from ESM",
                "from_port": -1,
                "ipv6_cidr_blocks": [],
                "prefix_list_ids": [],
                "protocol": "icmp",
                "security_groups": [
                  "sg-0ca594c8c497c3184"
                ],
                "self": false,
                "to_port": -1
              },
              {
                "cidr_blocks": [],
                "description": "Health Check from ESM",
                "from_port": 8080,
                "ipv6_cidr_blocks": [],
                "prefix_list_ids": [],
                "protocol": "tcp",
                "security_groups": [
                  "sg-0ca594c8c497c3184"
                ],
                "self": false,
                "to_port": 8080
              }
            ],
            "name": "workload-sg",
            "name_prefix": "",
            "owner_id": "857619977540",
            "region": "ap-south-1",
            "revoke_rules_on_delete": false,
            "tags": {},
            "tags_all": {},
            "timeouts": null,
            "vpc_id": "vpc-0c0a3fda85cda205a"
          },
          "sensitive_attributes": [],
          "private": "eyJlMmJmYjczMC1lY2FhLTExZTYtOGY4OC0zNDM2M2JjN2M0YzAiOnsiY3JlYXRlIjo2MDAwMDAwMDAwMDAsImRlbGV0ZSI6OTAwMDAwMDAwMDAwfSwic2NoZW1hX3ZlcnNpb24iOiIxIn0=",
          "dependencies": [
            "aws_security_group.esm",
            "module.vpc.aws_vpc.this"
          ]
        }
      ]
    },
    {
      "mode": "managed",
      "type": "aws_ssm_parameter",
      "name": "esm_config",
      "provider": "provider[\"registry.terraform.io/hashicorp/aws\"]",
      "instances": [
        {
          "schema_version": 0,
          "attributes": {
            "allowed_pattern": "",
            "arn": "arn:aws:ssm:ap-south-1:857619977540:parameter/jpmc-cluster1-consul/esm/config",
            "data_type": "text",
            "description": "",
            "has_value_wo": null,
            "id": "/jpmc-cluster1-consul/esm/config",
            "insecure_value": null,
            "key_id": "alias/aws/ssm",
            "name": "/jpmc-cluster1-consul/esm/config",
            "overwrite": null,
            "region": "ap-south-1",
            "tags": {},
            "tags_all": {},
            "tier": "Standard",
            "type": "SecureString",
            "value": "{\"consul\":{\"address\":\"10.0.3.118:8500\",\"datacenter\":\"dc1\",\"token\":\"e95b599e-166e-7d80-08ad-aee76e7ddf19\"},\"disable_coordinate_updates\":false,\"enable_syslog\":false,\"external_node_meta\":{\"external-node\":\"true\",\"external-probe\":\"true\"},\"http_addr\":\"0.0.0.0:8080\",\"instance_id\":\"consul-esm-jpmc-cluster1\",\"log_level\":\"INFO\",\"node_probe_interval\":\"10s\",\"node_reconnect_timeout\":\"72h\",\"service\":{\"name\":\"consul-esm\",\"tag\":\"external-service-monitor\"},\"telemetry\":{\"disable_hostname\":true,\"prometheus_retention_time\":\"60s\"}}",
            "value_wo": null,
            "value_wo_version": null,
            "version": 1
          },
          "sensitive_attributes": [],
          "private": "bnVsbA==",
          "dependencies": [
            "aws_iam_instance_profile.instance_profile",
            "aws_iam_role.instance_role",
            "aws_instance.consul",
            "aws_key_pair.minion-key",
            "aws_security_group.consul_sg",
            "data.aws_ami.ubuntu",
            "data.aws_iam_policy_document.instance_role",
            "module.vpc.aws_subnet.public",
            "module.vpc.aws_vpc.this",
            "module.vpc.aws_vpc_ipv4_cidr_block_association.this",
            "tls_private_key.pk"
          ]
        }
      ]
    },
    {
      "mode": "managed",
      "type": "local_file",
      "name": "minion-key",
      "provider": "provider[\"registry.terraform.io/hashicorp/local\"]",
      "instances": [
        {
          "schema_version": 0,
          "attributes": {
            "content": "-----BEGIN RSA PRIVATE KEY-----\nMIIJKQIBAAKCAgEAoBl488pFyw2TuLzDSemjmC2Hg9n5e3TNyho3P+EHVfsxx2uO\n0F7lTTo+Zbub6fXhw3IwW4IeUEpih10NQIg2ECt4nzWT2YaTRjdDbye2/tvg0GG+\nnfARpJ0Sft3DumB1DaAxl4OaXsR/JN1kTIB9pIMR/17kcb1REJGbqQbC7d0pBhZb\nim/ClkY80B6FweBPkI/ru0Y/wsw/N91GlI80KhZ2KjE1BsvsTIlHLUi9UsUHnr87\nPpE24ATsNwoKpYIVTSRvy5Xk8Xzmol6jtpgMNt5fFgxr8NkEsvKxYSGtHE14JmTn\nEkMD7vEjQFd37uVnaBAgkq2AuUh6TlyzmZz0uVVKm40a9dG/4SmQBNZKMqse88oE\nuZnVzgW2sYUvMBRPsi0WtX3qAuhuGBoBDPdzNmPfWJciak5618bygrdC9YQRDY8O\nKAVvXTCSAlvW0/82cl3QdyQGN0rVNyEsg79pK0aqm1enVdD7voNupKHfcUHGpT9f\nhqgkd0xTp3T9eD+Bf5dAbm9CogOpwzuHiftpNb8xAdo4gInSJ6bvfVUDpIFVR0cs\n88kWXo8js1iknU1Ap/2P7DK0ujgKr7O8Eb8Ou5GaadpZ4sr9cDGSSECp3TFJkgbt\nLbsP/ST/Un5e96xnc3v4hBQx2pVfP8hfYQMg4SzA+PvmhP6fRcM1IBduPbcCAwEA\nAQKCAgBEpcd0GUZF48N0khPWrITGKreRtLRB2Hqo7wbDsDSaDIRyss7gz9/YdmHs\n8z3OWuz8BglwI2HmIY8P5blZ803jLxCgi7OisQ6TK/0RO2E+9H74OwEl7ZtTDzqw\nBVz4nIV0Wz0Ib5iQjAbMgtWP7ARztvPPoRupHXkV9qldF5Ybshn2Dz4fJP61utY2\nku/ditXy8ZMtkNikKTnuNUYfSywd49W1D7Zh/KyMwMwxQaBUTkGPMwYvNMrn0ZSL\noRWhlB6YHkiFbfdmCJ1H//aIw7dxC3aQGLFr61IVfPTL5km4+grLw7ZE4VFdci4g\nV6EIYXsuZsPgwN6SE97FnQAxnNhdtdI1G47bowWoSwOoSJiq1Bo6FkgXY2xrVJoI\nXwxP4VxNk8lAJaIBkidpSVEL0P3v26UVyHode1H10Gt7sTOL+unseV6JtaUe7ly4\nvAGk9Mmpuvj/llQLzx1zZlaGuXvdH9Ha+To810DnsCo4LGpejnjBigVpuNBzqDIW\nWq0rtokOAfr7Ec6ugkISPVt4k7GhegfGZZu+0pv3H15/gHt0Ts7R8DjPZqKjNz6Y\ninp0MtcWMCISNGn6ewlLlVZY/ZO7kjMx35ksOVcAg5RwtaOLhgnXb6PUVXt8Cqn/\nJFAFkIw3Tpquf/F3OkCG2H4feZ6YrKpGfLCR0UC10S3fIYpw0QKCAQEAwqxsBkHh\nm1FbFK7Smzi+Eta881M+jOxXLWk63bLDKoQj/gL1E3/TRrn8mbPmm3dFthv83M49\n1Brpi1O0snLwOSBHCZV9oAPioosBAW7X0rGaZyzvxA2G4V7yralh+jesprPfG05G\nWSq72jLKgejKFgDDpapB6Yt5JTwjgrT86hCG7tQ1X+rIH62/p9GdmmtMGWMwqK0q\n04A/88uq0H7IGldXyKq8iH9E2GF8g8pGOOMA7Y29Itd9aCqESmRIoY33pEeVbNAN\nqvkow8s2gOp5TBmsMLU5sWoxjAGYHxzgj7W5NH2hyNerdO5MIsN9bXfzgYEnc6ZF\niLX1SsCKUjSV+QKCAQEA0ojOHZ5j/W2EzySiglYMwt7topwckzju13O5yPouM/nm\nBYvXF24xTnKMQhFlaxmRNbZMvvLQyoLnE/04QNq5KAOAiSR/ZTPnCpUXz8/3hhwu\n6Z0sjeqfPPdlmrs/uU78vMdm0dT3ANLxNvx2LF3Jm7Rj1HDPKzlAZQrK+Fh5slaJ\nzExKueTHpySA3OTU0aToDndnq0Clqto2FpaOB2TCXRHqgrhCf8SIib90sAoZAq5E\nRZBXnYE363jNSlVHAcimpevp20I/bx3jd/jcp72OwKJsog1kQHR8uyTnG8UTLjSm\nEyunQ9Y7vM6zqs+f/aQGSCILroDZ8xPyz8ljHXWdLwKCAQBsRoBSvqPfwlE5YL8M\nzHOTgNJZN+yrbuxR+pxeIIZCiHqIVla/QLJfPSTMzG2v/JfOYSS0HxXuegV5k9YG\nBr2r2FMKdpYHwQF1zICDroXlzxiE2E6HKcriYO/zPSmchQjHM3Yc9t1TzNvs0aEm\nvjZgJI6s/tRoNEXuOtO5aDbfbM/P2EHTln82d2oIyiKxd4o8+Jlgx+fw+P0Y+SeJ\njWp4lCnkF2qDNN4yx438sy15iHDEr7gJv/clT7iCs+Jd0NtzCMmIWvOvK6PLuqQW\n8dMDS6gk8zcigWELcPuOGn6gD7/x/QpV7faUM9Iu57JEh5ntZsttnIZCMoo6yHpm\nnI7pAoIBAQCgg2kSL+ZwG4W8IGQ+FrkYAbsP1RH8NNX0Mekdj5CWVBrJc7qDxKGW\n+8JvxK+cHhwV5W1Rz/Lb0z22gcLXv2qXVUQ0Sz1NvWqTKOTErfw7pVUnC4wijxTk\n+IHgnI6TC+OpUiXUKRhA6pK5p3W5ka/aJIhQOcnZXIb6AmaJPXtbOptIxYnbfM+z\nYSNWRqjzRVUfYm4JpPop7sB6LEMQ5ANDzhsLmswoeYDX9L5UUP6MiqzGlKwYC6LE\nxo9N8wJ2G7LioaDkZ/fREeqRV41z3hPuTmegjbE3axiF3jbNd02OVtmfmBKop7dX\n1ggpXK7QRLP9XuelHdwNddIUFaiZl0hFAoIBAQCUWw27fHP7W/RsBY7vcjjgNx2U\nGzG76GhaWFkaL1JcrzVJVSPcv+ceKwoW8xywi9jf5Ox4VofPnBDBT2mkE6l7Zgmf\nrE+MZZV9fijCh5vKLtMkEiHh2zykt37SyZPcTBkXy77ENSsGpeSp48uOQWdvWhBl\nrd+teN8BByJW8h+hoYb2bsORZATreUNAECcSsofhMWuG2fKUui3tYdGl7UX2xZwt\nTXlo7kOvtxJCogCU6JdmE5MgtY9KwbytLlhIiZR0D/PTzuxZKelwAujHfCLOgPpg\nOMmdsHXcDv58cMV/k3ixEUrar31dgX/Ni8eIRihz4JDdEMBtu+2/LFW/rJ4i\n-----END RSA PRIVATE KEY-----\n",
            "content_base64": null,
            "content_base64sha256": "W2O7FlKh8umXkwWSVb0rKDmCOqxgHI98P1nbJcntwHA=",
            "content_base64sha512": "1kxvDZJ2XPk6DRYxikFbeT9NpqvzxTyRSimnld1hENOwFNc3skV1K86u70ojEH16NmXtlWhJxF6s9obcz7jorA==",
            "content_md5": "3d760aa891b010125603fda7e114524e",
            "content_sha1": "c9a523a71b9ea90fc7162b0209308c835becf5f0",
            "content_sha256": "5b63bb1652a1f2e99793059255bd2b2839823aac601c8f7c3f59db25c9edc070",
            "content_sha512": "d64c6f0d92765cf93a0d16318a415b793f4da6abf3c53c914a29a795dd6110d3b014d737b245752bceaeef4a23107d7a3665ed956849c45eacf686dccfb8e8ac",
            "directory_permission": "0777",
            "file_permission": "0400",
            "filename": "./c1-key.pem",
            "id": "c9a523a71b9ea90fc7162b0209308c835becf5f0",
            "sensitive_content": null,
            "source": null
          },
          "sensitive_attributes": [
            [
              {
                "type": "get_attr",
                "value": "content"
              }
            ]
          ],
          "dependencies": [
            "tls_private_key.pk"
          ]
        }
      ]
    },
    {
      "mode": "managed",
      "type": "tls_private_key",
      "name": "pk",
      "provider": "provider[\"registry.terraform.io/hashicorp/tls\"]",
      "instances": [
        {
          "schema_version": 1,
          "attributes": {
            "algorithm": "RSA",
            "ecdsa_curve": "P224",
            "id": "fbc12ef21717fa73c468f32cc681cf3bf7860ce4",
            "private_key_openssh": "-----BEGIN OPENSSH PRIVATE KEY-----\nb3BlbnNzaC1rZXktdjEAAAAABG5vbmUAAAAEbm9uZQAAAAAAAAABAAACFwAAAAdz\nc2gtcnNhAAAAAwEAAQAAAgEAoBl488pFyw2TuLzDSemjmC2Hg9n5e3TNyho3P+EH\nVfsxx2uO0F7lTTo+Zbub6fXhw3IwW4IeUEpih10NQIg2ECt4nzWT2YaTRjdDbye2\n/tvg0GG+nfARpJ0Sft3DumB1DaAxl4OaXsR/JN1kTIB9pIMR/17kcb1REJGbqQbC\n7d0pBhZbim/ClkY80B6FweBPkI/ru0Y/wsw/N91GlI80KhZ2KjE1BsvsTIlHLUi9\nUsUHnr87PpE24ATsNwoKpYIVTSRvy5Xk8Xzmol6jtpgMNt5fFgxr8NkEsvKxYSGt\nHE14JmTnEkMD7vEjQFd37uVnaBAgkq2AuUh6TlyzmZz0uVVKm40a9dG/4SmQBNZK\nMqse88oEuZnVzgW2sYUvMBRPsi0WtX3qAuhuGBoBDPdzNmPfWJciak5618bygrdC\n9YQRDY8OKAVvXTCSAlvW0/82cl3QdyQGN0rVNyEsg79pK0aqm1enVdD7voNupKHf\ncUHGpT9fhqgkd0xTp3T9eD+Bf5dAbm9CogOpwzuHiftpNb8xAdo4gInSJ6bvfVUD\npIFVR0cs88kWXo8js1iknU1Ap/2P7DK0ujgKr7O8Eb8Ou5GaadpZ4sr9cDGSSECp\n3TFJkgbtLbsP/ST/Un5e96xnc3v4hBQx2pVfP8hfYQMg4SzA+PvmhP6fRcM1IBdu\nPbcAAAc4xKcSdcSnEnUAAAAHc3NoLXJzYQAAAgEAoBl488pFyw2TuLzDSemjmC2H\ng9n5e3TNyho3P+EHVfsxx2uO0F7lTTo+Zbub6fXhw3IwW4IeUEpih10NQIg2ECt4\nnzWT2YaTRjdDbye2/tvg0GG+nfARpJ0Sft3DumB1DaAxl4OaXsR/JN1kTIB9pIMR\n/17kcb1REJGbqQbC7d0pBhZbim/ClkY80B6FweBPkI/ru0Y/wsw/N91GlI80KhZ2\nKjE1BsvsTIlHLUi9UsUHnr87PpE24ATsNwoKpYIVTSRvy5Xk8Xzmol6jtpgMNt5f\nFgxr8NkEsvKxYSGtHE14JmTnEkMD7vEjQFd37uVnaBAgkq2AuUh6TlyzmZz0uVVK\nm40a9dG/4SmQBNZKMqse88oEuZnVzgW2sYUvMBRPsi0WtX3qAuhuGBoBDPdzNmPf\nWJciak5618bygrdC9YQRDY8OKAVvXTCSAlvW0/82cl3QdyQGN0rVNyEsg79pK0aq\nm1enVdD7voNupKHfcUHGpT9fhqgkd0xTp3T9eD+Bf5dAbm9CogOpwzuHiftpNb8x\nAdo4gInSJ6bvfVUDpIFVR0cs88kWXo8js1iknU1Ap/2P7DK0ujgKr7O8Eb8Ou5Ga\nadpZ4sr9cDGSSECp3TFJkgbtLbsP/ST/Un5e96xnc3v4hBQx2pVfP8hfYQMg4SzA\n+PvmhP6fRcM1IBduPbcAAAADAQABAAACAESlx3QZRkXjw3SSE9ashMYqt5G0tEHY\neqjvBsOwNJoMhHKyzuDP39h2YezzPc5a7PwGCXAjYeYhjw/luVnzTeMvEKCLs6Kx\nDpMr/RE7YT70fvg7ASXtm1MPOrAFXPichXRbPQhvmJCMBsyC1Y/sBHO288+hG6kd\neRX2qV0XlhuyGfYPPh8k/rW61jaS792K1fLxky2Q2KQpOe41Rh9LLB3j1bUPtmH8\nrIzAzDFBoFROQY8zBi80yufRlIuhFaGUHpgeSIVt92YInUf/9ojDt3ELdpAYsWvr\nUhV89MvmSbj6CsvDtkThUV1yLiBXoQhhey5mw+DA3pIT3sWdADGc2F210jUbjtuj\nBahLA6hImKrUGjoWSBdjbGtUmghfDE/hXE2TyUAlogGSJ2lJUQvQ/e/bpRXIeh17\nUfXQa3uxM4v66ex5Xom1pR7uXLi8AaT0yam6+P+WVAvPHXNmVoa5e90f0dr5OjzX\nQOewKjgsal6OeMGKBWm40HOoMhZarSu2iQ4B+vsRzq6CQhI9W3iTsaF6B8Zlm77S\nm/cfXn+Ae3ROztHwOM9moqM3PpiKenQy1xYwIhI0afp7CUuVVlj9k7uSMzHfmSw5\nVwCDlHC1o4uGCddvo9RVe3wKqf8kUAWQjDdOmq5/8Xc6QIbYfh95npisqkZ8sJHR\nQLXRLd8hinDRAAABAQCUWw27fHP7W/RsBY7vcjjgNx2UGzG76GhaWFkaL1JcrzVJ\nVSPcv+ceKwoW8xywi9jf5Ox4VofPnBDBT2mkE6l7ZgmfrE+MZZV9fijCh5vKLtMk\nEiHh2zykt37SyZPcTBkXy77ENSsGpeSp48uOQWdvWhBlrd+teN8BByJW8h+hoYb2\nbsORZATreUNAECcSsofhMWuG2fKUui3tYdGl7UX2xZwtTXlo7kOvtxJCogCU6Jdm\nE5MgtY9KwbytLlhIiZR0D/PTzuxZKelwAujHfCLOgPpgOMmdsHXcDv58cMV/k3ix\nEUrar31dgX/Ni8eIRihz4JDdEMBtu+2/LFW/rJ4iAAABAQDCrGwGQeGbUVsUrtKb\nOL4S1rzzUz6M7FctaTrdssMqhCP+AvUTf9NGufyZs+abd0W2G/zczj3UGumLU7Sy\ncvA5IEcJlX2gA+KiiwEBbtfSsZpnLO/EDYbhXvKtqWH6N6yms98bTkZZKrvaMsqB\n6MoWAMOlqkHpi3klPCOCtPzqEIbu1DVf6sgfrb+n0Z2aa0wZYzCorSrTgD/zy6rQ\nfsgaV1fIqryIf0TYYXyDykY44wDtjb0i131oKoRKZEihjfekR5Vs0A2q+SjDyzaA\n6nlMGawwtTmxajGMAZgfHOCPtbk0faHI16t07kwiw31td/OBgSdzpkWItfVKwIpS\nNJX5AAABAQDSiM4dnmP9bYTPJKKCVgzC3u2inByTOO7Xc7nI+i4z+eYFi9cXbjFO\ncoxCEWVrGZE1tky+8tDKgucT/ThA2rkoA4CJJH9lM+cKlRfPz/eGHC7pnSyN6p88\n92Wauz+5Tvy8x2bR1PcA0vE2/HYsXcmbtGPUcM8rOUBlCsr4WHmyVonMTEq55Men\nJIDc5NTRpOgOd2erQKWq2jYWlo4HZMJdEeqCuEJ/xIiJv3SwChkCrkRFkFedgTfr\neM1KVUcByKal6+nbQj9vHeN3+NynvY7AomyiDWRAdHy7JOcbxRMuNKYTK6dD1ju8\nzrOqz5/9pAZIIguugNnzE/LPyWMddZ0vAAAAAAEC\n-----END OPENSSH PRIVATE KEY-----\n",
            "private_key_pem": "-----BEGIN RSA PRIVATE KEY-----\nMIIJKQIBAAKCAgEAoBl488pFyw2TuLzDSemjmC2Hg9n5e3TNyho3P+EHVfsxx2uO\n0F7lTTo+Zbub6fXhw3IwW4IeUEpih10NQIg2ECt4nzWT2YaTRjdDbye2/tvg0GG+\nnfARpJ0Sft3DumB1DaAxl4OaXsR/JN1kTIB9pIMR/17kcb1REJGbqQbC7d0pBhZb\nim/ClkY80B6FweBPkI/ru0Y/wsw/N91GlI80KhZ2KjE1BsvsTIlHLUi9UsUHnr87\nPpE24ATsNwoKpYIVTSRvy5Xk8Xzmol6jtpgMNt5fFgxr8NkEsvKxYSGtHE14JmTn\nEkMD7vEjQFd37uVnaBAgkq2AuUh6TlyzmZz0uVVKm40a9dG/4SmQBNZKMqse88oE\nuZnVzgW2sYUvMBRPsi0WtX3qAuhuGBoBDPdzNmPfWJciak5618bygrdC9YQRDY8O\nKAVvXTCSAlvW0/82cl3QdyQGN0rVNyEsg79pK0aqm1enVdD7voNupKHfcUHGpT9f\nhqgkd0xTp3T9eD+Bf5dAbm9CogOpwzuHiftpNb8xAdo4gInSJ6bvfVUDpIFVR0cs\n88kWXo8js1iknU1Ap/2P7DK0ujgKr7O8Eb8Ou5GaadpZ4sr9cDGSSECp3TFJkgbt\nLbsP/ST/Un5e96xnc3v4hBQx2pVfP8hfYQMg4SzA+PvmhP6fRcM1IBduPbcCAwEA\nAQKCAgBEpcd0GUZF48N0khPWrITGKreRtLRB2Hqo7wbDsDSaDIRyss7gz9/YdmHs\n8z3OWuz8BglwI2HmIY8P5blZ803jLxCgi7OisQ6TK/0RO2E+9H74OwEl7ZtTDzqw\nBVz4nIV0Wz0Ib5iQjAbMgtWP7ARztvPPoRupHXkV9qldF5Ybshn2Dz4fJP61utY2\nku/ditXy8ZMtkNikKTnuNUYfSywd49W1D7Zh/KyMwMwxQaBUTkGPMwYvNMrn0ZSL\noRWhlB6YHkiFbfdmCJ1H//aIw7dxC3aQGLFr61IVfPTL5km4+grLw7ZE4VFdci4g\nV6EIYXsuZsPgwN6SE97FnQAxnNhdtdI1G47bowWoSwOoSJiq1Bo6FkgXY2xrVJoI\nXwxP4VxNk8lAJaIBkidpSVEL0P3v26UVyHode1H10Gt7sTOL+unseV6JtaUe7ly4\nvAGk9Mmpuvj/llQLzx1zZlaGuXvdH9Ha+To810DnsCo4LGpejnjBigVpuNBzqDIW\nWq0rtokOAfr7Ec6ugkISPVt4k7GhegfGZZu+0pv3H15/gHt0Ts7R8DjPZqKjNz6Y\ninp0MtcWMCISNGn6ewlLlVZY/ZO7kjMx35ksOVcAg5RwtaOLhgnXb6PUVXt8Cqn/\nJFAFkIw3Tpquf/F3OkCG2H4feZ6YrKpGfLCR0UC10S3fIYpw0QKCAQEAwqxsBkHh\nm1FbFK7Smzi+Eta881M+jOxXLWk63bLDKoQj/gL1E3/TRrn8mbPmm3dFthv83M49\n1Brpi1O0snLwOSBHCZV9oAPioosBAW7X0rGaZyzvxA2G4V7yralh+jesprPfG05G\nWSq72jLKgejKFgDDpapB6Yt5JTwjgrT86hCG7tQ1X+rIH62/p9GdmmtMGWMwqK0q\n04A/88uq0H7IGldXyKq8iH9E2GF8g8pGOOMA7Y29Itd9aCqESmRIoY33pEeVbNAN\nqvkow8s2gOp5TBmsMLU5sWoxjAGYHxzgj7W5NH2hyNerdO5MIsN9bXfzgYEnc6ZF\niLX1SsCKUjSV+QKCAQEA0ojOHZ5j/W2EzySiglYMwt7topwckzju13O5yPouM/nm\nBYvXF24xTnKMQhFlaxmRNbZMvvLQyoLnE/04QNq5KAOAiSR/ZTPnCpUXz8/3hhwu\n6Z0sjeqfPPdlmrs/uU78vMdm0dT3ANLxNvx2LF3Jm7Rj1HDPKzlAZQrK+Fh5slaJ\nzExKueTHpySA3OTU0aToDndnq0Clqto2FpaOB2TCXRHqgrhCf8SIib90sAoZAq5E\nRZBXnYE363jNSlVHAcimpevp20I/bx3jd/jcp72OwKJsog1kQHR8uyTnG8UTLjSm\nEyunQ9Y7vM6zqs+f/aQGSCILroDZ8xPyz8ljHXWdLwKCAQBsRoBSvqPfwlE5YL8M\nzHOTgNJZN+yrbuxR+pxeIIZCiHqIVla/QLJfPSTMzG2v/JfOYSS0HxXuegV5k9YG\nBr2r2FMKdpYHwQF1zICDroXlzxiE2E6HKcriYO/zPSmchQjHM3Yc9t1TzNvs0aEm\nvjZgJI6s/tRoNEXuOtO5aDbfbM/P2EHTln82d2oIyiKxd4o8+Jlgx+fw+P0Y+SeJ\njWp4lCnkF2qDNN4yx438sy15iHDEr7gJv/clT7iCs+Jd0NtzCMmIWvOvK6PLuqQW\n8dMDS6gk8zcigWELcPuOGn6gD7/x/QpV7faUM9Iu57JEh5ntZsttnIZCMoo6yHpm\nnI7pAoIBAQCgg2kSL+ZwG4W8IGQ+FrkYAbsP1RH8NNX0Mekdj5CWVBrJc7qDxKGW\n+8JvxK+cHhwV5W1Rz/Lb0z22gcLXv2qXVUQ0Sz1NvWqTKOTErfw7pVUnC4wijxTk\n+IHgnI6TC+OpUiXUKRhA6pK5p3W5ka/aJIhQOcnZXIb6AmaJPXtbOptIxYnbfM+z\nYSNWRqjzRVUfYm4JpPop7sB6LEMQ5ANDzhsLmswoeYDX9L5UUP6MiqzGlKwYC6LE\nxo9N8wJ2G7LioaDkZ/fREeqRV41z3hPuTmegjbE3axiF3jbNd02OVtmfmBKop7dX\n1ggpXK7QRLP9XuelHdwNddIUFaiZl0hFAoIBAQCUWw27fHP7W/RsBY7vcjjgNx2U\nGzG76GhaWFkaL1JcrzVJVSPcv+ceKwoW8xywi9jf5Ox4VofPnBDBT2mkE6l7Zgmf\nrE+MZZV9fijCh5vKLtMkEiHh2zykt37SyZPcTBkXy77ENSsGpeSp48uOQWdvWhBl\nrd+teN8BByJW8h+hoYb2bsORZATreUNAECcSsofhMWuG2fKUui3tYdGl7UX2xZwt\nTXlo7kOvtxJCogCU6JdmE5MgtY9KwbytLlhIiZR0D/PTzuxZKelwAujHfCLOgPpg\nOMmdsHXcDv58cMV/k3ixEUrar31dgX/Ni8eIRihz4JDdEMBtu+2/LFW/rJ4i\n-----END RSA PRIVATE KEY-----\n",
            "private_key_pem_pkcs8": "-----BEGIN PRIVATE KEY-----\nMIIJQwIBADANBgkqhkiG9w0BAQEFAASCCS0wggkpAgEAAoICAQCgGXjzykXLDZO4\nvMNJ6aOYLYeD2fl7dM3KGjc/4QdV+zHHa47QXuVNOj5lu5vp9eHDcjBbgh5QSmKH\nXQ1AiDYQK3ifNZPZhpNGN0NvJ7b+2+DQYb6d8BGknRJ+3cO6YHUNoDGXg5pexH8k\n3WRMgH2kgxH/XuRxvVEQkZupBsLt3SkGFluKb8KWRjzQHoXB4E+Qj+u7Rj/CzD83\n3UaUjzQqFnYqMTUGy+xMiUctSL1SxQeevzs+kTbgBOw3CgqlghVNJG/LleTxfOai\nXqO2mAw23l8WDGvw2QSy8rFhIa0cTXgmZOcSQwPu8SNAV3fu5WdoECCSrYC5SHpO\nXLOZnPS5VUqbjRr10b/hKZAE1koyqx7zygS5mdXOBbaxhS8wFE+yLRa1feoC6G4Y\nGgEM93M2Y99YlyJqTnrXxvKCt0L1hBENjw4oBW9dMJICW9bT/zZyXdB3JAY3StU3\nISyDv2krRqqbV6dV0Pu+g26kod9xQcalP1+GqCR3TFOndP14P4F/l0Bub0KiA6nD\nO4eJ+2k1vzEB2jiAidInpu99VQOkgVVHRyzzyRZejyOzWKSdTUCn/Y/sMrS6OAqv\ns7wRvw67kZpp2lniyv1wMZJIQKndMUmSBu0tuw/9JP9Sfl73rGdze/iEFDHalV8/\nyF9hAyDhLMD4++aE/p9FwzUgF249twIDAQABAoICAESlx3QZRkXjw3SSE9ashMYq\nt5G0tEHYeqjvBsOwNJoMhHKyzuDP39h2YezzPc5a7PwGCXAjYeYhjw/luVnzTeMv\nEKCLs6KxDpMr/RE7YT70fvg7ASXtm1MPOrAFXPichXRbPQhvmJCMBsyC1Y/sBHO2\n88+hG6kdeRX2qV0XlhuyGfYPPh8k/rW61jaS792K1fLxky2Q2KQpOe41Rh9LLB3j\n1bUPtmH8rIzAzDFBoFROQY8zBi80yufRlIuhFaGUHpgeSIVt92YInUf/9ojDt3EL\ndpAYsWvrUhV89MvmSbj6CsvDtkThUV1yLiBXoQhhey5mw+DA3pIT3sWdADGc2F21\n0jUbjtujBahLA6hImKrUGjoWSBdjbGtUmghfDE/hXE2TyUAlogGSJ2lJUQvQ/e/b\npRXIeh17UfXQa3uxM4v66ex5Xom1pR7uXLi8AaT0yam6+P+WVAvPHXNmVoa5e90f\n0dr5OjzXQOewKjgsal6OeMGKBWm40HOoMhZarSu2iQ4B+vsRzq6CQhI9W3iTsaF6\nB8Zlm77Sm/cfXn+Ae3ROztHwOM9moqM3PpiKenQy1xYwIhI0afp7CUuVVlj9k7uS\nMzHfmSw5VwCDlHC1o4uGCddvo9RVe3wKqf8kUAWQjDdOmq5/8Xc6QIbYfh95npis\nqkZ8sJHRQLXRLd8hinDRAoIBAQDCrGwGQeGbUVsUrtKbOL4S1rzzUz6M7FctaTrd\nssMqhCP+AvUTf9NGufyZs+abd0W2G/zczj3UGumLU7SycvA5IEcJlX2gA+KiiwEB\nbtfSsZpnLO/EDYbhXvKtqWH6N6yms98bTkZZKrvaMsqB6MoWAMOlqkHpi3klPCOC\ntPzqEIbu1DVf6sgfrb+n0Z2aa0wZYzCorSrTgD/zy6rQfsgaV1fIqryIf0TYYXyD\nykY44wDtjb0i131oKoRKZEihjfekR5Vs0A2q+SjDyzaA6nlMGawwtTmxajGMAZgf\nHOCPtbk0faHI16t07kwiw31td/OBgSdzpkWItfVKwIpSNJX5AoIBAQDSiM4dnmP9\nbYTPJKKCVgzC3u2inByTOO7Xc7nI+i4z+eYFi9cXbjFOcoxCEWVrGZE1tky+8tDK\ngucT/ThA2rkoA4CJJH9lM+cKlRfPz/eGHC7pnSyN6p8892Wauz+5Tvy8x2bR1PcA\n0vE2/HYsXcmbtGPUcM8rOUBlCsr4WHmyVonMTEq55MenJIDc5NTRpOgOd2erQKWq\n2jYWlo4HZMJdEeqCuEJ/xIiJv3SwChkCrkRFkFedgTfreM1KVUcByKal6+nbQj9v\nHeN3+NynvY7AomyiDWRAdHy7JOcbxRMuNKYTK6dD1ju8zrOqz5/9pAZIIguugNnz\nE/LPyWMddZ0vAoIBAGxGgFK+o9/CUTlgvwzMc5OA0lk37Ktu7FH6nF4ghkKIeohW\nVr9Asl89JMzMba/8l85hJLQfFe56BXmT1gYGvavYUwp2lgfBAXXMgIOuheXPGITY\nTocpyuJg7/M9KZyFCMczdhz23VPM2+zRoSa+NmAkjqz+1Gg0Re4607loNt9sz8/Y\nQdOWfzZ3agjKIrF3ijz4mWDH5/D4/Rj5J4mNaniUKeQXaoM03jLHjfyzLXmIcMSv\nuAm/9yVPuIKz4l3Q23MIyYha868ro8u6pBbx0wNLqCTzNyKBYQtw+44afqAPv/H9\nClXt9pQz0i7nskSHme1my22chkIyijrIemacjukCggEBAKCDaRIv5nAbhbwgZD4W\nuRgBuw/VEfw01fQx6R2PkJZUGslzuoPEoZb7wm/Er5weHBXlbVHP8tvTPbaBwte/\napdVRDRLPU29apMo5MSt/DulVScLjCKPFOT4geCcjpML46lSJdQpGEDqkrmndbmR\nr9okiFA5ydlchvoCZok9e1s6m0jFidt8z7NhI1ZGqPNFVR9ibgmk+inuwHosQxDk\nA0POGwuazCh5gNf0vlRQ/oyKrMaUrBgLosTGj03zAnYbsuKhoORn99ER6pFXjXPe\nE+5OZ6CNsTdrGIXeNs13TY5W2Z+YEqint1fWCClcrtBEs/1e56Ud3A110hQVqJmX\nSEUCggEBAJRbDbt8c/tb9GwFju9yOOA3HZQbMbvoaFpYWRovUlyvNUlVI9y/5x4r\nChbzHLCL2N/k7HhWh8+cEMFPaaQTqXtmCZ+sT4xllX1+KMKHm8ou0yQSIeHbPKS3\nftLJk9xMGRfLvsQ1Kwal5Knjy45BZ29aEGWt36143wEHIlbyH6GhhvZuw5FkBOt5\nQ0AQJxKyh+Exa4bZ8pS6Le1h0aXtRfbFnC1NeWjuQ6+3EkKiAJTol2YTkyC1j0rB\nvK0uWEiJlHQP89PO7Fkp6XAC6Md8Is6A+mA4yZ2wddwO/nxwxX+TeLERStqvfV2B\nf82Lx4hGKHPgkN0QwG277b8sVb+sniI=\n-----END PRIVATE KEY-----\n",
            "public_key_fingerprint_md5": "c6:a6:e7:08:ef:aa:5b:b9:40:7e:ef:81:23:ad:02:26",
            "public_key_fingerprint_sha256": "SHA256:KKxrUpnrDfU+/xVisxpvSCGi9hxckhfCkKKB+9thFcM",
            "public_key_openssh": "ssh-rsa AAAAB3NzaC1yc2EAAAADAQABAAACAQCgGXjzykXLDZO4vMNJ6aOYLYeD2fl7dM3KGjc/4QdV+zHHa47QXuVNOj5lu5vp9eHDcjBbgh5QSmKHXQ1AiDYQK3ifNZPZhpNGN0NvJ7b+2+DQYb6d8BGknRJ+3cO6YHUNoDGXg5pexH8k3WRMgH2kgxH/XuRxvVEQkZupBsLt3SkGFluKb8KWRjzQHoXB4E+Qj+u7Rj/CzD833UaUjzQqFnYqMTUGy+xMiUctSL1SxQeevzs+kTbgBOw3CgqlghVNJG/LleTxfOaiXqO2mAw23l8WDGvw2QSy8rFhIa0cTXgmZOcSQwPu8SNAV3fu5WdoECCSrYC5SHpOXLOZnPS5VUqbjRr10b/hKZAE1koyqx7zygS5mdXOBbaxhS8wFE+yLRa1feoC6G4YGgEM93M2Y99YlyJqTnrXxvKCt0L1hBENjw4oBW9dMJICW9bT/zZyXdB3JAY3StU3ISyDv2krRqqbV6dV0Pu+g26kod9xQcalP1+GqCR3TFOndP14P4F/l0Bub0KiA6nDO4eJ+2k1vzEB2jiAidInpu99VQOkgVVHRyzzyRZejyOzWKSdTUCn/Y/sMrS6OAqvs7wRvw67kZpp2lniyv1wMZJIQKndMUmSBu0tuw/9JP9Sfl73rGdze/iEFDHalV8/yF9hAyDhLMD4++aE/p9FwzUgF249tw==\n",
            "public_key_pem": "-----BEGIN PUBLIC KEY-----\nMIICIjANBgkqhkiG9w0BAQEFAAOCAg8AMIICCgKCAgEAoBl488pFyw2TuLzDSemj\nmC2Hg9n5e3TNyho3P+EHVfsxx2uO0F7lTTo+Zbub6fXhw3IwW4IeUEpih10NQIg2\nECt4nzWT2YaTRjdDbye2/tvg0GG+nfARpJ0Sft3DumB1DaAxl4OaXsR/JN1kTIB9\npIMR/17kcb1REJGbqQbC7d0pBhZbim/ClkY80B6FweBPkI/ru0Y/wsw/N91GlI80\nKhZ2KjE1BsvsTIlHLUi9UsUHnr87PpE24ATsNwoKpYIVTSRvy5Xk8Xzmol6jtpgM\nNt5fFgxr8NkEsvKxYSGtHE14JmTnEkMD7vEjQFd37uVnaBAgkq2AuUh6TlyzmZz0\nuVVKm40a9dG/4SmQBNZKMqse88oEuZnVzgW2sYUvMBRPsi0WtX3qAuhuGBoBDPdz\nNmPfWJciak5618bygrdC9YQRDY8OKAVvXTCSAlvW0/82cl3QdyQGN0rVNyEsg79p\nK0aqm1enVdD7voNupKHfcUHGpT9fhqgkd0xTp3T9eD+Bf5dAbm9CogOpwzuHiftp\nNb8xAdo4gInSJ6bvfVUDpIFVR0cs88kWXo8js1iknU1Ap/2P7DK0ujgKr7O8Eb8O\nu5GaadpZ4sr9cDGSSECp3TFJkgbtLbsP/ST/Un5e96xnc3v4hBQx2pVfP8hfYQMg\n4SzA+PvmhP6fRcM1IBduPbcCAwEAAQ==\n-----END PUBLIC KEY-----\n",
            "rsa_bits": 4096
          },
          "sensitive_attributes": []
        }
      ]
    },
    {
      "module": "module.vpc",
      "mode": "managed",
      "type": "aws_default_network_acl",
      "name": "this",
      "provider": "provider[\"registry.terraform.io/hashicorp/aws\"]",
      "instances": [
        {
          "index_key": 0,
          "schema_version": 0,
          "attributes": {
            "arn": "arn:aws:ec2:ap-south-1:857619977540:network-acl/acl-00ef1473ca263f4dd",
            "default_network_acl_id": "acl-00ef1473ca263f4dd",
            "egress": [
              {
                "action": "allow",
                "cidr_block": "",
                "from_port": 0,
                "icmp_code": 0,
                "icmp_type": 0,
                "ipv6_cidr_block": "::/0",
                "protocol": "-1",
                "rule_no": 101,
                "to_port": 0
              },
              {
                "action": "allow",
                "cidr_block": "0.0.0.0/0",
                "from_port": 0,
                "icmp_code": 0,
                "icmp_type": 0,
                "ipv6_cidr_block": "",
                "protocol": "-1",
                "rule_no": 100,
                "to_port": 0
              }
            ],
            "id": "acl-00ef1473ca263f4dd",
            "ingress": [
              {
                "action": "allow",
                "cidr_block": "",
                "from_port": 0,
                "icmp_code": 0,
                "icmp_type": 0,
                "ipv6_cidr_block": "::/0",
                "protocol": "-1",
                "rule_no": 101,
                "to_port": 0
              },
              {
                "action": "allow",
                "cidr_block": "0.0.0.0/0",
                "from_port": 0,
                "icmp_code": 0,
                "icmp_type": 0,
                "ipv6_cidr_block": "",
                "protocol": "-1",
                "rule_no": 100,
                "to_port": 0
              }
            ],
            "owner_id": "857619977540",
            "region": "ap-south-1",
            "subnet_ids": [
              "subnet-0a188cd23330984f2",
              "subnet-0b52d03e108f30584",
              "subnet-0d7acdd686371490a",
              "subnet-0e3ec20e3572920b9"
            ],
            "tags": {
              "Name": "jpmc-cluster1-vpc-default"
            },
            "tags_all": {
              "Name": "jpmc-cluster1-vpc-default"
            },
            "vpc_id": "vpc-0c0a3fda85cda205a"
          },
          "sensitive_attributes": [],
          "private": "bnVsbA==",
          "dependencies": [
            "module.vpc.aws_vpc.this"
          ]
        }
      ]
    },
    {
      "module": "module.vpc",
      "mode": "managed",
      "type": "aws_default_route_table",
      "name": "default",
      "provider": "provider[\"registry.terraform.io/hashicorp/aws\"]",
      "instances": [
        {
          "index_key": 0,
          "schema_version": 0,
          "attributes": {
            "arn": "arn:aws:ec2:ap-south-1:857619977540:route-table/rtb-0b76d72f2f3f6bd6f",
            "default_route_table_id": "rtb-0b76d72f2f3f6bd6f",
            "id": "rtb-0b76d72f2f3f6bd6f",
            "owner_id": "857619977540",
            "propagating_vgws": [],
            "region": "ap-south-1",
            "route": [],
            "tags": {
              "Name": "jpmc-cluster1-vpc-default"
            },
            "tags_all": {
              "Name": "jpmc-cluster1-vpc-default"
            },
            "timeouts": {
              "create": "5m",
              "update": "5m"
            },
            "vpc_id": "vpc-0c0a3fda85cda205a"
          },
          "sensitive_attributes": [],
          "private": "eyJlMmJmYjczMC1lY2FhLTExZTYtOGY4OC0zNDM2M2JjN2M0YzAiOnsiY3JlYXRlIjozMDAwMDAwMDAwMDAsInVwZGF0ZSI6MzAwMDAwMDAwMDAwfX0=",
          "dependencies": [
            "module.vpc.aws_vpc.this"
          ]
        }
      ]
    },
    {
      "module": "module.vpc",
      "mode": "managed",
      "type": "aws_default_security_group",
      "name": "this",
      "provider": "provider[\"registry.terraform.io/hashicorp/aws\"]",
      "instances": [
        {
          "index_key": 0,
          "schema_version": 1,
          "attributes": {
            "arn": "arn:aws:ec2:ap-south-1:857619977540:security-group/sg-0182dbc1a4795ffd7",
            "description": "default VPC security group",
            "egress": [],
            "id": "sg-0182dbc1a4795ffd7",
            "ingress": [],
            "name": "default",
            "name_prefix": "",
            "owner_id": "857619977540",
            "region": "ap-south-1",
            "revoke_rules_on_delete": false,
            "tags": {
              "Name": "jpmc-cluster1-vpc-default"
            },
            "tags_all": {
              "Name": "jpmc-cluster1-vpc-default"
            },
            "vpc_id": "vpc-0c0a3fda85cda205a"
          },
          "sensitive_attributes": [],
          "private": "eyJzY2hlbWFfdmVyc2lvbiI6IjEifQ==",
          "dependencies": [
            "module.vpc.aws_vpc.this"
          ]
        }
      ]
    },
    {
      "module": "module.vpc",
      "mode": "managed",
      "type": "aws_eip",
      "name": "nat",
      "provider": "provider[\"registry.terraform.io/hashicorp/aws\"]",
      "instances": [
        {
          "index_key": 0,
          "schema_version": 0,
          "attributes": {
            "address": null,
            "allocation_id": "eipalloc-0b63a55cce5efa190",
            "arn": "arn:aws:ec2:ap-south-1:857619977540:elastic-ip/eipalloc-0b63a55cce5efa190",
            "associate_with_private_ip": null,
            "association_id": "eipassoc-0cb552a0a3823e8be",
            "carrier_ip": "",
            "customer_owned_ip": "",
            "customer_owned_ipv4_pool": "",
            "domain": "vpc",
            "id": "eipalloc-0b63a55cce5efa190",
            "instance": "",
            "ipam_pool_id": null,
            "network_border_group": "ap-south-1",
            "network_interface": "eni-0b88571e0aaba8c3c",
            "private_dns": "ip-10-0-3-143.ap-south-1.compute.internal",
            "private_ip": "10.0.3.143",
            "ptr_record": "",
            "public_dns": "ec2-13-202-142-75.ap-south-1.compute.amazonaws.com",
            "public_ip": "13.202.142.75",
            "public_ipv4_pool": "amazon",
            "region": "ap-south-1",
            "tags": {
              "Name": "jpmc-cluster1-vpc-ap-south-1a"
            },
            "tags_all": {
              "Name": "jpmc-cluster1-vpc-ap-south-1a"
            },
            "timeouts": null
          },
          "sensitive_attributes": [],
          "private": "eyJlMmJmYjczMC1lY2FhLTExZTYtOGY4OC0zNDM2M2JjN2M0YzAiOnsiZGVsZXRlIjoxODAwMDAwMDAwMDAsInJlYWQiOjkwMDAwMDAwMDAwMCwidXBkYXRlIjozMDAwMDAwMDAwMDB9fQ==",
          "dependencies": [
            "module.vpc.aws_internet_gateway.this",
            "module.vpc.aws_vpc.this",
            "module.vpc.aws_vpc_ipv4_cidr_block_association.this"
          ]
        },
        {
          "index_key": 1,
          "schema_version": 0,
          "attributes": {
            "address": null,
            "allocation_id": "eipalloc-046de7041a2b61b0b",
            "arn": "arn:aws:ec2:ap-south-1:857619977540:elastic-ip/eipalloc-046de7041a2b61b0b",
            "associate_with_private_ip": null,
            "association_id": "eipassoc-04a5f0955319d2131",
            "carrier_ip": "",
            "customer_owned_ip": "",
            "customer_owned_ipv4_pool": "",
            "domain": "vpc",
            "id": "eipalloc-046de7041a2b61b0b",
            "instance": "",
            "ipam_pool_id": null,
            "network_border_group": "ap-south-1",
            "network_interface": "eni-0c4b193b5e39fae8c",
            "private_dns": "ip-10-0-4-38.ap-south-1.compute.internal",
            "private_ip": "10.0.4.38",
            "ptr_record": "",
            "public_dns": "ec2-13-204-95-26.ap-south-1.compute.amazonaws.com",
            "public_ip": "13.204.95.26",
            "public_ipv4_pool": "amazon",
            "region": "ap-south-1",
            "tags": {
              "Name": "jpmc-cluster1-vpc-ap-south-1b"
            },
            "tags_all": {
              "Name": "jpmc-cluster1-vpc-ap-south-1b"
            },
            "timeouts": null
          },
          "sensitive_attributes": [],
          "private": "eyJlMmJmYjczMC1lY2FhLTExZTYtOGY4OC0zNDM2M2JjN2M0YzAiOnsiZGVsZXRlIjoxODAwMDAwMDAwMDAsInJlYWQiOjkwMDAwMDAwMDAwMCwidXBkYXRlIjozMDAwMDAwMDAwMDB9fQ==",
          "dependencies": [
            "module.vpc.aws_internet_gateway.this",
            "module.vpc.aws_vpc.this",
            "module.vpc.aws_vpc_ipv4_cidr_block_association.this"
          ]
        }
      ]
    },
    {
      "module": "module.vpc",
      "mode": "managed",
      "type": "aws_internet_gateway",
      "name": "this",
      "provider": "provider[\"registry.terraform.io/hashicorp/aws\"]",
      "instances": [
        {
          "index_key": 0,
          "schema_version": 0,
          "attributes": {
            "arn": "arn:aws:ec2:ap-south-1:857619977540:internet-gateway/igw-0b0eaf0804136a876",
            "id": "igw-0b0eaf0804136a876",
            "owner_id": "857619977540",
            "region": "ap-south-1",
            "tags": {
              "Name": "jpmc-cluster1-vpc"
            },
            "tags_all": {
              "Name": "jpmc-cluster1-vpc"
            },
            "timeouts": null,
            "vpc_id": "vpc-0c0a3fda85cda205a"
          },
          "sensitive_attributes": [],
          "private": "eyJlMmJmYjczMC1lY2FhLTExZTYtOGY4OC0zNDM2M2JjN2M0YzAiOnsiY3JlYXRlIjoxMjAwMDAwMDAwMDAwLCJkZWxldGUiOjEyMDAwMDAwMDAwMDAsInVwZGF0ZSI6MTIwMDAwMDAwMDAwMH19",
          "dependencies": [
            "module.vpc.aws_vpc.this",
            "module.vpc.aws_vpc_ipv4_cidr_block_association.this"
          ]
        }
      ]
    },
    {
      "module": "module.vpc",
      "mode": "managed",
      "type": "aws_nat_gateway",
      "name": "this",
      "provider": "provider[\"registry.terraform.io/hashicorp/aws\"]",
      "instances": [
        {
          "index_key": 0,
          "schema_version": 0,
          "attributes": {
            "allocation_id": "eipalloc-0b63a55cce5efa190",
            "association_id": "eipassoc-0cb552a0a3823e8be",
            "connectivity_type": "public",
            "id": "nat-042457c94e1a0ca68",
            "network_interface_id": "eni-0b88571e0aaba8c3c",
            "private_ip": "10.0.3.143",
            "public_ip": "13.202.142.75",
            "region": "ap-south-1",
            "secondary_allocation_ids": [],
            "secondary_private_ip_address_count": 0,
            "secondary_private_ip_addresses": [],
            "subnet_id": "subnet-0d7acdd686371490a",
            "tags": {
              "Name": "jpmc-cluster1-vpc-ap-south-1a"
            },
            "tags_all": {
              "Name": "jpmc-cluster1-vpc-ap-south-1a"
            },
            "timeouts": null
          },
          "sensitive_attributes": [],
          "private": "eyJlMmJmYjczMC1lY2FhLTExZTYtOGY4OC0zNDM2M2JjN2M0YzAiOnsiY3JlYXRlIjo2MDAwMDAwMDAwMDAsImRlbGV0ZSI6MTgwMDAwMDAwMDAwMCwidXBkYXRlIjo2MDAwMDAwMDAwMDB9fQ==",
          "dependencies": [
            "module.vpc.aws_eip.nat",
            "module.vpc.aws_internet_gateway.this",
            "module.vpc.aws_subnet.public",
            "module.vpc.aws_vpc.this",
            "module.vpc.aws_vpc_ipv4_cidr_block_association.this"
          ]
        },
        {
          "index_key": 1,
          "schema_version": 0,
          "attributes": {
            "allocation_id": "eipalloc-046de7041a2b61b0b",
            "association_id": "eipassoc-04a5f0955319d2131",
            "connectivity_type": "public",
            "id": "nat-08c34f06658de2663",
            "network_interface_id": "eni-0c4b193b5e39fae8c",
            "private_ip": "10.0.4.38",
            "public_ip": "13.204.95.26",
            "region": "ap-south-1",
            "secondary_allocation_ids": [],
            "secondary_private_ip_address_count": 0,
            "secondary_private_ip_addresses": [],
            "subnet_id": "subnet-0b52d03e108f30584",
            "tags": {
              "Name": "jpmc-cluster1-vpc-ap-south-1b"
            },
            "tags_all": {
              "Name": "jpmc-cluster1-vpc-ap-south-1b"
            },
            "timeouts": null
          },
          "sensitive_attributes": [],
          "private": "eyJlMmJmYjczMC1lY2FhLTExZTYtOGY4OC0zNDM2M2JjN2M0YzAiOnsiY3JlYXRlIjo2MDAwMDAwMDAwMDAsImRlbGV0ZSI6MTgwMDAwMDAwMDAwMCwidXBkYXRlIjo2MDAwMDAwMDAwMDB9fQ==",
          "dependencies": [
            "module.vpc.aws_eip.nat",
            "module.vpc.aws_internet_gateway.this",
            "module.vpc.aws_subnet.public",
            "module.vpc.aws_vpc.this",
            "module.vpc.aws_vpc_ipv4_cidr_block_association.this"
          ]
        }
      ]
    },
    {
      "module": "module.vpc",
      "mode": "managed",
      "type": "aws_route",
      "name": "private_nat_gateway",
      "provider": "provider[\"registry.terraform.io/hashicorp/aws\"]",
      "instances": [
        {
          "index_key": 0,
          "schema_version": 0,
          "attributes": {
            "carrier_gateway_id": "",
            "core_network_arn": "",
            "destination_cidr_block": "0.0.0.0/0",
            "destination_ipv6_cidr_block": "",
            "destination_prefix_list_id": "",
            "egress_only_gateway_id": "",
            "gateway_id": "",
            "id": "r-rtb-0ce253d84823186eb1080289494",
            "instance_id": "",
            "instance_owner_id": "",
            "local_gateway_id": "",
            "nat_gateway_id": "nat-042457c94e1a0ca68",
            "network_interface_id": "",
            "origin": "CreateRoute",
            "region": "ap-south-1",
            "route_table_id": "rtb-0ce253d84823186eb",
            "state": "active",
            "timeouts": {
              "create": "5m",
              "delete": null,
              "update": null
            },
            "transit_gateway_id": "",
            "vpc_endpoint_id": "",
            "vpc_peering_connection_id": ""
          },
          "sensitive_attributes": [],
          "private": "eyJlMmJmYjczMC1lY2FhLTExZTYtOGY4OC0zNDM2M2JjN2M0YzAiOnsiY3JlYXRlIjozMDAwMDAwMDAwMDAsImRlbGV0ZSI6MzAwMDAwMDAwMDAwLCJ1cGRhdGUiOjEyMDAwMDAwMDAwMH19",
          "dependencies": [
            "module.vpc.aws_eip.nat",
            "module.vpc.aws_internet_gateway.this",
            "module.vpc.aws_nat_gateway.this",
            "module.vpc.aws_route_table.private",
            "module.vpc.aws_subnet.public",
            "module.vpc.aws_vpc.this",
            "module.vpc.aws_vpc_ipv4_cidr_block_association.this"
          ]
        },
        {
          "index_key": 1,
          "schema_version": 0,
          "attributes": {
            "carrier_gateway_id": "",
            "core_network_arn": "",
            "destination_cidr_block": "0.0.0.0/0",
            "destination_ipv6_cidr_block": "",
            "destination_prefix_list_id": "",
            "egress_only_gateway_id": "",
            "gateway_id": "",
            "id": "r-rtb-08cac67e6beddbb7e1080289494",
            "instance_id": "",
            "instance_owner_id": "",
            "local_gateway_id": "",
            "nat_gateway_id": "nat-08c34f06658de2663",
            "network_interface_id": "",
            "origin": "CreateRoute",
            "region": "ap-south-1",
            "route_table_id": "rtb-08cac67e6beddbb7e",
            "state": "active",
            "timeouts": {
              "create": "5m",
              "delete": null,
              "update": null
            },
            "transit_gateway_id": "",
            "vpc_endpoint_id": "",
            "vpc_peering_connection_id": ""
          },
          "sensitive_attributes": [],
          "private": "eyJlMmJmYjczMC1lY2FhLTExZTYtOGY4OC0zNDM2M2JjN2M0YzAiOnsiY3JlYXRlIjozMDAwMDAwMDAwMDAsImRlbGV0ZSI6MzAwMDAwMDAwMDAwLCJ1cGRhdGUiOjEyMDAwMDAwMDAwMH19",
          "dependencies": [
            "module.vpc.aws_eip.nat",
            "module.vpc.aws_internet_gateway.this",
            "module.vpc.aws_nat_gateway.this",
            "module.vpc.aws_route_table.private",
            "module.vpc.aws_subnet.public",
            "module.vpc.aws_vpc.this",
            "module.vpc.aws_vpc_ipv4_cidr_block_association.this"
          ]
        }
      ]
    },
    {
      "module": "module.vpc",
      "mode": "managed",
      "type": "aws_route",
      "name": "public_internet_gateway",
      "provider": "provider[\"registry.terraform.io/hashicorp/aws\"]",
      "instances": [
        {
          "index_key": 0,
          "schema_version": 0,
          "attributes": {
            "carrier_gateway_id": "",
            "core_network_arn": "",
            "destination_cidr_block": "0.0.0.0/0",
            "destination_ipv6_cidr_block": "",
            "destination_prefix_list_id": "",
            "egress_only_gateway_id": "",
            "gateway_id": "igw-0b0eaf0804136a876",
            "id": "r-rtb-0592a9f69168198601080289494",
            "instance_id": "",
            "instance_owner_id": "",
            "local_gateway_id": "",
            "nat_gateway_id": "",
            "network_interface_id": "",
            "origin": "CreateRoute",
            "region": "ap-south-1",
            "route_table_id": "rtb-0592a9f6916819860",
            "state": "active",
            "timeouts": {
              "create": "5m",
              "delete": null,
              "update": null
            },
            "transit_gateway_id": "",
            "vpc_endpoint_id": "",
            "vpc_peering_connection_id": ""
          },
          "sensitive_attributes": [],
          "private": "eyJlMmJmYjczMC1lY2FhLTExZTYtOGY4OC0zNDM2M2JjN2M0YzAiOnsiY3JlYXRlIjozMDAwMDAwMDAwMDAsImRlbGV0ZSI6MzAwMDAwMDAwMDAwLCJ1cGRhdGUiOjEyMDAwMDAwMDAwMH19",
          "dependencies": [
            "module.vpc.aws_internet_gateway.this",
            "module.vpc.aws_route_table.public",
            "module.vpc.aws_vpc.this",
            "module.vpc.aws_vpc_ipv4_cidr_block_association.this"
          ]
        }
      ]
    },
    {
      "module": "module.vpc",
      "mode": "managed",
      "type": "aws_route_table",
      "name": "private",
      "provider": "provider[\"registry.terraform.io/hashicorp/aws\"]",
      "instances": [
        {
          "index_key": 0,
          "schema_version": 0,
          "attributes": {
            "arn": "arn:aws:ec2:ap-south-1:857619977540:route-table/rtb-0ce253d84823186eb",
            "id": "rtb-0ce253d84823186eb",
            "owner_id": "857619977540",
            "propagating_vgws": [],
            "region": "ap-south-1",
            "route": [
              {
                "carrier_gateway_id": "",
                "cidr_block": "0.0.0.0/0",
                "core_network_arn": "",
                "destination_prefix_list_id": "",
                "egress_only_gateway_id": "",
                "gateway_id": "",
                "ipv6_cidr_block": "",
                "local_gateway_id": "",
                "nat_gateway_id": "nat-042457c94e1a0ca68",
                "network_interface_id": "",
                "transit_gateway_id": "",
                "vpc_endpoint_id": "",
                "vpc_peering_connection_id": ""
              }
            ],
            "tags": {
              "Name": "jpmc-cluster1-vpc-private-ap-south-1a"
            },
            "tags_all": {
              "Name": "jpmc-cluster1-vpc-private-ap-south-1a"
            },
            "timeouts": null,
            "vpc_id": "vpc-0c0a3fda85cda205a"
          },
          "sensitive_attributes": [],
          "private": "eyJlMmJmYjczMC1lY2FhLTExZTYtOGY4OC0zNDM2M2JjN2M0YzAiOnsiY3JlYXRlIjozMDAwMDAwMDAwMDAsImRlbGV0ZSI6MzAwMDAwMDAwMDAwLCJ1cGRhdGUiOjEyMDAwMDAwMDAwMH19",
          "dependencies": [
            "module.vpc.aws_vpc.this",
            "module.vpc.aws_vpc_ipv4_cidr_block_association.this"
          ]
        },
        {
          "index_key": 1,
          "schema_version": 0,
          "attributes": {
            "arn": "arn:aws:ec2:ap-south-1:857619977540:route-table/rtb-08cac67e6beddbb7e",
            "id": "rtb-08cac67e6beddbb7e",
            "owner_id": "857619977540",
            "propagating_vgws": [],
            "region": "ap-south-1",
            "route": [
              {
                "carrier_gateway_id": "",
                "cidr_block": "0.0.0.0/0",
                "core_network_arn": "",
                "destination_prefix_list_id": "",
                "egress_only_gateway_id": "",
                "gateway_id": "",
                "ipv6_cidr_block": "",
                "local_gateway_id": "",
                "nat_gateway_id": "nat-08c34f06658de2663",
                "network_interface_id": "",
                "transit_gateway_id": "",
                "vpc_endpoint_id": "",
                "vpc_peering_connection_id": ""
              }
            ],
            "tags": {
              "Name": "jpmc-cluster1-vpc-private-ap-south-1b"
            },
            "tags_all": {
              "Name": "jpmc-cluster1-vpc-private-ap-south-1b"
            },
            "timeouts": null,
            "vpc_id": "vpc-0c0a3fda85cda205a"
          },
          "sensitive_attributes": [],
          "private": "eyJlMmJmYjczMC1lY2FhLTExZTYtOGY4OC0zNDM2M2JjN2M0YzAiOnsiY3JlYXRlIjozMDAwMDAwMDAwMDAsImRlbGV0ZSI6MzAwMDAwMDAwMDAwLCJ1cGRhdGUiOjEyMDAwMDAwMDAwMH19",
          "dependencies": [
            "module.vpc.aws_vpc.this",
            "module.vpc.aws_vpc_ipv4_cidr_block_association.this"
          ]
        }
      ]
    },
    {
      "module": "module.vpc",
      "mode": "managed",
      "type": "aws_route_table",
      "name": "public",
      "provider": "provider[\"registry.terraform.io/hashicorp/aws\"]",
      "instances": [
        {
          "index_key": 0,
          "schema_version": 0,
          "attributes": {
            "arn": "arn:aws:ec2:ap-south-1:857619977540:route-table/rtb-0592a9f6916819860",
            "id": "rtb-0592a9f6916819860",
            "owner_id": "857619977540",
            "propagating_vgws": [],
            "region": "ap-south-1",
            "route": [
              {
                "carrier_gateway_id": "",
                "cidr_block": "0.0.0.0/0",
                "core_network_arn": "",
                "destination_prefix_list_id": "",
                "egress_only_gateway_id": "",
                "gateway_id": "igw-0b0eaf0804136a876",
                "ipv6_cidr_block": "",
                "local_gateway_id": "",
                "nat_gateway_id": "",
                "network_interface_id": "",
                "transit_gateway_id": "",
                "vpc_endpoint_id": "",
                "vpc_peering_connection_id": ""
              }
            ],
            "tags": {
              "Name": "jpmc-cluster1-vpc-public"
            },
            "tags_all": {
              "Name": "jpmc-cluster1-vpc-public"
            },
            "timeouts": null,
            "vpc_id": "vpc-0c0a3fda85cda205a"
          },
          "sensitive_attributes": [],
          "private": "eyJlMmJmYjczMC1lY2FhLTExZTYtOGY4OC0zNDM2M2JjN2M0YzAiOnsiY3JlYXRlIjozMDAwMDAwMDAwMDAsImRlbGV0ZSI6MzAwMDAwMDAwMDAwLCJ1cGRhdGUiOjEyMDAwMDAwMDAwMH19",
          "dependencies": [
            "module.vpc.aws_vpc.this",
            "module.vpc.aws_vpc_ipv4_cidr_block_association.this"
          ]
        }
      ]
    },
    {
      "module": "module.vpc",
      "mode": "managed",
      "type": "aws_route_table_association",
      "name": "private",
      "provider": "provider[\"registry.terraform.io/hashicorp/aws\"]",
      "instances": [
        {
          "index_key": 0,
          "schema_version": 0,
          "attributes": {
            "gateway_id": "",
            "id": "rtbassoc-0cd6a86b6ad595b74",
            "region": "ap-south-1",
            "route_table_id": "rtb-0ce253d84823186eb",
            "subnet_id": "subnet-0a188cd23330984f2",
            "timeouts": null
          },
          "sensitive_attributes": [],
          "private": "eyJlMmJmYjczMC1lY2FhLTExZTYtOGY4OC0zNDM2M2JjN2M0YzAiOnsiY3JlYXRlIjozMDAwMDAwMDAwMDAsImRlbGV0ZSI6MzAwMDAwMDAwMDAwLCJ1cGRhdGUiOjEyMDAwMDAwMDAwMH19",
          "dependencies": [
            "module.vpc.aws_route_table.private",
            "module.vpc.aws_subnet.private",
            "module.vpc.aws_vpc.this",
            "module.vpc.aws_vpc_ipv4_cidr_block_association.this"
          ]
        },
        {
          "index_key": 1,
          "schema_version": 0,
          "attributes": {
            "gateway_id": "",
            "id": "rtbassoc-04ae0e970dd295101",
            "region": "ap-south-1",
            "route_table_id": "rtb-08cac67e6beddbb7e",
            "subnet_id": "subnet-0e3ec20e3572920b9",
            "timeouts": null
          },
          "sensitive_attributes": [],
          "private": "eyJlMmJmYjczMC1lY2FhLTExZTYtOGY4OC0zNDM2M2JjN2M0YzAiOnsiY3JlYXRlIjozMDAwMDAwMDAwMDAsImRlbGV0ZSI6MzAwMDAwMDAwMDAwLCJ1cGRhdGUiOjEyMDAwMDAwMDAwMH19",
          "dependencies": [
            "module.vpc.aws_route_table.private",
            "module.vpc.aws_subnet.private",
            "module.vpc.aws_vpc.this",
            "module.vpc.aws_vpc_ipv4_cidr_block_association.this"
          ]
        }
      ]
    },
    {
      "module": "module.vpc",
      "mode": "managed",
      "type": "aws_route_table_association",
      "name": "public",
      "provider": "provider[\"registry.terraform.io/hashicorp/aws\"]",
      "instances": [
        {
          "index_key": 0,
          "schema_version": 0,
          "attributes": {
            "gateway_id": "",
            "id": "rtbassoc-0801d37c9297c236b",
            "region": "ap-south-1",
            "route_table_id": "rtb-0592a9f6916819860",
            "subnet_id": "subnet-0d7acdd686371490a",
            "timeouts": null
          },
          "sensitive_attributes": [],
          "private": "eyJlMmJmYjczMC1lY2FhLTExZTYtOGY4OC0zNDM2M2JjN2M0YzAiOnsiY3JlYXRlIjozMDAwMDAwMDAwMDAsImRlbGV0ZSI6MzAwMDAwMDAwMDAwLCJ1cGRhdGUiOjEyMDAwMDAwMDAwMH19",
          "dependencies": [
            "module.vpc.aws_route_table.public",
            "module.vpc.aws_subnet.public",
            "module.vpc.aws_vpc.this",
            "module.vpc.aws_vpc_ipv4_cidr_block_association.this"
          ]
        },
        {
          "index_key": 1,
          "schema_version": 0,
          "attributes": {
            "gateway_id": "",
            "id": "rtbassoc-0303af61286b249e7",
            "region": "ap-south-1",
            "route_table_id": "rtb-0592a9f6916819860",
            "subnet_id": "subnet-0b52d03e108f30584",
            "timeouts": null
          },
          "sensitive_attributes": [],
          "private": "eyJlMmJmYjczMC1lY2FhLTExZTYtOGY4OC0zNDM2M2JjN2M0YzAiOnsiY3JlYXRlIjozMDAwMDAwMDAwMDAsImRlbGV0ZSI6MzAwMDAwMDAwMDAwLCJ1cGRhdGUiOjEyMDAwMDAwMDAwMH19",
          "dependencies": [
            "module.vpc.aws_route_table.public",
            "module.vpc.aws_subnet.public",
            "module.vpc.aws_vpc.this",
            "module.vpc.aws_vpc_ipv4_cidr_block_association.this"
          ]
        }
      ]
    },
    {
      "module": "module.vpc",
      "mode": "managed",
      "type": "aws_subnet",
      "name": "private",
      "provider": "provider[\"registry.terraform.io/hashicorp/aws\"]",
      "instances": [
        {
          "index_key": 0,
          "schema_version": 1,
          "attributes": {
            "arn": "arn:aws:ec2:ap-south-1:857619977540:subnet/subnet-0a188cd23330984f2",
            "assign_ipv6_address_on_creation": false,
            "availability_zone": "ap-south-1a",
            "availability_zone_id": "aps1-az1",
            "cidr_block": "10.0.1.0/24",
            "customer_owned_ipv4_pool": "",
            "enable_dns64": false,
            "enable_lni_at_device_index": 0,
            "enable_resource_name_dns_a_record_on_launch": false,
            "enable_resource_name_dns_aaaa_record_on_launch": false,
            "id": "subnet-0a188cd23330984f2",
            "ipv6_cidr_block": "",
            "ipv6_cidr_block_association_id": "",
            "ipv6_native": false,
            "map_customer_owned_ip_on_launch": false,
            "map_public_ip_on_launch": false,
            "outpost_arn": "",
            "owner_id": "857619977540",
            "private_dns_hostname_type_on_launch": "ip-name",
            "region": "ap-south-1",
            "tags": {
              "Name": "jpmc-cluster1-vpc-private-ap-south-1a"
            },
            "tags_all": {
              "Name": "jpmc-cluster1-vpc-private-ap-south-1a"
            },
            "timeouts": null,
            "vpc_id": "vpc-0c0a3fda85cda205a"
          },
          "sensitive_attributes": [],
          "private": "eyJlMmJmYjczMC1lY2FhLTExZTYtOGY4OC0zNDM2M2JjN2M0YzAiOnsiY3JlYXRlIjo2MDAwMDAwMDAwMDAsImRlbGV0ZSI6MTIwMDAwMDAwMDAwMH0sInNjaGVtYV92ZXJzaW9uIjoiMSJ9",
          "dependencies": [
            "module.vpc.aws_vpc.this",
            "module.vpc.aws_vpc_ipv4_cidr_block_association.this"
          ]
        },
        {
          "index_key": 1,
          "schema_version": 1,
          "attributes": {
            "arn": "arn:aws:ec2:ap-south-1:857619977540:subnet/subnet-0e3ec20e3572920b9",
            "assign_ipv6_address_on_creation": false,
            "availability_zone": "ap-south-1b",
            "availability_zone_id": "aps1-az3",
            "cidr_block": "10.0.2.0/24",
            "customer_owned_ipv4_pool": "",
            "enable_dns64": false,
            "enable_lni_at_device_index": 0,
            "enable_resource_name_dns_a_record_on_launch": false,
            "enable_resource_name_dns_aaaa_record_on_launch": false,
            "id": "subnet-0e3ec20e3572920b9",
            "ipv6_cidr_block": "",
            "ipv6_cidr_block_association_id": "",
            "ipv6_native": false,
            "map_customer_owned_ip_on_launch": false,
            "map_public_ip_on_launch": false,
            "outpost_arn": "",
            "owner_id": "857619977540",
            "private_dns_hostname_type_on_launch": "ip-name",
            "region": "ap-south-1",
            "tags": {
              "Name": "jpmc-cluster1-vpc-private-ap-south-1b"
            },
            "tags_all": {
              "Name": "jpmc-cluster1-vpc-private-ap-south-1b"
            },
            "timeouts": null,
            "vpc_id": "vpc-0c0a3fda85cda205a"
          },
          "sensitive_attributes": [],
          "private": "eyJlMmJmYjczMC1lY2FhLTExZTYtOGY4OC0zNDM2M2JjN2M0YzAiOnsiY3JlYXRlIjo2MDAwMDAwMDAwMDAsImRlbGV0ZSI6MTIwMDAwMDAwMDAwMH0sInNjaGVtYV92ZXJzaW9uIjoiMSJ9",
          "dependencies": [
            "module.vpc.aws_vpc.this",
            "module.vpc.aws_vpc_ipv4_cidr_block_association.this"
          ]
        }
      ]
    },
    {
      "module": "module.vpc",
      "mode": "managed",
      "type": "aws_subnet",
      "name": "public",
      "provider": "provider[\"registry.terraform.io/hashicorp/aws\"]",
      "instances": [
        {
          "index_key": 0,
          "schema_version": 1,
          "attributes": {
            "arn": "arn:aws:ec2:ap-south-1:857619977540:subnet/subnet-0d7acdd686371490a",
            "assign_ipv6_address_on_creation": false,
            "availability_zone": "ap-south-1a",
            "availability_zone_id": "aps1-az1",
            "cidr_block": "10.0.3.0/24",
            "customer_owned_ipv4_pool": "",
            "enable_dns64": false,
            "enable_lni_at_device_index": 0,
            "enable_resource_name_dns_a_record_on_launch": false,
            "enable_resource_name_dns_aaaa_record_on_launch": false,
            "id": "subnet-0d7acdd686371490a",
            "ipv6_cidr_block": "",
            "ipv6_cidr_block_association_id": "",
            "ipv6_native": false,
            "map_customer_owned_ip_on_launch": false,
            "map_public_ip_on_launch": false,
            "outpost_arn": "",
            "owner_id": "857619977540",
            "private_dns_hostname_type_on_launch": "ip-name",
            "region": "ap-south-1",
            "tags": {
              "Name": "jpmc-cluster1-vpc-public-ap-south-1a"
            },
            "tags_all": {
              "Name": "jpmc-cluster1-vpc-public-ap-south-1a"
            },
            "timeouts": null,
            "vpc_id": "vpc-0c0a3fda85cda205a"
          },
          "sensitive_attributes": [],
          "private": "eyJlMmJmYjczMC1lY2FhLTExZTYtOGY4OC0zNDM2M2JjN2M0YzAiOnsiY3JlYXRlIjo2MDAwMDAwMDAwMDAsImRlbGV0ZSI6MTIwMDAwMDAwMDAwMH0sInNjaGVtYV92ZXJzaW9uIjoiMSJ9",
          "dependencies": [
            "module.vpc.aws_vpc.this",
            "module.vpc.aws_vpc_ipv4_cidr_block_association.this"
          ]
        },
        {
          "index_key": 1,
          "schema_version": 1,
          "attributes": {
            "arn": "arn:aws:ec2:ap-south-1:857619977540:subnet/subnet-0b52d03e108f30584",
            "assign_ipv6_address_on_creation": false,
            "availability_zone": "ap-south-1b",
            "availability_zone_id": "aps1-az3",
            "cidr_block": "10.0.4.0/24",
            "customer_owned_ipv4_pool": "",
            "enable_dns64": false,
            "enable_lni_at_device_index": 0,
            "enable_resource_name_dns_a_record_on_launch": false,
            "enable_resource_name_dns_aaaa_record_on_launch": false,
            "id": "subnet-0b52d03e108f30584",
            "ipv6_cidr_block": "",
            "ipv6_cidr_block_association_id": "",
            "ipv6_native": false,
            "map_customer_owned_ip_on_launch": false,
            "map_public_ip_on_launch": false,
            "outpost_arn": "",
            "owner_id": "857619977540",
            "private_dns_hostname_type_on_launch": "ip-name",
            "region": "ap-south-1",
            "tags": {
              "Name": "jpmc-cluster1-vpc-public-ap-south-1b"
            },
            "tags_all": {
              "Name": "jpmc-cluster1-vpc-public-ap-south-1b"
            },
            "timeouts": null,
            "vpc_id": "vpc-0c0a3fda85cda205a"
          },
          "sensitive_attributes": [],
          "private": "eyJlMmJmYjczMC1lY2FhLTExZTYtOGY4OC0zNDM2M2JjN2M0YzAiOnsiY3JlYXRlIjo2MDAwMDAwMDAwMDAsImRlbGV0ZSI6MTIwMDAwMDAwMDAwMH0sInNjaGVtYV92ZXJzaW9uIjoiMSJ9",
          "dependencies": [
            "module.vpc.aws_vpc.this",
            "module.vpc.aws_vpc_ipv4_cidr_block_association.this"
          ]
        }
      ]
    },
    {
      "module": "module.vpc",
      "mode": "managed",
      "type": "aws_vpc",
      "name": "this",
      "provider": "provider[\"registry.terraform.io/hashicorp/aws\"]",
      "instances": [
        {
          "index_key": 0,
          "schema_version": 1,
          "attributes": {
            "arn": "arn:aws:ec2:ap-south-1:857619977540:vpc/vpc-0c0a3fda85cda205a",
            "assign_generated_ipv6_cidr_block": false,
            "cidr_block": "10.0.0.0/16",
            "default_network_acl_id": "acl-00ef1473ca263f4dd",
            "default_route_table_id": "rtb-0b76d72f2f3f6bd6f",
            "default_security_group_id": "sg-0182dbc1a4795ffd7",
            "dhcp_options_id": "dopt-0f69c090910b1cd2d",
            "enable_dns_hostnames": true,
            "enable_dns_support": true,
            "enable_network_address_usage_metrics": false,
            "id": "vpc-0c0a3fda85cda205a",
            "instance_tenancy": "default",
            "ipv4_ipam_pool_id": null,
            "ipv4_netmask_length": null,
            "ipv6_association_id": "",
            "ipv6_cidr_block": "",
            "ipv6_cidr_block_network_border_group": "",
            "ipv6_ipam_pool_id": "",
            "ipv6_netmask_length": 0,
            "main_route_table_id": "rtb-0b76d72f2f3f6bd6f",
            "owner_id": "857619977540",
            "region": "ap-south-1",
            "tags": {
              "Name": "jpmc-cluster1-vpc"
            },
            "tags_all": {
              "Name": "jpmc-cluster1-vpc"
            }
          },
          "sensitive_attributes": [],
          "private": "eyJzY2hlbWFfdmVyc2lvbiI6IjEifQ=="
        }
      ]
    },
    {
      "module": "module.vpc",
      "mode": "managed",
      "type": "aws_vpn_gateway",
      "name": "this",
      "provider": "provider[\"registry.terraform.io/hashicorp/aws\"]",
      "instances": [
        {
          "index_key": 0,
          "schema_version": 0,
          "attributes": {
            "amazon_side_asn": "64512",
            "arn": "arn:aws:ec2:ap-south-1:857619977540:vpn-gateway/vgw-07f72625021fc7df2",
            "availability_zone": null,
            "id": "vgw-07f72625021fc7df2",
            "region": "ap-south-1",
            "tags": {
              "Name": "jpmc-cluster1-vpc"
            },
            "tags_all": {
              "Name": "jpmc-cluster1-vpc"
            },
            "vpc_id": "vpc-0c0a3fda85cda205a"
          },
          "sensitive_attributes": [],
          "private": "bnVsbA==",
          "dependencies": [
            "module.vpc.aws_vpc.this",
            "module.vpc.aws_vpc_ipv4_cidr_block_association.this"
          ]
        }
      ]
    }
  ],
  "check_results": null
}
